{
  "version": 4,
  "terraform_version": "0.14.6",
  "serial": 50,
  "lineage": "8643f44f-0cad-a070-04eb-98f5728aab9e",
  "outputs": {},
  "resources": [
    {
      "mode": "data",
      "type": "nsxt_policy_edge_cluster",
      "name": "EC",
      "provider": "provider[\"registry.terraform.io/vmware/nsxt\"]",
      "instances": [
        {
          "schema_version": 0,
          "attributes": {
            "description": "",
            "display_name": "Edge-Cluster-NSX-T-2",
            "id": "6f8d2d45-20f0-4322-a9de-7a6e5dc40a79",
            "path": "/infra/sites/default/enforcement-points/default/edge-clusters/6f8d2d45-20f0-4322-a9de-7a6e5dc40a79",
            "site_path": null
          },
          "sensitive_attributes": []
        }
      ]
    },
    {
      "mode": "data",
      "type": "nsxt_policy_group",
      "name": "group_all",
      "provider": "provider[\"registry.terraform.io/vmware/nsxt\"]",
      "instances": [
        {
          "schema_version": 0,
          "attributes": {
            "description": "",
            "display_name": "group all",
            "domain": "default",
            "id": "group_all",
            "path": "/infra/domains/default/groups/group_all"
          },
          "sensitive_attributes": []
        }
      ]
    },
    {
      "mode": "data",
      "type": "nsxt_policy_group",
      "name": "group_tag",
      "provider": "provider[\"registry.terraform.io/vmware/nsxt\"]",
      "instances": [
        {
          "schema_version": 0,
          "attributes": {
            "description": "",
            "display_name": "group tag",
            "domain": "default",
            "id": "group_tag",
            "path": "/infra/domains/default/groups/group_tag"
          },
          "sensitive_attributes": []
        }
      ]
    },
    {
      "mode": "data",
      "type": "nsxt_policy_tier0_gateway",
      "name": "T0",
      "provider": "provider[\"registry.terraform.io/vmware/nsxt\"]",
      "instances": [
        {
          "schema_version": 0,
          "attributes": {
            "description": "",
            "display_name": "T0-GW-Declarative",
            "edge_cluster_path": "/infra/sites/default/enforcement-points/default/edge-clusters/6f8d2d45-20f0-4322-a9de-7a6e5dc40a79",
            "id": "T0-GW-Declarative",
            "path": "/infra/tier-0s/T0-GW-Declarative"
          },
          "sensitive_attributes": []
        }
      ]
    },
    {
      "mode": "data",
      "type": "nsxt_policy_transport_zone",
      "name": "OverlayTZ",
      "provider": "provider[\"registry.terraform.io/vmware/nsxt\"]",
      "instances": [
        {
          "schema_version": 0,
          "attributes": {
            "description": "",
            "display_name": "Devices2-overlay-transportzone",
            "id": "1b3a2f36-bfd1-443e-a0f6-4de01abc963e",
            "is_default": true,
            "path": "/infra/sites/default/enforcement-points/default/transport-zones/1b3a2f36-bfd1-443e-a0f6-4de01abc963e",
            "site_path": null,
            "transport_type": "OVERLAY_STANDARD"
          },
          "sensitive_attributes": []
        }
      ]
    },
    {
      "mode": "managed",
      "type": "nsxt_policy_group",
      "name": "group1",
      "provider": "provider[\"registry.terraform.io/vmware/nsxt\"]",
      "instances": [
        {
          "schema_version": 0,
          "attributes": {
            "conjunction": [
              {
                "operator": "OR"
              }
            ],
            "criteria": [
              {
                "condition": [],
                "ipaddress_expression": [
                  {
                    "ip_addresses": [
                      "192.168.1.1-192.168.1.100",
                      "211.1.1.1",
                      "212.1.1.1"
                    ]
                  }
                ],
                "macaddress_expression": [],
                "path_expression": []
              },
              {
                "condition": [],
                "ipaddress_expression": [],
                "macaddress_expression": [],
                "path_expression": [
                  {
                    "member_paths": [
                      "/infra/domains/default/groups/group_all",
                      "/infra/domains/default/groups/group_tag"
                    ]
                  }
                ]
              }
            ],
            "description": "Terraform provisioned Group",
            "display_name": "tf-group1",
            "domain": "default",
            "extended_criteria": [],
            "id": "ea8cd4b3-552d-4eae-b9f5-4e9853fd86db",
            "nsx_id": "ea8cd4b3-552d-4eae-b9f5-4e9853fd86db",
            "path": "/infra/domains/default/groups/ea8cd4b3-552d-4eae-b9f5-4e9853fd86db",
            "revision": 0,
            "tag": []
          },
          "sensitive_attributes": [],
          "private": "bnVsbA==",
          "dependencies": [
            "data.nsxt_policy_group.group_all",
            "data.nsxt_policy_group.group_tag"
          ]
        }
      ]
    },
    {
      "mode": "managed",
      "type": "nsxt_policy_tier1_gateway",
      "name": "tier1_gw",
      "provider": "provider[\"registry.terraform.io/vmware/nsxt\"]",
      "instances": [
        {
          "index_key": 0,
          "schema_version": 0,
          "attributes": {
            "default_rule_logging": false,
            "description": "Tier-1 provisioned by Terraform",
            "dhcp_config_path": null,
            "display_name": "T1-Terraform-Test-1",
            "edge_cluster_path": "",
            "egress_qos_profile_path": null,
            "enable_firewall": true,
            "enable_standby_relocation": false,
            "failover_mode": "PREEMPTIVE",
            "force_whitelisting": false,
            "id": "3d1b1159-1704-4935-80c7-766d967750f0",
            "ingress_qos_profile_path": null,
            "intersite_config": null,
            "ipv6_dad_profile_path": "/infra/ipv6-dad-profiles/default",
            "ipv6_ndra_profile_path": "/infra/ipv6-ndra-profiles/default",
            "locale_service": [],
            "nsx_id": "3d1b1159-1704-4935-80c7-766d967750f0",
            "path": "/infra/tier-1s/3d1b1159-1704-4935-80c7-766d967750f0",
            "pool_allocation": "ROUTING",
            "revision": 0,
            "route_advertisement_rule": [],
            "route_advertisement_types": [
              "TIER1_CONNECTED",
              "TIER1_STATIC_ROUTES"
            ],
            "tag": [],
            "tier0_path": "/infra/tier-0s/T0-GW-Declarative"
          },
          "sensitive_attributes": [],
          "private": "bnVsbA==",
          "dependencies": [
            "data.nsxt_policy_tier0_gateway.T0"
          ]
        },
        {
          "index_key": 1,
          "schema_version": 0,
          "attributes": {
            "default_rule_logging": false,
            "description": "Tier-1 provisioned by Terraform",
            "dhcp_config_path": null,
            "display_name": "T1-Terraform-Test-2",
            "edge_cluster_path": "",
            "egress_qos_profile_path": null,
            "enable_firewall": true,
            "enable_standby_relocation": false,
            "failover_mode": "PREEMPTIVE",
            "force_whitelisting": false,
            "id": "119d837e-7a59-4420-91ef-47d045b044e8",
            "ingress_qos_profile_path": null,
            "intersite_config": null,
            "ipv6_dad_profile_path": "/infra/ipv6-dad-profiles/default",
            "ipv6_ndra_profile_path": "/infra/ipv6-ndra-profiles/default",
            "locale_service": [],
            "nsx_id": "119d837e-7a59-4420-91ef-47d045b044e8",
            "path": "/infra/tier-1s/119d837e-7a59-4420-91ef-47d045b044e8",
            "pool_allocation": "ROUTING",
            "revision": 0,
            "route_advertisement_rule": [],
            "route_advertisement_types": [
              "TIER1_CONNECTED",
              "TIER1_STATIC_ROUTES"
            ],
            "tag": [],
            "tier0_path": "/infra/tier-0s/T0-GW-Declarative"
          },
          "sensitive_attributes": [],
          "private": "bnVsbA==",
          "dependencies": [
            "data.nsxt_policy_tier0_gateway.T0"
          ]
        },
        {
          "index_key": 2,
          "schema_version": 0,
          "attributes": {
            "default_rule_logging": false,
            "description": "Tier-1 provisioned by Terraform",
            "dhcp_config_path": null,
            "display_name": "T1-Terraform-Test-3",
            "edge_cluster_path": "",
            "egress_qos_profile_path": null,
            "enable_firewall": true,
            "enable_standby_relocation": false,
            "failover_mode": "PREEMPTIVE",
            "force_whitelisting": false,
            "id": "73623100-fc5b-4d82-9a6d-653901102145",
            "ingress_qos_profile_path": null,
            "intersite_config": null,
            "ipv6_dad_profile_path": "/infra/ipv6-dad-profiles/default",
            "ipv6_ndra_profile_path": "/infra/ipv6-ndra-profiles/default",
            "locale_service": [],
            "nsx_id": "73623100-fc5b-4d82-9a6d-653901102145",
            "path": "/infra/tier-1s/73623100-fc5b-4d82-9a6d-653901102145",
            "pool_allocation": "ROUTING",
            "revision": 0,
            "route_advertisement_rule": [],
            "route_advertisement_types": [
              "TIER1_CONNECTED",
              "TIER1_STATIC_ROUTES"
            ],
            "tag": [],
            "tier0_path": "/infra/tier-0s/T0-GW-Declarative"
          },
          "sensitive_attributes": [],
          "private": "bnVsbA==",
          "dependencies": [
            "data.nsxt_policy_tier0_gateway.T0"
          ]
        }
      ]
    }
  ]
}
