{
  "version": 4,
  "terraform_version": "0.14.6",
  "serial": 76,
  "lineage": "8643f44f-0cad-a070-04eb-98f5728aab9e",
  "outputs": {},
  "resources": [
    {
      "mode": "data",
      "type": "nsxt_policy_edge_cluster",
      "name": "EC",
      "provider": "provider[\"registry.terraform.io/vmware/nsxt\"]",
      "instances": [
        {
          "schema_version": 0,
          "attributes": {
            "description": "",
            "display_name": "Edge-Cluster-NSX-T-2",
            "id": "6f8d2d45-20f0-4322-a9de-7a6e5dc40a79",
            "path": "/infra/sites/default/enforcement-points/default/edge-clusters/6f8d2d45-20f0-4322-a9de-7a6e5dc40a79",
            "site_path": null
          },
          "sensitive_attributes": []
        }
      ]
    },
    {
      "mode": "data",
      "type": "nsxt_policy_group",
      "name": "group_all",
      "provider": "provider[\"registry.terraform.io/vmware/nsxt\"]",
      "instances": [
        {
          "schema_version": 0,
          "attributes": {
            "description": "",
            "display_name": "group all",
            "domain": "default",
            "id": "group_all",
            "path": "/infra/domains/default/groups/group_all"
          },
          "sensitive_attributes": []
        }
      ]
    },
    {
      "mode": "data",
      "type": "nsxt_policy_group",
      "name": "group_tag",
      "provider": "provider[\"registry.terraform.io/vmware/nsxt\"]",
      "instances": [
        {
          "schema_version": 0,
          "attributes": {
            "description": "",
            "display_name": "group tag",
            "domain": "default",
            "id": "group_tag",
            "path": "/infra/domains/default/groups/group_tag"
          },
          "sensitive_attributes": []
        }
      ]
    },
    {
      "mode": "data",
      "type": "nsxt_policy_tier0_gateway",
      "name": "T0",
      "provider": "provider[\"registry.terraform.io/vmware/nsxt\"]",
      "instances": [
        {
          "schema_version": 0,
          "attributes": {
            "description": "",
            "display_name": "T0-GW-Declarative",
            "edge_cluster_path": "/infra/sites/default/enforcement-points/default/edge-clusters/6f8d2d45-20f0-4322-a9de-7a6e5dc40a79",
            "id": "T0-GW-Declarative",
            "path": "/infra/tier-0s/T0-GW-Declarative"
          },
          "sensitive_attributes": []
        }
      ]
    },
    {
      "mode": "data",
      "type": "nsxt_policy_transport_zone",
      "name": "OverlayTZ",
      "provider": "provider[\"registry.terraform.io/vmware/nsxt\"]",
      "instances": [
        {
          "schema_version": 0,
          "attributes": {
            "description": "",
            "display_name": "Devices2-overlay-transportzone",
            "id": "1b3a2f36-bfd1-443e-a0f6-4de01abc963e",
            "is_default": true,
            "path": "/infra/sites/default/enforcement-points/default/transport-zones/1b3a2f36-bfd1-443e-a0f6-4de01abc963e",
            "site_path": null,
            "transport_type": "OVERLAY_STANDARD"
          },
          "sensitive_attributes": []
        }
      ]
    },
    {
      "mode": "managed",
      "type": "nsxt_policy_group",
      "name": "group1",
      "provider": "provider[\"registry.terraform.io/vmware/nsxt\"]",
      "instances": [
        {
          "schema_version": 0,
          "attributes": {
            "conjunction": [
              {
                "operator": "OR"
              }
            ],
            "criteria": [
              {
                "condition": [],
                "ipaddress_expression": [
                  {
                    "ip_addresses": [
                      "192.168.1.1-192.168.1.100",
                      "211.1.2.1",
                      "212.1.1.1"
                    ]
                  }
                ],
                "macaddress_expression": [],
                "path_expression": []
              },
              {
                "condition": [],
                "ipaddress_expression": [],
                "macaddress_expression": [],
                "path_expression": [
                  {
                    "member_paths": [
                      "/infra/domains/default/groups/group_all",
                      "/infra/domains/default/groups/group_tag"
                    ]
                  }
                ]
              }
            ],
            "description": "Terraform provisioned Group",
            "display_name": "tf-group1",
            "domain": "default",
            "extended_criteria": [],
            "id": "69607896-22a8-4804-82af-733abddbba09",
            "nsx_id": "69607896-22a8-4804-82af-733abddbba09",
            "path": "/infra/domains/default/groups/69607896-22a8-4804-82af-733abddbba09",
            "revision": 0,
            "tag": []
          },
          "sensitive_attributes": [],
          "private": "bnVsbA==",
          "dependencies": [
            "data.nsxt_policy_group.group_all",
            "data.nsxt_policy_group.group_tag"
          ]
        }
      ]
    },
    {
      "mode": "managed",
      "type": "nsxt_policy_segment",
      "name": "segment1",
      "provider": "provider[\"registry.terraform.io/vmware/nsxt\"]",
      "instances": [
        {
          "schema_version": 0,
          "attributes": {
            "advanced_config": [],
            "connectivity_path": "/infra/tier-1s/ef8c27cf-0ef6-44dc-b820-bc69ad10938c",
            "description": "Terraform provisioned Segment",
            "dhcp_config_path": "",
            "discovery_profile": [],
            "display_name": "Terraform Segment",
            "domain_name": "",
            "id": "0b8c3ba0-7e1a-4b9c-a8b4-2db84527c67f",
            "l2_extension": [],
            "nsx_id": "0b8c3ba0-7e1a-4b9c-a8b4-2db84527c67f",
            "overlay_id": 0,
            "path": "/infra/segments/0b8c3ba0-7e1a-4b9c-a8b4-2db84527c67f",
            "qos_profile": [],
            "revision": 1,
            "security_profile": [],
            "subnet": [
              {
                "cidr": "12.12.2.1/24",
                "dhcp_ranges": [],
                "dhcp_v4_config": [],
                "dhcp_v6_config": [],
                "network": "12.12.2.0/24"
              }
            ],
            "tag": [],
            "transport_zone_path": "/infra/sites/default/enforcement-points/default/transport-zones/1b3a2f36-bfd1-443e-a0f6-4de01abc963e",
            "vlan_ids": []
          },
          "sensitive_attributes": [],
          "private": "bnVsbA==",
          "dependencies": [
            "data.nsxt_policy_transport_zone.OverlayTZ",
            "nsxt_policy_tier1_gateway.tier1_gw"
          ]
        }
      ]
    },
    {
      "mode": "managed",
      "type": "nsxt_policy_tier1_gateway",
      "name": "tier1_gw",
      "provider": "provider[\"registry.terraform.io/vmware/nsxt\"]",
      "instances": [
        {
          "index_key": "Test1",
          "schema_version": 0,
          "attributes": {
            "default_rule_logging": false,
            "description": "Tier-1 provisioned by Terraform",
            "dhcp_config_path": null,
            "display_name": "Test1",
            "edge_cluster_path": "",
            "egress_qos_profile_path": null,
            "enable_firewall": true,
            "enable_standby_relocation": false,
            "failover_mode": "PREEMPTIVE",
            "force_whitelisting": false,
            "id": "dba32f2f-ffde-4832-8b87-07f651f4a03b",
            "ingress_qos_profile_path": null,
            "intersite_config": [],
            "ipv6_dad_profile_path": "/infra/ipv6-dad-profiles/default",
            "ipv6_ndra_profile_path": "/infra/ipv6-ndra-profiles/default",
            "locale_service": [],
            "nsx_id": "dba32f2f-ffde-4832-8b87-07f651f4a03b",
            "path": "/infra/tier-1s/dba32f2f-ffde-4832-8b87-07f651f4a03b",
            "pool_allocation": "ROUTING",
            "revision": 0,
            "route_advertisement_rule": [],
            "route_advertisement_types": [
              "TIER1_CONNECTED",
              "TIER1_STATIC_ROUTES"
            ],
            "tag": [],
            "tier0_path": "/infra/tier-0s/T0-GW-Declarative"
          },
          "sensitive_attributes": [],
          "private": "bnVsbA==",
          "dependencies": [
            "data.nsxt_policy_tier0_gateway.T0"
          ]
        },
        {
          "index_key": "Test2",
          "schema_version": 0,
          "attributes": {
            "default_rule_logging": false,
            "description": "Tier-1 provisioned by Terraform",
            "dhcp_config_path": null,
            "display_name": "Test2",
            "edge_cluster_path": "",
            "egress_qos_profile_path": null,
            "enable_firewall": true,
            "enable_standby_relocation": false,
            "failover_mode": "PREEMPTIVE",
            "force_whitelisting": false,
            "id": "ef8c27cf-0ef6-44dc-b820-bc69ad10938c",
            "ingress_qos_profile_path": null,
            "intersite_config": [],
            "ipv6_dad_profile_path": "/infra/ipv6-dad-profiles/default",
            "ipv6_ndra_profile_path": "/infra/ipv6-ndra-profiles/default",
            "locale_service": [],
            "nsx_id": "ef8c27cf-0ef6-44dc-b820-bc69ad10938c",
            "path": "/infra/tier-1s/ef8c27cf-0ef6-44dc-b820-bc69ad10938c",
            "pool_allocation": "ROUTING",
            "revision": 0,
            "route_advertisement_rule": [],
            "route_advertisement_types": [
              "TIER1_CONNECTED",
              "TIER1_STATIC_ROUTES"
            ],
            "tag": [],
            "tier0_path": "/infra/tier-0s/T0-GW-Declarative"
          },
          "sensitive_attributes": [],
          "private": "bnVsbA==",
          "dependencies": [
            "data.nsxt_policy_tier0_gateway.T0"
          ]
        }
      ]
    }
  ]
}
