{
  "version": 4,
  "terraform_version": "0.14.6",
  "serial": 301,
  "lineage": "6f085e62-9f97-8006-2484-bd21d6a8cbdf",
  "outputs": {},
  "resources": [
    {
      "mode": "data",
      "type": "nsxt_policy_group",
      "name": "group_all",
      "provider": "provider[\"registry.terraform.io/vmware/nsxt\"]",
      "instances": [
        {
          "schema_version": 0,
          "attributes": {
            "description": "",
            "display_name": "group all",
            "domain": "default",
            "id": "group_all",
            "path": "/infra/domains/default/groups/group_all"
          },
          "sensitive_attributes": []
        }
      ]
    },
    {
      "mode": "data",
      "type": "nsxt_policy_group",
      "name": "group_tag",
      "provider": "provider[\"registry.terraform.io/vmware/nsxt\"]",
      "instances": [
        {
          "schema_version": 0,
          "attributes": {
            "description": "",
            "display_name": "group tag",
            "domain": "default",
            "id": "group_tag",
            "path": "/infra/domains/default/groups/group_tag"
          },
          "sensitive_attributes": []
        }
      ]
    },
    {
      "mode": "managed",
      "type": "nsxt_policy_group",
      "name": "group1",
      "provider": "provider[\"registry.terraform.io/vmware/nsxt\"]",
      "instances": [
        {
          "index_key": 0,
          "schema_version": 0,
          "attributes": {
            "conjunction": [
              {
                "operator": "OR"
              }
            ],
            "criteria": [
              {
                "condition": [],
                "ipaddress_expression": [
                  {
                    "ip_addresses": [
                      "211.1.2.1",
                      "212.1.1.1"
                    ]
                  }
                ],
                "macaddress_expression": [],
                "path_expression": []
              },
              {
                "condition": [],
                "ipaddress_expression": [],
                "macaddress_expression": [],
                "path_expression": [
                  {
                    "member_paths": [
                      "/infra/domains/default/groups/group_all",
                      "/infra/domains/default/groups/group_tag"
                    ]
                  }
                ]
              }
            ],
            "description": "Terraform provisioned Group",
            "display_name": "tf-group-0",
            "domain": "default",
            "extended_criteria": [],
            "id": "3f891fa6-dd63-4bb2-b810-d24a2f0b5ac9",
            "nsx_id": "3f891fa6-dd63-4bb2-b810-d24a2f0b5ac9",
            "path": "/infra/domains/default/groups/3f891fa6-dd63-4bb2-b810-d24a2f0b5ac9",
            "revision": 0,
            "tag": []
          },
          "sensitive_attributes": [],
          "private": "bnVsbA==",
          "dependencies": [
            "data.nsxt_policy_group.group_all",
            "data.nsxt_policy_group.group_tag"
          ]
        },
        {
          "index_key": 1,
          "schema_version": 0,
          "attributes": {
            "conjunction": [
              {
                "operator": "OR"
              }
            ],
            "criteria": [
              {
                "condition": [],
                "ipaddress_expression": [
                  {
                    "ip_addresses": [
                      "211.1.2.1",
                      "212.1.1.1"
                    ]
                  }
                ],
                "macaddress_expression": [],
                "path_expression": []
              },
              {
                "condition": [],
                "ipaddress_expression": [],
                "macaddress_expression": [],
                "path_expression": [
                  {
                    "member_paths": [
                      "/infra/domains/default/groups/group_all",
                      "/infra/domains/default/groups/group_tag"
                    ]
                  }
                ]
              }
            ],
            "description": "Terraform provisioned Group",
            "display_name": "tf-group-1",
            "domain": "default",
            "extended_criteria": [],
            "id": "987803aa-028c-452c-9fe5-b409aa10f30c",
            "nsx_id": "987803aa-028c-452c-9fe5-b409aa10f30c",
            "path": "/infra/domains/default/groups/987803aa-028c-452c-9fe5-b409aa10f30c",
            "revision": 0,
            "tag": []
          },
          "sensitive_attributes": [],
          "private": "bnVsbA==",
          "dependencies": [
            "data.nsxt_policy_group.group_all",
            "data.nsxt_policy_group.group_tag"
          ]
        },
        {
          "index_key": 2,
          "schema_version": 0,
          "attributes": {
            "conjunction": [
              {
                "operator": "OR"
              }
            ],
            "criteria": [
              {
                "condition": [],
                "ipaddress_expression": [
                  {
                    "ip_addresses": [
                      "211.1.2.1",
                      "212.1.1.1"
                    ]
                  }
                ],
                "macaddress_expression": [],
                "path_expression": []
              },
              {
                "condition": [],
                "ipaddress_expression": [],
                "macaddress_expression": [],
                "path_expression": [
                  {
                    "member_paths": [
                      "/infra/domains/default/groups/group_all",
                      "/infra/domains/default/groups/group_tag"
                    ]
                  }
                ]
              }
            ],
            "description": "Terraform provisioned Group",
            "display_name": "tf-group-2",
            "domain": "default",
            "extended_criteria": [],
            "id": "5446caaf-993c-4b51-b11e-8fa22ce75df3",
            "nsx_id": "5446caaf-993c-4b51-b11e-8fa22ce75df3",
            "path": "/infra/domains/default/groups/5446caaf-993c-4b51-b11e-8fa22ce75df3",
            "revision": 0,
            "tag": []
          },
          "sensitive_attributes": [],
          "private": "bnVsbA==",
          "dependencies": [
            "data.nsxt_policy_group.group_all",
            "data.nsxt_policy_group.group_tag"
          ]
        },
        {
          "index_key": 3,
          "schema_version": 0,
          "attributes": {
            "conjunction": [
              {
                "operator": "OR"
              }
            ],
            "criteria": [
              {
                "condition": [],
                "ipaddress_expression": [
                  {
                    "ip_addresses": [
                      "211.1.2.1",
                      "212.1.1.1"
                    ]
                  }
                ],
                "macaddress_expression": [],
                "path_expression": []
              },
              {
                "condition": [],
                "ipaddress_expression": [],
                "macaddress_expression": [],
                "path_expression": [
                  {
                    "member_paths": [
                      "/infra/domains/default/groups/group_all",
                      "/infra/domains/default/groups/group_tag"
                    ]
                  }
                ]
              }
            ],
            "description": "Terraform provisioned Group",
            "display_name": "tf-group-3",
            "domain": "default",
            "extended_criteria": [],
            "id": "3788057f-f353-4b4a-b4ab-0752162ad21b",
            "nsx_id": "3788057f-f353-4b4a-b4ab-0752162ad21b",
            "path": "/infra/domains/default/groups/3788057f-f353-4b4a-b4ab-0752162ad21b",
            "revision": 0,
            "tag": []
          },
          "sensitive_attributes": [],
          "private": "bnVsbA==",
          "dependencies": [
            "data.nsxt_policy_group.group_all",
            "data.nsxt_policy_group.group_tag"
          ]
        },
        {
          "index_key": 4,
          "schema_version": 0,
          "attributes": {
            "conjunction": [
              {
                "operator": "OR"
              }
            ],
            "criteria": [
              {
                "condition": [],
                "ipaddress_expression": [
                  {
                    "ip_addresses": [
                      "211.1.2.1",
                      "212.1.1.1"
                    ]
                  }
                ],
                "macaddress_expression": [],
                "path_expression": []
              },
              {
                "condition": [],
                "ipaddress_expression": [],
                "macaddress_expression": [],
                "path_expression": [
                  {
                    "member_paths": [
                      "/infra/domains/default/groups/group_all",
                      "/infra/domains/default/groups/group_tag"
                    ]
                  }
                ]
              }
            ],
            "description": "Terraform provisioned Group",
            "display_name": "tf-group-4",
            "domain": "default",
            "extended_criteria": [],
            "id": "6c6dcfca-8b46-4b81-b3bf-0f82b0837f13",
            "nsx_id": "6c6dcfca-8b46-4b81-b3bf-0f82b0837f13",
            "path": "/infra/domains/default/groups/6c6dcfca-8b46-4b81-b3bf-0f82b0837f13",
            "revision": 0,
            "tag": []
          },
          "sensitive_attributes": [],
          "private": "bnVsbA==",
          "dependencies": [
            "data.nsxt_policy_group.group_all",
            "data.nsxt_policy_group.group_tag"
          ]
        },
        {
          "index_key": 5,
          "schema_version": 0,
          "attributes": {
            "conjunction": [
              {
                "operator": "OR"
              }
            ],
            "criteria": [
              {
                "condition": [],
                "ipaddress_expression": [
                  {
                    "ip_addresses": [
                      "211.1.2.1",
                      "212.1.1.1"
                    ]
                  }
                ],
                "macaddress_expression": [],
                "path_expression": []
              },
              {
                "condition": [],
                "ipaddress_expression": [],
                "macaddress_expression": [],
                "path_expression": [
                  {
                    "member_paths": [
                      "/infra/domains/default/groups/group_all",
                      "/infra/domains/default/groups/group_tag"
                    ]
                  }
                ]
              }
            ],
            "description": "Terraform provisioned Group",
            "display_name": "tf-group-5",
            "domain": "default",
            "extended_criteria": [],
            "id": "9606022d-ed7a-4819-a449-4373185c1a63",
            "nsx_id": "9606022d-ed7a-4819-a449-4373185c1a63",
            "path": "/infra/domains/default/groups/9606022d-ed7a-4819-a449-4373185c1a63",
            "revision": 0,
            "tag": []
          },
          "sensitive_attributes": [],
          "private": "bnVsbA==",
          "dependencies": [
            "data.nsxt_policy_group.group_all",
            "data.nsxt_policy_group.group_tag"
          ]
        },
        {
          "index_key": 6,
          "schema_version": 0,
          "attributes": {
            "conjunction": [
              {
                "operator": "OR"
              }
            ],
            "criteria": [
              {
                "condition": [],
                "ipaddress_expression": [
                  {
                    "ip_addresses": [
                      "211.1.2.1",
                      "212.1.1.1"
                    ]
                  }
                ],
                "macaddress_expression": [],
                "path_expression": []
              },
              {
                "condition": [],
                "ipaddress_expression": [],
                "macaddress_expression": [],
                "path_expression": [
                  {
                    "member_paths": [
                      "/infra/domains/default/groups/group_all",
                      "/infra/domains/default/groups/group_tag"
                    ]
                  }
                ]
              }
            ],
            "description": "Terraform provisioned Group",
            "display_name": "tf-group-6",
            "domain": "default",
            "extended_criteria": [],
            "id": "9112efba-1cb2-432c-88e0-b7ead0433a43",
            "nsx_id": "9112efba-1cb2-432c-88e0-b7ead0433a43",
            "path": "/infra/domains/default/groups/9112efba-1cb2-432c-88e0-b7ead0433a43",
            "revision": 0,
            "tag": []
          },
          "sensitive_attributes": [],
          "private": "bnVsbA==",
          "dependencies": [
            "data.nsxt_policy_group.group_all",
            "data.nsxt_policy_group.group_tag"
          ]
        },
        {
          "index_key": 7,
          "schema_version": 0,
          "attributes": {
            "conjunction": [
              {
                "operator": "OR"
              }
            ],
            "criteria": [
              {
                "condition": [],
                "ipaddress_expression": [
                  {
                    "ip_addresses": [
                      "211.1.2.1",
                      "212.1.1.1"
                    ]
                  }
                ],
                "macaddress_expression": [],
                "path_expression": []
              },
              {
                "condition": [],
                "ipaddress_expression": [],
                "macaddress_expression": [],
                "path_expression": [
                  {
                    "member_paths": [
                      "/infra/domains/default/groups/group_all",
                      "/infra/domains/default/groups/group_tag"
                    ]
                  }
                ]
              }
            ],
            "description": "Terraform provisioned Group",
            "display_name": "tf-group-7",
            "domain": "default",
            "extended_criteria": [],
            "id": "69203420-a338-4e8a-904d-8c8915cb30e5",
            "nsx_id": "69203420-a338-4e8a-904d-8c8915cb30e5",
            "path": "/infra/domains/default/groups/69203420-a338-4e8a-904d-8c8915cb30e5",
            "revision": 0,
            "tag": []
          },
          "sensitive_attributes": [],
          "private": "bnVsbA==",
          "dependencies": [
            "data.nsxt_policy_group.group_all",
            "data.nsxt_policy_group.group_tag"
          ]
        },
        {
          "index_key": 8,
          "schema_version": 0,
          "attributes": {
            "conjunction": [
              {
                "operator": "OR"
              }
            ],
            "criteria": [
              {
                "condition": [],
                "ipaddress_expression": [
                  {
                    "ip_addresses": [
                      "211.1.2.1",
                      "212.1.1.1"
                    ]
                  }
                ],
                "macaddress_expression": [],
                "path_expression": []
              },
              {
                "condition": [],
                "ipaddress_expression": [],
                "macaddress_expression": [],
                "path_expression": [
                  {
                    "member_paths": [
                      "/infra/domains/default/groups/group_all",
                      "/infra/domains/default/groups/group_tag"
                    ]
                  }
                ]
              }
            ],
            "description": "Terraform provisioned Group",
            "display_name": "tf-group-8",
            "domain": "default",
            "extended_criteria": [],
            "id": "a7c23af7-9fd0-4926-af60-5b95b6b9ffa3",
            "nsx_id": "a7c23af7-9fd0-4926-af60-5b95b6b9ffa3",
            "path": "/infra/domains/default/groups/a7c23af7-9fd0-4926-af60-5b95b6b9ffa3",
            "revision": 0,
            "tag": []
          },
          "sensitive_attributes": [],
          "private": "bnVsbA==",
          "dependencies": [
            "data.nsxt_policy_group.group_all",
            "data.nsxt_policy_group.group_tag"
          ]
        },
        {
          "index_key": 9,
          "schema_version": 0,
          "attributes": {
            "conjunction": [
              {
                "operator": "OR"
              }
            ],
            "criteria": [
              {
                "condition": [],
                "ipaddress_expression": [
                  {
                    "ip_addresses": [
                      "211.1.2.1",
                      "212.1.1.1"
                    ]
                  }
                ],
                "macaddress_expression": [],
                "path_expression": []
              },
              {
                "condition": [],
                "ipaddress_expression": [],
                "macaddress_expression": [],
                "path_expression": [
                  {
                    "member_paths": [
                      "/infra/domains/default/groups/group_all",
                      "/infra/domains/default/groups/group_tag"
                    ]
                  }
                ]
              }
            ],
            "description": "Terraform provisioned Group",
            "display_name": "tf-group-9",
            "domain": "default",
            "extended_criteria": [],
            "id": "6269d035-7c41-41b6-8097-43797dab336a",
            "nsx_id": "6269d035-7c41-41b6-8097-43797dab336a",
            "path": "/infra/domains/default/groups/6269d035-7c41-41b6-8097-43797dab336a",
            "revision": 0,
            "tag": []
          },
          "sensitive_attributes": [],
          "private": "bnVsbA==",
          "dependencies": [
            "data.nsxt_policy_group.group_all",
            "data.nsxt_policy_group.group_tag"
          ]
        },
        {
          "index_key": 10,
          "schema_version": 0,
          "attributes": {
            "conjunction": [
              {
                "operator": "OR"
              }
            ],
            "criteria": [
              {
                "condition": [],
                "ipaddress_expression": [
                  {
                    "ip_addresses": [
                      "211.1.2.1",
                      "212.1.1.1"
                    ]
                  }
                ],
                "macaddress_expression": [],
                "path_expression": []
              },
              {
                "condition": [],
                "ipaddress_expression": [],
                "macaddress_expression": [],
                "path_expression": [
                  {
                    "member_paths": [
                      "/infra/domains/default/groups/group_all",
                      "/infra/domains/default/groups/group_tag"
                    ]
                  }
                ]
              }
            ],
            "description": "Terraform provisioned Group",
            "display_name": "tf-group-10",
            "domain": "default",
            "extended_criteria": [],
            "id": "c765ff48-6286-4833-b884-43136eaf49bc",
            "nsx_id": "c765ff48-6286-4833-b884-43136eaf49bc",
            "path": "/infra/domains/default/groups/c765ff48-6286-4833-b884-43136eaf49bc",
            "revision": 0,
            "tag": []
          },
          "sensitive_attributes": [],
          "private": "bnVsbA==",
          "dependencies": [
            "data.nsxt_policy_group.group_all",
            "data.nsxt_policy_group.group_tag"
          ]
        },
        {
          "index_key": 11,
          "schema_version": 0,
          "attributes": {
            "conjunction": [
              {
                "operator": "OR"
              }
            ],
            "criteria": [
              {
                "condition": [],
                "ipaddress_expression": [
                  {
                    "ip_addresses": [
                      "211.1.2.1",
                      "212.1.1.1"
                    ]
                  }
                ],
                "macaddress_expression": [],
                "path_expression": []
              },
              {
                "condition": [],
                "ipaddress_expression": [],
                "macaddress_expression": [],
                "path_expression": [
                  {
                    "member_paths": [
                      "/infra/domains/default/groups/group_all",
                      "/infra/domains/default/groups/group_tag"
                    ]
                  }
                ]
              }
            ],
            "description": "Terraform provisioned Group",
            "display_name": "tf-group-11",
            "domain": "default",
            "extended_criteria": [],
            "id": "5bb16637-9354-408e-8491-89a90ebaccab",
            "nsx_id": "5bb16637-9354-408e-8491-89a90ebaccab",
            "path": "/infra/domains/default/groups/5bb16637-9354-408e-8491-89a90ebaccab",
            "revision": 0,
            "tag": []
          },
          "sensitive_attributes": [],
          "private": "bnVsbA==",
          "dependencies": [
            "data.nsxt_policy_group.group_all",
            "data.nsxt_policy_group.group_tag"
          ]
        },
        {
          "index_key": 12,
          "schema_version": 0,
          "attributes": {
            "conjunction": [
              {
                "operator": "OR"
              }
            ],
            "criteria": [
              {
                "condition": [],
                "ipaddress_expression": [
                  {
                    "ip_addresses": [
                      "211.1.2.1",
                      "212.1.1.1"
                    ]
                  }
                ],
                "macaddress_expression": [],
                "path_expression": []
              },
              {
                "condition": [],
                "ipaddress_expression": [],
                "macaddress_expression": [],
                "path_expression": [
                  {
                    "member_paths": [
                      "/infra/domains/default/groups/group_all",
                      "/infra/domains/default/groups/group_tag"
                    ]
                  }
                ]
              }
            ],
            "description": "Terraform provisioned Group",
            "display_name": "tf-group-12",
            "domain": "default",
            "extended_criteria": [],
            "id": "f1b079e1-cee6-4889-9b22-22265ec5a8f2",
            "nsx_id": "f1b079e1-cee6-4889-9b22-22265ec5a8f2",
            "path": "/infra/domains/default/groups/f1b079e1-cee6-4889-9b22-22265ec5a8f2",
            "revision": 0,
            "tag": []
          },
          "sensitive_attributes": [],
          "private": "bnVsbA==",
          "dependencies": [
            "data.nsxt_policy_group.group_all",
            "data.nsxt_policy_group.group_tag"
          ]
        },
        {
          "index_key": 13,
          "schema_version": 0,
          "attributes": {
            "conjunction": [
              {
                "operator": "OR"
              }
            ],
            "criteria": [
              {
                "condition": [],
                "ipaddress_expression": [
                  {
                    "ip_addresses": [
                      "211.1.2.1",
                      "212.1.1.1"
                    ]
                  }
                ],
                "macaddress_expression": [],
                "path_expression": []
              },
              {
                "condition": [],
                "ipaddress_expression": [],
                "macaddress_expression": [],
                "path_expression": [
                  {
                    "member_paths": [
                      "/infra/domains/default/groups/group_all",
                      "/infra/domains/default/groups/group_tag"
                    ]
                  }
                ]
              }
            ],
            "description": "Terraform provisioned Group",
            "display_name": "tf-group-13",
            "domain": "default",
            "extended_criteria": [],
            "id": "dd18d97f-4d1a-4810-9748-d53848ef67a9",
            "nsx_id": "dd18d97f-4d1a-4810-9748-d53848ef67a9",
            "path": "/infra/domains/default/groups/dd18d97f-4d1a-4810-9748-d53848ef67a9",
            "revision": 0,
            "tag": []
          },
          "sensitive_attributes": [],
          "private": "bnVsbA==",
          "dependencies": [
            "data.nsxt_policy_group.group_all",
            "data.nsxt_policy_group.group_tag"
          ]
        },
        {
          "index_key": 14,
          "schema_version": 0,
          "attributes": {
            "conjunction": [
              {
                "operator": "OR"
              }
            ],
            "criteria": [
              {
                "condition": [],
                "ipaddress_expression": [
                  {
                    "ip_addresses": [
                      "211.1.2.1",
                      "212.1.1.1"
                    ]
                  }
                ],
                "macaddress_expression": [],
                "path_expression": []
              },
              {
                "condition": [],
                "ipaddress_expression": [],
                "macaddress_expression": [],
                "path_expression": [
                  {
                    "member_paths": [
                      "/infra/domains/default/groups/group_all",
                      "/infra/domains/default/groups/group_tag"
                    ]
                  }
                ]
              }
            ],
            "description": "Terraform provisioned Group",
            "display_name": "tf-group-14",
            "domain": "default",
            "extended_criteria": [],
            "id": "b7556456-cd56-41e4-8c4d-d18350e95900",
            "nsx_id": "b7556456-cd56-41e4-8c4d-d18350e95900",
            "path": "/infra/domains/default/groups/b7556456-cd56-41e4-8c4d-d18350e95900",
            "revision": 0,
            "tag": []
          },
          "sensitive_attributes": [],
          "private": "bnVsbA==",
          "dependencies": [
            "data.nsxt_policy_group.group_all",
            "data.nsxt_policy_group.group_tag"
          ]
        },
        {
          "index_key": 15,
          "schema_version": 0,
          "attributes": {
            "conjunction": [
              {
                "operator": "OR"
              }
            ],
            "criteria": [
              {
                "condition": [],
                "ipaddress_expression": [
                  {
                    "ip_addresses": [
                      "211.1.2.1",
                      "212.1.1.1"
                    ]
                  }
                ],
                "macaddress_expression": [],
                "path_expression": []
              },
              {
                "condition": [],
                "ipaddress_expression": [],
                "macaddress_expression": [],
                "path_expression": [
                  {
                    "member_paths": [
                      "/infra/domains/default/groups/group_all",
                      "/infra/domains/default/groups/group_tag"
                    ]
                  }
                ]
              }
            ],
            "description": "Terraform provisioned Group",
            "display_name": "tf-group-15",
            "domain": "default",
            "extended_criteria": [],
            "id": "f85e4ae8-86e6-4659-9c49-d02fad24efb3",
            "nsx_id": "f85e4ae8-86e6-4659-9c49-d02fad24efb3",
            "path": "/infra/domains/default/groups/f85e4ae8-86e6-4659-9c49-d02fad24efb3",
            "revision": 0,
            "tag": []
          },
          "sensitive_attributes": [],
          "private": "bnVsbA==",
          "dependencies": [
            "data.nsxt_policy_group.group_all",
            "data.nsxt_policy_group.group_tag"
          ]
        },
        {
          "index_key": 16,
          "schema_version": 0,
          "attributes": {
            "conjunction": [
              {
                "operator": "OR"
              }
            ],
            "criteria": [
              {
                "condition": [],
                "ipaddress_expression": [
                  {
                    "ip_addresses": [
                      "211.1.2.1",
                      "212.1.1.1"
                    ]
                  }
                ],
                "macaddress_expression": [],
                "path_expression": []
              },
              {
                "condition": [],
                "ipaddress_expression": [],
                "macaddress_expression": [],
                "path_expression": [
                  {
                    "member_paths": [
                      "/infra/domains/default/groups/group_all",
                      "/infra/domains/default/groups/group_tag"
                    ]
                  }
                ]
              }
            ],
            "description": "Terraform provisioned Group",
            "display_name": "tf-group-16",
            "domain": "default",
            "extended_criteria": [],
            "id": "a49ba49d-850a-4ec7-902d-5893c2ae6876",
            "nsx_id": "a49ba49d-850a-4ec7-902d-5893c2ae6876",
            "path": "/infra/domains/default/groups/a49ba49d-850a-4ec7-902d-5893c2ae6876",
            "revision": 0,
            "tag": []
          },
          "sensitive_attributes": [],
          "private": "bnVsbA==",
          "dependencies": [
            "data.nsxt_policy_group.group_all",
            "data.nsxt_policy_group.group_tag"
          ]
        },
        {
          "index_key": 17,
          "schema_version": 0,
          "attributes": {
            "conjunction": [
              {
                "operator": "OR"
              }
            ],
            "criteria": [
              {
                "condition": [],
                "ipaddress_expression": [
                  {
                    "ip_addresses": [
                      "211.1.2.1",
                      "212.1.1.1"
                    ]
                  }
                ],
                "macaddress_expression": [],
                "path_expression": []
              },
              {
                "condition": [],
                "ipaddress_expression": [],
                "macaddress_expression": [],
                "path_expression": [
                  {
                    "member_paths": [
                      "/infra/domains/default/groups/group_all",
                      "/infra/domains/default/groups/group_tag"
                    ]
                  }
                ]
              }
            ],
            "description": "Terraform provisioned Group",
            "display_name": "tf-group-17",
            "domain": "default",
            "extended_criteria": [],
            "id": "3a8e61ce-ee3a-413f-b2fa-c080f278defb",
            "nsx_id": "3a8e61ce-ee3a-413f-b2fa-c080f278defb",
            "path": "/infra/domains/default/groups/3a8e61ce-ee3a-413f-b2fa-c080f278defb",
            "revision": 0,
            "tag": []
          },
          "sensitive_attributes": [],
          "private": "bnVsbA==",
          "dependencies": [
            "data.nsxt_policy_group.group_all",
            "data.nsxt_policy_group.group_tag"
          ]
        },
        {
          "index_key": 18,
          "schema_version": 0,
          "attributes": {
            "conjunction": [
              {
                "operator": "OR"
              }
            ],
            "criteria": [
              {
                "condition": [],
                "ipaddress_expression": [
                  {
                    "ip_addresses": [
                      "211.1.2.1",
                      "212.1.1.1"
                    ]
                  }
                ],
                "macaddress_expression": [],
                "path_expression": []
              },
              {
                "condition": [],
                "ipaddress_expression": [],
                "macaddress_expression": [],
                "path_expression": [
                  {
                    "member_paths": [
                      "/infra/domains/default/groups/group_all",
                      "/infra/domains/default/groups/group_tag"
                    ]
                  }
                ]
              }
            ],
            "description": "Terraform provisioned Group",
            "display_name": "tf-group-18",
            "domain": "default",
            "extended_criteria": [],
            "id": "7aac5287-e3f3-44b8-8ccc-82f2375c9b3e",
            "nsx_id": "7aac5287-e3f3-44b8-8ccc-82f2375c9b3e",
            "path": "/infra/domains/default/groups/7aac5287-e3f3-44b8-8ccc-82f2375c9b3e",
            "revision": 0,
            "tag": []
          },
          "sensitive_attributes": [],
          "private": "bnVsbA==",
          "dependencies": [
            "data.nsxt_policy_group.group_all",
            "data.nsxt_policy_group.group_tag"
          ]
        },
        {
          "index_key": 19,
          "schema_version": 0,
          "attributes": {
            "conjunction": [
              {
                "operator": "OR"
              }
            ],
            "criteria": [
              {
                "condition": [],
                "ipaddress_expression": [
                  {
                    "ip_addresses": [
                      "211.1.2.1",
                      "212.1.1.1"
                    ]
                  }
                ],
                "macaddress_expression": [],
                "path_expression": []
              },
              {
                "condition": [],
                "ipaddress_expression": [],
                "macaddress_expression": [],
                "path_expression": [
                  {
                    "member_paths": [
                      "/infra/domains/default/groups/group_all",
                      "/infra/domains/default/groups/group_tag"
                    ]
                  }
                ]
              }
            ],
            "description": "Terraform provisioned Group",
            "display_name": "tf-group-19",
            "domain": "default",
            "extended_criteria": [],
            "id": "a7c935f8-834e-4765-9217-712bdd17e070",
            "nsx_id": "a7c935f8-834e-4765-9217-712bdd17e070",
            "path": "/infra/domains/default/groups/a7c935f8-834e-4765-9217-712bdd17e070",
            "revision": 0,
            "tag": []
          },
          "sensitive_attributes": [],
          "private": "bnVsbA==",
          "dependencies": [
            "data.nsxt_policy_group.group_all",
            "data.nsxt_policy_group.group_tag"
          ]
        },
        {
          "index_key": 20,
          "schema_version": 0,
          "attributes": {
            "conjunction": [
              {
                "operator": "OR"
              }
            ],
            "criteria": [
              {
                "condition": [],
                "ipaddress_expression": [
                  {
                    "ip_addresses": [
                      "211.1.2.1",
                      "212.1.1.1"
                    ]
                  }
                ],
                "macaddress_expression": [],
                "path_expression": []
              },
              {
                "condition": [],
                "ipaddress_expression": [],
                "macaddress_expression": [],
                "path_expression": [
                  {
                    "member_paths": [
                      "/infra/domains/default/groups/group_all",
                      "/infra/domains/default/groups/group_tag"
                    ]
                  }
                ]
              }
            ],
            "description": "Terraform provisioned Group",
            "display_name": "tf-group-20",
            "domain": "default",
            "extended_criteria": [],
            "id": "95f7bfb6-37aa-4ca3-b8c1-3d35eeb25802",
            "nsx_id": "95f7bfb6-37aa-4ca3-b8c1-3d35eeb25802",
            "path": "/infra/domains/default/groups/95f7bfb6-37aa-4ca3-b8c1-3d35eeb25802",
            "revision": 0,
            "tag": []
          },
          "sensitive_attributes": [],
          "private": "bnVsbA==",
          "dependencies": [
            "data.nsxt_policy_group.group_all",
            "data.nsxt_policy_group.group_tag"
          ]
        },
        {
          "index_key": 21,
          "schema_version": 0,
          "attributes": {
            "conjunction": [
              {
                "operator": "OR"
              }
            ],
            "criteria": [
              {
                "condition": [],
                "ipaddress_expression": [
                  {
                    "ip_addresses": [
                      "211.1.2.1",
                      "212.1.1.1"
                    ]
                  }
                ],
                "macaddress_expression": [],
                "path_expression": []
              },
              {
                "condition": [],
                "ipaddress_expression": [],
                "macaddress_expression": [],
                "path_expression": [
                  {
                    "member_paths": [
                      "/infra/domains/default/groups/group_all",
                      "/infra/domains/default/groups/group_tag"
                    ]
                  }
                ]
              }
            ],
            "description": "Terraform provisioned Group",
            "display_name": "tf-group-21",
            "domain": "default",
            "extended_criteria": [],
            "id": "8e6000bf-f0bf-4a6a-af07-0738d83de552",
            "nsx_id": "8e6000bf-f0bf-4a6a-af07-0738d83de552",
            "path": "/infra/domains/default/groups/8e6000bf-f0bf-4a6a-af07-0738d83de552",
            "revision": 0,
            "tag": []
          },
          "sensitive_attributes": [],
          "private": "bnVsbA==",
          "dependencies": [
            "data.nsxt_policy_group.group_all",
            "data.nsxt_policy_group.group_tag"
          ]
        },
        {
          "index_key": 22,
          "schema_version": 0,
          "attributes": {
            "conjunction": [
              {
                "operator": "OR"
              }
            ],
            "criteria": [
              {
                "condition": [],
                "ipaddress_expression": [
                  {
                    "ip_addresses": [
                      "211.1.2.1",
                      "212.1.1.1"
                    ]
                  }
                ],
                "macaddress_expression": [],
                "path_expression": []
              },
              {
                "condition": [],
                "ipaddress_expression": [],
                "macaddress_expression": [],
                "path_expression": [
                  {
                    "member_paths": [
                      "/infra/domains/default/groups/group_all",
                      "/infra/domains/default/groups/group_tag"
                    ]
                  }
                ]
              }
            ],
            "description": "Terraform provisioned Group",
            "display_name": "tf-group-22",
            "domain": "default",
            "extended_criteria": [],
            "id": "698528cc-3a0c-469d-820a-e1dfb70dbd53",
            "nsx_id": "698528cc-3a0c-469d-820a-e1dfb70dbd53",
            "path": "/infra/domains/default/groups/698528cc-3a0c-469d-820a-e1dfb70dbd53",
            "revision": 0,
            "tag": []
          },
          "sensitive_attributes": [],
          "private": "bnVsbA==",
          "dependencies": [
            "data.nsxt_policy_group.group_all",
            "data.nsxt_policy_group.group_tag"
          ]
        },
        {
          "index_key": 23,
          "schema_version": 0,
          "attributes": {
            "conjunction": [
              {
                "operator": "OR"
              }
            ],
            "criteria": [
              {
                "condition": [],
                "ipaddress_expression": [
                  {
                    "ip_addresses": [
                      "211.1.2.1",
                      "212.1.1.1"
                    ]
                  }
                ],
                "macaddress_expression": [],
                "path_expression": []
              },
              {
                "condition": [],
                "ipaddress_expression": [],
                "macaddress_expression": [],
                "path_expression": [
                  {
                    "member_paths": [
                      "/infra/domains/default/groups/group_all",
                      "/infra/domains/default/groups/group_tag"
                    ]
                  }
                ]
              }
            ],
            "description": "Terraform provisioned Group",
            "display_name": "tf-group-23",
            "domain": "default",
            "extended_criteria": [],
            "id": "116a4c86-8d2e-40e3-a228-077fd59e8a14",
            "nsx_id": "116a4c86-8d2e-40e3-a228-077fd59e8a14",
            "path": "/infra/domains/default/groups/116a4c86-8d2e-40e3-a228-077fd59e8a14",
            "revision": 0,
            "tag": []
          },
          "sensitive_attributes": [],
          "private": "bnVsbA==",
          "dependencies": [
            "data.nsxt_policy_group.group_all",
            "data.nsxt_policy_group.group_tag"
          ]
        },
        {
          "index_key": 24,
          "schema_version": 0,
          "attributes": {
            "conjunction": [
              {
                "operator": "OR"
              }
            ],
            "criteria": [
              {
                "condition": [],
                "ipaddress_expression": [
                  {
                    "ip_addresses": [
                      "211.1.2.1",
                      "212.1.1.1"
                    ]
                  }
                ],
                "macaddress_expression": [],
                "path_expression": []
              },
              {
                "condition": [],
                "ipaddress_expression": [],
                "macaddress_expression": [],
                "path_expression": [
                  {
                    "member_paths": [
                      "/infra/domains/default/groups/group_all",
                      "/infra/domains/default/groups/group_tag"
                    ]
                  }
                ]
              }
            ],
            "description": "Terraform provisioned Group",
            "display_name": "tf-group-24",
            "domain": "default",
            "extended_criteria": [],
            "id": "86bacf49-7653-4477-8f0a-ac731fada890",
            "nsx_id": "86bacf49-7653-4477-8f0a-ac731fada890",
            "path": "/infra/domains/default/groups/86bacf49-7653-4477-8f0a-ac731fada890",
            "revision": 0,
            "tag": []
          },
          "sensitive_attributes": [],
          "private": "bnVsbA==",
          "dependencies": [
            "data.nsxt_policy_group.group_all",
            "data.nsxt_policy_group.group_tag"
          ]
        },
        {
          "index_key": 25,
          "schema_version": 0,
          "attributes": {
            "conjunction": [
              {
                "operator": "OR"
              }
            ],
            "criteria": [
              {
                "condition": [],
                "ipaddress_expression": [
                  {
                    "ip_addresses": [
                      "211.1.2.1",
                      "212.1.1.1"
                    ]
                  }
                ],
                "macaddress_expression": [],
                "path_expression": []
              },
              {
                "condition": [],
                "ipaddress_expression": [],
                "macaddress_expression": [],
                "path_expression": [
                  {
                    "member_paths": [
                      "/infra/domains/default/groups/group_all",
                      "/infra/domains/default/groups/group_tag"
                    ]
                  }
                ]
              }
            ],
            "description": "Terraform provisioned Group",
            "display_name": "tf-group-25",
            "domain": "default",
            "extended_criteria": [],
            "id": "d5d30468-0239-46f8-bc88-52603b584ea7",
            "nsx_id": "d5d30468-0239-46f8-bc88-52603b584ea7",
            "path": "/infra/domains/default/groups/d5d30468-0239-46f8-bc88-52603b584ea7",
            "revision": 0,
            "tag": []
          },
          "sensitive_attributes": [],
          "private": "bnVsbA==",
          "dependencies": [
            "data.nsxt_policy_group.group_all",
            "data.nsxt_policy_group.group_tag"
          ]
        },
        {
          "index_key": 26,
          "schema_version": 0,
          "attributes": {
            "conjunction": [
              {
                "operator": "OR"
              }
            ],
            "criteria": [
              {
                "condition": [],
                "ipaddress_expression": [
                  {
                    "ip_addresses": [
                      "211.1.2.1",
                      "212.1.1.1"
                    ]
                  }
                ],
                "macaddress_expression": [],
                "path_expression": []
              },
              {
                "condition": [],
                "ipaddress_expression": [],
                "macaddress_expression": [],
                "path_expression": [
                  {
                    "member_paths": [
                      "/infra/domains/default/groups/group_all",
                      "/infra/domains/default/groups/group_tag"
                    ]
                  }
                ]
              }
            ],
            "description": "Terraform provisioned Group",
            "display_name": "tf-group-26",
            "domain": "default",
            "extended_criteria": [],
            "id": "3196a8c0-c680-40cd-abc0-53157e082e24",
            "nsx_id": "3196a8c0-c680-40cd-abc0-53157e082e24",
            "path": "/infra/domains/default/groups/3196a8c0-c680-40cd-abc0-53157e082e24",
            "revision": 0,
            "tag": []
          },
          "sensitive_attributes": [],
          "private": "bnVsbA==",
          "dependencies": [
            "data.nsxt_policy_group.group_all",
            "data.nsxt_policy_group.group_tag"
          ]
        },
        {
          "index_key": 27,
          "schema_version": 0,
          "attributes": {
            "conjunction": [
              {
                "operator": "OR"
              }
            ],
            "criteria": [
              {
                "condition": [],
                "ipaddress_expression": [
                  {
                    "ip_addresses": [
                      "211.1.2.1",
                      "212.1.1.1"
                    ]
                  }
                ],
                "macaddress_expression": [],
                "path_expression": []
              },
              {
                "condition": [],
                "ipaddress_expression": [],
                "macaddress_expression": [],
                "path_expression": [
                  {
                    "member_paths": [
                      "/infra/domains/default/groups/group_all",
                      "/infra/domains/default/groups/group_tag"
                    ]
                  }
                ]
              }
            ],
            "description": "Terraform provisioned Group",
            "display_name": "tf-group-27",
            "domain": "default",
            "extended_criteria": [],
            "id": "3f0a2a64-09ea-469b-981a-5c872779533b",
            "nsx_id": "3f0a2a64-09ea-469b-981a-5c872779533b",
            "path": "/infra/domains/default/groups/3f0a2a64-09ea-469b-981a-5c872779533b",
            "revision": 0,
            "tag": []
          },
          "sensitive_attributes": [],
          "private": "bnVsbA==",
          "dependencies": [
            "data.nsxt_policy_group.group_all",
            "data.nsxt_policy_group.group_tag"
          ]
        },
        {
          "index_key": 28,
          "schema_version": 0,
          "attributes": {
            "conjunction": [
              {
                "operator": "OR"
              }
            ],
            "criteria": [
              {
                "condition": [],
                "ipaddress_expression": [
                  {
                    "ip_addresses": [
                      "211.1.2.1",
                      "212.1.1.1"
                    ]
                  }
                ],
                "macaddress_expression": [],
                "path_expression": []
              },
              {
                "condition": [],
                "ipaddress_expression": [],
                "macaddress_expression": [],
                "path_expression": [
                  {
                    "member_paths": [
                      "/infra/domains/default/groups/group_all",
                      "/infra/domains/default/groups/group_tag"
                    ]
                  }
                ]
              }
            ],
            "description": "Terraform provisioned Group",
            "display_name": "tf-group-28",
            "domain": "default",
            "extended_criteria": [],
            "id": "0de062e1-e724-4db5-94a0-b9f1015edda2",
            "nsx_id": "0de062e1-e724-4db5-94a0-b9f1015edda2",
            "path": "/infra/domains/default/groups/0de062e1-e724-4db5-94a0-b9f1015edda2",
            "revision": 0,
            "tag": []
          },
          "sensitive_attributes": [],
          "private": "bnVsbA==",
          "dependencies": [
            "data.nsxt_policy_group.group_all",
            "data.nsxt_policy_group.group_tag"
          ]
        },
        {
          "index_key": 29,
          "schema_version": 0,
          "attributes": {
            "conjunction": [
              {
                "operator": "OR"
              }
            ],
            "criteria": [
              {
                "condition": [],
                "ipaddress_expression": [
                  {
                    "ip_addresses": [
                      "211.1.2.1",
                      "212.1.1.1"
                    ]
                  }
                ],
                "macaddress_expression": [],
                "path_expression": []
              },
              {
                "condition": [],
                "ipaddress_expression": [],
                "macaddress_expression": [],
                "path_expression": [
                  {
                    "member_paths": [
                      "/infra/domains/default/groups/group_all",
                      "/infra/domains/default/groups/group_tag"
                    ]
                  }
                ]
              }
            ],
            "description": "Terraform provisioned Group",
            "display_name": "tf-group-29",
            "domain": "default",
            "extended_criteria": [],
            "id": "4f798f6d-d2e8-4f3a-8451-e5ba5370ee46",
            "nsx_id": "4f798f6d-d2e8-4f3a-8451-e5ba5370ee46",
            "path": "/infra/domains/default/groups/4f798f6d-d2e8-4f3a-8451-e5ba5370ee46",
            "revision": 0,
            "tag": []
          },
          "sensitive_attributes": [],
          "private": "bnVsbA==",
          "dependencies": [
            "data.nsxt_policy_group.group_all",
            "data.nsxt_policy_group.group_tag"
          ]
        },
        {
          "index_key": 30,
          "schema_version": 0,
          "attributes": {
            "conjunction": [
              {
                "operator": "OR"
              }
            ],
            "criteria": [
              {
                "condition": [],
                "ipaddress_expression": [
                  {
                    "ip_addresses": [
                      "211.1.2.1",
                      "212.1.1.1"
                    ]
                  }
                ],
                "macaddress_expression": [],
                "path_expression": []
              },
              {
                "condition": [],
                "ipaddress_expression": [],
                "macaddress_expression": [],
                "path_expression": [
                  {
                    "member_paths": [
                      "/infra/domains/default/groups/group_all",
                      "/infra/domains/default/groups/group_tag"
                    ]
                  }
                ]
              }
            ],
            "description": "Terraform provisioned Group",
            "display_name": "tf-group-30",
            "domain": "default",
            "extended_criteria": [],
            "id": "6d993749-5bff-4401-8f68-c5c13df9b57d",
            "nsx_id": "6d993749-5bff-4401-8f68-c5c13df9b57d",
            "path": "/infra/domains/default/groups/6d993749-5bff-4401-8f68-c5c13df9b57d",
            "revision": 0,
            "tag": []
          },
          "sensitive_attributes": [],
          "private": "bnVsbA==",
          "dependencies": [
            "data.nsxt_policy_group.group_all",
            "data.nsxt_policy_group.group_tag"
          ]
        },
        {
          "index_key": 31,
          "schema_version": 0,
          "attributes": {
            "conjunction": [
              {
                "operator": "OR"
              }
            ],
            "criteria": [
              {
                "condition": [],
                "ipaddress_expression": [
                  {
                    "ip_addresses": [
                      "211.1.2.1",
                      "212.1.1.1"
                    ]
                  }
                ],
                "macaddress_expression": [],
                "path_expression": []
              },
              {
                "condition": [],
                "ipaddress_expression": [],
                "macaddress_expression": [],
                "path_expression": [
                  {
                    "member_paths": [
                      "/infra/domains/default/groups/group_all",
                      "/infra/domains/default/groups/group_tag"
                    ]
                  }
                ]
              }
            ],
            "description": "Terraform provisioned Group",
            "display_name": "tf-group-31",
            "domain": "default",
            "extended_criteria": [],
            "id": "328d12e8-8093-4bea-ae2a-e68a6b897ef7",
            "nsx_id": "328d12e8-8093-4bea-ae2a-e68a6b897ef7",
            "path": "/infra/domains/default/groups/328d12e8-8093-4bea-ae2a-e68a6b897ef7",
            "revision": 0,
            "tag": []
          },
          "sensitive_attributes": [],
          "private": "bnVsbA==",
          "dependencies": [
            "data.nsxt_policy_group.group_all",
            "data.nsxt_policy_group.group_tag"
          ]
        },
        {
          "index_key": 32,
          "schema_version": 0,
          "attributes": {
            "conjunction": [
              {
                "operator": "OR"
              }
            ],
            "criteria": [
              {
                "condition": [],
                "ipaddress_expression": [
                  {
                    "ip_addresses": [
                      "211.1.2.1",
                      "212.1.1.1"
                    ]
                  }
                ],
                "macaddress_expression": [],
                "path_expression": []
              },
              {
                "condition": [],
                "ipaddress_expression": [],
                "macaddress_expression": [],
                "path_expression": [
                  {
                    "member_paths": [
                      "/infra/domains/default/groups/group_all",
                      "/infra/domains/default/groups/group_tag"
                    ]
                  }
                ]
              }
            ],
            "description": "Terraform provisioned Group",
            "display_name": "tf-group-32",
            "domain": "default",
            "extended_criteria": [],
            "id": "ec72923b-706e-4f05-a3cd-939596833dc5",
            "nsx_id": "ec72923b-706e-4f05-a3cd-939596833dc5",
            "path": "/infra/domains/default/groups/ec72923b-706e-4f05-a3cd-939596833dc5",
            "revision": 0,
            "tag": []
          },
          "sensitive_attributes": [],
          "private": "bnVsbA==",
          "dependencies": [
            "data.nsxt_policy_group.group_all",
            "data.nsxt_policy_group.group_tag"
          ]
        },
        {
          "index_key": 33,
          "schema_version": 0,
          "attributes": {
            "conjunction": [
              {
                "operator": "OR"
              }
            ],
            "criteria": [
              {
                "condition": [],
                "ipaddress_expression": [
                  {
                    "ip_addresses": [
                      "211.1.2.1",
                      "212.1.1.1"
                    ]
                  }
                ],
                "macaddress_expression": [],
                "path_expression": []
              },
              {
                "condition": [],
                "ipaddress_expression": [],
                "macaddress_expression": [],
                "path_expression": [
                  {
                    "member_paths": [
                      "/infra/domains/default/groups/group_all",
                      "/infra/domains/default/groups/group_tag"
                    ]
                  }
                ]
              }
            ],
            "description": "Terraform provisioned Group",
            "display_name": "tf-group-33",
            "domain": "default",
            "extended_criteria": [],
            "id": "620a3f38-50e6-4a07-8c6a-d26fd3c07856",
            "nsx_id": "620a3f38-50e6-4a07-8c6a-d26fd3c07856",
            "path": "/infra/domains/default/groups/620a3f38-50e6-4a07-8c6a-d26fd3c07856",
            "revision": 0,
            "tag": []
          },
          "sensitive_attributes": [],
          "private": "bnVsbA==",
          "dependencies": [
            "data.nsxt_policy_group.group_all",
            "data.nsxt_policy_group.group_tag"
          ]
        },
        {
          "index_key": 34,
          "schema_version": 0,
          "attributes": {
            "conjunction": [
              {
                "operator": "OR"
              }
            ],
            "criteria": [
              {
                "condition": [],
                "ipaddress_expression": [
                  {
                    "ip_addresses": [
                      "211.1.2.1",
                      "212.1.1.1"
                    ]
                  }
                ],
                "macaddress_expression": [],
                "path_expression": []
              },
              {
                "condition": [],
                "ipaddress_expression": [],
                "macaddress_expression": [],
                "path_expression": [
                  {
                    "member_paths": [
                      "/infra/domains/default/groups/group_all",
                      "/infra/domains/default/groups/group_tag"
                    ]
                  }
                ]
              }
            ],
            "description": "Terraform provisioned Group",
            "display_name": "tf-group-34",
            "domain": "default",
            "extended_criteria": [],
            "id": "dbe73720-05dd-4fa2-a364-40d7387407de",
            "nsx_id": "dbe73720-05dd-4fa2-a364-40d7387407de",
            "path": "/infra/domains/default/groups/dbe73720-05dd-4fa2-a364-40d7387407de",
            "revision": 0,
            "tag": []
          },
          "sensitive_attributes": [],
          "private": "bnVsbA==",
          "dependencies": [
            "data.nsxt_policy_group.group_all",
            "data.nsxt_policy_group.group_tag"
          ]
        },
        {
          "index_key": 35,
          "schema_version": 0,
          "attributes": {
            "conjunction": [
              {
                "operator": "OR"
              }
            ],
            "criteria": [
              {
                "condition": [],
                "ipaddress_expression": [
                  {
                    "ip_addresses": [
                      "211.1.2.1",
                      "212.1.1.1"
                    ]
                  }
                ],
                "macaddress_expression": [],
                "path_expression": []
              },
              {
                "condition": [],
                "ipaddress_expression": [],
                "macaddress_expression": [],
                "path_expression": [
                  {
                    "member_paths": [
                      "/infra/domains/default/groups/group_all",
                      "/infra/domains/default/groups/group_tag"
                    ]
                  }
                ]
              }
            ],
            "description": "Terraform provisioned Group",
            "display_name": "tf-group-35",
            "domain": "default",
            "extended_criteria": [],
            "id": "fc0ad0f3-c005-4e35-80bc-83a9e8beca5f",
            "nsx_id": "fc0ad0f3-c005-4e35-80bc-83a9e8beca5f",
            "path": "/infra/domains/default/groups/fc0ad0f3-c005-4e35-80bc-83a9e8beca5f",
            "revision": 0,
            "tag": []
          },
          "sensitive_attributes": [],
          "private": "bnVsbA==",
          "dependencies": [
            "data.nsxt_policy_group.group_all",
            "data.nsxt_policy_group.group_tag"
          ]
        },
        {
          "index_key": 36,
          "schema_version": 0,
          "attributes": {
            "conjunction": [
              {
                "operator": "OR"
              }
            ],
            "criteria": [
              {
                "condition": [],
                "ipaddress_expression": [
                  {
                    "ip_addresses": [
                      "211.1.2.1",
                      "212.1.1.1"
                    ]
                  }
                ],
                "macaddress_expression": [],
                "path_expression": []
              },
              {
                "condition": [],
                "ipaddress_expression": [],
                "macaddress_expression": [],
                "path_expression": [
                  {
                    "member_paths": [
                      "/infra/domains/default/groups/group_all",
                      "/infra/domains/default/groups/group_tag"
                    ]
                  }
                ]
              }
            ],
            "description": "Terraform provisioned Group",
            "display_name": "tf-group-36",
            "domain": "default",
            "extended_criteria": [],
            "id": "239f1e3d-2dd7-478e-bd13-c3799196e3ed",
            "nsx_id": "239f1e3d-2dd7-478e-bd13-c3799196e3ed",
            "path": "/infra/domains/default/groups/239f1e3d-2dd7-478e-bd13-c3799196e3ed",
            "revision": 0,
            "tag": []
          },
          "sensitive_attributes": [],
          "private": "bnVsbA==",
          "dependencies": [
            "data.nsxt_policy_group.group_all",
            "data.nsxt_policy_group.group_tag"
          ]
        },
        {
          "index_key": 37,
          "schema_version": 0,
          "attributes": {
            "conjunction": [
              {
                "operator": "OR"
              }
            ],
            "criteria": [
              {
                "condition": [],
                "ipaddress_expression": [
                  {
                    "ip_addresses": [
                      "211.1.2.1",
                      "212.1.1.1"
                    ]
                  }
                ],
                "macaddress_expression": [],
                "path_expression": []
              },
              {
                "condition": [],
                "ipaddress_expression": [],
                "macaddress_expression": [],
                "path_expression": [
                  {
                    "member_paths": [
                      "/infra/domains/default/groups/group_all",
                      "/infra/domains/default/groups/group_tag"
                    ]
                  }
                ]
              }
            ],
            "description": "Terraform provisioned Group",
            "display_name": "tf-group-37",
            "domain": "default",
            "extended_criteria": [],
            "id": "4ccb7226-ae8d-419b-b990-e474649984c9",
            "nsx_id": "4ccb7226-ae8d-419b-b990-e474649984c9",
            "path": "/infra/domains/default/groups/4ccb7226-ae8d-419b-b990-e474649984c9",
            "revision": 0,
            "tag": []
          },
          "sensitive_attributes": [],
          "private": "bnVsbA==",
          "dependencies": [
            "data.nsxt_policy_group.group_all",
            "data.nsxt_policy_group.group_tag"
          ]
        },
        {
          "index_key": 38,
          "schema_version": 0,
          "attributes": {
            "conjunction": [
              {
                "operator": "OR"
              }
            ],
            "criteria": [
              {
                "condition": [],
                "ipaddress_expression": [
                  {
                    "ip_addresses": [
                      "211.1.2.1",
                      "212.1.1.1"
                    ]
                  }
                ],
                "macaddress_expression": [],
                "path_expression": []
              },
              {
                "condition": [],
                "ipaddress_expression": [],
                "macaddress_expression": [],
                "path_expression": [
                  {
                    "member_paths": [
                      "/infra/domains/default/groups/group_all",
                      "/infra/domains/default/groups/group_tag"
                    ]
                  }
                ]
              }
            ],
            "description": "Terraform provisioned Group",
            "display_name": "tf-group-38",
            "domain": "default",
            "extended_criteria": [],
            "id": "972a44d6-c96b-468b-8c19-70b9260cac51",
            "nsx_id": "972a44d6-c96b-468b-8c19-70b9260cac51",
            "path": "/infra/domains/default/groups/972a44d6-c96b-468b-8c19-70b9260cac51",
            "revision": 0,
            "tag": []
          },
          "sensitive_attributes": [],
          "private": "bnVsbA==",
          "dependencies": [
            "data.nsxt_policy_group.group_all",
            "data.nsxt_policy_group.group_tag"
          ]
        },
        {
          "index_key": 39,
          "schema_version": 0,
          "attributes": {
            "conjunction": [
              {
                "operator": "OR"
              }
            ],
            "criteria": [
              {
                "condition": [],
                "ipaddress_expression": [
                  {
                    "ip_addresses": [
                      "211.1.2.1",
                      "212.1.1.1"
                    ]
                  }
                ],
                "macaddress_expression": [],
                "path_expression": []
              },
              {
                "condition": [],
                "ipaddress_expression": [],
                "macaddress_expression": [],
                "path_expression": [
                  {
                    "member_paths": [
                      "/infra/domains/default/groups/group_all",
                      "/infra/domains/default/groups/group_tag"
                    ]
                  }
                ]
              }
            ],
            "description": "Terraform provisioned Group",
            "display_name": "tf-group-39",
            "domain": "default",
            "extended_criteria": [],
            "id": "d80cc29c-9bbb-414b-86de-72df96430b9e",
            "nsx_id": "d80cc29c-9bbb-414b-86de-72df96430b9e",
            "path": "/infra/domains/default/groups/d80cc29c-9bbb-414b-86de-72df96430b9e",
            "revision": 0,
            "tag": []
          },
          "sensitive_attributes": [],
          "private": "bnVsbA==",
          "dependencies": [
            "data.nsxt_policy_group.group_all",
            "data.nsxt_policy_group.group_tag"
          ]
        },
        {
          "index_key": 40,
          "schema_version": 0,
          "attributes": {
            "conjunction": [
              {
                "operator": "OR"
              }
            ],
            "criteria": [
              {
                "condition": [],
                "ipaddress_expression": [
                  {
                    "ip_addresses": [
                      "211.1.2.1",
                      "212.1.1.1"
                    ]
                  }
                ],
                "macaddress_expression": [],
                "path_expression": []
              },
              {
                "condition": [],
                "ipaddress_expression": [],
                "macaddress_expression": [],
                "path_expression": [
                  {
                    "member_paths": [
                      "/infra/domains/default/groups/group_all",
                      "/infra/domains/default/groups/group_tag"
                    ]
                  }
                ]
              }
            ],
            "description": "Terraform provisioned Group",
            "display_name": "tf-group-40",
            "domain": "default",
            "extended_criteria": [],
            "id": "353f49c1-da2d-4eee-a3cc-10f8a156415e",
            "nsx_id": "353f49c1-da2d-4eee-a3cc-10f8a156415e",
            "path": "/infra/domains/default/groups/353f49c1-da2d-4eee-a3cc-10f8a156415e",
            "revision": 0,
            "tag": []
          },
          "sensitive_attributes": [],
          "private": "bnVsbA==",
          "dependencies": [
            "data.nsxt_policy_group.group_all",
            "data.nsxt_policy_group.group_tag"
          ]
        },
        {
          "index_key": 41,
          "schema_version": 0,
          "attributes": {
            "conjunction": [
              {
                "operator": "OR"
              }
            ],
            "criteria": [
              {
                "condition": [],
                "ipaddress_expression": [
                  {
                    "ip_addresses": [
                      "211.1.2.1",
                      "212.1.1.1"
                    ]
                  }
                ],
                "macaddress_expression": [],
                "path_expression": []
              },
              {
                "condition": [],
                "ipaddress_expression": [],
                "macaddress_expression": [],
                "path_expression": [
                  {
                    "member_paths": [
                      "/infra/domains/default/groups/group_all",
                      "/infra/domains/default/groups/group_tag"
                    ]
                  }
                ]
              }
            ],
            "description": "Terraform provisioned Group",
            "display_name": "tf-group-41",
            "domain": "default",
            "extended_criteria": [],
            "id": "7059806b-f98c-4c4e-a790-dafffa0fa51e",
            "nsx_id": "7059806b-f98c-4c4e-a790-dafffa0fa51e",
            "path": "/infra/domains/default/groups/7059806b-f98c-4c4e-a790-dafffa0fa51e",
            "revision": 0,
            "tag": []
          },
          "sensitive_attributes": [],
          "private": "bnVsbA==",
          "dependencies": [
            "data.nsxt_policy_group.group_all",
            "data.nsxt_policy_group.group_tag"
          ]
        },
        {
          "index_key": 42,
          "schema_version": 0,
          "attributes": {
            "conjunction": [
              {
                "operator": "OR"
              }
            ],
            "criteria": [
              {
                "condition": [],
                "ipaddress_expression": [
                  {
                    "ip_addresses": [
                      "211.1.2.1",
                      "212.1.1.1"
                    ]
                  }
                ],
                "macaddress_expression": [],
                "path_expression": []
              },
              {
                "condition": [],
                "ipaddress_expression": [],
                "macaddress_expression": [],
                "path_expression": [
                  {
                    "member_paths": [
                      "/infra/domains/default/groups/group_all",
                      "/infra/domains/default/groups/group_tag"
                    ]
                  }
                ]
              }
            ],
            "description": "Terraform provisioned Group",
            "display_name": "tf-group-42",
            "domain": "default",
            "extended_criteria": [],
            "id": "0e95d260-1b07-476b-9b3a-4ccec873994f",
            "nsx_id": "0e95d260-1b07-476b-9b3a-4ccec873994f",
            "path": "/infra/domains/default/groups/0e95d260-1b07-476b-9b3a-4ccec873994f",
            "revision": 0,
            "tag": []
          },
          "sensitive_attributes": [],
          "private": "bnVsbA==",
          "dependencies": [
            "data.nsxt_policy_group.group_all",
            "data.nsxt_policy_group.group_tag"
          ]
        },
        {
          "index_key": 43,
          "schema_version": 0,
          "attributes": {
            "conjunction": [
              {
                "operator": "OR"
              }
            ],
            "criteria": [
              {
                "condition": [],
                "ipaddress_expression": [
                  {
                    "ip_addresses": [
                      "211.1.2.1",
                      "212.1.1.1"
                    ]
                  }
                ],
                "macaddress_expression": [],
                "path_expression": []
              },
              {
                "condition": [],
                "ipaddress_expression": [],
                "macaddress_expression": [],
                "path_expression": [
                  {
                    "member_paths": [
                      "/infra/domains/default/groups/group_all",
                      "/infra/domains/default/groups/group_tag"
                    ]
                  }
                ]
              }
            ],
            "description": "Terraform provisioned Group",
            "display_name": "tf-group-43",
            "domain": "default",
            "extended_criteria": [],
            "id": "86910137-07f7-410c-83e7-e325c7f605f0",
            "nsx_id": "86910137-07f7-410c-83e7-e325c7f605f0",
            "path": "/infra/domains/default/groups/86910137-07f7-410c-83e7-e325c7f605f0",
            "revision": 0,
            "tag": []
          },
          "sensitive_attributes": [],
          "private": "bnVsbA==",
          "dependencies": [
            "data.nsxt_policy_group.group_all",
            "data.nsxt_policy_group.group_tag"
          ]
        },
        {
          "index_key": 44,
          "schema_version": 0,
          "attributes": {
            "conjunction": [
              {
                "operator": "OR"
              }
            ],
            "criteria": [
              {
                "condition": [],
                "ipaddress_expression": [
                  {
                    "ip_addresses": [
                      "211.1.2.1",
                      "212.1.1.1"
                    ]
                  }
                ],
                "macaddress_expression": [],
                "path_expression": []
              },
              {
                "condition": [],
                "ipaddress_expression": [],
                "macaddress_expression": [],
                "path_expression": [
                  {
                    "member_paths": [
                      "/infra/domains/default/groups/group_all",
                      "/infra/domains/default/groups/group_tag"
                    ]
                  }
                ]
              }
            ],
            "description": "Terraform provisioned Group",
            "display_name": "tf-group-44",
            "domain": "default",
            "extended_criteria": [],
            "id": "473c3e0c-ac13-4142-ac82-b2674b00961f",
            "nsx_id": "473c3e0c-ac13-4142-ac82-b2674b00961f",
            "path": "/infra/domains/default/groups/473c3e0c-ac13-4142-ac82-b2674b00961f",
            "revision": 0,
            "tag": []
          },
          "sensitive_attributes": [],
          "private": "bnVsbA==",
          "dependencies": [
            "data.nsxt_policy_group.group_all",
            "data.nsxt_policy_group.group_tag"
          ]
        },
        {
          "index_key": 45,
          "schema_version": 0,
          "attributes": {
            "conjunction": [
              {
                "operator": "OR"
              }
            ],
            "criteria": [
              {
                "condition": [],
                "ipaddress_expression": [
                  {
                    "ip_addresses": [
                      "211.1.2.1",
                      "212.1.1.1"
                    ]
                  }
                ],
                "macaddress_expression": [],
                "path_expression": []
              },
              {
                "condition": [],
                "ipaddress_expression": [],
                "macaddress_expression": [],
                "path_expression": [
                  {
                    "member_paths": [
                      "/infra/domains/default/groups/group_all",
                      "/infra/domains/default/groups/group_tag"
                    ]
                  }
                ]
              }
            ],
            "description": "Terraform provisioned Group",
            "display_name": "tf-group-45",
            "domain": "default",
            "extended_criteria": [],
            "id": "b75c1ab9-df58-4fc4-8d8c-3400dccbd53f",
            "nsx_id": "b75c1ab9-df58-4fc4-8d8c-3400dccbd53f",
            "path": "/infra/domains/default/groups/b75c1ab9-df58-4fc4-8d8c-3400dccbd53f",
            "revision": 0,
            "tag": []
          },
          "sensitive_attributes": [],
          "private": "bnVsbA==",
          "dependencies": [
            "data.nsxt_policy_group.group_all",
            "data.nsxt_policy_group.group_tag"
          ]
        },
        {
          "index_key": 46,
          "schema_version": 0,
          "attributes": {
            "conjunction": [
              {
                "operator": "OR"
              }
            ],
            "criteria": [
              {
                "condition": [],
                "ipaddress_expression": [
                  {
                    "ip_addresses": [
                      "211.1.2.1",
                      "212.1.1.1"
                    ]
                  }
                ],
                "macaddress_expression": [],
                "path_expression": []
              },
              {
                "condition": [],
                "ipaddress_expression": [],
                "macaddress_expression": [],
                "path_expression": [
                  {
                    "member_paths": [
                      "/infra/domains/default/groups/group_all",
                      "/infra/domains/default/groups/group_tag"
                    ]
                  }
                ]
              }
            ],
            "description": "Terraform provisioned Group",
            "display_name": "tf-group-46",
            "domain": "default",
            "extended_criteria": [],
            "id": "0fd97a7e-b806-4c83-bbdc-d3fc3d68ca69",
            "nsx_id": "0fd97a7e-b806-4c83-bbdc-d3fc3d68ca69",
            "path": "/infra/domains/default/groups/0fd97a7e-b806-4c83-bbdc-d3fc3d68ca69",
            "revision": 0,
            "tag": []
          },
          "sensitive_attributes": [],
          "private": "bnVsbA==",
          "dependencies": [
            "data.nsxt_policy_group.group_all",
            "data.nsxt_policy_group.group_tag"
          ]
        },
        {
          "index_key": 47,
          "schema_version": 0,
          "attributes": {
            "conjunction": [
              {
                "operator": "OR"
              }
            ],
            "criteria": [
              {
                "condition": [],
                "ipaddress_expression": [
                  {
                    "ip_addresses": [
                      "211.1.2.1",
                      "212.1.1.1"
                    ]
                  }
                ],
                "macaddress_expression": [],
                "path_expression": []
              },
              {
                "condition": [],
                "ipaddress_expression": [],
                "macaddress_expression": [],
                "path_expression": [
                  {
                    "member_paths": [
                      "/infra/domains/default/groups/group_all",
                      "/infra/domains/default/groups/group_tag"
                    ]
                  }
                ]
              }
            ],
            "description": "Terraform provisioned Group",
            "display_name": "tf-group-47",
            "domain": "default",
            "extended_criteria": [],
            "id": "627936a2-bba4-4488-be18-86547f25c3d0",
            "nsx_id": "627936a2-bba4-4488-be18-86547f25c3d0",
            "path": "/infra/domains/default/groups/627936a2-bba4-4488-be18-86547f25c3d0",
            "revision": 0,
            "tag": []
          },
          "sensitive_attributes": [],
          "private": "bnVsbA==",
          "dependencies": [
            "data.nsxt_policy_group.group_all",
            "data.nsxt_policy_group.group_tag"
          ]
        },
        {
          "index_key": 48,
          "schema_version": 0,
          "attributes": {
            "conjunction": [
              {
                "operator": "OR"
              }
            ],
            "criteria": [
              {
                "condition": [],
                "ipaddress_expression": [
                  {
                    "ip_addresses": [
                      "211.1.2.1",
                      "212.1.1.1"
                    ]
                  }
                ],
                "macaddress_expression": [],
                "path_expression": []
              },
              {
                "condition": [],
                "ipaddress_expression": [],
                "macaddress_expression": [],
                "path_expression": [
                  {
                    "member_paths": [
                      "/infra/domains/default/groups/group_all",
                      "/infra/domains/default/groups/group_tag"
                    ]
                  }
                ]
              }
            ],
            "description": "Terraform provisioned Group",
            "display_name": "tf-group-48",
            "domain": "default",
            "extended_criteria": [],
            "id": "81bd57f7-7deb-4f7f-81d5-2eb8f5e0ebf0",
            "nsx_id": "81bd57f7-7deb-4f7f-81d5-2eb8f5e0ebf0",
            "path": "/infra/domains/default/groups/81bd57f7-7deb-4f7f-81d5-2eb8f5e0ebf0",
            "revision": 0,
            "tag": []
          },
          "sensitive_attributes": [],
          "private": "bnVsbA==",
          "dependencies": [
            "data.nsxt_policy_group.group_all",
            "data.nsxt_policy_group.group_tag"
          ]
        },
        {
          "index_key": 49,
          "schema_version": 0,
          "attributes": {
            "conjunction": [
              {
                "operator": "OR"
              }
            ],
            "criteria": [
              {
                "condition": [],
                "ipaddress_expression": [
                  {
                    "ip_addresses": [
                      "211.1.2.1",
                      "212.1.1.1"
                    ]
                  }
                ],
                "macaddress_expression": [],
                "path_expression": []
              },
              {
                "condition": [],
                "ipaddress_expression": [],
                "macaddress_expression": [],
                "path_expression": [
                  {
                    "member_paths": [
                      "/infra/domains/default/groups/group_all",
                      "/infra/domains/default/groups/group_tag"
                    ]
                  }
                ]
              }
            ],
            "description": "Terraform provisioned Group",
            "display_name": "tf-group-49",
            "domain": "default",
            "extended_criteria": [],
            "id": "b746e342-158d-420b-b2b8-9a3008480a5f",
            "nsx_id": "b746e342-158d-420b-b2b8-9a3008480a5f",
            "path": "/infra/domains/default/groups/b746e342-158d-420b-b2b8-9a3008480a5f",
            "revision": 0,
            "tag": []
          },
          "sensitive_attributes": [],
          "private": "bnVsbA==",
          "dependencies": [
            "data.nsxt_policy_group.group_all",
            "data.nsxt_policy_group.group_tag"
          ]
        },
        {
          "index_key": 50,
          "schema_version": 0,
          "attributes": {
            "conjunction": [
              {
                "operator": "OR"
              }
            ],
            "criteria": [
              {
                "condition": [],
                "ipaddress_expression": [
                  {
                    "ip_addresses": [
                      "211.1.2.1",
                      "212.1.1.1"
                    ]
                  }
                ],
                "macaddress_expression": [],
                "path_expression": []
              },
              {
                "condition": [],
                "ipaddress_expression": [],
                "macaddress_expression": [],
                "path_expression": [
                  {
                    "member_paths": [
                      "/infra/domains/default/groups/group_all",
                      "/infra/domains/default/groups/group_tag"
                    ]
                  }
                ]
              }
            ],
            "description": "Terraform provisioned Group",
            "display_name": "tf-group-50",
            "domain": "default",
            "extended_criteria": [],
            "id": "543ab139-e8eb-482d-b41c-9b41ba36d055",
            "nsx_id": "543ab139-e8eb-482d-b41c-9b41ba36d055",
            "path": "/infra/domains/default/groups/543ab139-e8eb-482d-b41c-9b41ba36d055",
            "revision": 0,
            "tag": []
          },
          "sensitive_attributes": [],
          "private": "bnVsbA==",
          "dependencies": [
            "data.nsxt_policy_group.group_all",
            "data.nsxt_policy_group.group_tag"
          ]
        },
        {
          "index_key": 51,
          "schema_version": 0,
          "attributes": {
            "conjunction": [
              {
                "operator": "OR"
              }
            ],
            "criteria": [
              {
                "condition": [],
                "ipaddress_expression": [
                  {
                    "ip_addresses": [
                      "211.1.2.1",
                      "212.1.1.1"
                    ]
                  }
                ],
                "macaddress_expression": [],
                "path_expression": []
              },
              {
                "condition": [],
                "ipaddress_expression": [],
                "macaddress_expression": [],
                "path_expression": [
                  {
                    "member_paths": [
                      "/infra/domains/default/groups/group_all",
                      "/infra/domains/default/groups/group_tag"
                    ]
                  }
                ]
              }
            ],
            "description": "Terraform provisioned Group",
            "display_name": "tf-group-51",
            "domain": "default",
            "extended_criteria": [],
            "id": "2661364a-e5dd-43df-967d-b0c25bc40467",
            "nsx_id": "2661364a-e5dd-43df-967d-b0c25bc40467",
            "path": "/infra/domains/default/groups/2661364a-e5dd-43df-967d-b0c25bc40467",
            "revision": 0,
            "tag": []
          },
          "sensitive_attributes": [],
          "private": "bnVsbA==",
          "dependencies": [
            "data.nsxt_policy_group.group_all",
            "data.nsxt_policy_group.group_tag"
          ]
        },
        {
          "index_key": 52,
          "schema_version": 0,
          "attributes": {
            "conjunction": [
              {
                "operator": "OR"
              }
            ],
            "criteria": [
              {
                "condition": [],
                "ipaddress_expression": [
                  {
                    "ip_addresses": [
                      "211.1.2.1",
                      "212.1.1.1"
                    ]
                  }
                ],
                "macaddress_expression": [],
                "path_expression": []
              },
              {
                "condition": [],
                "ipaddress_expression": [],
                "macaddress_expression": [],
                "path_expression": [
                  {
                    "member_paths": [
                      "/infra/domains/default/groups/group_all",
                      "/infra/domains/default/groups/group_tag"
                    ]
                  }
                ]
              }
            ],
            "description": "Terraform provisioned Group",
            "display_name": "tf-group-52",
            "domain": "default",
            "extended_criteria": [],
            "id": "47b99314-9791-4fe0-91a3-556d5de10fb7",
            "nsx_id": "47b99314-9791-4fe0-91a3-556d5de10fb7",
            "path": "/infra/domains/default/groups/47b99314-9791-4fe0-91a3-556d5de10fb7",
            "revision": 0,
            "tag": []
          },
          "sensitive_attributes": [],
          "private": "bnVsbA==",
          "dependencies": [
            "data.nsxt_policy_group.group_all",
            "data.nsxt_policy_group.group_tag"
          ]
        },
        {
          "index_key": 53,
          "schema_version": 0,
          "attributes": {
            "conjunction": [
              {
                "operator": "OR"
              }
            ],
            "criteria": [
              {
                "condition": [],
                "ipaddress_expression": [
                  {
                    "ip_addresses": [
                      "211.1.2.1",
                      "212.1.1.1"
                    ]
                  }
                ],
                "macaddress_expression": [],
                "path_expression": []
              },
              {
                "condition": [],
                "ipaddress_expression": [],
                "macaddress_expression": [],
                "path_expression": [
                  {
                    "member_paths": [
                      "/infra/domains/default/groups/group_all",
                      "/infra/domains/default/groups/group_tag"
                    ]
                  }
                ]
              }
            ],
            "description": "Terraform provisioned Group",
            "display_name": "tf-group-53",
            "domain": "default",
            "extended_criteria": [],
            "id": "7801faa5-bbd5-4dc0-9fd8-4a4227aeb09e",
            "nsx_id": "7801faa5-bbd5-4dc0-9fd8-4a4227aeb09e",
            "path": "/infra/domains/default/groups/7801faa5-bbd5-4dc0-9fd8-4a4227aeb09e",
            "revision": 0,
            "tag": []
          },
          "sensitive_attributes": [],
          "private": "bnVsbA==",
          "dependencies": [
            "data.nsxt_policy_group.group_all",
            "data.nsxt_policy_group.group_tag"
          ]
        },
        {
          "index_key": 54,
          "schema_version": 0,
          "attributes": {
            "conjunction": [
              {
                "operator": "OR"
              }
            ],
            "criteria": [
              {
                "condition": [],
                "ipaddress_expression": [
                  {
                    "ip_addresses": [
                      "211.1.2.1",
                      "212.1.1.1"
                    ]
                  }
                ],
                "macaddress_expression": [],
                "path_expression": []
              },
              {
                "condition": [],
                "ipaddress_expression": [],
                "macaddress_expression": [],
                "path_expression": [
                  {
                    "member_paths": [
                      "/infra/domains/default/groups/group_all",
                      "/infra/domains/default/groups/group_tag"
                    ]
                  }
                ]
              }
            ],
            "description": "Terraform provisioned Group",
            "display_name": "tf-group-54",
            "domain": "default",
            "extended_criteria": [],
            "id": "0bf17ccc-0475-41cf-b80d-a13fce27bc74",
            "nsx_id": "0bf17ccc-0475-41cf-b80d-a13fce27bc74",
            "path": "/infra/domains/default/groups/0bf17ccc-0475-41cf-b80d-a13fce27bc74",
            "revision": 0,
            "tag": []
          },
          "sensitive_attributes": [],
          "private": "bnVsbA==",
          "dependencies": [
            "data.nsxt_policy_group.group_all",
            "data.nsxt_policy_group.group_tag"
          ]
        },
        {
          "index_key": 55,
          "schema_version": 0,
          "attributes": {
            "conjunction": [
              {
                "operator": "OR"
              }
            ],
            "criteria": [
              {
                "condition": [],
                "ipaddress_expression": [
                  {
                    "ip_addresses": [
                      "211.1.2.1",
                      "212.1.1.1"
                    ]
                  }
                ],
                "macaddress_expression": [],
                "path_expression": []
              },
              {
                "condition": [],
                "ipaddress_expression": [],
                "macaddress_expression": [],
                "path_expression": [
                  {
                    "member_paths": [
                      "/infra/domains/default/groups/group_all",
                      "/infra/domains/default/groups/group_tag"
                    ]
                  }
                ]
              }
            ],
            "description": "Terraform provisioned Group",
            "display_name": "tf-group-55",
            "domain": "default",
            "extended_criteria": [],
            "id": "2a04f646-ee38-4c14-a380-746e95acc0f6",
            "nsx_id": "2a04f646-ee38-4c14-a380-746e95acc0f6",
            "path": "/infra/domains/default/groups/2a04f646-ee38-4c14-a380-746e95acc0f6",
            "revision": 0,
            "tag": []
          },
          "sensitive_attributes": [],
          "private": "bnVsbA==",
          "dependencies": [
            "data.nsxt_policy_group.group_all",
            "data.nsxt_policy_group.group_tag"
          ]
        },
        {
          "index_key": 56,
          "schema_version": 0,
          "attributes": {
            "conjunction": [
              {
                "operator": "OR"
              }
            ],
            "criteria": [
              {
                "condition": [],
                "ipaddress_expression": [
                  {
                    "ip_addresses": [
                      "211.1.2.1",
                      "212.1.1.1"
                    ]
                  }
                ],
                "macaddress_expression": [],
                "path_expression": []
              },
              {
                "condition": [],
                "ipaddress_expression": [],
                "macaddress_expression": [],
                "path_expression": [
                  {
                    "member_paths": [
                      "/infra/domains/default/groups/group_all",
                      "/infra/domains/default/groups/group_tag"
                    ]
                  }
                ]
              }
            ],
            "description": "Terraform provisioned Group",
            "display_name": "tf-group-56",
            "domain": "default",
            "extended_criteria": [],
            "id": "f2063089-59f3-4454-a1ed-e8107c2537b1",
            "nsx_id": "f2063089-59f3-4454-a1ed-e8107c2537b1",
            "path": "/infra/domains/default/groups/f2063089-59f3-4454-a1ed-e8107c2537b1",
            "revision": 0,
            "tag": []
          },
          "sensitive_attributes": [],
          "private": "bnVsbA==",
          "dependencies": [
            "data.nsxt_policy_group.group_all",
            "data.nsxt_policy_group.group_tag"
          ]
        },
        {
          "index_key": 57,
          "schema_version": 0,
          "attributes": {
            "conjunction": [
              {
                "operator": "OR"
              }
            ],
            "criteria": [
              {
                "condition": [],
                "ipaddress_expression": [
                  {
                    "ip_addresses": [
                      "211.1.2.1",
                      "212.1.1.1"
                    ]
                  }
                ],
                "macaddress_expression": [],
                "path_expression": []
              },
              {
                "condition": [],
                "ipaddress_expression": [],
                "macaddress_expression": [],
                "path_expression": [
                  {
                    "member_paths": [
                      "/infra/domains/default/groups/group_all",
                      "/infra/domains/default/groups/group_tag"
                    ]
                  }
                ]
              }
            ],
            "description": "Terraform provisioned Group",
            "display_name": "tf-group-57",
            "domain": "default",
            "extended_criteria": [],
            "id": "6d063b86-4a72-4977-ad41-a56a3819f215",
            "nsx_id": "6d063b86-4a72-4977-ad41-a56a3819f215",
            "path": "/infra/domains/default/groups/6d063b86-4a72-4977-ad41-a56a3819f215",
            "revision": 0,
            "tag": []
          },
          "sensitive_attributes": [],
          "private": "bnVsbA==",
          "dependencies": [
            "data.nsxt_policy_group.group_all",
            "data.nsxt_policy_group.group_tag"
          ]
        },
        {
          "index_key": 58,
          "schema_version": 0,
          "attributes": {
            "conjunction": [
              {
                "operator": "OR"
              }
            ],
            "criteria": [
              {
                "condition": [],
                "ipaddress_expression": [
                  {
                    "ip_addresses": [
                      "211.1.2.1",
                      "212.1.1.1"
                    ]
                  }
                ],
                "macaddress_expression": [],
                "path_expression": []
              },
              {
                "condition": [],
                "ipaddress_expression": [],
                "macaddress_expression": [],
                "path_expression": [
                  {
                    "member_paths": [
                      "/infra/domains/default/groups/group_all",
                      "/infra/domains/default/groups/group_tag"
                    ]
                  }
                ]
              }
            ],
            "description": "Terraform provisioned Group",
            "display_name": "tf-group-58",
            "domain": "default",
            "extended_criteria": [],
            "id": "ec5f7a66-8472-4f1b-947e-65071bce298d",
            "nsx_id": "ec5f7a66-8472-4f1b-947e-65071bce298d",
            "path": "/infra/domains/default/groups/ec5f7a66-8472-4f1b-947e-65071bce298d",
            "revision": 0,
            "tag": []
          },
          "sensitive_attributes": [],
          "private": "bnVsbA==",
          "dependencies": [
            "data.nsxt_policy_group.group_all",
            "data.nsxt_policy_group.group_tag"
          ]
        },
        {
          "index_key": 59,
          "schema_version": 0,
          "attributes": {
            "conjunction": [
              {
                "operator": "OR"
              }
            ],
            "criteria": [
              {
                "condition": [],
                "ipaddress_expression": [
                  {
                    "ip_addresses": [
                      "211.1.2.1",
                      "212.1.1.1"
                    ]
                  }
                ],
                "macaddress_expression": [],
                "path_expression": []
              },
              {
                "condition": [],
                "ipaddress_expression": [],
                "macaddress_expression": [],
                "path_expression": [
                  {
                    "member_paths": [
                      "/infra/domains/default/groups/group_all",
                      "/infra/domains/default/groups/group_tag"
                    ]
                  }
                ]
              }
            ],
            "description": "Terraform provisioned Group",
            "display_name": "tf-group-59",
            "domain": "default",
            "extended_criteria": [],
            "id": "fd728e59-e8e7-48bc-a3dc-81445b888b83",
            "nsx_id": "fd728e59-e8e7-48bc-a3dc-81445b888b83",
            "path": "/infra/domains/default/groups/fd728e59-e8e7-48bc-a3dc-81445b888b83",
            "revision": 0,
            "tag": []
          },
          "sensitive_attributes": [],
          "private": "bnVsbA==",
          "dependencies": [
            "data.nsxt_policy_group.group_all",
            "data.nsxt_policy_group.group_tag"
          ]
        },
        {
          "index_key": 60,
          "schema_version": 0,
          "attributes": {
            "conjunction": [
              {
                "operator": "OR"
              }
            ],
            "criteria": [
              {
                "condition": [],
                "ipaddress_expression": [
                  {
                    "ip_addresses": [
                      "211.1.2.1",
                      "212.1.1.1"
                    ]
                  }
                ],
                "macaddress_expression": [],
                "path_expression": []
              },
              {
                "condition": [],
                "ipaddress_expression": [],
                "macaddress_expression": [],
                "path_expression": [
                  {
                    "member_paths": [
                      "/infra/domains/default/groups/group_all",
                      "/infra/domains/default/groups/group_tag"
                    ]
                  }
                ]
              }
            ],
            "description": "Terraform provisioned Group",
            "display_name": "tf-group-60",
            "domain": "default",
            "extended_criteria": [],
            "id": "1e71f5fa-af3f-4b47-9d6b-53172219d6db",
            "nsx_id": "1e71f5fa-af3f-4b47-9d6b-53172219d6db",
            "path": "/infra/domains/default/groups/1e71f5fa-af3f-4b47-9d6b-53172219d6db",
            "revision": 0,
            "tag": []
          },
          "sensitive_attributes": [],
          "private": "bnVsbA==",
          "dependencies": [
            "data.nsxt_policy_group.group_all",
            "data.nsxt_policy_group.group_tag"
          ]
        },
        {
          "index_key": 61,
          "schema_version": 0,
          "attributes": {
            "conjunction": [
              {
                "operator": "OR"
              }
            ],
            "criteria": [
              {
                "condition": [],
                "ipaddress_expression": [
                  {
                    "ip_addresses": [
                      "211.1.2.1",
                      "212.1.1.1"
                    ]
                  }
                ],
                "macaddress_expression": [],
                "path_expression": []
              },
              {
                "condition": [],
                "ipaddress_expression": [],
                "macaddress_expression": [],
                "path_expression": [
                  {
                    "member_paths": [
                      "/infra/domains/default/groups/group_all",
                      "/infra/domains/default/groups/group_tag"
                    ]
                  }
                ]
              }
            ],
            "description": "Terraform provisioned Group",
            "display_name": "tf-group-61",
            "domain": "default",
            "extended_criteria": [],
            "id": "e27ca5b9-03f4-47b6-a513-83e59d3b88ea",
            "nsx_id": "e27ca5b9-03f4-47b6-a513-83e59d3b88ea",
            "path": "/infra/domains/default/groups/e27ca5b9-03f4-47b6-a513-83e59d3b88ea",
            "revision": 0,
            "tag": []
          },
          "sensitive_attributes": [],
          "private": "bnVsbA==",
          "dependencies": [
            "data.nsxt_policy_group.group_all",
            "data.nsxt_policy_group.group_tag"
          ]
        },
        {
          "index_key": 62,
          "schema_version": 0,
          "attributes": {
            "conjunction": [
              {
                "operator": "OR"
              }
            ],
            "criteria": [
              {
                "condition": [],
                "ipaddress_expression": [
                  {
                    "ip_addresses": [
                      "211.1.2.1",
                      "212.1.1.1"
                    ]
                  }
                ],
                "macaddress_expression": [],
                "path_expression": []
              },
              {
                "condition": [],
                "ipaddress_expression": [],
                "macaddress_expression": [],
                "path_expression": [
                  {
                    "member_paths": [
                      "/infra/domains/default/groups/group_all",
                      "/infra/domains/default/groups/group_tag"
                    ]
                  }
                ]
              }
            ],
            "description": "Terraform provisioned Group",
            "display_name": "tf-group-62",
            "domain": "default",
            "extended_criteria": [],
            "id": "d25e1583-3c0e-4c3a-82f8-189ae796f97f",
            "nsx_id": "d25e1583-3c0e-4c3a-82f8-189ae796f97f",
            "path": "/infra/domains/default/groups/d25e1583-3c0e-4c3a-82f8-189ae796f97f",
            "revision": 0,
            "tag": []
          },
          "sensitive_attributes": [],
          "private": "bnVsbA==",
          "dependencies": [
            "data.nsxt_policy_group.group_all",
            "data.nsxt_policy_group.group_tag"
          ]
        },
        {
          "index_key": 63,
          "schema_version": 0,
          "attributes": {
            "conjunction": [
              {
                "operator": "OR"
              }
            ],
            "criteria": [
              {
                "condition": [],
                "ipaddress_expression": [
                  {
                    "ip_addresses": [
                      "211.1.2.1",
                      "212.1.1.1"
                    ]
                  }
                ],
                "macaddress_expression": [],
                "path_expression": []
              },
              {
                "condition": [],
                "ipaddress_expression": [],
                "macaddress_expression": [],
                "path_expression": [
                  {
                    "member_paths": [
                      "/infra/domains/default/groups/group_all",
                      "/infra/domains/default/groups/group_tag"
                    ]
                  }
                ]
              }
            ],
            "description": "Terraform provisioned Group",
            "display_name": "tf-group-63",
            "domain": "default",
            "extended_criteria": [],
            "id": "06178c43-2d0e-4f0f-9a53-0412e7fbd837",
            "nsx_id": "06178c43-2d0e-4f0f-9a53-0412e7fbd837",
            "path": "/infra/domains/default/groups/06178c43-2d0e-4f0f-9a53-0412e7fbd837",
            "revision": 0,
            "tag": []
          },
          "sensitive_attributes": [],
          "private": "bnVsbA==",
          "dependencies": [
            "data.nsxt_policy_group.group_all",
            "data.nsxt_policy_group.group_tag"
          ]
        },
        {
          "index_key": 64,
          "schema_version": 0,
          "attributes": {
            "conjunction": [
              {
                "operator": "OR"
              }
            ],
            "criteria": [
              {
                "condition": [],
                "ipaddress_expression": [
                  {
                    "ip_addresses": [
                      "211.1.2.1",
                      "212.1.1.1"
                    ]
                  }
                ],
                "macaddress_expression": [],
                "path_expression": []
              },
              {
                "condition": [],
                "ipaddress_expression": [],
                "macaddress_expression": [],
                "path_expression": [
                  {
                    "member_paths": [
                      "/infra/domains/default/groups/group_all",
                      "/infra/domains/default/groups/group_tag"
                    ]
                  }
                ]
              }
            ],
            "description": "Terraform provisioned Group",
            "display_name": "tf-group-64",
            "domain": "default",
            "extended_criteria": [],
            "id": "c4f04caa-4b95-4f06-b9d5-c54fd3751655",
            "nsx_id": "c4f04caa-4b95-4f06-b9d5-c54fd3751655",
            "path": "/infra/domains/default/groups/c4f04caa-4b95-4f06-b9d5-c54fd3751655",
            "revision": 0,
            "tag": []
          },
          "sensitive_attributes": [],
          "private": "bnVsbA==",
          "dependencies": [
            "data.nsxt_policy_group.group_all",
            "data.nsxt_policy_group.group_tag"
          ]
        },
        {
          "index_key": 65,
          "schema_version": 0,
          "attributes": {
            "conjunction": [
              {
                "operator": "OR"
              }
            ],
            "criteria": [
              {
                "condition": [],
                "ipaddress_expression": [
                  {
                    "ip_addresses": [
                      "211.1.2.1",
                      "212.1.1.1"
                    ]
                  }
                ],
                "macaddress_expression": [],
                "path_expression": []
              },
              {
                "condition": [],
                "ipaddress_expression": [],
                "macaddress_expression": [],
                "path_expression": [
                  {
                    "member_paths": [
                      "/infra/domains/default/groups/group_all",
                      "/infra/domains/default/groups/group_tag"
                    ]
                  }
                ]
              }
            ],
            "description": "Terraform provisioned Group",
            "display_name": "tf-group-65",
            "domain": "default",
            "extended_criteria": [],
            "id": "e40ee71c-baa3-4bec-bdf4-821e62803f29",
            "nsx_id": "e40ee71c-baa3-4bec-bdf4-821e62803f29",
            "path": "/infra/domains/default/groups/e40ee71c-baa3-4bec-bdf4-821e62803f29",
            "revision": 0,
            "tag": []
          },
          "sensitive_attributes": [],
          "private": "bnVsbA==",
          "dependencies": [
            "data.nsxt_policy_group.group_all",
            "data.nsxt_policy_group.group_tag"
          ]
        },
        {
          "index_key": 66,
          "schema_version": 0,
          "attributes": {
            "conjunction": [
              {
                "operator": "OR"
              }
            ],
            "criteria": [
              {
                "condition": [],
                "ipaddress_expression": [
                  {
                    "ip_addresses": [
                      "211.1.2.1",
                      "212.1.1.1"
                    ]
                  }
                ],
                "macaddress_expression": [],
                "path_expression": []
              },
              {
                "condition": [],
                "ipaddress_expression": [],
                "macaddress_expression": [],
                "path_expression": [
                  {
                    "member_paths": [
                      "/infra/domains/default/groups/group_all",
                      "/infra/domains/default/groups/group_tag"
                    ]
                  }
                ]
              }
            ],
            "description": "Terraform provisioned Group",
            "display_name": "tf-group-66",
            "domain": "default",
            "extended_criteria": [],
            "id": "3e47c316-9e80-4282-abbb-a574faf6f875",
            "nsx_id": "3e47c316-9e80-4282-abbb-a574faf6f875",
            "path": "/infra/domains/default/groups/3e47c316-9e80-4282-abbb-a574faf6f875",
            "revision": 0,
            "tag": []
          },
          "sensitive_attributes": [],
          "private": "bnVsbA==",
          "dependencies": [
            "data.nsxt_policy_group.group_all",
            "data.nsxt_policy_group.group_tag"
          ]
        },
        {
          "index_key": 67,
          "schema_version": 0,
          "attributes": {
            "conjunction": [
              {
                "operator": "OR"
              }
            ],
            "criteria": [
              {
                "condition": [],
                "ipaddress_expression": [
                  {
                    "ip_addresses": [
                      "211.1.2.1",
                      "212.1.1.1"
                    ]
                  }
                ],
                "macaddress_expression": [],
                "path_expression": []
              },
              {
                "condition": [],
                "ipaddress_expression": [],
                "macaddress_expression": [],
                "path_expression": [
                  {
                    "member_paths": [
                      "/infra/domains/default/groups/group_all",
                      "/infra/domains/default/groups/group_tag"
                    ]
                  }
                ]
              }
            ],
            "description": "Terraform provisioned Group",
            "display_name": "tf-group-67",
            "domain": "default",
            "extended_criteria": [],
            "id": "063e8788-5e9f-4121-b6ca-18d586463fe1",
            "nsx_id": "063e8788-5e9f-4121-b6ca-18d586463fe1",
            "path": "/infra/domains/default/groups/063e8788-5e9f-4121-b6ca-18d586463fe1",
            "revision": 0,
            "tag": []
          },
          "sensitive_attributes": [],
          "private": "bnVsbA==",
          "dependencies": [
            "data.nsxt_policy_group.group_all",
            "data.nsxt_policy_group.group_tag"
          ]
        },
        {
          "index_key": 68,
          "schema_version": 0,
          "attributes": {
            "conjunction": [
              {
                "operator": "OR"
              }
            ],
            "criteria": [
              {
                "condition": [],
                "ipaddress_expression": [
                  {
                    "ip_addresses": [
                      "211.1.2.1",
                      "212.1.1.1"
                    ]
                  }
                ],
                "macaddress_expression": [],
                "path_expression": []
              },
              {
                "condition": [],
                "ipaddress_expression": [],
                "macaddress_expression": [],
                "path_expression": [
                  {
                    "member_paths": [
                      "/infra/domains/default/groups/group_all",
                      "/infra/domains/default/groups/group_tag"
                    ]
                  }
                ]
              }
            ],
            "description": "Terraform provisioned Group",
            "display_name": "tf-group-68",
            "domain": "default",
            "extended_criteria": [],
            "id": "7598d687-35e9-4e1d-ba2a-81a27d5670fb",
            "nsx_id": "7598d687-35e9-4e1d-ba2a-81a27d5670fb",
            "path": "/infra/domains/default/groups/7598d687-35e9-4e1d-ba2a-81a27d5670fb",
            "revision": 0,
            "tag": []
          },
          "sensitive_attributes": [],
          "private": "bnVsbA==",
          "dependencies": [
            "data.nsxt_policy_group.group_all",
            "data.nsxt_policy_group.group_tag"
          ]
        },
        {
          "index_key": 69,
          "schema_version": 0,
          "attributes": {
            "conjunction": [
              {
                "operator": "OR"
              }
            ],
            "criteria": [
              {
                "condition": [],
                "ipaddress_expression": [
                  {
                    "ip_addresses": [
                      "211.1.2.1",
                      "212.1.1.1"
                    ]
                  }
                ],
                "macaddress_expression": [],
                "path_expression": []
              },
              {
                "condition": [],
                "ipaddress_expression": [],
                "macaddress_expression": [],
                "path_expression": [
                  {
                    "member_paths": [
                      "/infra/domains/default/groups/group_all",
                      "/infra/domains/default/groups/group_tag"
                    ]
                  }
                ]
              }
            ],
            "description": "Terraform provisioned Group",
            "display_name": "tf-group-69",
            "domain": "default",
            "extended_criteria": [],
            "id": "816d318b-7e03-42ca-ba96-4c3b0665aeed",
            "nsx_id": "816d318b-7e03-42ca-ba96-4c3b0665aeed",
            "path": "/infra/domains/default/groups/816d318b-7e03-42ca-ba96-4c3b0665aeed",
            "revision": 0,
            "tag": []
          },
          "sensitive_attributes": [],
          "private": "bnVsbA==",
          "dependencies": [
            "data.nsxt_policy_group.group_all",
            "data.nsxt_policy_group.group_tag"
          ]
        },
        {
          "index_key": 70,
          "schema_version": 0,
          "attributes": {
            "conjunction": [
              {
                "operator": "OR"
              }
            ],
            "criteria": [
              {
                "condition": [],
                "ipaddress_expression": [
                  {
                    "ip_addresses": [
                      "211.1.2.1",
                      "212.1.1.1"
                    ]
                  }
                ],
                "macaddress_expression": [],
                "path_expression": []
              },
              {
                "condition": [],
                "ipaddress_expression": [],
                "macaddress_expression": [],
                "path_expression": [
                  {
                    "member_paths": [
                      "/infra/domains/default/groups/group_all",
                      "/infra/domains/default/groups/group_tag"
                    ]
                  }
                ]
              }
            ],
            "description": "Terraform provisioned Group",
            "display_name": "tf-group-70",
            "domain": "default",
            "extended_criteria": [],
            "id": "5e155821-a07e-4851-8b05-6645b315329f",
            "nsx_id": "5e155821-a07e-4851-8b05-6645b315329f",
            "path": "/infra/domains/default/groups/5e155821-a07e-4851-8b05-6645b315329f",
            "revision": 0,
            "tag": []
          },
          "sensitive_attributes": [],
          "private": "bnVsbA==",
          "dependencies": [
            "data.nsxt_policy_group.group_all",
            "data.nsxt_policy_group.group_tag"
          ]
        },
        {
          "index_key": 71,
          "schema_version": 0,
          "attributes": {
            "conjunction": [
              {
                "operator": "OR"
              }
            ],
            "criteria": [
              {
                "condition": [],
                "ipaddress_expression": [
                  {
                    "ip_addresses": [
                      "211.1.2.1",
                      "212.1.1.1"
                    ]
                  }
                ],
                "macaddress_expression": [],
                "path_expression": []
              },
              {
                "condition": [],
                "ipaddress_expression": [],
                "macaddress_expression": [],
                "path_expression": [
                  {
                    "member_paths": [
                      "/infra/domains/default/groups/group_all",
                      "/infra/domains/default/groups/group_tag"
                    ]
                  }
                ]
              }
            ],
            "description": "Terraform provisioned Group",
            "display_name": "tf-group-71",
            "domain": "default",
            "extended_criteria": [],
            "id": "e63ca49b-6cb1-4955-b85c-0a2cc5a50c26",
            "nsx_id": "e63ca49b-6cb1-4955-b85c-0a2cc5a50c26",
            "path": "/infra/domains/default/groups/e63ca49b-6cb1-4955-b85c-0a2cc5a50c26",
            "revision": 0,
            "tag": []
          },
          "sensitive_attributes": [],
          "private": "bnVsbA==",
          "dependencies": [
            "data.nsxt_policy_group.group_all",
            "data.nsxt_policy_group.group_tag"
          ]
        },
        {
          "index_key": 72,
          "schema_version": 0,
          "attributes": {
            "conjunction": [
              {
                "operator": "OR"
              }
            ],
            "criteria": [
              {
                "condition": [],
                "ipaddress_expression": [
                  {
                    "ip_addresses": [
                      "211.1.2.1",
                      "212.1.1.1"
                    ]
                  }
                ],
                "macaddress_expression": [],
                "path_expression": []
              },
              {
                "condition": [],
                "ipaddress_expression": [],
                "macaddress_expression": [],
                "path_expression": [
                  {
                    "member_paths": [
                      "/infra/domains/default/groups/group_all",
                      "/infra/domains/default/groups/group_tag"
                    ]
                  }
                ]
              }
            ],
            "description": "Terraform provisioned Group",
            "display_name": "tf-group-72",
            "domain": "default",
            "extended_criteria": [],
            "id": "f265467f-bf24-4430-a47d-e134b5c6c785",
            "nsx_id": "f265467f-bf24-4430-a47d-e134b5c6c785",
            "path": "/infra/domains/default/groups/f265467f-bf24-4430-a47d-e134b5c6c785",
            "revision": 0,
            "tag": []
          },
          "sensitive_attributes": [],
          "private": "bnVsbA==",
          "dependencies": [
            "data.nsxt_policy_group.group_all",
            "data.nsxt_policy_group.group_tag"
          ]
        },
        {
          "index_key": 73,
          "schema_version": 0,
          "attributes": {
            "conjunction": [
              {
                "operator": "OR"
              }
            ],
            "criteria": [
              {
                "condition": [],
                "ipaddress_expression": [
                  {
                    "ip_addresses": [
                      "211.1.2.1",
                      "212.1.1.1"
                    ]
                  }
                ],
                "macaddress_expression": [],
                "path_expression": []
              },
              {
                "condition": [],
                "ipaddress_expression": [],
                "macaddress_expression": [],
                "path_expression": [
                  {
                    "member_paths": [
                      "/infra/domains/default/groups/group_all",
                      "/infra/domains/default/groups/group_tag"
                    ]
                  }
                ]
              }
            ],
            "description": "Terraform provisioned Group",
            "display_name": "tf-group-73",
            "domain": "default",
            "extended_criteria": [],
            "id": "def917e0-faf2-4bdc-ba72-dcb93ad1ed5b",
            "nsx_id": "def917e0-faf2-4bdc-ba72-dcb93ad1ed5b",
            "path": "/infra/domains/default/groups/def917e0-faf2-4bdc-ba72-dcb93ad1ed5b",
            "revision": 0,
            "tag": []
          },
          "sensitive_attributes": [],
          "private": "bnVsbA==",
          "dependencies": [
            "data.nsxt_policy_group.group_all",
            "data.nsxt_policy_group.group_tag"
          ]
        },
        {
          "index_key": 74,
          "schema_version": 0,
          "attributes": {
            "conjunction": [
              {
                "operator": "OR"
              }
            ],
            "criteria": [
              {
                "condition": [],
                "ipaddress_expression": [
                  {
                    "ip_addresses": [
                      "211.1.2.1",
                      "212.1.1.1"
                    ]
                  }
                ],
                "macaddress_expression": [],
                "path_expression": []
              },
              {
                "condition": [],
                "ipaddress_expression": [],
                "macaddress_expression": [],
                "path_expression": [
                  {
                    "member_paths": [
                      "/infra/domains/default/groups/group_all",
                      "/infra/domains/default/groups/group_tag"
                    ]
                  }
                ]
              }
            ],
            "description": "Terraform provisioned Group",
            "display_name": "tf-group-74",
            "domain": "default",
            "extended_criteria": [],
            "id": "d93b3611-bfea-476f-b8a8-0f55cfab062e",
            "nsx_id": "d93b3611-bfea-476f-b8a8-0f55cfab062e",
            "path": "/infra/domains/default/groups/d93b3611-bfea-476f-b8a8-0f55cfab062e",
            "revision": 0,
            "tag": []
          },
          "sensitive_attributes": [],
          "private": "bnVsbA==",
          "dependencies": [
            "data.nsxt_policy_group.group_all",
            "data.nsxt_policy_group.group_tag"
          ]
        },
        {
          "index_key": 75,
          "schema_version": 0,
          "attributes": {
            "conjunction": [
              {
                "operator": "OR"
              }
            ],
            "criteria": [
              {
                "condition": [],
                "ipaddress_expression": [
                  {
                    "ip_addresses": [
                      "211.1.2.1",
                      "212.1.1.1"
                    ]
                  }
                ],
                "macaddress_expression": [],
                "path_expression": []
              },
              {
                "condition": [],
                "ipaddress_expression": [],
                "macaddress_expression": [],
                "path_expression": [
                  {
                    "member_paths": [
                      "/infra/domains/default/groups/group_all",
                      "/infra/domains/default/groups/group_tag"
                    ]
                  }
                ]
              }
            ],
            "description": "Terraform provisioned Group",
            "display_name": "tf-group-75",
            "domain": "default",
            "extended_criteria": [],
            "id": "2686f8b7-f71f-466b-81bc-e15649deb760",
            "nsx_id": "2686f8b7-f71f-466b-81bc-e15649deb760",
            "path": "/infra/domains/default/groups/2686f8b7-f71f-466b-81bc-e15649deb760",
            "revision": 0,
            "tag": []
          },
          "sensitive_attributes": [],
          "private": "bnVsbA==",
          "dependencies": [
            "data.nsxt_policy_group.group_all",
            "data.nsxt_policy_group.group_tag"
          ]
        },
        {
          "index_key": 76,
          "schema_version": 0,
          "attributes": {
            "conjunction": [
              {
                "operator": "OR"
              }
            ],
            "criteria": [
              {
                "condition": [],
                "ipaddress_expression": [
                  {
                    "ip_addresses": [
                      "211.1.2.1",
                      "212.1.1.1"
                    ]
                  }
                ],
                "macaddress_expression": [],
                "path_expression": []
              },
              {
                "condition": [],
                "ipaddress_expression": [],
                "macaddress_expression": [],
                "path_expression": [
                  {
                    "member_paths": [
                      "/infra/domains/default/groups/group_all",
                      "/infra/domains/default/groups/group_tag"
                    ]
                  }
                ]
              }
            ],
            "description": "Terraform provisioned Group",
            "display_name": "tf-group-76",
            "domain": "default",
            "extended_criteria": [],
            "id": "45496164-0798-43fa-8c8a-ac49b403b4c9",
            "nsx_id": "45496164-0798-43fa-8c8a-ac49b403b4c9",
            "path": "/infra/domains/default/groups/45496164-0798-43fa-8c8a-ac49b403b4c9",
            "revision": 0,
            "tag": []
          },
          "sensitive_attributes": [],
          "private": "bnVsbA==",
          "dependencies": [
            "data.nsxt_policy_group.group_all",
            "data.nsxt_policy_group.group_tag"
          ]
        },
        {
          "index_key": 77,
          "schema_version": 0,
          "attributes": {
            "conjunction": [
              {
                "operator": "OR"
              }
            ],
            "criteria": [
              {
                "condition": [],
                "ipaddress_expression": [
                  {
                    "ip_addresses": [
                      "211.1.2.1",
                      "212.1.1.1"
                    ]
                  }
                ],
                "macaddress_expression": [],
                "path_expression": []
              },
              {
                "condition": [],
                "ipaddress_expression": [],
                "macaddress_expression": [],
                "path_expression": [
                  {
                    "member_paths": [
                      "/infra/domains/default/groups/group_all",
                      "/infra/domains/default/groups/group_tag"
                    ]
                  }
                ]
              }
            ],
            "description": "Terraform provisioned Group",
            "display_name": "tf-group-77",
            "domain": "default",
            "extended_criteria": [],
            "id": "f55ff57e-cb2c-431b-ac0e-91b9cd3d7455",
            "nsx_id": "f55ff57e-cb2c-431b-ac0e-91b9cd3d7455",
            "path": "/infra/domains/default/groups/f55ff57e-cb2c-431b-ac0e-91b9cd3d7455",
            "revision": 0,
            "tag": []
          },
          "sensitive_attributes": [],
          "private": "bnVsbA==",
          "dependencies": [
            "data.nsxt_policy_group.group_all",
            "data.nsxt_policy_group.group_tag"
          ]
        },
        {
          "index_key": 78,
          "schema_version": 0,
          "attributes": {
            "conjunction": [
              {
                "operator": "OR"
              }
            ],
            "criteria": [
              {
                "condition": [],
                "ipaddress_expression": [
                  {
                    "ip_addresses": [
                      "211.1.2.1",
                      "212.1.1.1"
                    ]
                  }
                ],
                "macaddress_expression": [],
                "path_expression": []
              },
              {
                "condition": [],
                "ipaddress_expression": [],
                "macaddress_expression": [],
                "path_expression": [
                  {
                    "member_paths": [
                      "/infra/domains/default/groups/group_all",
                      "/infra/domains/default/groups/group_tag"
                    ]
                  }
                ]
              }
            ],
            "description": "Terraform provisioned Group",
            "display_name": "tf-group-78",
            "domain": "default",
            "extended_criteria": [],
            "id": "00d6822e-f105-4d18-8ba7-b04615d67065",
            "nsx_id": "00d6822e-f105-4d18-8ba7-b04615d67065",
            "path": "/infra/domains/default/groups/00d6822e-f105-4d18-8ba7-b04615d67065",
            "revision": 0,
            "tag": []
          },
          "sensitive_attributes": [],
          "private": "bnVsbA==",
          "dependencies": [
            "data.nsxt_policy_group.group_all",
            "data.nsxt_policy_group.group_tag"
          ]
        },
        {
          "index_key": 79,
          "schema_version": 0,
          "attributes": {
            "conjunction": [
              {
                "operator": "OR"
              }
            ],
            "criteria": [
              {
                "condition": [],
                "ipaddress_expression": [
                  {
                    "ip_addresses": [
                      "211.1.2.1",
                      "212.1.1.1"
                    ]
                  }
                ],
                "macaddress_expression": [],
                "path_expression": []
              },
              {
                "condition": [],
                "ipaddress_expression": [],
                "macaddress_expression": [],
                "path_expression": [
                  {
                    "member_paths": [
                      "/infra/domains/default/groups/group_all",
                      "/infra/domains/default/groups/group_tag"
                    ]
                  }
                ]
              }
            ],
            "description": "Terraform provisioned Group",
            "display_name": "tf-group-79",
            "domain": "default",
            "extended_criteria": [],
            "id": "46620012-d06f-4cd3-a94d-e3883eb348a4",
            "nsx_id": "46620012-d06f-4cd3-a94d-e3883eb348a4",
            "path": "/infra/domains/default/groups/46620012-d06f-4cd3-a94d-e3883eb348a4",
            "revision": 0,
            "tag": []
          },
          "sensitive_attributes": [],
          "private": "bnVsbA==",
          "dependencies": [
            "data.nsxt_policy_group.group_all",
            "data.nsxt_policy_group.group_tag"
          ]
        },
        {
          "index_key": 80,
          "schema_version": 0,
          "attributes": {
            "conjunction": [
              {
                "operator": "OR"
              }
            ],
            "criteria": [
              {
                "condition": [],
                "ipaddress_expression": [
                  {
                    "ip_addresses": [
                      "211.1.2.1",
                      "212.1.1.1"
                    ]
                  }
                ],
                "macaddress_expression": [],
                "path_expression": []
              },
              {
                "condition": [],
                "ipaddress_expression": [],
                "macaddress_expression": [],
                "path_expression": [
                  {
                    "member_paths": [
                      "/infra/domains/default/groups/group_all",
                      "/infra/domains/default/groups/group_tag"
                    ]
                  }
                ]
              }
            ],
            "description": "Terraform provisioned Group",
            "display_name": "tf-group-80",
            "domain": "default",
            "extended_criteria": [],
            "id": "caa749f7-1b60-432c-923f-031d3aabdb32",
            "nsx_id": "caa749f7-1b60-432c-923f-031d3aabdb32",
            "path": "/infra/domains/default/groups/caa749f7-1b60-432c-923f-031d3aabdb32",
            "revision": 0,
            "tag": []
          },
          "sensitive_attributes": [],
          "private": "bnVsbA==",
          "dependencies": [
            "data.nsxt_policy_group.group_all",
            "data.nsxt_policy_group.group_tag"
          ]
        },
        {
          "index_key": 81,
          "schema_version": 0,
          "attributes": {
            "conjunction": [
              {
                "operator": "OR"
              }
            ],
            "criteria": [
              {
                "condition": [],
                "ipaddress_expression": [
                  {
                    "ip_addresses": [
                      "211.1.2.1",
                      "212.1.1.1"
                    ]
                  }
                ],
                "macaddress_expression": [],
                "path_expression": []
              },
              {
                "condition": [],
                "ipaddress_expression": [],
                "macaddress_expression": [],
                "path_expression": [
                  {
                    "member_paths": [
                      "/infra/domains/default/groups/group_all",
                      "/infra/domains/default/groups/group_tag"
                    ]
                  }
                ]
              }
            ],
            "description": "Terraform provisioned Group",
            "display_name": "tf-group-81",
            "domain": "default",
            "extended_criteria": [],
            "id": "b55845b8-d391-47cb-a1a7-30253b15463c",
            "nsx_id": "b55845b8-d391-47cb-a1a7-30253b15463c",
            "path": "/infra/domains/default/groups/b55845b8-d391-47cb-a1a7-30253b15463c",
            "revision": 0,
            "tag": []
          },
          "sensitive_attributes": [],
          "private": "bnVsbA==",
          "dependencies": [
            "data.nsxt_policy_group.group_all",
            "data.nsxt_policy_group.group_tag"
          ]
        },
        {
          "index_key": 82,
          "schema_version": 0,
          "attributes": {
            "conjunction": [
              {
                "operator": "OR"
              }
            ],
            "criteria": [
              {
                "condition": [],
                "ipaddress_expression": [
                  {
                    "ip_addresses": [
                      "211.1.2.1",
                      "212.1.1.1"
                    ]
                  }
                ],
                "macaddress_expression": [],
                "path_expression": []
              },
              {
                "condition": [],
                "ipaddress_expression": [],
                "macaddress_expression": [],
                "path_expression": [
                  {
                    "member_paths": [
                      "/infra/domains/default/groups/group_all",
                      "/infra/domains/default/groups/group_tag"
                    ]
                  }
                ]
              }
            ],
            "description": "Terraform provisioned Group",
            "display_name": "tf-group-82",
            "domain": "default",
            "extended_criteria": [],
            "id": "30448670-5f57-4add-9452-ecda51a1a106",
            "nsx_id": "30448670-5f57-4add-9452-ecda51a1a106",
            "path": "/infra/domains/default/groups/30448670-5f57-4add-9452-ecda51a1a106",
            "revision": 0,
            "tag": []
          },
          "sensitive_attributes": [],
          "private": "bnVsbA==",
          "dependencies": [
            "data.nsxt_policy_group.group_all",
            "data.nsxt_policy_group.group_tag"
          ]
        },
        {
          "index_key": 83,
          "schema_version": 0,
          "attributes": {
            "conjunction": [
              {
                "operator": "OR"
              }
            ],
            "criteria": [
              {
                "condition": [],
                "ipaddress_expression": [
                  {
                    "ip_addresses": [
                      "211.1.2.1",
                      "212.1.1.1"
                    ]
                  }
                ],
                "macaddress_expression": [],
                "path_expression": []
              },
              {
                "condition": [],
                "ipaddress_expression": [],
                "macaddress_expression": [],
                "path_expression": [
                  {
                    "member_paths": [
                      "/infra/domains/default/groups/group_all",
                      "/infra/domains/default/groups/group_tag"
                    ]
                  }
                ]
              }
            ],
            "description": "Terraform provisioned Group",
            "display_name": "tf-group-83",
            "domain": "default",
            "extended_criteria": [],
            "id": "04329115-c4c7-43e5-8012-9a45f3db8674",
            "nsx_id": "04329115-c4c7-43e5-8012-9a45f3db8674",
            "path": "/infra/domains/default/groups/04329115-c4c7-43e5-8012-9a45f3db8674",
            "revision": 0,
            "tag": []
          },
          "sensitive_attributes": [],
          "private": "bnVsbA==",
          "dependencies": [
            "data.nsxt_policy_group.group_all",
            "data.nsxt_policy_group.group_tag"
          ]
        },
        {
          "index_key": 84,
          "schema_version": 0,
          "attributes": {
            "conjunction": [
              {
                "operator": "OR"
              }
            ],
            "criteria": [
              {
                "condition": [],
                "ipaddress_expression": [
                  {
                    "ip_addresses": [
                      "211.1.2.1",
                      "212.1.1.1"
                    ]
                  }
                ],
                "macaddress_expression": [],
                "path_expression": []
              },
              {
                "condition": [],
                "ipaddress_expression": [],
                "macaddress_expression": [],
                "path_expression": [
                  {
                    "member_paths": [
                      "/infra/domains/default/groups/group_all",
                      "/infra/domains/default/groups/group_tag"
                    ]
                  }
                ]
              }
            ],
            "description": "Terraform provisioned Group",
            "display_name": "tf-group-84",
            "domain": "default",
            "extended_criteria": [],
            "id": "f2a06066-df0b-40f2-953f-8372c28ee00a",
            "nsx_id": "f2a06066-df0b-40f2-953f-8372c28ee00a",
            "path": "/infra/domains/default/groups/f2a06066-df0b-40f2-953f-8372c28ee00a",
            "revision": 0,
            "tag": []
          },
          "sensitive_attributes": [],
          "private": "bnVsbA==",
          "dependencies": [
            "data.nsxt_policy_group.group_all",
            "data.nsxt_policy_group.group_tag"
          ]
        },
        {
          "index_key": 85,
          "schema_version": 0,
          "attributes": {
            "conjunction": [
              {
                "operator": "OR"
              }
            ],
            "criteria": [
              {
                "condition": [],
                "ipaddress_expression": [
                  {
                    "ip_addresses": [
                      "211.1.2.1",
                      "212.1.1.1"
                    ]
                  }
                ],
                "macaddress_expression": [],
                "path_expression": []
              },
              {
                "condition": [],
                "ipaddress_expression": [],
                "macaddress_expression": [],
                "path_expression": [
                  {
                    "member_paths": [
                      "/infra/domains/default/groups/group_all",
                      "/infra/domains/default/groups/group_tag"
                    ]
                  }
                ]
              }
            ],
            "description": "Terraform provisioned Group",
            "display_name": "tf-group-85",
            "domain": "default",
            "extended_criteria": [],
            "id": "20040140-38f5-4bc9-80be-fad636c9e3ab",
            "nsx_id": "20040140-38f5-4bc9-80be-fad636c9e3ab",
            "path": "/infra/domains/default/groups/20040140-38f5-4bc9-80be-fad636c9e3ab",
            "revision": 0,
            "tag": []
          },
          "sensitive_attributes": [],
          "private": "bnVsbA==",
          "dependencies": [
            "data.nsxt_policy_group.group_all",
            "data.nsxt_policy_group.group_tag"
          ]
        },
        {
          "index_key": 86,
          "schema_version": 0,
          "attributes": {
            "conjunction": [
              {
                "operator": "OR"
              }
            ],
            "criteria": [
              {
                "condition": [],
                "ipaddress_expression": [
                  {
                    "ip_addresses": [
                      "211.1.2.1",
                      "212.1.1.1"
                    ]
                  }
                ],
                "macaddress_expression": [],
                "path_expression": []
              },
              {
                "condition": [],
                "ipaddress_expression": [],
                "macaddress_expression": [],
                "path_expression": [
                  {
                    "member_paths": [
                      "/infra/domains/default/groups/group_all",
                      "/infra/domains/default/groups/group_tag"
                    ]
                  }
                ]
              }
            ],
            "description": "Terraform provisioned Group",
            "display_name": "tf-group-86",
            "domain": "default",
            "extended_criteria": [],
            "id": "b91bd399-d6ed-4656-91b9-0430d4d1e419",
            "nsx_id": "b91bd399-d6ed-4656-91b9-0430d4d1e419",
            "path": "/infra/domains/default/groups/b91bd399-d6ed-4656-91b9-0430d4d1e419",
            "revision": 0,
            "tag": []
          },
          "sensitive_attributes": [],
          "private": "bnVsbA==",
          "dependencies": [
            "data.nsxt_policy_group.group_all",
            "data.nsxt_policy_group.group_tag"
          ]
        },
        {
          "index_key": 87,
          "schema_version": 0,
          "attributes": {
            "conjunction": [
              {
                "operator": "OR"
              }
            ],
            "criteria": [
              {
                "condition": [],
                "ipaddress_expression": [
                  {
                    "ip_addresses": [
                      "211.1.2.1",
                      "212.1.1.1"
                    ]
                  }
                ],
                "macaddress_expression": [],
                "path_expression": []
              },
              {
                "condition": [],
                "ipaddress_expression": [],
                "macaddress_expression": [],
                "path_expression": [
                  {
                    "member_paths": [
                      "/infra/domains/default/groups/group_all",
                      "/infra/domains/default/groups/group_tag"
                    ]
                  }
                ]
              }
            ],
            "description": "Terraform provisioned Group",
            "display_name": "tf-group-87",
            "domain": "default",
            "extended_criteria": [],
            "id": "0160cc75-955e-44b6-a410-3642d5110b00",
            "nsx_id": "0160cc75-955e-44b6-a410-3642d5110b00",
            "path": "/infra/domains/default/groups/0160cc75-955e-44b6-a410-3642d5110b00",
            "revision": 0,
            "tag": []
          },
          "sensitive_attributes": [],
          "private": "bnVsbA==",
          "dependencies": [
            "data.nsxt_policy_group.group_all",
            "data.nsxt_policy_group.group_tag"
          ]
        },
        {
          "index_key": 88,
          "schema_version": 0,
          "attributes": {
            "conjunction": [
              {
                "operator": "OR"
              }
            ],
            "criteria": [
              {
                "condition": [],
                "ipaddress_expression": [
                  {
                    "ip_addresses": [
                      "211.1.2.1",
                      "212.1.1.1"
                    ]
                  }
                ],
                "macaddress_expression": [],
                "path_expression": []
              },
              {
                "condition": [],
                "ipaddress_expression": [],
                "macaddress_expression": [],
                "path_expression": [
                  {
                    "member_paths": [
                      "/infra/domains/default/groups/group_all",
                      "/infra/domains/default/groups/group_tag"
                    ]
                  }
                ]
              }
            ],
            "description": "Terraform provisioned Group",
            "display_name": "tf-group-88",
            "domain": "default",
            "extended_criteria": [],
            "id": "ce165c20-dabd-4ab6-b14e-131070763934",
            "nsx_id": "ce165c20-dabd-4ab6-b14e-131070763934",
            "path": "/infra/domains/default/groups/ce165c20-dabd-4ab6-b14e-131070763934",
            "revision": 0,
            "tag": []
          },
          "sensitive_attributes": [],
          "private": "bnVsbA==",
          "dependencies": [
            "data.nsxt_policy_group.group_all",
            "data.nsxt_policy_group.group_tag"
          ]
        },
        {
          "index_key": 89,
          "schema_version": 0,
          "attributes": {
            "conjunction": [
              {
                "operator": "OR"
              }
            ],
            "criteria": [
              {
                "condition": [],
                "ipaddress_expression": [
                  {
                    "ip_addresses": [
                      "211.1.2.1",
                      "212.1.1.1"
                    ]
                  }
                ],
                "macaddress_expression": [],
                "path_expression": []
              },
              {
                "condition": [],
                "ipaddress_expression": [],
                "macaddress_expression": [],
                "path_expression": [
                  {
                    "member_paths": [
                      "/infra/domains/default/groups/group_all",
                      "/infra/domains/default/groups/group_tag"
                    ]
                  }
                ]
              }
            ],
            "description": "Terraform provisioned Group",
            "display_name": "tf-group-89",
            "domain": "default",
            "extended_criteria": [],
            "id": "9febc3c2-4e0c-4b53-8031-c2ebbde862dd",
            "nsx_id": "9febc3c2-4e0c-4b53-8031-c2ebbde862dd",
            "path": "/infra/domains/default/groups/9febc3c2-4e0c-4b53-8031-c2ebbde862dd",
            "revision": 0,
            "tag": []
          },
          "sensitive_attributes": [],
          "private": "bnVsbA==",
          "dependencies": [
            "data.nsxt_policy_group.group_all",
            "data.nsxt_policy_group.group_tag"
          ]
        },
        {
          "index_key": 90,
          "schema_version": 0,
          "attributes": {
            "conjunction": [
              {
                "operator": "OR"
              }
            ],
            "criteria": [
              {
                "condition": [],
                "ipaddress_expression": [
                  {
                    "ip_addresses": [
                      "211.1.2.1",
                      "212.1.1.1"
                    ]
                  }
                ],
                "macaddress_expression": [],
                "path_expression": []
              },
              {
                "condition": [],
                "ipaddress_expression": [],
                "macaddress_expression": [],
                "path_expression": [
                  {
                    "member_paths": [
                      "/infra/domains/default/groups/group_all",
                      "/infra/domains/default/groups/group_tag"
                    ]
                  }
                ]
              }
            ],
            "description": "Terraform provisioned Group",
            "display_name": "tf-group-90",
            "domain": "default",
            "extended_criteria": [],
            "id": "dd8b3bd6-249e-4051-bed4-8b29e436621b",
            "nsx_id": "dd8b3bd6-249e-4051-bed4-8b29e436621b",
            "path": "/infra/domains/default/groups/dd8b3bd6-249e-4051-bed4-8b29e436621b",
            "revision": 0,
            "tag": []
          },
          "sensitive_attributes": [],
          "private": "bnVsbA==",
          "dependencies": [
            "data.nsxt_policy_group.group_all",
            "data.nsxt_policy_group.group_tag"
          ]
        },
        {
          "index_key": 91,
          "schema_version": 0,
          "attributes": {
            "conjunction": [
              {
                "operator": "OR"
              }
            ],
            "criteria": [
              {
                "condition": [],
                "ipaddress_expression": [
                  {
                    "ip_addresses": [
                      "211.1.2.1",
                      "212.1.1.1"
                    ]
                  }
                ],
                "macaddress_expression": [],
                "path_expression": []
              },
              {
                "condition": [],
                "ipaddress_expression": [],
                "macaddress_expression": [],
                "path_expression": [
                  {
                    "member_paths": [
                      "/infra/domains/default/groups/group_all",
                      "/infra/domains/default/groups/group_tag"
                    ]
                  }
                ]
              }
            ],
            "description": "Terraform provisioned Group",
            "display_name": "tf-group-91",
            "domain": "default",
            "extended_criteria": [],
            "id": "542efd06-65c5-4558-b127-36030f50a6fe",
            "nsx_id": "542efd06-65c5-4558-b127-36030f50a6fe",
            "path": "/infra/domains/default/groups/542efd06-65c5-4558-b127-36030f50a6fe",
            "revision": 0,
            "tag": []
          },
          "sensitive_attributes": [],
          "private": "bnVsbA==",
          "dependencies": [
            "data.nsxt_policy_group.group_all",
            "data.nsxt_policy_group.group_tag"
          ]
        },
        {
          "index_key": 92,
          "schema_version": 0,
          "attributes": {
            "conjunction": [
              {
                "operator": "OR"
              }
            ],
            "criteria": [
              {
                "condition": [],
                "ipaddress_expression": [
                  {
                    "ip_addresses": [
                      "211.1.2.1",
                      "212.1.1.1"
                    ]
                  }
                ],
                "macaddress_expression": [],
                "path_expression": []
              },
              {
                "condition": [],
                "ipaddress_expression": [],
                "macaddress_expression": [],
                "path_expression": [
                  {
                    "member_paths": [
                      "/infra/domains/default/groups/group_all",
                      "/infra/domains/default/groups/group_tag"
                    ]
                  }
                ]
              }
            ],
            "description": "Terraform provisioned Group",
            "display_name": "tf-group-92",
            "domain": "default",
            "extended_criteria": [],
            "id": "a4bfb611-3d53-4aa2-8e34-1b30e98e61cf",
            "nsx_id": "a4bfb611-3d53-4aa2-8e34-1b30e98e61cf",
            "path": "/infra/domains/default/groups/a4bfb611-3d53-4aa2-8e34-1b30e98e61cf",
            "revision": 0,
            "tag": []
          },
          "sensitive_attributes": [],
          "private": "bnVsbA==",
          "dependencies": [
            "data.nsxt_policy_group.group_all",
            "data.nsxt_policy_group.group_tag"
          ]
        },
        {
          "index_key": 93,
          "schema_version": 0,
          "attributes": {
            "conjunction": [
              {
                "operator": "OR"
              }
            ],
            "criteria": [
              {
                "condition": [],
                "ipaddress_expression": [
                  {
                    "ip_addresses": [
                      "211.1.2.1",
                      "212.1.1.1"
                    ]
                  }
                ],
                "macaddress_expression": [],
                "path_expression": []
              },
              {
                "condition": [],
                "ipaddress_expression": [],
                "macaddress_expression": [],
                "path_expression": [
                  {
                    "member_paths": [
                      "/infra/domains/default/groups/group_all",
                      "/infra/domains/default/groups/group_tag"
                    ]
                  }
                ]
              }
            ],
            "description": "Terraform provisioned Group",
            "display_name": "tf-group-93",
            "domain": "default",
            "extended_criteria": [],
            "id": "79db72a2-2bb8-4278-a237-931924af92d0",
            "nsx_id": "79db72a2-2bb8-4278-a237-931924af92d0",
            "path": "/infra/domains/default/groups/79db72a2-2bb8-4278-a237-931924af92d0",
            "revision": 0,
            "tag": []
          },
          "sensitive_attributes": [],
          "private": "bnVsbA==",
          "dependencies": [
            "data.nsxt_policy_group.group_all",
            "data.nsxt_policy_group.group_tag"
          ]
        },
        {
          "index_key": 94,
          "schema_version": 0,
          "attributes": {
            "conjunction": [
              {
                "operator": "OR"
              }
            ],
            "criteria": [
              {
                "condition": [],
                "ipaddress_expression": [
                  {
                    "ip_addresses": [
                      "211.1.2.1",
                      "212.1.1.1"
                    ]
                  }
                ],
                "macaddress_expression": [],
                "path_expression": []
              },
              {
                "condition": [],
                "ipaddress_expression": [],
                "macaddress_expression": [],
                "path_expression": [
                  {
                    "member_paths": [
                      "/infra/domains/default/groups/group_all",
                      "/infra/domains/default/groups/group_tag"
                    ]
                  }
                ]
              }
            ],
            "description": "Terraform provisioned Group",
            "display_name": "tf-group-94",
            "domain": "default",
            "extended_criteria": [],
            "id": "21e031d9-153d-4153-ab8a-cfd23effa4a0",
            "nsx_id": "21e031d9-153d-4153-ab8a-cfd23effa4a0",
            "path": "/infra/domains/default/groups/21e031d9-153d-4153-ab8a-cfd23effa4a0",
            "revision": 0,
            "tag": []
          },
          "sensitive_attributes": [],
          "private": "bnVsbA==",
          "dependencies": [
            "data.nsxt_policy_group.group_all",
            "data.nsxt_policy_group.group_tag"
          ]
        },
        {
          "index_key": 95,
          "schema_version": 0,
          "attributes": {
            "conjunction": [
              {
                "operator": "OR"
              }
            ],
            "criteria": [
              {
                "condition": [],
                "ipaddress_expression": [
                  {
                    "ip_addresses": [
                      "211.1.2.1",
                      "212.1.1.1"
                    ]
                  }
                ],
                "macaddress_expression": [],
                "path_expression": []
              },
              {
                "condition": [],
                "ipaddress_expression": [],
                "macaddress_expression": [],
                "path_expression": [
                  {
                    "member_paths": [
                      "/infra/domains/default/groups/group_all",
                      "/infra/domains/default/groups/group_tag"
                    ]
                  }
                ]
              }
            ],
            "description": "Terraform provisioned Group",
            "display_name": "tf-group-95",
            "domain": "default",
            "extended_criteria": [],
            "id": "21633f9d-831c-48a0-a84c-5e3d998be028",
            "nsx_id": "21633f9d-831c-48a0-a84c-5e3d998be028",
            "path": "/infra/domains/default/groups/21633f9d-831c-48a0-a84c-5e3d998be028",
            "revision": 0,
            "tag": []
          },
          "sensitive_attributes": [],
          "private": "bnVsbA==",
          "dependencies": [
            "data.nsxt_policy_group.group_all",
            "data.nsxt_policy_group.group_tag"
          ]
        },
        {
          "index_key": 96,
          "schema_version": 0,
          "attributes": {
            "conjunction": [
              {
                "operator": "OR"
              }
            ],
            "criteria": [
              {
                "condition": [],
                "ipaddress_expression": [
                  {
                    "ip_addresses": [
                      "211.1.2.1",
                      "212.1.1.1"
                    ]
                  }
                ],
                "macaddress_expression": [],
                "path_expression": []
              },
              {
                "condition": [],
                "ipaddress_expression": [],
                "macaddress_expression": [],
                "path_expression": [
                  {
                    "member_paths": [
                      "/infra/domains/default/groups/group_all",
                      "/infra/domains/default/groups/group_tag"
                    ]
                  }
                ]
              }
            ],
            "description": "Terraform provisioned Group",
            "display_name": "tf-group-96",
            "domain": "default",
            "extended_criteria": [],
            "id": "fc979032-78cb-4136-8252-423428226f7a",
            "nsx_id": "fc979032-78cb-4136-8252-423428226f7a",
            "path": "/infra/domains/default/groups/fc979032-78cb-4136-8252-423428226f7a",
            "revision": 0,
            "tag": []
          },
          "sensitive_attributes": [],
          "private": "bnVsbA==",
          "dependencies": [
            "data.nsxt_policy_group.group_all",
            "data.nsxt_policy_group.group_tag"
          ]
        },
        {
          "index_key": 97,
          "schema_version": 0,
          "attributes": {
            "conjunction": [
              {
                "operator": "OR"
              }
            ],
            "criteria": [
              {
                "condition": [],
                "ipaddress_expression": [
                  {
                    "ip_addresses": [
                      "211.1.2.1",
                      "212.1.1.1"
                    ]
                  }
                ],
                "macaddress_expression": [],
                "path_expression": []
              },
              {
                "condition": [],
                "ipaddress_expression": [],
                "macaddress_expression": [],
                "path_expression": [
                  {
                    "member_paths": [
                      "/infra/domains/default/groups/group_all",
                      "/infra/domains/default/groups/group_tag"
                    ]
                  }
                ]
              }
            ],
            "description": "Terraform provisioned Group",
            "display_name": "tf-group-97",
            "domain": "default",
            "extended_criteria": [],
            "id": "f2fb6eb2-d700-4b97-8990-0bd26b19e7b6",
            "nsx_id": "f2fb6eb2-d700-4b97-8990-0bd26b19e7b6",
            "path": "/infra/domains/default/groups/f2fb6eb2-d700-4b97-8990-0bd26b19e7b6",
            "revision": 0,
            "tag": []
          },
          "sensitive_attributes": [],
          "private": "bnVsbA==",
          "dependencies": [
            "data.nsxt_policy_group.group_all",
            "data.nsxt_policy_group.group_tag"
          ]
        },
        {
          "index_key": 98,
          "schema_version": 0,
          "attributes": {
            "conjunction": [
              {
                "operator": "OR"
              }
            ],
            "criteria": [
              {
                "condition": [],
                "ipaddress_expression": [
                  {
                    "ip_addresses": [
                      "211.1.2.1",
                      "212.1.1.1"
                    ]
                  }
                ],
                "macaddress_expression": [],
                "path_expression": []
              },
              {
                "condition": [],
                "ipaddress_expression": [],
                "macaddress_expression": [],
                "path_expression": [
                  {
                    "member_paths": [
                      "/infra/domains/default/groups/group_all",
                      "/infra/domains/default/groups/group_tag"
                    ]
                  }
                ]
              }
            ],
            "description": "Terraform provisioned Group",
            "display_name": "tf-group-98",
            "domain": "default",
            "extended_criteria": [],
            "id": "53688684-0ce2-402f-99a9-8cd40b978677",
            "nsx_id": "53688684-0ce2-402f-99a9-8cd40b978677",
            "path": "/infra/domains/default/groups/53688684-0ce2-402f-99a9-8cd40b978677",
            "revision": 0,
            "tag": []
          },
          "sensitive_attributes": [],
          "private": "bnVsbA==",
          "dependencies": [
            "data.nsxt_policy_group.group_all",
            "data.nsxt_policy_group.group_tag"
          ]
        },
        {
          "index_key": 99,
          "schema_version": 0,
          "attributes": {
            "conjunction": [
              {
                "operator": "OR"
              }
            ],
            "criteria": [
              {
                "condition": [],
                "ipaddress_expression": [
                  {
                    "ip_addresses": [
                      "211.1.2.1",
                      "212.1.1.1"
                    ]
                  }
                ],
                "macaddress_expression": [],
                "path_expression": []
              },
              {
                "condition": [],
                "ipaddress_expression": [],
                "macaddress_expression": [],
                "path_expression": [
                  {
                    "member_paths": [
                      "/infra/domains/default/groups/group_all",
                      "/infra/domains/default/groups/group_tag"
                    ]
                  }
                ]
              }
            ],
            "description": "Terraform provisioned Group",
            "display_name": "tf-group-99",
            "domain": "default",
            "extended_criteria": [],
            "id": "e6b07df7-df12-4bd4-8979-f96c80de00c1",
            "nsx_id": "e6b07df7-df12-4bd4-8979-f96c80de00c1",
            "path": "/infra/domains/default/groups/e6b07df7-df12-4bd4-8979-f96c80de00c1",
            "revision": 0,
            "tag": []
          },
          "sensitive_attributes": [],
          "private": "bnVsbA==",
          "dependencies": [
            "data.nsxt_policy_group.group_all",
            "data.nsxt_policy_group.group_tag"
          ]
        },
        {
          "index_key": 100,
          "schema_version": 0,
          "attributes": {
            "conjunction": [
              {
                "operator": "OR"
              }
            ],
            "criteria": [
              {
                "condition": [],
                "ipaddress_expression": [
                  {
                    "ip_addresses": [
                      "211.1.2.1",
                      "212.1.1.1"
                    ]
                  }
                ],
                "macaddress_expression": [],
                "path_expression": []
              },
              {
                "condition": [],
                "ipaddress_expression": [],
                "macaddress_expression": [],
                "path_expression": [
                  {
                    "member_paths": [
                      "/infra/domains/default/groups/group_all",
                      "/infra/domains/default/groups/group_tag"
                    ]
                  }
                ]
              }
            ],
            "description": "Terraform provisioned Group",
            "display_name": "tf-group-100",
            "domain": "default",
            "extended_criteria": [],
            "id": "e61918d2-8abc-45a6-8e66-2ff20fe89608",
            "nsx_id": "e61918d2-8abc-45a6-8e66-2ff20fe89608",
            "path": "/infra/domains/default/groups/e61918d2-8abc-45a6-8e66-2ff20fe89608",
            "revision": 0,
            "tag": []
          },
          "sensitive_attributes": [],
          "private": "bnVsbA==",
          "dependencies": [
            "data.nsxt_policy_group.group_all",
            "data.nsxt_policy_group.group_tag"
          ]
        },
        {
          "index_key": 101,
          "schema_version": 0,
          "attributes": {
            "conjunction": [
              {
                "operator": "OR"
              }
            ],
            "criteria": [
              {
                "condition": [],
                "ipaddress_expression": [
                  {
                    "ip_addresses": [
                      "211.1.2.1",
                      "212.1.1.1"
                    ]
                  }
                ],
                "macaddress_expression": [],
                "path_expression": []
              },
              {
                "condition": [],
                "ipaddress_expression": [],
                "macaddress_expression": [],
                "path_expression": [
                  {
                    "member_paths": [
                      "/infra/domains/default/groups/group_all",
                      "/infra/domains/default/groups/group_tag"
                    ]
                  }
                ]
              }
            ],
            "description": "Terraform provisioned Group",
            "display_name": "tf-group-101",
            "domain": "default",
            "extended_criteria": [],
            "id": "1d0e8049-9a79-4e41-87b5-9b5752df7c53",
            "nsx_id": "1d0e8049-9a79-4e41-87b5-9b5752df7c53",
            "path": "/infra/domains/default/groups/1d0e8049-9a79-4e41-87b5-9b5752df7c53",
            "revision": 0,
            "tag": []
          },
          "sensitive_attributes": [],
          "private": "bnVsbA==",
          "dependencies": [
            "data.nsxt_policy_group.group_all",
            "data.nsxt_policy_group.group_tag"
          ]
        },
        {
          "index_key": 102,
          "schema_version": 0,
          "attributes": {
            "conjunction": [
              {
                "operator": "OR"
              }
            ],
            "criteria": [
              {
                "condition": [],
                "ipaddress_expression": [
                  {
                    "ip_addresses": [
                      "211.1.2.1",
                      "212.1.1.1"
                    ]
                  }
                ],
                "macaddress_expression": [],
                "path_expression": []
              },
              {
                "condition": [],
                "ipaddress_expression": [],
                "macaddress_expression": [],
                "path_expression": [
                  {
                    "member_paths": [
                      "/infra/domains/default/groups/group_all",
                      "/infra/domains/default/groups/group_tag"
                    ]
                  }
                ]
              }
            ],
            "description": "Terraform provisioned Group",
            "display_name": "tf-group-102",
            "domain": "default",
            "extended_criteria": [],
            "id": "56a95444-bc2a-4fbe-a2b3-52f08f1c6140",
            "nsx_id": "56a95444-bc2a-4fbe-a2b3-52f08f1c6140",
            "path": "/infra/domains/default/groups/56a95444-bc2a-4fbe-a2b3-52f08f1c6140",
            "revision": 0,
            "tag": []
          },
          "sensitive_attributes": [],
          "private": "bnVsbA==",
          "dependencies": [
            "data.nsxt_policy_group.group_all",
            "data.nsxt_policy_group.group_tag"
          ]
        },
        {
          "index_key": 103,
          "schema_version": 0,
          "attributes": {
            "conjunction": [
              {
                "operator": "OR"
              }
            ],
            "criteria": [
              {
                "condition": [],
                "ipaddress_expression": [
                  {
                    "ip_addresses": [
                      "211.1.2.1",
                      "212.1.1.1"
                    ]
                  }
                ],
                "macaddress_expression": [],
                "path_expression": []
              },
              {
                "condition": [],
                "ipaddress_expression": [],
                "macaddress_expression": [],
                "path_expression": [
                  {
                    "member_paths": [
                      "/infra/domains/default/groups/group_all",
                      "/infra/domains/default/groups/group_tag"
                    ]
                  }
                ]
              }
            ],
            "description": "Terraform provisioned Group",
            "display_name": "tf-group-103",
            "domain": "default",
            "extended_criteria": [],
            "id": "62223eda-baaf-4d56-bf16-e8456566f06e",
            "nsx_id": "62223eda-baaf-4d56-bf16-e8456566f06e",
            "path": "/infra/domains/default/groups/62223eda-baaf-4d56-bf16-e8456566f06e",
            "revision": 0,
            "tag": []
          },
          "sensitive_attributes": [],
          "private": "bnVsbA==",
          "dependencies": [
            "data.nsxt_policy_group.group_all",
            "data.nsxt_policy_group.group_tag"
          ]
        },
        {
          "index_key": 104,
          "schema_version": 0,
          "attributes": {
            "conjunction": [
              {
                "operator": "OR"
              }
            ],
            "criteria": [
              {
                "condition": [],
                "ipaddress_expression": [
                  {
                    "ip_addresses": [
                      "211.1.2.1",
                      "212.1.1.1"
                    ]
                  }
                ],
                "macaddress_expression": [],
                "path_expression": []
              },
              {
                "condition": [],
                "ipaddress_expression": [],
                "macaddress_expression": [],
                "path_expression": [
                  {
                    "member_paths": [
                      "/infra/domains/default/groups/group_all",
                      "/infra/domains/default/groups/group_tag"
                    ]
                  }
                ]
              }
            ],
            "description": "Terraform provisioned Group",
            "display_name": "tf-group-104",
            "domain": "default",
            "extended_criteria": [],
            "id": "c61245cf-5f43-4407-a9c2-83438dbd1663",
            "nsx_id": "c61245cf-5f43-4407-a9c2-83438dbd1663",
            "path": "/infra/domains/default/groups/c61245cf-5f43-4407-a9c2-83438dbd1663",
            "revision": 0,
            "tag": []
          },
          "sensitive_attributes": [],
          "private": "bnVsbA==",
          "dependencies": [
            "data.nsxt_policy_group.group_all",
            "data.nsxt_policy_group.group_tag"
          ]
        },
        {
          "index_key": 105,
          "schema_version": 0,
          "attributes": {
            "conjunction": [
              {
                "operator": "OR"
              }
            ],
            "criteria": [
              {
                "condition": [],
                "ipaddress_expression": [
                  {
                    "ip_addresses": [
                      "211.1.2.1",
                      "212.1.1.1"
                    ]
                  }
                ],
                "macaddress_expression": [],
                "path_expression": []
              },
              {
                "condition": [],
                "ipaddress_expression": [],
                "macaddress_expression": [],
                "path_expression": [
                  {
                    "member_paths": [
                      "/infra/domains/default/groups/group_all",
                      "/infra/domains/default/groups/group_tag"
                    ]
                  }
                ]
              }
            ],
            "description": "Terraform provisioned Group",
            "display_name": "tf-group-105",
            "domain": "default",
            "extended_criteria": [],
            "id": "540bbc27-804d-4d6d-a0e3-61d4a698595a",
            "nsx_id": "540bbc27-804d-4d6d-a0e3-61d4a698595a",
            "path": "/infra/domains/default/groups/540bbc27-804d-4d6d-a0e3-61d4a698595a",
            "revision": 0,
            "tag": []
          },
          "sensitive_attributes": [],
          "private": "bnVsbA==",
          "dependencies": [
            "data.nsxt_policy_group.group_all",
            "data.nsxt_policy_group.group_tag"
          ]
        },
        {
          "index_key": 106,
          "schema_version": 0,
          "attributes": {
            "conjunction": [
              {
                "operator": "OR"
              }
            ],
            "criteria": [
              {
                "condition": [],
                "ipaddress_expression": [
                  {
                    "ip_addresses": [
                      "211.1.2.1",
                      "212.1.1.1"
                    ]
                  }
                ],
                "macaddress_expression": [],
                "path_expression": []
              },
              {
                "condition": [],
                "ipaddress_expression": [],
                "macaddress_expression": [],
                "path_expression": [
                  {
                    "member_paths": [
                      "/infra/domains/default/groups/group_all",
                      "/infra/domains/default/groups/group_tag"
                    ]
                  }
                ]
              }
            ],
            "description": "Terraform provisioned Group",
            "display_name": "tf-group-106",
            "domain": "default",
            "extended_criteria": [],
            "id": "c1026c33-c383-43a2-8709-76e1a651c169",
            "nsx_id": "c1026c33-c383-43a2-8709-76e1a651c169",
            "path": "/infra/domains/default/groups/c1026c33-c383-43a2-8709-76e1a651c169",
            "revision": 0,
            "tag": []
          },
          "sensitive_attributes": [],
          "private": "bnVsbA==",
          "dependencies": [
            "data.nsxt_policy_group.group_all",
            "data.nsxt_policy_group.group_tag"
          ]
        },
        {
          "index_key": 107,
          "schema_version": 0,
          "attributes": {
            "conjunction": [
              {
                "operator": "OR"
              }
            ],
            "criteria": [
              {
                "condition": [],
                "ipaddress_expression": [
                  {
                    "ip_addresses": [
                      "211.1.2.1",
                      "212.1.1.1"
                    ]
                  }
                ],
                "macaddress_expression": [],
                "path_expression": []
              },
              {
                "condition": [],
                "ipaddress_expression": [],
                "macaddress_expression": [],
                "path_expression": [
                  {
                    "member_paths": [
                      "/infra/domains/default/groups/group_all",
                      "/infra/domains/default/groups/group_tag"
                    ]
                  }
                ]
              }
            ],
            "description": "Terraform provisioned Group",
            "display_name": "tf-group-107",
            "domain": "default",
            "extended_criteria": [],
            "id": "dd71e16f-aded-45a1-bc1e-11790d814981",
            "nsx_id": "dd71e16f-aded-45a1-bc1e-11790d814981",
            "path": "/infra/domains/default/groups/dd71e16f-aded-45a1-bc1e-11790d814981",
            "revision": 0,
            "tag": []
          },
          "sensitive_attributes": [],
          "private": "bnVsbA==",
          "dependencies": [
            "data.nsxt_policy_group.group_all",
            "data.nsxt_policy_group.group_tag"
          ]
        },
        {
          "index_key": 108,
          "schema_version": 0,
          "attributes": {
            "conjunction": [
              {
                "operator": "OR"
              }
            ],
            "criteria": [
              {
                "condition": [],
                "ipaddress_expression": [
                  {
                    "ip_addresses": [
                      "211.1.2.1",
                      "212.1.1.1"
                    ]
                  }
                ],
                "macaddress_expression": [],
                "path_expression": []
              },
              {
                "condition": [],
                "ipaddress_expression": [],
                "macaddress_expression": [],
                "path_expression": [
                  {
                    "member_paths": [
                      "/infra/domains/default/groups/group_all",
                      "/infra/domains/default/groups/group_tag"
                    ]
                  }
                ]
              }
            ],
            "description": "Terraform provisioned Group",
            "display_name": "tf-group-108",
            "domain": "default",
            "extended_criteria": [],
            "id": "4205c556-4498-434b-8f42-4b0aa909716e",
            "nsx_id": "4205c556-4498-434b-8f42-4b0aa909716e",
            "path": "/infra/domains/default/groups/4205c556-4498-434b-8f42-4b0aa909716e",
            "revision": 0,
            "tag": []
          },
          "sensitive_attributes": [],
          "private": "bnVsbA==",
          "dependencies": [
            "data.nsxt_policy_group.group_all",
            "data.nsxt_policy_group.group_tag"
          ]
        },
        {
          "index_key": 109,
          "schema_version": 0,
          "attributes": {
            "conjunction": [
              {
                "operator": "OR"
              }
            ],
            "criteria": [
              {
                "condition": [],
                "ipaddress_expression": [
                  {
                    "ip_addresses": [
                      "211.1.2.1",
                      "212.1.1.1"
                    ]
                  }
                ],
                "macaddress_expression": [],
                "path_expression": []
              },
              {
                "condition": [],
                "ipaddress_expression": [],
                "macaddress_expression": [],
                "path_expression": [
                  {
                    "member_paths": [
                      "/infra/domains/default/groups/group_all",
                      "/infra/domains/default/groups/group_tag"
                    ]
                  }
                ]
              }
            ],
            "description": "Terraform provisioned Group",
            "display_name": "tf-group-109",
            "domain": "default",
            "extended_criteria": [],
            "id": "2c3b2cdb-7ff8-4163-9c7c-37d6b5eb8961",
            "nsx_id": "2c3b2cdb-7ff8-4163-9c7c-37d6b5eb8961",
            "path": "/infra/domains/default/groups/2c3b2cdb-7ff8-4163-9c7c-37d6b5eb8961",
            "revision": 0,
            "tag": []
          },
          "sensitive_attributes": [],
          "private": "bnVsbA==",
          "dependencies": [
            "data.nsxt_policy_group.group_all",
            "data.nsxt_policy_group.group_tag"
          ]
        },
        {
          "index_key": 110,
          "schema_version": 0,
          "attributes": {
            "conjunction": [
              {
                "operator": "OR"
              }
            ],
            "criteria": [
              {
                "condition": [],
                "ipaddress_expression": [
                  {
                    "ip_addresses": [
                      "211.1.2.1",
                      "212.1.1.1"
                    ]
                  }
                ],
                "macaddress_expression": [],
                "path_expression": []
              },
              {
                "condition": [],
                "ipaddress_expression": [],
                "macaddress_expression": [],
                "path_expression": [
                  {
                    "member_paths": [
                      "/infra/domains/default/groups/group_all",
                      "/infra/domains/default/groups/group_tag"
                    ]
                  }
                ]
              }
            ],
            "description": "Terraform provisioned Group",
            "display_name": "tf-group-110",
            "domain": "default",
            "extended_criteria": [],
            "id": "3c9ad8ee-0b12-4758-9680-697f14eb12e1",
            "nsx_id": "3c9ad8ee-0b12-4758-9680-697f14eb12e1",
            "path": "/infra/domains/default/groups/3c9ad8ee-0b12-4758-9680-697f14eb12e1",
            "revision": 0,
            "tag": []
          },
          "sensitive_attributes": [],
          "private": "bnVsbA==",
          "dependencies": [
            "data.nsxt_policy_group.group_all",
            "data.nsxt_policy_group.group_tag"
          ]
        },
        {
          "index_key": 111,
          "schema_version": 0,
          "attributes": {
            "conjunction": [
              {
                "operator": "OR"
              }
            ],
            "criteria": [
              {
                "condition": [],
                "ipaddress_expression": [
                  {
                    "ip_addresses": [
                      "211.1.2.1",
                      "212.1.1.1"
                    ]
                  }
                ],
                "macaddress_expression": [],
                "path_expression": []
              },
              {
                "condition": [],
                "ipaddress_expression": [],
                "macaddress_expression": [],
                "path_expression": [
                  {
                    "member_paths": [
                      "/infra/domains/default/groups/group_all",
                      "/infra/domains/default/groups/group_tag"
                    ]
                  }
                ]
              }
            ],
            "description": "Terraform provisioned Group",
            "display_name": "tf-group-111",
            "domain": "default",
            "extended_criteria": [],
            "id": "6d58a4ad-c072-4d80-a5b5-c9462dafcb23",
            "nsx_id": "6d58a4ad-c072-4d80-a5b5-c9462dafcb23",
            "path": "/infra/domains/default/groups/6d58a4ad-c072-4d80-a5b5-c9462dafcb23",
            "revision": 0,
            "tag": []
          },
          "sensitive_attributes": [],
          "private": "bnVsbA==",
          "dependencies": [
            "data.nsxt_policy_group.group_all",
            "data.nsxt_policy_group.group_tag"
          ]
        },
        {
          "index_key": 112,
          "schema_version": 0,
          "attributes": {
            "conjunction": [
              {
                "operator": "OR"
              }
            ],
            "criteria": [
              {
                "condition": [],
                "ipaddress_expression": [
                  {
                    "ip_addresses": [
                      "211.1.2.1",
                      "212.1.1.1"
                    ]
                  }
                ],
                "macaddress_expression": [],
                "path_expression": []
              },
              {
                "condition": [],
                "ipaddress_expression": [],
                "macaddress_expression": [],
                "path_expression": [
                  {
                    "member_paths": [
                      "/infra/domains/default/groups/group_all",
                      "/infra/domains/default/groups/group_tag"
                    ]
                  }
                ]
              }
            ],
            "description": "Terraform provisioned Group",
            "display_name": "tf-group-112",
            "domain": "default",
            "extended_criteria": [],
            "id": "35b44201-778c-4ccb-9310-98979def884e",
            "nsx_id": "35b44201-778c-4ccb-9310-98979def884e",
            "path": "/infra/domains/default/groups/35b44201-778c-4ccb-9310-98979def884e",
            "revision": 0,
            "tag": []
          },
          "sensitive_attributes": [],
          "private": "bnVsbA==",
          "dependencies": [
            "data.nsxt_policy_group.group_all",
            "data.nsxt_policy_group.group_tag"
          ]
        },
        {
          "index_key": 113,
          "schema_version": 0,
          "attributes": {
            "conjunction": [
              {
                "operator": "OR"
              }
            ],
            "criteria": [
              {
                "condition": [],
                "ipaddress_expression": [
                  {
                    "ip_addresses": [
                      "211.1.2.1",
                      "212.1.1.1"
                    ]
                  }
                ],
                "macaddress_expression": [],
                "path_expression": []
              },
              {
                "condition": [],
                "ipaddress_expression": [],
                "macaddress_expression": [],
                "path_expression": [
                  {
                    "member_paths": [
                      "/infra/domains/default/groups/group_all",
                      "/infra/domains/default/groups/group_tag"
                    ]
                  }
                ]
              }
            ],
            "description": "Terraform provisioned Group",
            "display_name": "tf-group-113",
            "domain": "default",
            "extended_criteria": [],
            "id": "89d376f3-dc4c-48f0-ae0c-6392d7ee5b49",
            "nsx_id": "89d376f3-dc4c-48f0-ae0c-6392d7ee5b49",
            "path": "/infra/domains/default/groups/89d376f3-dc4c-48f0-ae0c-6392d7ee5b49",
            "revision": 0,
            "tag": []
          },
          "sensitive_attributes": [],
          "private": "bnVsbA==",
          "dependencies": [
            "data.nsxt_policy_group.group_all",
            "data.nsxt_policy_group.group_tag"
          ]
        },
        {
          "index_key": 114,
          "schema_version": 0,
          "attributes": {
            "conjunction": [
              {
                "operator": "OR"
              }
            ],
            "criteria": [
              {
                "condition": [],
                "ipaddress_expression": [
                  {
                    "ip_addresses": [
                      "211.1.2.1",
                      "212.1.1.1"
                    ]
                  }
                ],
                "macaddress_expression": [],
                "path_expression": []
              },
              {
                "condition": [],
                "ipaddress_expression": [],
                "macaddress_expression": [],
                "path_expression": [
                  {
                    "member_paths": [
                      "/infra/domains/default/groups/group_all",
                      "/infra/domains/default/groups/group_tag"
                    ]
                  }
                ]
              }
            ],
            "description": "Terraform provisioned Group",
            "display_name": "tf-group-114",
            "domain": "default",
            "extended_criteria": [],
            "id": "d22b3c7e-9347-4d02-9a4e-1fa9c90d8005",
            "nsx_id": "d22b3c7e-9347-4d02-9a4e-1fa9c90d8005",
            "path": "/infra/domains/default/groups/d22b3c7e-9347-4d02-9a4e-1fa9c90d8005",
            "revision": 0,
            "tag": []
          },
          "sensitive_attributes": [],
          "private": "bnVsbA==",
          "dependencies": [
            "data.nsxt_policy_group.group_all",
            "data.nsxt_policy_group.group_tag"
          ]
        },
        {
          "index_key": 115,
          "schema_version": 0,
          "attributes": {
            "conjunction": [
              {
                "operator": "OR"
              }
            ],
            "criteria": [
              {
                "condition": [],
                "ipaddress_expression": [
                  {
                    "ip_addresses": [
                      "211.1.2.1",
                      "212.1.1.1"
                    ]
                  }
                ],
                "macaddress_expression": [],
                "path_expression": []
              },
              {
                "condition": [],
                "ipaddress_expression": [],
                "macaddress_expression": [],
                "path_expression": [
                  {
                    "member_paths": [
                      "/infra/domains/default/groups/group_all",
                      "/infra/domains/default/groups/group_tag"
                    ]
                  }
                ]
              }
            ],
            "description": "Terraform provisioned Group",
            "display_name": "tf-group-115",
            "domain": "default",
            "extended_criteria": [],
            "id": "428eaf9c-84ac-43de-8949-0c0757f9f7d8",
            "nsx_id": "428eaf9c-84ac-43de-8949-0c0757f9f7d8",
            "path": "/infra/domains/default/groups/428eaf9c-84ac-43de-8949-0c0757f9f7d8",
            "revision": 0,
            "tag": []
          },
          "sensitive_attributes": [],
          "private": "bnVsbA==",
          "dependencies": [
            "data.nsxt_policy_group.group_all",
            "data.nsxt_policy_group.group_tag"
          ]
        },
        {
          "index_key": 116,
          "schema_version": 0,
          "attributes": {
            "conjunction": [
              {
                "operator": "OR"
              }
            ],
            "criteria": [
              {
                "condition": [],
                "ipaddress_expression": [
                  {
                    "ip_addresses": [
                      "211.1.2.1",
                      "212.1.1.1"
                    ]
                  }
                ],
                "macaddress_expression": [],
                "path_expression": []
              },
              {
                "condition": [],
                "ipaddress_expression": [],
                "macaddress_expression": [],
                "path_expression": [
                  {
                    "member_paths": [
                      "/infra/domains/default/groups/group_all",
                      "/infra/domains/default/groups/group_tag"
                    ]
                  }
                ]
              }
            ],
            "description": "Terraform provisioned Group",
            "display_name": "tf-group-116",
            "domain": "default",
            "extended_criteria": [],
            "id": "de63774e-7c77-4ebe-b298-8b628ddf0994",
            "nsx_id": "de63774e-7c77-4ebe-b298-8b628ddf0994",
            "path": "/infra/domains/default/groups/de63774e-7c77-4ebe-b298-8b628ddf0994",
            "revision": 0,
            "tag": []
          },
          "sensitive_attributes": [],
          "private": "bnVsbA==",
          "dependencies": [
            "data.nsxt_policy_group.group_all",
            "data.nsxt_policy_group.group_tag"
          ]
        },
        {
          "index_key": 117,
          "schema_version": 0,
          "attributes": {
            "conjunction": [
              {
                "operator": "OR"
              }
            ],
            "criteria": [
              {
                "condition": [],
                "ipaddress_expression": [
                  {
                    "ip_addresses": [
                      "211.1.2.1",
                      "212.1.1.1"
                    ]
                  }
                ],
                "macaddress_expression": [],
                "path_expression": []
              },
              {
                "condition": [],
                "ipaddress_expression": [],
                "macaddress_expression": [],
                "path_expression": [
                  {
                    "member_paths": [
                      "/infra/domains/default/groups/group_all",
                      "/infra/domains/default/groups/group_tag"
                    ]
                  }
                ]
              }
            ],
            "description": "Terraform provisioned Group",
            "display_name": "tf-group-117",
            "domain": "default",
            "extended_criteria": [],
            "id": "9b2abeda-b430-4077-846a-3bfb339dd66f",
            "nsx_id": "9b2abeda-b430-4077-846a-3bfb339dd66f",
            "path": "/infra/domains/default/groups/9b2abeda-b430-4077-846a-3bfb339dd66f",
            "revision": 0,
            "tag": []
          },
          "sensitive_attributes": [],
          "private": "bnVsbA==",
          "dependencies": [
            "data.nsxt_policy_group.group_all",
            "data.nsxt_policy_group.group_tag"
          ]
        },
        {
          "index_key": 118,
          "schema_version": 0,
          "attributes": {
            "conjunction": [
              {
                "operator": "OR"
              }
            ],
            "criteria": [
              {
                "condition": [],
                "ipaddress_expression": [
                  {
                    "ip_addresses": [
                      "211.1.2.1",
                      "212.1.1.1"
                    ]
                  }
                ],
                "macaddress_expression": [],
                "path_expression": []
              },
              {
                "condition": [],
                "ipaddress_expression": [],
                "macaddress_expression": [],
                "path_expression": [
                  {
                    "member_paths": [
                      "/infra/domains/default/groups/group_all",
                      "/infra/domains/default/groups/group_tag"
                    ]
                  }
                ]
              }
            ],
            "description": "Terraform provisioned Group",
            "display_name": "tf-group-118",
            "domain": "default",
            "extended_criteria": [],
            "id": "3a760c78-d3c4-478f-ba89-9cd5e5d775bb",
            "nsx_id": "3a760c78-d3c4-478f-ba89-9cd5e5d775bb",
            "path": "/infra/domains/default/groups/3a760c78-d3c4-478f-ba89-9cd5e5d775bb",
            "revision": 0,
            "tag": []
          },
          "sensitive_attributes": [],
          "private": "bnVsbA==",
          "dependencies": [
            "data.nsxt_policy_group.group_all",
            "data.nsxt_policy_group.group_tag"
          ]
        },
        {
          "index_key": 119,
          "schema_version": 0,
          "attributes": {
            "conjunction": [
              {
                "operator": "OR"
              }
            ],
            "criteria": [
              {
                "condition": [],
                "ipaddress_expression": [
                  {
                    "ip_addresses": [
                      "211.1.2.1",
                      "212.1.1.1"
                    ]
                  }
                ],
                "macaddress_expression": [],
                "path_expression": []
              },
              {
                "condition": [],
                "ipaddress_expression": [],
                "macaddress_expression": [],
                "path_expression": [
                  {
                    "member_paths": [
                      "/infra/domains/default/groups/group_all",
                      "/infra/domains/default/groups/group_tag"
                    ]
                  }
                ]
              }
            ],
            "description": "Terraform provisioned Group",
            "display_name": "tf-group-119",
            "domain": "default",
            "extended_criteria": [],
            "id": "db4d3556-28a2-4067-8f67-fed20079f4af",
            "nsx_id": "db4d3556-28a2-4067-8f67-fed20079f4af",
            "path": "/infra/domains/default/groups/db4d3556-28a2-4067-8f67-fed20079f4af",
            "revision": 0,
            "tag": []
          },
          "sensitive_attributes": [],
          "private": "bnVsbA==",
          "dependencies": [
            "data.nsxt_policy_group.group_all",
            "data.nsxt_policy_group.group_tag"
          ]
        },
        {
          "index_key": 120,
          "schema_version": 0,
          "attributes": {
            "conjunction": [
              {
                "operator": "OR"
              }
            ],
            "criteria": [
              {
                "condition": [],
                "ipaddress_expression": [
                  {
                    "ip_addresses": [
                      "211.1.2.1",
                      "212.1.1.1"
                    ]
                  }
                ],
                "macaddress_expression": [],
                "path_expression": []
              },
              {
                "condition": [],
                "ipaddress_expression": [],
                "macaddress_expression": [],
                "path_expression": [
                  {
                    "member_paths": [
                      "/infra/domains/default/groups/group_all",
                      "/infra/domains/default/groups/group_tag"
                    ]
                  }
                ]
              }
            ],
            "description": "Terraform provisioned Group",
            "display_name": "tf-group-120",
            "domain": "default",
            "extended_criteria": [],
            "id": "f0185c3d-77ac-4c65-9aad-30a8943c0c80",
            "nsx_id": "f0185c3d-77ac-4c65-9aad-30a8943c0c80",
            "path": "/infra/domains/default/groups/f0185c3d-77ac-4c65-9aad-30a8943c0c80",
            "revision": 0,
            "tag": []
          },
          "sensitive_attributes": [],
          "private": "bnVsbA==",
          "dependencies": [
            "data.nsxt_policy_group.group_all",
            "data.nsxt_policy_group.group_tag"
          ]
        },
        {
          "index_key": 121,
          "schema_version": 0,
          "attributes": {
            "conjunction": [
              {
                "operator": "OR"
              }
            ],
            "criteria": [
              {
                "condition": [],
                "ipaddress_expression": [
                  {
                    "ip_addresses": [
                      "211.1.2.1",
                      "212.1.1.1"
                    ]
                  }
                ],
                "macaddress_expression": [],
                "path_expression": []
              },
              {
                "condition": [],
                "ipaddress_expression": [],
                "macaddress_expression": [],
                "path_expression": [
                  {
                    "member_paths": [
                      "/infra/domains/default/groups/group_all",
                      "/infra/domains/default/groups/group_tag"
                    ]
                  }
                ]
              }
            ],
            "description": "Terraform provisioned Group",
            "display_name": "tf-group-121",
            "domain": "default",
            "extended_criteria": [],
            "id": "8be34ee1-2eda-44d9-a701-9c84753eb3a6",
            "nsx_id": "8be34ee1-2eda-44d9-a701-9c84753eb3a6",
            "path": "/infra/domains/default/groups/8be34ee1-2eda-44d9-a701-9c84753eb3a6",
            "revision": 0,
            "tag": []
          },
          "sensitive_attributes": [],
          "private": "bnVsbA==",
          "dependencies": [
            "data.nsxt_policy_group.group_all",
            "data.nsxt_policy_group.group_tag"
          ]
        },
        {
          "index_key": 122,
          "schema_version": 0,
          "attributes": {
            "conjunction": [
              {
                "operator": "OR"
              }
            ],
            "criteria": [
              {
                "condition": [],
                "ipaddress_expression": [
                  {
                    "ip_addresses": [
                      "211.1.2.1",
                      "212.1.1.1"
                    ]
                  }
                ],
                "macaddress_expression": [],
                "path_expression": []
              },
              {
                "condition": [],
                "ipaddress_expression": [],
                "macaddress_expression": [],
                "path_expression": [
                  {
                    "member_paths": [
                      "/infra/domains/default/groups/group_all",
                      "/infra/domains/default/groups/group_tag"
                    ]
                  }
                ]
              }
            ],
            "description": "Terraform provisioned Group",
            "display_name": "tf-group-122",
            "domain": "default",
            "extended_criteria": [],
            "id": "baef1b7c-5e78-43ef-85d1-2e94028b681b",
            "nsx_id": "baef1b7c-5e78-43ef-85d1-2e94028b681b",
            "path": "/infra/domains/default/groups/baef1b7c-5e78-43ef-85d1-2e94028b681b",
            "revision": 0,
            "tag": []
          },
          "sensitive_attributes": [],
          "private": "bnVsbA==",
          "dependencies": [
            "data.nsxt_policy_group.group_all",
            "data.nsxt_policy_group.group_tag"
          ]
        },
        {
          "index_key": 123,
          "schema_version": 0,
          "attributes": {
            "conjunction": [
              {
                "operator": "OR"
              }
            ],
            "criteria": [
              {
                "condition": [],
                "ipaddress_expression": [
                  {
                    "ip_addresses": [
                      "211.1.2.1",
                      "212.1.1.1"
                    ]
                  }
                ],
                "macaddress_expression": [],
                "path_expression": []
              },
              {
                "condition": [],
                "ipaddress_expression": [],
                "macaddress_expression": [],
                "path_expression": [
                  {
                    "member_paths": [
                      "/infra/domains/default/groups/group_all",
                      "/infra/domains/default/groups/group_tag"
                    ]
                  }
                ]
              }
            ],
            "description": "Terraform provisioned Group",
            "display_name": "tf-group-123",
            "domain": "default",
            "extended_criteria": [],
            "id": "ab22d390-5ddf-4721-97ec-95d948905a63",
            "nsx_id": "ab22d390-5ddf-4721-97ec-95d948905a63",
            "path": "/infra/domains/default/groups/ab22d390-5ddf-4721-97ec-95d948905a63",
            "revision": 0,
            "tag": []
          },
          "sensitive_attributes": [],
          "private": "bnVsbA==",
          "dependencies": [
            "data.nsxt_policy_group.group_all",
            "data.nsxt_policy_group.group_tag"
          ]
        },
        {
          "index_key": 124,
          "schema_version": 0,
          "attributes": {
            "conjunction": [
              {
                "operator": "OR"
              }
            ],
            "criteria": [
              {
                "condition": [],
                "ipaddress_expression": [
                  {
                    "ip_addresses": [
                      "211.1.2.1",
                      "212.1.1.1"
                    ]
                  }
                ],
                "macaddress_expression": [],
                "path_expression": []
              },
              {
                "condition": [],
                "ipaddress_expression": [],
                "macaddress_expression": [],
                "path_expression": [
                  {
                    "member_paths": [
                      "/infra/domains/default/groups/group_all",
                      "/infra/domains/default/groups/group_tag"
                    ]
                  }
                ]
              }
            ],
            "description": "Terraform provisioned Group",
            "display_name": "tf-group-124",
            "domain": "default",
            "extended_criteria": [],
            "id": "40dfe3b5-3cbe-4d89-9c72-62b3c063a1c2",
            "nsx_id": "40dfe3b5-3cbe-4d89-9c72-62b3c063a1c2",
            "path": "/infra/domains/default/groups/40dfe3b5-3cbe-4d89-9c72-62b3c063a1c2",
            "revision": 0,
            "tag": []
          },
          "sensitive_attributes": [],
          "private": "bnVsbA==",
          "dependencies": [
            "data.nsxt_policy_group.group_all",
            "data.nsxt_policy_group.group_tag"
          ]
        },
        {
          "index_key": 125,
          "schema_version": 0,
          "attributes": {
            "conjunction": [
              {
                "operator": "OR"
              }
            ],
            "criteria": [
              {
                "condition": [],
                "ipaddress_expression": [
                  {
                    "ip_addresses": [
                      "211.1.2.1",
                      "212.1.1.1"
                    ]
                  }
                ],
                "macaddress_expression": [],
                "path_expression": []
              },
              {
                "condition": [],
                "ipaddress_expression": [],
                "macaddress_expression": [],
                "path_expression": [
                  {
                    "member_paths": [
                      "/infra/domains/default/groups/group_all",
                      "/infra/domains/default/groups/group_tag"
                    ]
                  }
                ]
              }
            ],
            "description": "Terraform provisioned Group",
            "display_name": "tf-group-125",
            "domain": "default",
            "extended_criteria": [],
            "id": "7608cf9a-1390-46cb-8d6b-84c185c033cc",
            "nsx_id": "7608cf9a-1390-46cb-8d6b-84c185c033cc",
            "path": "/infra/domains/default/groups/7608cf9a-1390-46cb-8d6b-84c185c033cc",
            "revision": 0,
            "tag": []
          },
          "sensitive_attributes": [],
          "private": "bnVsbA==",
          "dependencies": [
            "data.nsxt_policy_group.group_all",
            "data.nsxt_policy_group.group_tag"
          ]
        },
        {
          "index_key": 126,
          "schema_version": 0,
          "attributes": {
            "conjunction": [
              {
                "operator": "OR"
              }
            ],
            "criteria": [
              {
                "condition": [],
                "ipaddress_expression": [
                  {
                    "ip_addresses": [
                      "211.1.2.1",
                      "212.1.1.1"
                    ]
                  }
                ],
                "macaddress_expression": [],
                "path_expression": []
              },
              {
                "condition": [],
                "ipaddress_expression": [],
                "macaddress_expression": [],
                "path_expression": [
                  {
                    "member_paths": [
                      "/infra/domains/default/groups/group_all",
                      "/infra/domains/default/groups/group_tag"
                    ]
                  }
                ]
              }
            ],
            "description": "Terraform provisioned Group",
            "display_name": "tf-group-126",
            "domain": "default",
            "extended_criteria": [],
            "id": "3acd60cd-03be-47a0-a734-0cdf71802759",
            "nsx_id": "3acd60cd-03be-47a0-a734-0cdf71802759",
            "path": "/infra/domains/default/groups/3acd60cd-03be-47a0-a734-0cdf71802759",
            "revision": 0,
            "tag": []
          },
          "sensitive_attributes": [],
          "private": "bnVsbA==",
          "dependencies": [
            "data.nsxt_policy_group.group_all",
            "data.nsxt_policy_group.group_tag"
          ]
        },
        {
          "index_key": 127,
          "schema_version": 0,
          "attributes": {
            "conjunction": [
              {
                "operator": "OR"
              }
            ],
            "criteria": [
              {
                "condition": [],
                "ipaddress_expression": [
                  {
                    "ip_addresses": [
                      "211.1.2.1",
                      "212.1.1.1"
                    ]
                  }
                ],
                "macaddress_expression": [],
                "path_expression": []
              },
              {
                "condition": [],
                "ipaddress_expression": [],
                "macaddress_expression": [],
                "path_expression": [
                  {
                    "member_paths": [
                      "/infra/domains/default/groups/group_all",
                      "/infra/domains/default/groups/group_tag"
                    ]
                  }
                ]
              }
            ],
            "description": "Terraform provisioned Group",
            "display_name": "tf-group-127",
            "domain": "default",
            "extended_criteria": [],
            "id": "011dc2fa-e6cf-4dbb-be85-e0b8fdec365b",
            "nsx_id": "011dc2fa-e6cf-4dbb-be85-e0b8fdec365b",
            "path": "/infra/domains/default/groups/011dc2fa-e6cf-4dbb-be85-e0b8fdec365b",
            "revision": 0,
            "tag": []
          },
          "sensitive_attributes": [],
          "private": "bnVsbA==",
          "dependencies": [
            "data.nsxt_policy_group.group_all",
            "data.nsxt_policy_group.group_tag"
          ]
        },
        {
          "index_key": 128,
          "schema_version": 0,
          "attributes": {
            "conjunction": [
              {
                "operator": "OR"
              }
            ],
            "criteria": [
              {
                "condition": [],
                "ipaddress_expression": [
                  {
                    "ip_addresses": [
                      "211.1.2.1",
                      "212.1.1.1"
                    ]
                  }
                ],
                "macaddress_expression": [],
                "path_expression": []
              },
              {
                "condition": [],
                "ipaddress_expression": [],
                "macaddress_expression": [],
                "path_expression": [
                  {
                    "member_paths": [
                      "/infra/domains/default/groups/group_all",
                      "/infra/domains/default/groups/group_tag"
                    ]
                  }
                ]
              }
            ],
            "description": "Terraform provisioned Group",
            "display_name": "tf-group-128",
            "domain": "default",
            "extended_criteria": [],
            "id": "94b3076b-ccb7-4c75-af3e-01255f4c93de",
            "nsx_id": "94b3076b-ccb7-4c75-af3e-01255f4c93de",
            "path": "/infra/domains/default/groups/94b3076b-ccb7-4c75-af3e-01255f4c93de",
            "revision": 0,
            "tag": []
          },
          "sensitive_attributes": [],
          "private": "bnVsbA==",
          "dependencies": [
            "data.nsxt_policy_group.group_all",
            "data.nsxt_policy_group.group_tag"
          ]
        },
        {
          "index_key": 129,
          "schema_version": 0,
          "attributes": {
            "conjunction": [
              {
                "operator": "OR"
              }
            ],
            "criteria": [
              {
                "condition": [],
                "ipaddress_expression": [
                  {
                    "ip_addresses": [
                      "211.1.2.1",
                      "212.1.1.1"
                    ]
                  }
                ],
                "macaddress_expression": [],
                "path_expression": []
              },
              {
                "condition": [],
                "ipaddress_expression": [],
                "macaddress_expression": [],
                "path_expression": [
                  {
                    "member_paths": [
                      "/infra/domains/default/groups/group_all",
                      "/infra/domains/default/groups/group_tag"
                    ]
                  }
                ]
              }
            ],
            "description": "Terraform provisioned Group",
            "display_name": "tf-group-129",
            "domain": "default",
            "extended_criteria": [],
            "id": "c1db1852-6da2-44a1-b566-085feded06e4",
            "nsx_id": "c1db1852-6da2-44a1-b566-085feded06e4",
            "path": "/infra/domains/default/groups/c1db1852-6da2-44a1-b566-085feded06e4",
            "revision": 0,
            "tag": []
          },
          "sensitive_attributes": [],
          "private": "bnVsbA==",
          "dependencies": [
            "data.nsxt_policy_group.group_all",
            "data.nsxt_policy_group.group_tag"
          ]
        },
        {
          "index_key": 130,
          "schema_version": 0,
          "attributes": {
            "conjunction": [
              {
                "operator": "OR"
              }
            ],
            "criteria": [
              {
                "condition": [],
                "ipaddress_expression": [
                  {
                    "ip_addresses": [
                      "211.1.2.1",
                      "212.1.1.1"
                    ]
                  }
                ],
                "macaddress_expression": [],
                "path_expression": []
              },
              {
                "condition": [],
                "ipaddress_expression": [],
                "macaddress_expression": [],
                "path_expression": [
                  {
                    "member_paths": [
                      "/infra/domains/default/groups/group_all",
                      "/infra/domains/default/groups/group_tag"
                    ]
                  }
                ]
              }
            ],
            "description": "Terraform provisioned Group",
            "display_name": "tf-group-130",
            "domain": "default",
            "extended_criteria": [],
            "id": "d6ed2b99-708e-4ac4-8c6e-8c021bae39a5",
            "nsx_id": "d6ed2b99-708e-4ac4-8c6e-8c021bae39a5",
            "path": "/infra/domains/default/groups/d6ed2b99-708e-4ac4-8c6e-8c021bae39a5",
            "revision": 0,
            "tag": []
          },
          "sensitive_attributes": [],
          "private": "bnVsbA==",
          "dependencies": [
            "data.nsxt_policy_group.group_all",
            "data.nsxt_policy_group.group_tag"
          ]
        },
        {
          "index_key": 131,
          "schema_version": 0,
          "attributes": {
            "conjunction": [
              {
                "operator": "OR"
              }
            ],
            "criteria": [
              {
                "condition": [],
                "ipaddress_expression": [
                  {
                    "ip_addresses": [
                      "211.1.2.1",
                      "212.1.1.1"
                    ]
                  }
                ],
                "macaddress_expression": [],
                "path_expression": []
              },
              {
                "condition": [],
                "ipaddress_expression": [],
                "macaddress_expression": [],
                "path_expression": [
                  {
                    "member_paths": [
                      "/infra/domains/default/groups/group_all",
                      "/infra/domains/default/groups/group_tag"
                    ]
                  }
                ]
              }
            ],
            "description": "Terraform provisioned Group",
            "display_name": "tf-group-131",
            "domain": "default",
            "extended_criteria": [],
            "id": "df1a93c8-c1f5-4db9-b7be-8584e26d22e2",
            "nsx_id": "df1a93c8-c1f5-4db9-b7be-8584e26d22e2",
            "path": "/infra/domains/default/groups/df1a93c8-c1f5-4db9-b7be-8584e26d22e2",
            "revision": 0,
            "tag": []
          },
          "sensitive_attributes": [],
          "private": "bnVsbA==",
          "dependencies": [
            "data.nsxt_policy_group.group_all",
            "data.nsxt_policy_group.group_tag"
          ]
        },
        {
          "index_key": 132,
          "schema_version": 0,
          "attributes": {
            "conjunction": [
              {
                "operator": "OR"
              }
            ],
            "criteria": [
              {
                "condition": [],
                "ipaddress_expression": [
                  {
                    "ip_addresses": [
                      "211.1.2.1",
                      "212.1.1.1"
                    ]
                  }
                ],
                "macaddress_expression": [],
                "path_expression": []
              },
              {
                "condition": [],
                "ipaddress_expression": [],
                "macaddress_expression": [],
                "path_expression": [
                  {
                    "member_paths": [
                      "/infra/domains/default/groups/group_all",
                      "/infra/domains/default/groups/group_tag"
                    ]
                  }
                ]
              }
            ],
            "description": "Terraform provisioned Group",
            "display_name": "tf-group-132",
            "domain": "default",
            "extended_criteria": [],
            "id": "1fdedde3-b076-4773-b3b8-b63423aace25",
            "nsx_id": "1fdedde3-b076-4773-b3b8-b63423aace25",
            "path": "/infra/domains/default/groups/1fdedde3-b076-4773-b3b8-b63423aace25",
            "revision": 0,
            "tag": []
          },
          "sensitive_attributes": [],
          "private": "bnVsbA==",
          "dependencies": [
            "data.nsxt_policy_group.group_all",
            "data.nsxt_policy_group.group_tag"
          ]
        },
        {
          "index_key": 133,
          "schema_version": 0,
          "attributes": {
            "conjunction": [
              {
                "operator": "OR"
              }
            ],
            "criteria": [
              {
                "condition": [],
                "ipaddress_expression": [
                  {
                    "ip_addresses": [
                      "211.1.2.1",
                      "212.1.1.1"
                    ]
                  }
                ],
                "macaddress_expression": [],
                "path_expression": []
              },
              {
                "condition": [],
                "ipaddress_expression": [],
                "macaddress_expression": [],
                "path_expression": [
                  {
                    "member_paths": [
                      "/infra/domains/default/groups/group_all",
                      "/infra/domains/default/groups/group_tag"
                    ]
                  }
                ]
              }
            ],
            "description": "Terraform provisioned Group",
            "display_name": "tf-group-133",
            "domain": "default",
            "extended_criteria": [],
            "id": "ba4da33d-0c2d-4375-9a37-fbc94fececc7",
            "nsx_id": "ba4da33d-0c2d-4375-9a37-fbc94fececc7",
            "path": "/infra/domains/default/groups/ba4da33d-0c2d-4375-9a37-fbc94fececc7",
            "revision": 0,
            "tag": []
          },
          "sensitive_attributes": [],
          "private": "bnVsbA==",
          "dependencies": [
            "data.nsxt_policy_group.group_all",
            "data.nsxt_policy_group.group_tag"
          ]
        },
        {
          "index_key": 134,
          "schema_version": 0,
          "attributes": {
            "conjunction": [
              {
                "operator": "OR"
              }
            ],
            "criteria": [
              {
                "condition": [],
                "ipaddress_expression": [
                  {
                    "ip_addresses": [
                      "211.1.2.1",
                      "212.1.1.1"
                    ]
                  }
                ],
                "macaddress_expression": [],
                "path_expression": []
              },
              {
                "condition": [],
                "ipaddress_expression": [],
                "macaddress_expression": [],
                "path_expression": [
                  {
                    "member_paths": [
                      "/infra/domains/default/groups/group_all",
                      "/infra/domains/default/groups/group_tag"
                    ]
                  }
                ]
              }
            ],
            "description": "Terraform provisioned Group",
            "display_name": "tf-group-134",
            "domain": "default",
            "extended_criteria": [],
            "id": "98b0fcd6-51b2-4ae0-9885-a1e3ec9b5063",
            "nsx_id": "98b0fcd6-51b2-4ae0-9885-a1e3ec9b5063",
            "path": "/infra/domains/default/groups/98b0fcd6-51b2-4ae0-9885-a1e3ec9b5063",
            "revision": 0,
            "tag": []
          },
          "sensitive_attributes": [],
          "private": "bnVsbA==",
          "dependencies": [
            "data.nsxt_policy_group.group_all",
            "data.nsxt_policy_group.group_tag"
          ]
        },
        {
          "index_key": 135,
          "schema_version": 0,
          "attributes": {
            "conjunction": [
              {
                "operator": "OR"
              }
            ],
            "criteria": [
              {
                "condition": [],
                "ipaddress_expression": [
                  {
                    "ip_addresses": [
                      "211.1.2.1",
                      "212.1.1.1"
                    ]
                  }
                ],
                "macaddress_expression": [],
                "path_expression": []
              },
              {
                "condition": [],
                "ipaddress_expression": [],
                "macaddress_expression": [],
                "path_expression": [
                  {
                    "member_paths": [
                      "/infra/domains/default/groups/group_all",
                      "/infra/domains/default/groups/group_tag"
                    ]
                  }
                ]
              }
            ],
            "description": "Terraform provisioned Group",
            "display_name": "tf-group-135",
            "domain": "default",
            "extended_criteria": [],
            "id": "8d973ce4-7204-41a1-8530-e57195977b6e",
            "nsx_id": "8d973ce4-7204-41a1-8530-e57195977b6e",
            "path": "/infra/domains/default/groups/8d973ce4-7204-41a1-8530-e57195977b6e",
            "revision": 0,
            "tag": []
          },
          "sensitive_attributes": [],
          "private": "bnVsbA==",
          "dependencies": [
            "data.nsxt_policy_group.group_all",
            "data.nsxt_policy_group.group_tag"
          ]
        },
        {
          "index_key": 136,
          "schema_version": 0,
          "attributes": {
            "conjunction": [
              {
                "operator": "OR"
              }
            ],
            "criteria": [
              {
                "condition": [],
                "ipaddress_expression": [
                  {
                    "ip_addresses": [
                      "211.1.2.1",
                      "212.1.1.1"
                    ]
                  }
                ],
                "macaddress_expression": [],
                "path_expression": []
              },
              {
                "condition": [],
                "ipaddress_expression": [],
                "macaddress_expression": [],
                "path_expression": [
                  {
                    "member_paths": [
                      "/infra/domains/default/groups/group_all",
                      "/infra/domains/default/groups/group_tag"
                    ]
                  }
                ]
              }
            ],
            "description": "Terraform provisioned Group",
            "display_name": "tf-group-136",
            "domain": "default",
            "extended_criteria": [],
            "id": "4157b5a7-1f8e-42c6-81fc-805fa1938c0e",
            "nsx_id": "4157b5a7-1f8e-42c6-81fc-805fa1938c0e",
            "path": "/infra/domains/default/groups/4157b5a7-1f8e-42c6-81fc-805fa1938c0e",
            "revision": 0,
            "tag": []
          },
          "sensitive_attributes": [],
          "private": "bnVsbA==",
          "dependencies": [
            "data.nsxt_policy_group.group_all",
            "data.nsxt_policy_group.group_tag"
          ]
        },
        {
          "index_key": 137,
          "schema_version": 0,
          "attributes": {
            "conjunction": [
              {
                "operator": "OR"
              }
            ],
            "criteria": [
              {
                "condition": [],
                "ipaddress_expression": [
                  {
                    "ip_addresses": [
                      "211.1.2.1",
                      "212.1.1.1"
                    ]
                  }
                ],
                "macaddress_expression": [],
                "path_expression": []
              },
              {
                "condition": [],
                "ipaddress_expression": [],
                "macaddress_expression": [],
                "path_expression": [
                  {
                    "member_paths": [
                      "/infra/domains/default/groups/group_all",
                      "/infra/domains/default/groups/group_tag"
                    ]
                  }
                ]
              }
            ],
            "description": "Terraform provisioned Group",
            "display_name": "tf-group-137",
            "domain": "default",
            "extended_criteria": [],
            "id": "021e0cb7-a0db-4dbe-8e48-ed755d23c7ea",
            "nsx_id": "021e0cb7-a0db-4dbe-8e48-ed755d23c7ea",
            "path": "/infra/domains/default/groups/021e0cb7-a0db-4dbe-8e48-ed755d23c7ea",
            "revision": 0,
            "tag": []
          },
          "sensitive_attributes": [],
          "private": "bnVsbA==",
          "dependencies": [
            "data.nsxt_policy_group.group_all",
            "data.nsxt_policy_group.group_tag"
          ]
        },
        {
          "index_key": 138,
          "schema_version": 0,
          "attributes": {
            "conjunction": [
              {
                "operator": "OR"
              }
            ],
            "criteria": [
              {
                "condition": [],
                "ipaddress_expression": [
                  {
                    "ip_addresses": [
                      "211.1.2.1",
                      "212.1.1.1"
                    ]
                  }
                ],
                "macaddress_expression": [],
                "path_expression": []
              },
              {
                "condition": [],
                "ipaddress_expression": [],
                "macaddress_expression": [],
                "path_expression": [
                  {
                    "member_paths": [
                      "/infra/domains/default/groups/group_all",
                      "/infra/domains/default/groups/group_tag"
                    ]
                  }
                ]
              }
            ],
            "description": "Terraform provisioned Group",
            "display_name": "tf-group-138",
            "domain": "default",
            "extended_criteria": [],
            "id": "d93f0da8-240a-4c9f-a345-414b56bd2e24",
            "nsx_id": "d93f0da8-240a-4c9f-a345-414b56bd2e24",
            "path": "/infra/domains/default/groups/d93f0da8-240a-4c9f-a345-414b56bd2e24",
            "revision": 0,
            "tag": []
          },
          "sensitive_attributes": [],
          "private": "bnVsbA==",
          "dependencies": [
            "data.nsxt_policy_group.group_all",
            "data.nsxt_policy_group.group_tag"
          ]
        },
        {
          "index_key": 139,
          "schema_version": 0,
          "attributes": {
            "conjunction": [
              {
                "operator": "OR"
              }
            ],
            "criteria": [
              {
                "condition": [],
                "ipaddress_expression": [
                  {
                    "ip_addresses": [
                      "211.1.2.1",
                      "212.1.1.1"
                    ]
                  }
                ],
                "macaddress_expression": [],
                "path_expression": []
              },
              {
                "condition": [],
                "ipaddress_expression": [],
                "macaddress_expression": [],
                "path_expression": [
                  {
                    "member_paths": [
                      "/infra/domains/default/groups/group_all",
                      "/infra/domains/default/groups/group_tag"
                    ]
                  }
                ]
              }
            ],
            "description": "Terraform provisioned Group",
            "display_name": "tf-group-139",
            "domain": "default",
            "extended_criteria": [],
            "id": "8e22bc84-4b91-4f85-871f-eb0ba5eb5c7a",
            "nsx_id": "8e22bc84-4b91-4f85-871f-eb0ba5eb5c7a",
            "path": "/infra/domains/default/groups/8e22bc84-4b91-4f85-871f-eb0ba5eb5c7a",
            "revision": 0,
            "tag": []
          },
          "sensitive_attributes": [],
          "private": "bnVsbA==",
          "dependencies": [
            "data.nsxt_policy_group.group_all",
            "data.nsxt_policy_group.group_tag"
          ]
        },
        {
          "index_key": 140,
          "schema_version": 0,
          "attributes": {
            "conjunction": [
              {
                "operator": "OR"
              }
            ],
            "criteria": [
              {
                "condition": [],
                "ipaddress_expression": [
                  {
                    "ip_addresses": [
                      "211.1.2.1",
                      "212.1.1.1"
                    ]
                  }
                ],
                "macaddress_expression": [],
                "path_expression": []
              },
              {
                "condition": [],
                "ipaddress_expression": [],
                "macaddress_expression": [],
                "path_expression": [
                  {
                    "member_paths": [
                      "/infra/domains/default/groups/group_all",
                      "/infra/domains/default/groups/group_tag"
                    ]
                  }
                ]
              }
            ],
            "description": "Terraform provisioned Group",
            "display_name": "tf-group-140",
            "domain": "default",
            "extended_criteria": [],
            "id": "a0d0fe96-60d5-4e7f-aad9-b302bdbacc1a",
            "nsx_id": "a0d0fe96-60d5-4e7f-aad9-b302bdbacc1a",
            "path": "/infra/domains/default/groups/a0d0fe96-60d5-4e7f-aad9-b302bdbacc1a",
            "revision": 0,
            "tag": []
          },
          "sensitive_attributes": [],
          "private": "bnVsbA==",
          "dependencies": [
            "data.nsxt_policy_group.group_all",
            "data.nsxt_policy_group.group_tag"
          ]
        },
        {
          "index_key": 141,
          "schema_version": 0,
          "attributes": {
            "conjunction": [
              {
                "operator": "OR"
              }
            ],
            "criteria": [
              {
                "condition": [],
                "ipaddress_expression": [
                  {
                    "ip_addresses": [
                      "211.1.2.1",
                      "212.1.1.1"
                    ]
                  }
                ],
                "macaddress_expression": [],
                "path_expression": []
              },
              {
                "condition": [],
                "ipaddress_expression": [],
                "macaddress_expression": [],
                "path_expression": [
                  {
                    "member_paths": [
                      "/infra/domains/default/groups/group_all",
                      "/infra/domains/default/groups/group_tag"
                    ]
                  }
                ]
              }
            ],
            "description": "Terraform provisioned Group",
            "display_name": "tf-group-141",
            "domain": "default",
            "extended_criteria": [],
            "id": "1e4aec27-0b0a-44c3-973b-27a2f20440ab",
            "nsx_id": "1e4aec27-0b0a-44c3-973b-27a2f20440ab",
            "path": "/infra/domains/default/groups/1e4aec27-0b0a-44c3-973b-27a2f20440ab",
            "revision": 0,
            "tag": []
          },
          "sensitive_attributes": [],
          "private": "bnVsbA==",
          "dependencies": [
            "data.nsxt_policy_group.group_all",
            "data.nsxt_policy_group.group_tag"
          ]
        },
        {
          "index_key": 142,
          "schema_version": 0,
          "attributes": {
            "conjunction": [
              {
                "operator": "OR"
              }
            ],
            "criteria": [
              {
                "condition": [],
                "ipaddress_expression": [
                  {
                    "ip_addresses": [
                      "211.1.2.1",
                      "212.1.1.1"
                    ]
                  }
                ],
                "macaddress_expression": [],
                "path_expression": []
              },
              {
                "condition": [],
                "ipaddress_expression": [],
                "macaddress_expression": [],
                "path_expression": [
                  {
                    "member_paths": [
                      "/infra/domains/default/groups/group_all",
                      "/infra/domains/default/groups/group_tag"
                    ]
                  }
                ]
              }
            ],
            "description": "Terraform provisioned Group",
            "display_name": "tf-group-142",
            "domain": "default",
            "extended_criteria": [],
            "id": "2a0de685-7497-4c05-816f-3969b6a0dfce",
            "nsx_id": "2a0de685-7497-4c05-816f-3969b6a0dfce",
            "path": "/infra/domains/default/groups/2a0de685-7497-4c05-816f-3969b6a0dfce",
            "revision": 0,
            "tag": []
          },
          "sensitive_attributes": [],
          "private": "bnVsbA==",
          "dependencies": [
            "data.nsxt_policy_group.group_all",
            "data.nsxt_policy_group.group_tag"
          ]
        },
        {
          "index_key": 143,
          "schema_version": 0,
          "attributes": {
            "conjunction": [
              {
                "operator": "OR"
              }
            ],
            "criteria": [
              {
                "condition": [],
                "ipaddress_expression": [
                  {
                    "ip_addresses": [
                      "211.1.2.1",
                      "212.1.1.1"
                    ]
                  }
                ],
                "macaddress_expression": [],
                "path_expression": []
              },
              {
                "condition": [],
                "ipaddress_expression": [],
                "macaddress_expression": [],
                "path_expression": [
                  {
                    "member_paths": [
                      "/infra/domains/default/groups/group_all",
                      "/infra/domains/default/groups/group_tag"
                    ]
                  }
                ]
              }
            ],
            "description": "Terraform provisioned Group",
            "display_name": "tf-group-143",
            "domain": "default",
            "extended_criteria": [],
            "id": "9a31e1e9-7fa3-4df5-a75f-cdf1406c4bf0",
            "nsx_id": "9a31e1e9-7fa3-4df5-a75f-cdf1406c4bf0",
            "path": "/infra/domains/default/groups/9a31e1e9-7fa3-4df5-a75f-cdf1406c4bf0",
            "revision": 0,
            "tag": []
          },
          "sensitive_attributes": [],
          "private": "bnVsbA==",
          "dependencies": [
            "data.nsxt_policy_group.group_all",
            "data.nsxt_policy_group.group_tag"
          ]
        },
        {
          "index_key": 144,
          "schema_version": 0,
          "attributes": {
            "conjunction": [
              {
                "operator": "OR"
              }
            ],
            "criteria": [
              {
                "condition": [],
                "ipaddress_expression": [
                  {
                    "ip_addresses": [
                      "211.1.2.1",
                      "212.1.1.1"
                    ]
                  }
                ],
                "macaddress_expression": [],
                "path_expression": []
              },
              {
                "condition": [],
                "ipaddress_expression": [],
                "macaddress_expression": [],
                "path_expression": [
                  {
                    "member_paths": [
                      "/infra/domains/default/groups/group_all",
                      "/infra/domains/default/groups/group_tag"
                    ]
                  }
                ]
              }
            ],
            "description": "Terraform provisioned Group",
            "display_name": "tf-group-144",
            "domain": "default",
            "extended_criteria": [],
            "id": "ebddb66a-ff3e-44cc-b4e2-96afa07adf08",
            "nsx_id": "ebddb66a-ff3e-44cc-b4e2-96afa07adf08",
            "path": "/infra/domains/default/groups/ebddb66a-ff3e-44cc-b4e2-96afa07adf08",
            "revision": 0,
            "tag": []
          },
          "sensitive_attributes": [],
          "private": "bnVsbA==",
          "dependencies": [
            "data.nsxt_policy_group.group_all",
            "data.nsxt_policy_group.group_tag"
          ]
        },
        {
          "index_key": 145,
          "schema_version": 0,
          "attributes": {
            "conjunction": [
              {
                "operator": "OR"
              }
            ],
            "criteria": [
              {
                "condition": [],
                "ipaddress_expression": [
                  {
                    "ip_addresses": [
                      "211.1.2.1",
                      "212.1.1.1"
                    ]
                  }
                ],
                "macaddress_expression": [],
                "path_expression": []
              },
              {
                "condition": [],
                "ipaddress_expression": [],
                "macaddress_expression": [],
                "path_expression": [
                  {
                    "member_paths": [
                      "/infra/domains/default/groups/group_all",
                      "/infra/domains/default/groups/group_tag"
                    ]
                  }
                ]
              }
            ],
            "description": "Terraform provisioned Group",
            "display_name": "tf-group-145",
            "domain": "default",
            "extended_criteria": [],
            "id": "2e315c8d-6202-496f-987f-ea428544420e",
            "nsx_id": "2e315c8d-6202-496f-987f-ea428544420e",
            "path": "/infra/domains/default/groups/2e315c8d-6202-496f-987f-ea428544420e",
            "revision": 0,
            "tag": []
          },
          "sensitive_attributes": [],
          "private": "bnVsbA==",
          "dependencies": [
            "data.nsxt_policy_group.group_all",
            "data.nsxt_policy_group.group_tag"
          ]
        },
        {
          "index_key": 146,
          "schema_version": 0,
          "attributes": {
            "conjunction": [
              {
                "operator": "OR"
              }
            ],
            "criteria": [
              {
                "condition": [],
                "ipaddress_expression": [
                  {
                    "ip_addresses": [
                      "211.1.2.1",
                      "212.1.1.1"
                    ]
                  }
                ],
                "macaddress_expression": [],
                "path_expression": []
              },
              {
                "condition": [],
                "ipaddress_expression": [],
                "macaddress_expression": [],
                "path_expression": [
                  {
                    "member_paths": [
                      "/infra/domains/default/groups/group_all",
                      "/infra/domains/default/groups/group_tag"
                    ]
                  }
                ]
              }
            ],
            "description": "Terraform provisioned Group",
            "display_name": "tf-group-146",
            "domain": "default",
            "extended_criteria": [],
            "id": "566feb05-1681-4aad-93c4-6769d5b5ead0",
            "nsx_id": "566feb05-1681-4aad-93c4-6769d5b5ead0",
            "path": "/infra/domains/default/groups/566feb05-1681-4aad-93c4-6769d5b5ead0",
            "revision": 0,
            "tag": []
          },
          "sensitive_attributes": [],
          "private": "bnVsbA==",
          "dependencies": [
            "data.nsxt_policy_group.group_all",
            "data.nsxt_policy_group.group_tag"
          ]
        },
        {
          "index_key": 147,
          "schema_version": 0,
          "attributes": {
            "conjunction": [
              {
                "operator": "OR"
              }
            ],
            "criteria": [
              {
                "condition": [],
                "ipaddress_expression": [
                  {
                    "ip_addresses": [
                      "211.1.2.1",
                      "212.1.1.1"
                    ]
                  }
                ],
                "macaddress_expression": [],
                "path_expression": []
              },
              {
                "condition": [],
                "ipaddress_expression": [],
                "macaddress_expression": [],
                "path_expression": [
                  {
                    "member_paths": [
                      "/infra/domains/default/groups/group_all",
                      "/infra/domains/default/groups/group_tag"
                    ]
                  }
                ]
              }
            ],
            "description": "Terraform provisioned Group",
            "display_name": "tf-group-147",
            "domain": "default",
            "extended_criteria": [],
            "id": "d2b5578d-cb20-44df-8b36-0fe684a48efc",
            "nsx_id": "d2b5578d-cb20-44df-8b36-0fe684a48efc",
            "path": "/infra/domains/default/groups/d2b5578d-cb20-44df-8b36-0fe684a48efc",
            "revision": 0,
            "tag": []
          },
          "sensitive_attributes": [],
          "private": "bnVsbA==",
          "dependencies": [
            "data.nsxt_policy_group.group_all",
            "data.nsxt_policy_group.group_tag"
          ]
        },
        {
          "index_key": 148,
          "schema_version": 0,
          "attributes": {
            "conjunction": [
              {
                "operator": "OR"
              }
            ],
            "criteria": [
              {
                "condition": [],
                "ipaddress_expression": [
                  {
                    "ip_addresses": [
                      "211.1.2.1",
                      "212.1.1.1"
                    ]
                  }
                ],
                "macaddress_expression": [],
                "path_expression": []
              },
              {
                "condition": [],
                "ipaddress_expression": [],
                "macaddress_expression": [],
                "path_expression": [
                  {
                    "member_paths": [
                      "/infra/domains/default/groups/group_all",
                      "/infra/domains/default/groups/group_tag"
                    ]
                  }
                ]
              }
            ],
            "description": "Terraform provisioned Group",
            "display_name": "tf-group-148",
            "domain": "default",
            "extended_criteria": [],
            "id": "8945d494-35da-4c91-8d97-f70703924217",
            "nsx_id": "8945d494-35da-4c91-8d97-f70703924217",
            "path": "/infra/domains/default/groups/8945d494-35da-4c91-8d97-f70703924217",
            "revision": 0,
            "tag": []
          },
          "sensitive_attributes": [],
          "private": "bnVsbA==",
          "dependencies": [
            "data.nsxt_policy_group.group_all",
            "data.nsxt_policy_group.group_tag"
          ]
        },
        {
          "index_key": 149,
          "schema_version": 0,
          "attributes": {
            "conjunction": [
              {
                "operator": "OR"
              }
            ],
            "criteria": [
              {
                "condition": [],
                "ipaddress_expression": [
                  {
                    "ip_addresses": [
                      "211.1.2.1",
                      "212.1.1.1"
                    ]
                  }
                ],
                "macaddress_expression": [],
                "path_expression": []
              },
              {
                "condition": [],
                "ipaddress_expression": [],
                "macaddress_expression": [],
                "path_expression": [
                  {
                    "member_paths": [
                      "/infra/domains/default/groups/group_all",
                      "/infra/domains/default/groups/group_tag"
                    ]
                  }
                ]
              }
            ],
            "description": "Terraform provisioned Group",
            "display_name": "tf-group-149",
            "domain": "default",
            "extended_criteria": [],
            "id": "79bdce85-393d-43ce-af3b-6fb767f6a44a",
            "nsx_id": "79bdce85-393d-43ce-af3b-6fb767f6a44a",
            "path": "/infra/domains/default/groups/79bdce85-393d-43ce-af3b-6fb767f6a44a",
            "revision": 0,
            "tag": []
          },
          "sensitive_attributes": [],
          "private": "bnVsbA==",
          "dependencies": [
            "data.nsxt_policy_group.group_all",
            "data.nsxt_policy_group.group_tag"
          ]
        },
        {
          "index_key": 150,
          "schema_version": 0,
          "attributes": {
            "conjunction": [
              {
                "operator": "OR"
              }
            ],
            "criteria": [
              {
                "condition": [],
                "ipaddress_expression": [
                  {
                    "ip_addresses": [
                      "211.1.2.1",
                      "212.1.1.1"
                    ]
                  }
                ],
                "macaddress_expression": [],
                "path_expression": []
              },
              {
                "condition": [],
                "ipaddress_expression": [],
                "macaddress_expression": [],
                "path_expression": [
                  {
                    "member_paths": [
                      "/infra/domains/default/groups/group_all",
                      "/infra/domains/default/groups/group_tag"
                    ]
                  }
                ]
              }
            ],
            "description": "Terraform provisioned Group",
            "display_name": "tf-group-150",
            "domain": "default",
            "extended_criteria": [],
            "id": "1edb8c32-521b-44d0-9f78-305e5183f92c",
            "nsx_id": "1edb8c32-521b-44d0-9f78-305e5183f92c",
            "path": "/infra/domains/default/groups/1edb8c32-521b-44d0-9f78-305e5183f92c",
            "revision": 0,
            "tag": []
          },
          "sensitive_attributes": [],
          "private": "bnVsbA==",
          "dependencies": [
            "data.nsxt_policy_group.group_all",
            "data.nsxt_policy_group.group_tag"
          ]
        },
        {
          "index_key": 151,
          "schema_version": 0,
          "attributes": {
            "conjunction": [
              {
                "operator": "OR"
              }
            ],
            "criteria": [
              {
                "condition": [],
                "ipaddress_expression": [
                  {
                    "ip_addresses": [
                      "211.1.2.1",
                      "212.1.1.1"
                    ]
                  }
                ],
                "macaddress_expression": [],
                "path_expression": []
              },
              {
                "condition": [],
                "ipaddress_expression": [],
                "macaddress_expression": [],
                "path_expression": [
                  {
                    "member_paths": [
                      "/infra/domains/default/groups/group_all",
                      "/infra/domains/default/groups/group_tag"
                    ]
                  }
                ]
              }
            ],
            "description": "Terraform provisioned Group",
            "display_name": "tf-group-151",
            "domain": "default",
            "extended_criteria": [],
            "id": "3ebed6d0-c165-4fda-ae19-42b4069fcb02",
            "nsx_id": "3ebed6d0-c165-4fda-ae19-42b4069fcb02",
            "path": "/infra/domains/default/groups/3ebed6d0-c165-4fda-ae19-42b4069fcb02",
            "revision": 0,
            "tag": []
          },
          "sensitive_attributes": [],
          "private": "bnVsbA==",
          "dependencies": [
            "data.nsxt_policy_group.group_all",
            "data.nsxt_policy_group.group_tag"
          ]
        },
        {
          "index_key": 152,
          "schema_version": 0,
          "attributes": {
            "conjunction": [
              {
                "operator": "OR"
              }
            ],
            "criteria": [
              {
                "condition": [],
                "ipaddress_expression": [
                  {
                    "ip_addresses": [
                      "211.1.2.1",
                      "212.1.1.1"
                    ]
                  }
                ],
                "macaddress_expression": [],
                "path_expression": []
              },
              {
                "condition": [],
                "ipaddress_expression": [],
                "macaddress_expression": [],
                "path_expression": [
                  {
                    "member_paths": [
                      "/infra/domains/default/groups/group_all",
                      "/infra/domains/default/groups/group_tag"
                    ]
                  }
                ]
              }
            ],
            "description": "Terraform provisioned Group",
            "display_name": "tf-group-152",
            "domain": "default",
            "extended_criteria": [],
            "id": "73a2f43a-d066-4981-a253-2bda97458dd8",
            "nsx_id": "73a2f43a-d066-4981-a253-2bda97458dd8",
            "path": "/infra/domains/default/groups/73a2f43a-d066-4981-a253-2bda97458dd8",
            "revision": 0,
            "tag": []
          },
          "sensitive_attributes": [],
          "private": "bnVsbA==",
          "dependencies": [
            "data.nsxt_policy_group.group_all",
            "data.nsxt_policy_group.group_tag"
          ]
        },
        {
          "index_key": 153,
          "schema_version": 0,
          "attributes": {
            "conjunction": [
              {
                "operator": "OR"
              }
            ],
            "criteria": [
              {
                "condition": [],
                "ipaddress_expression": [
                  {
                    "ip_addresses": [
                      "211.1.2.1",
                      "212.1.1.1"
                    ]
                  }
                ],
                "macaddress_expression": [],
                "path_expression": []
              },
              {
                "condition": [],
                "ipaddress_expression": [],
                "macaddress_expression": [],
                "path_expression": [
                  {
                    "member_paths": [
                      "/infra/domains/default/groups/group_all",
                      "/infra/domains/default/groups/group_tag"
                    ]
                  }
                ]
              }
            ],
            "description": "Terraform provisioned Group",
            "display_name": "tf-group-153",
            "domain": "default",
            "extended_criteria": [],
            "id": "c3296c56-03eb-4fd1-aa5d-9f962b5cb2c1",
            "nsx_id": "c3296c56-03eb-4fd1-aa5d-9f962b5cb2c1",
            "path": "/infra/domains/default/groups/c3296c56-03eb-4fd1-aa5d-9f962b5cb2c1",
            "revision": 0,
            "tag": []
          },
          "sensitive_attributes": [],
          "private": "bnVsbA==",
          "dependencies": [
            "data.nsxt_policy_group.group_all",
            "data.nsxt_policy_group.group_tag"
          ]
        },
        {
          "index_key": 154,
          "schema_version": 0,
          "attributes": {
            "conjunction": [
              {
                "operator": "OR"
              }
            ],
            "criteria": [
              {
                "condition": [],
                "ipaddress_expression": [
                  {
                    "ip_addresses": [
                      "211.1.2.1",
                      "212.1.1.1"
                    ]
                  }
                ],
                "macaddress_expression": [],
                "path_expression": []
              },
              {
                "condition": [],
                "ipaddress_expression": [],
                "macaddress_expression": [],
                "path_expression": [
                  {
                    "member_paths": [
                      "/infra/domains/default/groups/group_all",
                      "/infra/domains/default/groups/group_tag"
                    ]
                  }
                ]
              }
            ],
            "description": "Terraform provisioned Group",
            "display_name": "tf-group-154",
            "domain": "default",
            "extended_criteria": [],
            "id": "ae6f22f6-a7b1-4705-86bf-68db5eac6684",
            "nsx_id": "ae6f22f6-a7b1-4705-86bf-68db5eac6684",
            "path": "/infra/domains/default/groups/ae6f22f6-a7b1-4705-86bf-68db5eac6684",
            "revision": 0,
            "tag": []
          },
          "sensitive_attributes": [],
          "private": "bnVsbA==",
          "dependencies": [
            "data.nsxt_policy_group.group_all",
            "data.nsxt_policy_group.group_tag"
          ]
        },
        {
          "index_key": 155,
          "schema_version": 0,
          "attributes": {
            "conjunction": [
              {
                "operator": "OR"
              }
            ],
            "criteria": [
              {
                "condition": [],
                "ipaddress_expression": [
                  {
                    "ip_addresses": [
                      "211.1.2.1",
                      "212.1.1.1"
                    ]
                  }
                ],
                "macaddress_expression": [],
                "path_expression": []
              },
              {
                "condition": [],
                "ipaddress_expression": [],
                "macaddress_expression": [],
                "path_expression": [
                  {
                    "member_paths": [
                      "/infra/domains/default/groups/group_all",
                      "/infra/domains/default/groups/group_tag"
                    ]
                  }
                ]
              }
            ],
            "description": "Terraform provisioned Group",
            "display_name": "tf-group-155",
            "domain": "default",
            "extended_criteria": [],
            "id": "82cba0f8-c2a4-486b-bd1a-32a5ac3c01df",
            "nsx_id": "82cba0f8-c2a4-486b-bd1a-32a5ac3c01df",
            "path": "/infra/domains/default/groups/82cba0f8-c2a4-486b-bd1a-32a5ac3c01df",
            "revision": 0,
            "tag": []
          },
          "sensitive_attributes": [],
          "private": "bnVsbA==",
          "dependencies": [
            "data.nsxt_policy_group.group_all",
            "data.nsxt_policy_group.group_tag"
          ]
        },
        {
          "index_key": 156,
          "schema_version": 0,
          "attributes": {
            "conjunction": [
              {
                "operator": "OR"
              }
            ],
            "criteria": [
              {
                "condition": [],
                "ipaddress_expression": [
                  {
                    "ip_addresses": [
                      "211.1.2.1",
                      "212.1.1.1"
                    ]
                  }
                ],
                "macaddress_expression": [],
                "path_expression": []
              },
              {
                "condition": [],
                "ipaddress_expression": [],
                "macaddress_expression": [],
                "path_expression": [
                  {
                    "member_paths": [
                      "/infra/domains/default/groups/group_all",
                      "/infra/domains/default/groups/group_tag"
                    ]
                  }
                ]
              }
            ],
            "description": "Terraform provisioned Group",
            "display_name": "tf-group-156",
            "domain": "default",
            "extended_criteria": [],
            "id": "7b0bca21-94e3-484f-aaae-181a58531857",
            "nsx_id": "7b0bca21-94e3-484f-aaae-181a58531857",
            "path": "/infra/domains/default/groups/7b0bca21-94e3-484f-aaae-181a58531857",
            "revision": 0,
            "tag": []
          },
          "sensitive_attributes": [],
          "private": "bnVsbA==",
          "dependencies": [
            "data.nsxt_policy_group.group_all",
            "data.nsxt_policy_group.group_tag"
          ]
        },
        {
          "index_key": 157,
          "schema_version": 0,
          "attributes": {
            "conjunction": [
              {
                "operator": "OR"
              }
            ],
            "criteria": [
              {
                "condition": [],
                "ipaddress_expression": [
                  {
                    "ip_addresses": [
                      "211.1.2.1",
                      "212.1.1.1"
                    ]
                  }
                ],
                "macaddress_expression": [],
                "path_expression": []
              },
              {
                "condition": [],
                "ipaddress_expression": [],
                "macaddress_expression": [],
                "path_expression": [
                  {
                    "member_paths": [
                      "/infra/domains/default/groups/group_all",
                      "/infra/domains/default/groups/group_tag"
                    ]
                  }
                ]
              }
            ],
            "description": "Terraform provisioned Group",
            "display_name": "tf-group-157",
            "domain": "default",
            "extended_criteria": [],
            "id": "6b256f7f-7536-4628-ad84-1ee70bbab9b6",
            "nsx_id": "6b256f7f-7536-4628-ad84-1ee70bbab9b6",
            "path": "/infra/domains/default/groups/6b256f7f-7536-4628-ad84-1ee70bbab9b6",
            "revision": 0,
            "tag": []
          },
          "sensitive_attributes": [],
          "private": "bnVsbA==",
          "dependencies": [
            "data.nsxt_policy_group.group_all",
            "data.nsxt_policy_group.group_tag"
          ]
        },
        {
          "index_key": 158,
          "schema_version": 0,
          "attributes": {
            "conjunction": [
              {
                "operator": "OR"
              }
            ],
            "criteria": [
              {
                "condition": [],
                "ipaddress_expression": [
                  {
                    "ip_addresses": [
                      "211.1.2.1",
                      "212.1.1.1"
                    ]
                  }
                ],
                "macaddress_expression": [],
                "path_expression": []
              },
              {
                "condition": [],
                "ipaddress_expression": [],
                "macaddress_expression": [],
                "path_expression": [
                  {
                    "member_paths": [
                      "/infra/domains/default/groups/group_all",
                      "/infra/domains/default/groups/group_tag"
                    ]
                  }
                ]
              }
            ],
            "description": "Terraform provisioned Group",
            "display_name": "tf-group-158",
            "domain": "default",
            "extended_criteria": [],
            "id": "bd08d6ea-b882-4cd3-8e82-ff0667a16369",
            "nsx_id": "bd08d6ea-b882-4cd3-8e82-ff0667a16369",
            "path": "/infra/domains/default/groups/bd08d6ea-b882-4cd3-8e82-ff0667a16369",
            "revision": 0,
            "tag": []
          },
          "sensitive_attributes": [],
          "private": "bnVsbA==",
          "dependencies": [
            "data.nsxt_policy_group.group_all",
            "data.nsxt_policy_group.group_tag"
          ]
        },
        {
          "index_key": 159,
          "schema_version": 0,
          "attributes": {
            "conjunction": [
              {
                "operator": "OR"
              }
            ],
            "criteria": [
              {
                "condition": [],
                "ipaddress_expression": [
                  {
                    "ip_addresses": [
                      "211.1.2.1",
                      "212.1.1.1"
                    ]
                  }
                ],
                "macaddress_expression": [],
                "path_expression": []
              },
              {
                "condition": [],
                "ipaddress_expression": [],
                "macaddress_expression": [],
                "path_expression": [
                  {
                    "member_paths": [
                      "/infra/domains/default/groups/group_all",
                      "/infra/domains/default/groups/group_tag"
                    ]
                  }
                ]
              }
            ],
            "description": "Terraform provisioned Group",
            "display_name": "tf-group-159",
            "domain": "default",
            "extended_criteria": [],
            "id": "54ec2f35-deb8-4ac9-b4d8-82294f85d647",
            "nsx_id": "54ec2f35-deb8-4ac9-b4d8-82294f85d647",
            "path": "/infra/domains/default/groups/54ec2f35-deb8-4ac9-b4d8-82294f85d647",
            "revision": 0,
            "tag": []
          },
          "sensitive_attributes": [],
          "private": "bnVsbA==",
          "dependencies": [
            "data.nsxt_policy_group.group_all",
            "data.nsxt_policy_group.group_tag"
          ]
        },
        {
          "index_key": 160,
          "schema_version": 0,
          "attributes": {
            "conjunction": [
              {
                "operator": "OR"
              }
            ],
            "criteria": [
              {
                "condition": [],
                "ipaddress_expression": [
                  {
                    "ip_addresses": [
                      "211.1.2.1",
                      "212.1.1.1"
                    ]
                  }
                ],
                "macaddress_expression": [],
                "path_expression": []
              },
              {
                "condition": [],
                "ipaddress_expression": [],
                "macaddress_expression": [],
                "path_expression": [
                  {
                    "member_paths": [
                      "/infra/domains/default/groups/group_all",
                      "/infra/domains/default/groups/group_tag"
                    ]
                  }
                ]
              }
            ],
            "description": "Terraform provisioned Group",
            "display_name": "tf-group-160",
            "domain": "default",
            "extended_criteria": [],
            "id": "17682bb8-d1d1-4335-8038-e6f97159d6c0",
            "nsx_id": "17682bb8-d1d1-4335-8038-e6f97159d6c0",
            "path": "/infra/domains/default/groups/17682bb8-d1d1-4335-8038-e6f97159d6c0",
            "revision": 0,
            "tag": []
          },
          "sensitive_attributes": [],
          "private": "bnVsbA==",
          "dependencies": [
            "data.nsxt_policy_group.group_all",
            "data.nsxt_policy_group.group_tag"
          ]
        },
        {
          "index_key": 161,
          "schema_version": 0,
          "attributes": {
            "conjunction": [
              {
                "operator": "OR"
              }
            ],
            "criteria": [
              {
                "condition": [],
                "ipaddress_expression": [
                  {
                    "ip_addresses": [
                      "211.1.2.1",
                      "212.1.1.1"
                    ]
                  }
                ],
                "macaddress_expression": [],
                "path_expression": []
              },
              {
                "condition": [],
                "ipaddress_expression": [],
                "macaddress_expression": [],
                "path_expression": [
                  {
                    "member_paths": [
                      "/infra/domains/default/groups/group_all",
                      "/infra/domains/default/groups/group_tag"
                    ]
                  }
                ]
              }
            ],
            "description": "Terraform provisioned Group",
            "display_name": "tf-group-161",
            "domain": "default",
            "extended_criteria": [],
            "id": "3e29cdeb-d50b-45a4-9da7-bf345b58b45e",
            "nsx_id": "3e29cdeb-d50b-45a4-9da7-bf345b58b45e",
            "path": "/infra/domains/default/groups/3e29cdeb-d50b-45a4-9da7-bf345b58b45e",
            "revision": 0,
            "tag": []
          },
          "sensitive_attributes": [],
          "private": "bnVsbA==",
          "dependencies": [
            "data.nsxt_policy_group.group_all",
            "data.nsxt_policy_group.group_tag"
          ]
        },
        {
          "index_key": 162,
          "schema_version": 0,
          "attributes": {
            "conjunction": [
              {
                "operator": "OR"
              }
            ],
            "criteria": [
              {
                "condition": [],
                "ipaddress_expression": [
                  {
                    "ip_addresses": [
                      "211.1.2.1",
                      "212.1.1.1"
                    ]
                  }
                ],
                "macaddress_expression": [],
                "path_expression": []
              },
              {
                "condition": [],
                "ipaddress_expression": [],
                "macaddress_expression": [],
                "path_expression": [
                  {
                    "member_paths": [
                      "/infra/domains/default/groups/group_all",
                      "/infra/domains/default/groups/group_tag"
                    ]
                  }
                ]
              }
            ],
            "description": "Terraform provisioned Group",
            "display_name": "tf-group-162",
            "domain": "default",
            "extended_criteria": [],
            "id": "3a905240-b5da-4d1e-8102-151d13a53752",
            "nsx_id": "3a905240-b5da-4d1e-8102-151d13a53752",
            "path": "/infra/domains/default/groups/3a905240-b5da-4d1e-8102-151d13a53752",
            "revision": 0,
            "tag": []
          },
          "sensitive_attributes": [],
          "private": "bnVsbA==",
          "dependencies": [
            "data.nsxt_policy_group.group_all",
            "data.nsxt_policy_group.group_tag"
          ]
        },
        {
          "index_key": 163,
          "schema_version": 0,
          "attributes": {
            "conjunction": [
              {
                "operator": "OR"
              }
            ],
            "criteria": [
              {
                "condition": [],
                "ipaddress_expression": [
                  {
                    "ip_addresses": [
                      "211.1.2.1",
                      "212.1.1.1"
                    ]
                  }
                ],
                "macaddress_expression": [],
                "path_expression": []
              },
              {
                "condition": [],
                "ipaddress_expression": [],
                "macaddress_expression": [],
                "path_expression": [
                  {
                    "member_paths": [
                      "/infra/domains/default/groups/group_all",
                      "/infra/domains/default/groups/group_tag"
                    ]
                  }
                ]
              }
            ],
            "description": "Terraform provisioned Group",
            "display_name": "tf-group-163",
            "domain": "default",
            "extended_criteria": [],
            "id": "347e064c-76e3-4492-92a0-c2f849431bd8",
            "nsx_id": "347e064c-76e3-4492-92a0-c2f849431bd8",
            "path": "/infra/domains/default/groups/347e064c-76e3-4492-92a0-c2f849431bd8",
            "revision": 0,
            "tag": []
          },
          "sensitive_attributes": [],
          "private": "bnVsbA==",
          "dependencies": [
            "data.nsxt_policy_group.group_all",
            "data.nsxt_policy_group.group_tag"
          ]
        },
        {
          "index_key": 164,
          "schema_version": 0,
          "attributes": {
            "conjunction": [
              {
                "operator": "OR"
              }
            ],
            "criteria": [
              {
                "condition": [],
                "ipaddress_expression": [
                  {
                    "ip_addresses": [
                      "211.1.2.1",
                      "212.1.1.1"
                    ]
                  }
                ],
                "macaddress_expression": [],
                "path_expression": []
              },
              {
                "condition": [],
                "ipaddress_expression": [],
                "macaddress_expression": [],
                "path_expression": [
                  {
                    "member_paths": [
                      "/infra/domains/default/groups/group_all",
                      "/infra/domains/default/groups/group_tag"
                    ]
                  }
                ]
              }
            ],
            "description": "Terraform provisioned Group",
            "display_name": "tf-group-164",
            "domain": "default",
            "extended_criteria": [],
            "id": "6b790bed-2f36-42d1-87cb-58f9d2d8d7c6",
            "nsx_id": "6b790bed-2f36-42d1-87cb-58f9d2d8d7c6",
            "path": "/infra/domains/default/groups/6b790bed-2f36-42d1-87cb-58f9d2d8d7c6",
            "revision": 0,
            "tag": []
          },
          "sensitive_attributes": [],
          "private": "bnVsbA==",
          "dependencies": [
            "data.nsxt_policy_group.group_all",
            "data.nsxt_policy_group.group_tag"
          ]
        },
        {
          "index_key": 165,
          "schema_version": 0,
          "attributes": {
            "conjunction": [
              {
                "operator": "OR"
              }
            ],
            "criteria": [
              {
                "condition": [],
                "ipaddress_expression": [
                  {
                    "ip_addresses": [
                      "211.1.2.1",
                      "212.1.1.1"
                    ]
                  }
                ],
                "macaddress_expression": [],
                "path_expression": []
              },
              {
                "condition": [],
                "ipaddress_expression": [],
                "macaddress_expression": [],
                "path_expression": [
                  {
                    "member_paths": [
                      "/infra/domains/default/groups/group_all",
                      "/infra/domains/default/groups/group_tag"
                    ]
                  }
                ]
              }
            ],
            "description": "Terraform provisioned Group",
            "display_name": "tf-group-165",
            "domain": "default",
            "extended_criteria": [],
            "id": "03888da8-342a-4a29-af7c-f9404602835b",
            "nsx_id": "03888da8-342a-4a29-af7c-f9404602835b",
            "path": "/infra/domains/default/groups/03888da8-342a-4a29-af7c-f9404602835b",
            "revision": 0,
            "tag": []
          },
          "sensitive_attributes": [],
          "private": "bnVsbA==",
          "dependencies": [
            "data.nsxt_policy_group.group_all",
            "data.nsxt_policy_group.group_tag"
          ]
        },
        {
          "index_key": 166,
          "schema_version": 0,
          "attributes": {
            "conjunction": [
              {
                "operator": "OR"
              }
            ],
            "criteria": [
              {
                "condition": [],
                "ipaddress_expression": [
                  {
                    "ip_addresses": [
                      "211.1.2.1",
                      "212.1.1.1"
                    ]
                  }
                ],
                "macaddress_expression": [],
                "path_expression": []
              },
              {
                "condition": [],
                "ipaddress_expression": [],
                "macaddress_expression": [],
                "path_expression": [
                  {
                    "member_paths": [
                      "/infra/domains/default/groups/group_all",
                      "/infra/domains/default/groups/group_tag"
                    ]
                  }
                ]
              }
            ],
            "description": "Terraform provisioned Group",
            "display_name": "tf-group-166",
            "domain": "default",
            "extended_criteria": [],
            "id": "7f335047-f92b-42dd-9a11-64521e1bbddf",
            "nsx_id": "7f335047-f92b-42dd-9a11-64521e1bbddf",
            "path": "/infra/domains/default/groups/7f335047-f92b-42dd-9a11-64521e1bbddf",
            "revision": 0,
            "tag": []
          },
          "sensitive_attributes": [],
          "private": "bnVsbA==",
          "dependencies": [
            "data.nsxt_policy_group.group_all",
            "data.nsxt_policy_group.group_tag"
          ]
        },
        {
          "index_key": 167,
          "schema_version": 0,
          "attributes": {
            "conjunction": [
              {
                "operator": "OR"
              }
            ],
            "criteria": [
              {
                "condition": [],
                "ipaddress_expression": [
                  {
                    "ip_addresses": [
                      "211.1.2.1",
                      "212.1.1.1"
                    ]
                  }
                ],
                "macaddress_expression": [],
                "path_expression": []
              },
              {
                "condition": [],
                "ipaddress_expression": [],
                "macaddress_expression": [],
                "path_expression": [
                  {
                    "member_paths": [
                      "/infra/domains/default/groups/group_all",
                      "/infra/domains/default/groups/group_tag"
                    ]
                  }
                ]
              }
            ],
            "description": "Terraform provisioned Group",
            "display_name": "tf-group-167",
            "domain": "default",
            "extended_criteria": [],
            "id": "c8f7ffb5-94bc-4ddd-b1b3-f7411c302bb7",
            "nsx_id": "c8f7ffb5-94bc-4ddd-b1b3-f7411c302bb7",
            "path": "/infra/domains/default/groups/c8f7ffb5-94bc-4ddd-b1b3-f7411c302bb7",
            "revision": 0,
            "tag": []
          },
          "sensitive_attributes": [],
          "private": "bnVsbA==",
          "dependencies": [
            "data.nsxt_policy_group.group_all",
            "data.nsxt_policy_group.group_tag"
          ]
        },
        {
          "index_key": 168,
          "schema_version": 0,
          "attributes": {
            "conjunction": [
              {
                "operator": "OR"
              }
            ],
            "criteria": [
              {
                "condition": [],
                "ipaddress_expression": [
                  {
                    "ip_addresses": [
                      "211.1.2.1",
                      "212.1.1.1"
                    ]
                  }
                ],
                "macaddress_expression": [],
                "path_expression": []
              },
              {
                "condition": [],
                "ipaddress_expression": [],
                "macaddress_expression": [],
                "path_expression": [
                  {
                    "member_paths": [
                      "/infra/domains/default/groups/group_all",
                      "/infra/domains/default/groups/group_tag"
                    ]
                  }
                ]
              }
            ],
            "description": "Terraform provisioned Group",
            "display_name": "tf-group-168",
            "domain": "default",
            "extended_criteria": [],
            "id": "1b7101f8-c23a-4759-90bf-840ee6f45a37",
            "nsx_id": "1b7101f8-c23a-4759-90bf-840ee6f45a37",
            "path": "/infra/domains/default/groups/1b7101f8-c23a-4759-90bf-840ee6f45a37",
            "revision": 0,
            "tag": []
          },
          "sensitive_attributes": [],
          "private": "bnVsbA==",
          "dependencies": [
            "data.nsxt_policy_group.group_all",
            "data.nsxt_policy_group.group_tag"
          ]
        },
        {
          "index_key": 169,
          "schema_version": 0,
          "attributes": {
            "conjunction": [
              {
                "operator": "OR"
              }
            ],
            "criteria": [
              {
                "condition": [],
                "ipaddress_expression": [
                  {
                    "ip_addresses": [
                      "211.1.2.1",
                      "212.1.1.1"
                    ]
                  }
                ],
                "macaddress_expression": [],
                "path_expression": []
              },
              {
                "condition": [],
                "ipaddress_expression": [],
                "macaddress_expression": [],
                "path_expression": [
                  {
                    "member_paths": [
                      "/infra/domains/default/groups/group_all",
                      "/infra/domains/default/groups/group_tag"
                    ]
                  }
                ]
              }
            ],
            "description": "Terraform provisioned Group",
            "display_name": "tf-group-169",
            "domain": "default",
            "extended_criteria": [],
            "id": "eb058615-c9ff-4794-ae29-7e56cbac3b20",
            "nsx_id": "eb058615-c9ff-4794-ae29-7e56cbac3b20",
            "path": "/infra/domains/default/groups/eb058615-c9ff-4794-ae29-7e56cbac3b20",
            "revision": 0,
            "tag": []
          },
          "sensitive_attributes": [],
          "private": "bnVsbA==",
          "dependencies": [
            "data.nsxt_policy_group.group_all",
            "data.nsxt_policy_group.group_tag"
          ]
        },
        {
          "index_key": 170,
          "schema_version": 0,
          "attributes": {
            "conjunction": [
              {
                "operator": "OR"
              }
            ],
            "criteria": [
              {
                "condition": [],
                "ipaddress_expression": [
                  {
                    "ip_addresses": [
                      "211.1.2.1",
                      "212.1.1.1"
                    ]
                  }
                ],
                "macaddress_expression": [],
                "path_expression": []
              },
              {
                "condition": [],
                "ipaddress_expression": [],
                "macaddress_expression": [],
                "path_expression": [
                  {
                    "member_paths": [
                      "/infra/domains/default/groups/group_all",
                      "/infra/domains/default/groups/group_tag"
                    ]
                  }
                ]
              }
            ],
            "description": "Terraform provisioned Group",
            "display_name": "tf-group-170",
            "domain": "default",
            "extended_criteria": [],
            "id": "8ca050cc-7c84-4216-b2e6-2b94af12fc0b",
            "nsx_id": "8ca050cc-7c84-4216-b2e6-2b94af12fc0b",
            "path": "/infra/domains/default/groups/8ca050cc-7c84-4216-b2e6-2b94af12fc0b",
            "revision": 0,
            "tag": []
          },
          "sensitive_attributes": [],
          "private": "bnVsbA==",
          "dependencies": [
            "data.nsxt_policy_group.group_all",
            "data.nsxt_policy_group.group_tag"
          ]
        },
        {
          "index_key": 171,
          "schema_version": 0,
          "attributes": {
            "conjunction": [
              {
                "operator": "OR"
              }
            ],
            "criteria": [
              {
                "condition": [],
                "ipaddress_expression": [
                  {
                    "ip_addresses": [
                      "211.1.2.1",
                      "212.1.1.1"
                    ]
                  }
                ],
                "macaddress_expression": [],
                "path_expression": []
              },
              {
                "condition": [],
                "ipaddress_expression": [],
                "macaddress_expression": [],
                "path_expression": [
                  {
                    "member_paths": [
                      "/infra/domains/default/groups/group_all",
                      "/infra/domains/default/groups/group_tag"
                    ]
                  }
                ]
              }
            ],
            "description": "Terraform provisioned Group",
            "display_name": "tf-group-171",
            "domain": "default",
            "extended_criteria": [],
            "id": "0c7891c0-6b1c-4ef9-9aae-2df21e129c84",
            "nsx_id": "0c7891c0-6b1c-4ef9-9aae-2df21e129c84",
            "path": "/infra/domains/default/groups/0c7891c0-6b1c-4ef9-9aae-2df21e129c84",
            "revision": 0,
            "tag": []
          },
          "sensitive_attributes": [],
          "private": "bnVsbA==",
          "dependencies": [
            "data.nsxt_policy_group.group_all",
            "data.nsxt_policy_group.group_tag"
          ]
        },
        {
          "index_key": 172,
          "schema_version": 0,
          "attributes": {
            "conjunction": [
              {
                "operator": "OR"
              }
            ],
            "criteria": [
              {
                "condition": [],
                "ipaddress_expression": [
                  {
                    "ip_addresses": [
                      "211.1.2.1",
                      "212.1.1.1"
                    ]
                  }
                ],
                "macaddress_expression": [],
                "path_expression": []
              },
              {
                "condition": [],
                "ipaddress_expression": [],
                "macaddress_expression": [],
                "path_expression": [
                  {
                    "member_paths": [
                      "/infra/domains/default/groups/group_all",
                      "/infra/domains/default/groups/group_tag"
                    ]
                  }
                ]
              }
            ],
            "description": "Terraform provisioned Group",
            "display_name": "tf-group-172",
            "domain": "default",
            "extended_criteria": [],
            "id": "ba146b05-7585-4d0a-9b5d-89fd600fd1c4",
            "nsx_id": "ba146b05-7585-4d0a-9b5d-89fd600fd1c4",
            "path": "/infra/domains/default/groups/ba146b05-7585-4d0a-9b5d-89fd600fd1c4",
            "revision": 0,
            "tag": []
          },
          "sensitive_attributes": [],
          "private": "bnVsbA==",
          "dependencies": [
            "data.nsxt_policy_group.group_all",
            "data.nsxt_policy_group.group_tag"
          ]
        },
        {
          "index_key": 173,
          "schema_version": 0,
          "attributes": {
            "conjunction": [
              {
                "operator": "OR"
              }
            ],
            "criteria": [
              {
                "condition": [],
                "ipaddress_expression": [
                  {
                    "ip_addresses": [
                      "211.1.2.1",
                      "212.1.1.1"
                    ]
                  }
                ],
                "macaddress_expression": [],
                "path_expression": []
              },
              {
                "condition": [],
                "ipaddress_expression": [],
                "macaddress_expression": [],
                "path_expression": [
                  {
                    "member_paths": [
                      "/infra/domains/default/groups/group_all",
                      "/infra/domains/default/groups/group_tag"
                    ]
                  }
                ]
              }
            ],
            "description": "Terraform provisioned Group",
            "display_name": "tf-group-173",
            "domain": "default",
            "extended_criteria": [],
            "id": "afbe465c-a6d8-4fce-aad5-d74c4177e1cc",
            "nsx_id": "afbe465c-a6d8-4fce-aad5-d74c4177e1cc",
            "path": "/infra/domains/default/groups/afbe465c-a6d8-4fce-aad5-d74c4177e1cc",
            "revision": 0,
            "tag": []
          },
          "sensitive_attributes": [],
          "private": "bnVsbA==",
          "dependencies": [
            "data.nsxt_policy_group.group_all",
            "data.nsxt_policy_group.group_tag"
          ]
        },
        {
          "index_key": 174,
          "schema_version": 0,
          "attributes": {
            "conjunction": [
              {
                "operator": "OR"
              }
            ],
            "criteria": [
              {
                "condition": [],
                "ipaddress_expression": [
                  {
                    "ip_addresses": [
                      "211.1.2.1",
                      "212.1.1.1"
                    ]
                  }
                ],
                "macaddress_expression": [],
                "path_expression": []
              },
              {
                "condition": [],
                "ipaddress_expression": [],
                "macaddress_expression": [],
                "path_expression": [
                  {
                    "member_paths": [
                      "/infra/domains/default/groups/group_all",
                      "/infra/domains/default/groups/group_tag"
                    ]
                  }
                ]
              }
            ],
            "description": "Terraform provisioned Group",
            "display_name": "tf-group-174",
            "domain": "default",
            "extended_criteria": [],
            "id": "2fdea114-392d-4599-b683-dce139a53969",
            "nsx_id": "2fdea114-392d-4599-b683-dce139a53969",
            "path": "/infra/domains/default/groups/2fdea114-392d-4599-b683-dce139a53969",
            "revision": 0,
            "tag": []
          },
          "sensitive_attributes": [],
          "private": "bnVsbA==",
          "dependencies": [
            "data.nsxt_policy_group.group_all",
            "data.nsxt_policy_group.group_tag"
          ]
        },
        {
          "index_key": 175,
          "schema_version": 0,
          "attributes": {
            "conjunction": [
              {
                "operator": "OR"
              }
            ],
            "criteria": [
              {
                "condition": [],
                "ipaddress_expression": [
                  {
                    "ip_addresses": [
                      "211.1.2.1",
                      "212.1.1.1"
                    ]
                  }
                ],
                "macaddress_expression": [],
                "path_expression": []
              },
              {
                "condition": [],
                "ipaddress_expression": [],
                "macaddress_expression": [],
                "path_expression": [
                  {
                    "member_paths": [
                      "/infra/domains/default/groups/group_all",
                      "/infra/domains/default/groups/group_tag"
                    ]
                  }
                ]
              }
            ],
            "description": "Terraform provisioned Group",
            "display_name": "tf-group-175",
            "domain": "default",
            "extended_criteria": [],
            "id": "98ff3d65-8736-4cb3-8a65-b302d5b61ab4",
            "nsx_id": "98ff3d65-8736-4cb3-8a65-b302d5b61ab4",
            "path": "/infra/domains/default/groups/98ff3d65-8736-4cb3-8a65-b302d5b61ab4",
            "revision": 0,
            "tag": []
          },
          "sensitive_attributes": [],
          "private": "bnVsbA==",
          "dependencies": [
            "data.nsxt_policy_group.group_all",
            "data.nsxt_policy_group.group_tag"
          ]
        },
        {
          "index_key": 176,
          "schema_version": 0,
          "attributes": {
            "conjunction": [
              {
                "operator": "OR"
              }
            ],
            "criteria": [
              {
                "condition": [],
                "ipaddress_expression": [
                  {
                    "ip_addresses": [
                      "211.1.2.1",
                      "212.1.1.1"
                    ]
                  }
                ],
                "macaddress_expression": [],
                "path_expression": []
              },
              {
                "condition": [],
                "ipaddress_expression": [],
                "macaddress_expression": [],
                "path_expression": [
                  {
                    "member_paths": [
                      "/infra/domains/default/groups/group_all",
                      "/infra/domains/default/groups/group_tag"
                    ]
                  }
                ]
              }
            ],
            "description": "Terraform provisioned Group",
            "display_name": "tf-group-176",
            "domain": "default",
            "extended_criteria": [],
            "id": "b35c8c5b-bbc0-4dff-8da1-1d520bfa35f6",
            "nsx_id": "b35c8c5b-bbc0-4dff-8da1-1d520bfa35f6",
            "path": "/infra/domains/default/groups/b35c8c5b-bbc0-4dff-8da1-1d520bfa35f6",
            "revision": 0,
            "tag": []
          },
          "sensitive_attributes": [],
          "private": "bnVsbA==",
          "dependencies": [
            "data.nsxt_policy_group.group_all",
            "data.nsxt_policy_group.group_tag"
          ]
        },
        {
          "index_key": 177,
          "schema_version": 0,
          "attributes": {
            "conjunction": [
              {
                "operator": "OR"
              }
            ],
            "criteria": [
              {
                "condition": [],
                "ipaddress_expression": [
                  {
                    "ip_addresses": [
                      "211.1.2.1",
                      "212.1.1.1"
                    ]
                  }
                ],
                "macaddress_expression": [],
                "path_expression": []
              },
              {
                "condition": [],
                "ipaddress_expression": [],
                "macaddress_expression": [],
                "path_expression": [
                  {
                    "member_paths": [
                      "/infra/domains/default/groups/group_all",
                      "/infra/domains/default/groups/group_tag"
                    ]
                  }
                ]
              }
            ],
            "description": "Terraform provisioned Group",
            "display_name": "tf-group-177",
            "domain": "default",
            "extended_criteria": [],
            "id": "bf0ce1fd-a123-4f7f-b7c5-9f09f6744e7f",
            "nsx_id": "bf0ce1fd-a123-4f7f-b7c5-9f09f6744e7f",
            "path": "/infra/domains/default/groups/bf0ce1fd-a123-4f7f-b7c5-9f09f6744e7f",
            "revision": 0,
            "tag": []
          },
          "sensitive_attributes": [],
          "private": "bnVsbA==",
          "dependencies": [
            "data.nsxt_policy_group.group_all",
            "data.nsxt_policy_group.group_tag"
          ]
        },
        {
          "index_key": 178,
          "schema_version": 0,
          "attributes": {
            "conjunction": [
              {
                "operator": "OR"
              }
            ],
            "criteria": [
              {
                "condition": [],
                "ipaddress_expression": [
                  {
                    "ip_addresses": [
                      "211.1.2.1",
                      "212.1.1.1"
                    ]
                  }
                ],
                "macaddress_expression": [],
                "path_expression": []
              },
              {
                "condition": [],
                "ipaddress_expression": [],
                "macaddress_expression": [],
                "path_expression": [
                  {
                    "member_paths": [
                      "/infra/domains/default/groups/group_all",
                      "/infra/domains/default/groups/group_tag"
                    ]
                  }
                ]
              }
            ],
            "description": "Terraform provisioned Group",
            "display_name": "tf-group-178",
            "domain": "default",
            "extended_criteria": [],
            "id": "c2c0d450-ea08-4b2d-a543-ea90fb35aec5",
            "nsx_id": "c2c0d450-ea08-4b2d-a543-ea90fb35aec5",
            "path": "/infra/domains/default/groups/c2c0d450-ea08-4b2d-a543-ea90fb35aec5",
            "revision": 0,
            "tag": []
          },
          "sensitive_attributes": [],
          "private": "bnVsbA==",
          "dependencies": [
            "data.nsxt_policy_group.group_all",
            "data.nsxt_policy_group.group_tag"
          ]
        },
        {
          "index_key": 179,
          "schema_version": 0,
          "attributes": {
            "conjunction": [
              {
                "operator": "OR"
              }
            ],
            "criteria": [
              {
                "condition": [],
                "ipaddress_expression": [
                  {
                    "ip_addresses": [
                      "211.1.2.1",
                      "212.1.1.1"
                    ]
                  }
                ],
                "macaddress_expression": [],
                "path_expression": []
              },
              {
                "condition": [],
                "ipaddress_expression": [],
                "macaddress_expression": [],
                "path_expression": [
                  {
                    "member_paths": [
                      "/infra/domains/default/groups/group_all",
                      "/infra/domains/default/groups/group_tag"
                    ]
                  }
                ]
              }
            ],
            "description": "Terraform provisioned Group",
            "display_name": "tf-group-179",
            "domain": "default",
            "extended_criteria": [],
            "id": "af27b1fb-0d59-481a-9e73-605a363cbbcd",
            "nsx_id": "af27b1fb-0d59-481a-9e73-605a363cbbcd",
            "path": "/infra/domains/default/groups/af27b1fb-0d59-481a-9e73-605a363cbbcd",
            "revision": 0,
            "tag": []
          },
          "sensitive_attributes": [],
          "private": "bnVsbA==",
          "dependencies": [
            "data.nsxt_policy_group.group_all",
            "data.nsxt_policy_group.group_tag"
          ]
        },
        {
          "index_key": 180,
          "schema_version": 0,
          "attributes": {
            "conjunction": [
              {
                "operator": "OR"
              }
            ],
            "criteria": [
              {
                "condition": [],
                "ipaddress_expression": [
                  {
                    "ip_addresses": [
                      "211.1.2.1",
                      "212.1.1.1"
                    ]
                  }
                ],
                "macaddress_expression": [],
                "path_expression": []
              },
              {
                "condition": [],
                "ipaddress_expression": [],
                "macaddress_expression": [],
                "path_expression": [
                  {
                    "member_paths": [
                      "/infra/domains/default/groups/group_all",
                      "/infra/domains/default/groups/group_tag"
                    ]
                  }
                ]
              }
            ],
            "description": "Terraform provisioned Group",
            "display_name": "tf-group-180",
            "domain": "default",
            "extended_criteria": [],
            "id": "cb0675d9-06cb-4e61-a9c2-a115acfbe647",
            "nsx_id": "cb0675d9-06cb-4e61-a9c2-a115acfbe647",
            "path": "/infra/domains/default/groups/cb0675d9-06cb-4e61-a9c2-a115acfbe647",
            "revision": 0,
            "tag": []
          },
          "sensitive_attributes": [],
          "private": "bnVsbA==",
          "dependencies": [
            "data.nsxt_policy_group.group_all",
            "data.nsxt_policy_group.group_tag"
          ]
        },
        {
          "index_key": 181,
          "schema_version": 0,
          "attributes": {
            "conjunction": [
              {
                "operator": "OR"
              }
            ],
            "criteria": [
              {
                "condition": [],
                "ipaddress_expression": [
                  {
                    "ip_addresses": [
                      "211.1.2.1",
                      "212.1.1.1"
                    ]
                  }
                ],
                "macaddress_expression": [],
                "path_expression": []
              },
              {
                "condition": [],
                "ipaddress_expression": [],
                "macaddress_expression": [],
                "path_expression": [
                  {
                    "member_paths": [
                      "/infra/domains/default/groups/group_all",
                      "/infra/domains/default/groups/group_tag"
                    ]
                  }
                ]
              }
            ],
            "description": "Terraform provisioned Group",
            "display_name": "tf-group-181",
            "domain": "default",
            "extended_criteria": [],
            "id": "0af3c472-5f8c-4bde-9c09-1250e6ac6595",
            "nsx_id": "0af3c472-5f8c-4bde-9c09-1250e6ac6595",
            "path": "/infra/domains/default/groups/0af3c472-5f8c-4bde-9c09-1250e6ac6595",
            "revision": 0,
            "tag": []
          },
          "sensitive_attributes": [],
          "private": "bnVsbA==",
          "dependencies": [
            "data.nsxt_policy_group.group_all",
            "data.nsxt_policy_group.group_tag"
          ]
        },
        {
          "index_key": 182,
          "schema_version": 0,
          "attributes": {
            "conjunction": [
              {
                "operator": "OR"
              }
            ],
            "criteria": [
              {
                "condition": [],
                "ipaddress_expression": [
                  {
                    "ip_addresses": [
                      "211.1.2.1",
                      "212.1.1.1"
                    ]
                  }
                ],
                "macaddress_expression": [],
                "path_expression": []
              },
              {
                "condition": [],
                "ipaddress_expression": [],
                "macaddress_expression": [],
                "path_expression": [
                  {
                    "member_paths": [
                      "/infra/domains/default/groups/group_all",
                      "/infra/domains/default/groups/group_tag"
                    ]
                  }
                ]
              }
            ],
            "description": "Terraform provisioned Group",
            "display_name": "tf-group-182",
            "domain": "default",
            "extended_criteria": [],
            "id": "54220945-d03d-403e-8d53-98fd4602f437",
            "nsx_id": "54220945-d03d-403e-8d53-98fd4602f437",
            "path": "/infra/domains/default/groups/54220945-d03d-403e-8d53-98fd4602f437",
            "revision": 0,
            "tag": []
          },
          "sensitive_attributes": [],
          "private": "bnVsbA==",
          "dependencies": [
            "data.nsxt_policy_group.group_all",
            "data.nsxt_policy_group.group_tag"
          ]
        },
        {
          "index_key": 183,
          "schema_version": 0,
          "attributes": {
            "conjunction": [
              {
                "operator": "OR"
              }
            ],
            "criteria": [
              {
                "condition": [],
                "ipaddress_expression": [
                  {
                    "ip_addresses": [
                      "211.1.2.1",
                      "212.1.1.1"
                    ]
                  }
                ],
                "macaddress_expression": [],
                "path_expression": []
              },
              {
                "condition": [],
                "ipaddress_expression": [],
                "macaddress_expression": [],
                "path_expression": [
                  {
                    "member_paths": [
                      "/infra/domains/default/groups/group_all",
                      "/infra/domains/default/groups/group_tag"
                    ]
                  }
                ]
              }
            ],
            "description": "Terraform provisioned Group",
            "display_name": "tf-group-183",
            "domain": "default",
            "extended_criteria": [],
            "id": "df8f0689-d290-491e-a627-fe4274e652b6",
            "nsx_id": "df8f0689-d290-491e-a627-fe4274e652b6",
            "path": "/infra/domains/default/groups/df8f0689-d290-491e-a627-fe4274e652b6",
            "revision": 0,
            "tag": []
          },
          "sensitive_attributes": [],
          "private": "bnVsbA==",
          "dependencies": [
            "data.nsxt_policy_group.group_all",
            "data.nsxt_policy_group.group_tag"
          ]
        },
        {
          "index_key": 184,
          "schema_version": 0,
          "attributes": {
            "conjunction": [
              {
                "operator": "OR"
              }
            ],
            "criteria": [
              {
                "condition": [],
                "ipaddress_expression": [
                  {
                    "ip_addresses": [
                      "211.1.2.1",
                      "212.1.1.1"
                    ]
                  }
                ],
                "macaddress_expression": [],
                "path_expression": []
              },
              {
                "condition": [],
                "ipaddress_expression": [],
                "macaddress_expression": [],
                "path_expression": [
                  {
                    "member_paths": [
                      "/infra/domains/default/groups/group_all",
                      "/infra/domains/default/groups/group_tag"
                    ]
                  }
                ]
              }
            ],
            "description": "Terraform provisioned Group",
            "display_name": "tf-group-184",
            "domain": "default",
            "extended_criteria": [],
            "id": "04bb3e02-ad99-412c-ae27-27c4adae1d67",
            "nsx_id": "04bb3e02-ad99-412c-ae27-27c4adae1d67",
            "path": "/infra/domains/default/groups/04bb3e02-ad99-412c-ae27-27c4adae1d67",
            "revision": 0,
            "tag": []
          },
          "sensitive_attributes": [],
          "private": "bnVsbA==",
          "dependencies": [
            "data.nsxt_policy_group.group_all",
            "data.nsxt_policy_group.group_tag"
          ]
        },
        {
          "index_key": 185,
          "schema_version": 0,
          "attributes": {
            "conjunction": [
              {
                "operator": "OR"
              }
            ],
            "criteria": [
              {
                "condition": [],
                "ipaddress_expression": [
                  {
                    "ip_addresses": [
                      "211.1.2.1",
                      "212.1.1.1"
                    ]
                  }
                ],
                "macaddress_expression": [],
                "path_expression": []
              },
              {
                "condition": [],
                "ipaddress_expression": [],
                "macaddress_expression": [],
                "path_expression": [
                  {
                    "member_paths": [
                      "/infra/domains/default/groups/group_all",
                      "/infra/domains/default/groups/group_tag"
                    ]
                  }
                ]
              }
            ],
            "description": "Terraform provisioned Group",
            "display_name": "tf-group-185",
            "domain": "default",
            "extended_criteria": [],
            "id": "639d9232-f5a8-4a44-a244-de3a8b4bd474",
            "nsx_id": "639d9232-f5a8-4a44-a244-de3a8b4bd474",
            "path": "/infra/domains/default/groups/639d9232-f5a8-4a44-a244-de3a8b4bd474",
            "revision": 0,
            "tag": []
          },
          "sensitive_attributes": [],
          "private": "bnVsbA==",
          "dependencies": [
            "data.nsxt_policy_group.group_all",
            "data.nsxt_policy_group.group_tag"
          ]
        },
        {
          "index_key": 186,
          "schema_version": 0,
          "attributes": {
            "conjunction": [
              {
                "operator": "OR"
              }
            ],
            "criteria": [
              {
                "condition": [],
                "ipaddress_expression": [
                  {
                    "ip_addresses": [
                      "211.1.2.1",
                      "212.1.1.1"
                    ]
                  }
                ],
                "macaddress_expression": [],
                "path_expression": []
              },
              {
                "condition": [],
                "ipaddress_expression": [],
                "macaddress_expression": [],
                "path_expression": [
                  {
                    "member_paths": [
                      "/infra/domains/default/groups/group_all",
                      "/infra/domains/default/groups/group_tag"
                    ]
                  }
                ]
              }
            ],
            "description": "Terraform provisioned Group",
            "display_name": "tf-group-186",
            "domain": "default",
            "extended_criteria": [],
            "id": "a6c353de-bebb-48d8-bbf1-28d7a262aec4",
            "nsx_id": "a6c353de-bebb-48d8-bbf1-28d7a262aec4",
            "path": "/infra/domains/default/groups/a6c353de-bebb-48d8-bbf1-28d7a262aec4",
            "revision": 0,
            "tag": []
          },
          "sensitive_attributes": [],
          "private": "bnVsbA==",
          "dependencies": [
            "data.nsxt_policy_group.group_all",
            "data.nsxt_policy_group.group_tag"
          ]
        },
        {
          "index_key": 187,
          "schema_version": 0,
          "attributes": {
            "conjunction": [
              {
                "operator": "OR"
              }
            ],
            "criteria": [
              {
                "condition": [],
                "ipaddress_expression": [
                  {
                    "ip_addresses": [
                      "211.1.2.1",
                      "212.1.1.1"
                    ]
                  }
                ],
                "macaddress_expression": [],
                "path_expression": []
              },
              {
                "condition": [],
                "ipaddress_expression": [],
                "macaddress_expression": [],
                "path_expression": [
                  {
                    "member_paths": [
                      "/infra/domains/default/groups/group_all",
                      "/infra/domains/default/groups/group_tag"
                    ]
                  }
                ]
              }
            ],
            "description": "Terraform provisioned Group",
            "display_name": "tf-group-187",
            "domain": "default",
            "extended_criteria": [],
            "id": "85ee8c0c-ce2a-4b12-aafd-c6a63d5a1354",
            "nsx_id": "85ee8c0c-ce2a-4b12-aafd-c6a63d5a1354",
            "path": "/infra/domains/default/groups/85ee8c0c-ce2a-4b12-aafd-c6a63d5a1354",
            "revision": 0,
            "tag": []
          },
          "sensitive_attributes": [],
          "private": "bnVsbA==",
          "dependencies": [
            "data.nsxt_policy_group.group_all",
            "data.nsxt_policy_group.group_tag"
          ]
        },
        {
          "index_key": 188,
          "schema_version": 0,
          "attributes": {
            "conjunction": [
              {
                "operator": "OR"
              }
            ],
            "criteria": [
              {
                "condition": [],
                "ipaddress_expression": [
                  {
                    "ip_addresses": [
                      "211.1.2.1",
                      "212.1.1.1"
                    ]
                  }
                ],
                "macaddress_expression": [],
                "path_expression": []
              },
              {
                "condition": [],
                "ipaddress_expression": [],
                "macaddress_expression": [],
                "path_expression": [
                  {
                    "member_paths": [
                      "/infra/domains/default/groups/group_all",
                      "/infra/domains/default/groups/group_tag"
                    ]
                  }
                ]
              }
            ],
            "description": "Terraform provisioned Group",
            "display_name": "tf-group-188",
            "domain": "default",
            "extended_criteria": [],
            "id": "be23779e-3648-48c5-af69-836d4c930e6a",
            "nsx_id": "be23779e-3648-48c5-af69-836d4c930e6a",
            "path": "/infra/domains/default/groups/be23779e-3648-48c5-af69-836d4c930e6a",
            "revision": 0,
            "tag": []
          },
          "sensitive_attributes": [],
          "private": "bnVsbA==",
          "dependencies": [
            "data.nsxt_policy_group.group_all",
            "data.nsxt_policy_group.group_tag"
          ]
        },
        {
          "index_key": 189,
          "schema_version": 0,
          "attributes": {
            "conjunction": [
              {
                "operator": "OR"
              }
            ],
            "criteria": [
              {
                "condition": [],
                "ipaddress_expression": [
                  {
                    "ip_addresses": [
                      "211.1.2.1",
                      "212.1.1.1"
                    ]
                  }
                ],
                "macaddress_expression": [],
                "path_expression": []
              },
              {
                "condition": [],
                "ipaddress_expression": [],
                "macaddress_expression": [],
                "path_expression": [
                  {
                    "member_paths": [
                      "/infra/domains/default/groups/group_all",
                      "/infra/domains/default/groups/group_tag"
                    ]
                  }
                ]
              }
            ],
            "description": "Terraform provisioned Group",
            "display_name": "tf-group-189",
            "domain": "default",
            "extended_criteria": [],
            "id": "484c631a-22b6-4ab0-9fc9-417285f74740",
            "nsx_id": "484c631a-22b6-4ab0-9fc9-417285f74740",
            "path": "/infra/domains/default/groups/484c631a-22b6-4ab0-9fc9-417285f74740",
            "revision": 0,
            "tag": []
          },
          "sensitive_attributes": [],
          "private": "bnVsbA==",
          "dependencies": [
            "data.nsxt_policy_group.group_all",
            "data.nsxt_policy_group.group_tag"
          ]
        },
        {
          "index_key": 190,
          "schema_version": 0,
          "attributes": {
            "conjunction": [
              {
                "operator": "OR"
              }
            ],
            "criteria": [
              {
                "condition": [],
                "ipaddress_expression": [
                  {
                    "ip_addresses": [
                      "211.1.2.1",
                      "212.1.1.1"
                    ]
                  }
                ],
                "macaddress_expression": [],
                "path_expression": []
              },
              {
                "condition": [],
                "ipaddress_expression": [],
                "macaddress_expression": [],
                "path_expression": [
                  {
                    "member_paths": [
                      "/infra/domains/default/groups/group_all",
                      "/infra/domains/default/groups/group_tag"
                    ]
                  }
                ]
              }
            ],
            "description": "Terraform provisioned Group",
            "display_name": "tf-group-190",
            "domain": "default",
            "extended_criteria": [],
            "id": "476e0e83-11fb-436c-8196-5d06270cf314",
            "nsx_id": "476e0e83-11fb-436c-8196-5d06270cf314",
            "path": "/infra/domains/default/groups/476e0e83-11fb-436c-8196-5d06270cf314",
            "revision": 0,
            "tag": []
          },
          "sensitive_attributes": [],
          "private": "bnVsbA==",
          "dependencies": [
            "data.nsxt_policy_group.group_all",
            "data.nsxt_policy_group.group_tag"
          ]
        },
        {
          "index_key": 191,
          "schema_version": 0,
          "attributes": {
            "conjunction": [
              {
                "operator": "OR"
              }
            ],
            "criteria": [
              {
                "condition": [],
                "ipaddress_expression": [
                  {
                    "ip_addresses": [
                      "211.1.2.1",
                      "212.1.1.1"
                    ]
                  }
                ],
                "macaddress_expression": [],
                "path_expression": []
              },
              {
                "condition": [],
                "ipaddress_expression": [],
                "macaddress_expression": [],
                "path_expression": [
                  {
                    "member_paths": [
                      "/infra/domains/default/groups/group_all",
                      "/infra/domains/default/groups/group_tag"
                    ]
                  }
                ]
              }
            ],
            "description": "Terraform provisioned Group",
            "display_name": "tf-group-191",
            "domain": "default",
            "extended_criteria": [],
            "id": "9f01e709-bd20-409d-a814-7b805cfa003b",
            "nsx_id": "9f01e709-bd20-409d-a814-7b805cfa003b",
            "path": "/infra/domains/default/groups/9f01e709-bd20-409d-a814-7b805cfa003b",
            "revision": 0,
            "tag": []
          },
          "sensitive_attributes": [],
          "private": "bnVsbA==",
          "dependencies": [
            "data.nsxt_policy_group.group_all",
            "data.nsxt_policy_group.group_tag"
          ]
        },
        {
          "index_key": 192,
          "schema_version": 0,
          "attributes": {
            "conjunction": [
              {
                "operator": "OR"
              }
            ],
            "criteria": [
              {
                "condition": [],
                "ipaddress_expression": [
                  {
                    "ip_addresses": [
                      "211.1.2.1",
                      "212.1.1.1"
                    ]
                  }
                ],
                "macaddress_expression": [],
                "path_expression": []
              },
              {
                "condition": [],
                "ipaddress_expression": [],
                "macaddress_expression": [],
                "path_expression": [
                  {
                    "member_paths": [
                      "/infra/domains/default/groups/group_all",
                      "/infra/domains/default/groups/group_tag"
                    ]
                  }
                ]
              }
            ],
            "description": "Terraform provisioned Group",
            "display_name": "tf-group-192",
            "domain": "default",
            "extended_criteria": [],
            "id": "724d7a8a-9f69-4526-8493-a8838796f3eb",
            "nsx_id": "724d7a8a-9f69-4526-8493-a8838796f3eb",
            "path": "/infra/domains/default/groups/724d7a8a-9f69-4526-8493-a8838796f3eb",
            "revision": 0,
            "tag": []
          },
          "sensitive_attributes": [],
          "private": "bnVsbA==",
          "dependencies": [
            "data.nsxt_policy_group.group_all",
            "data.nsxt_policy_group.group_tag"
          ]
        },
        {
          "index_key": 193,
          "schema_version": 0,
          "attributes": {
            "conjunction": [
              {
                "operator": "OR"
              }
            ],
            "criteria": [
              {
                "condition": [],
                "ipaddress_expression": [
                  {
                    "ip_addresses": [
                      "211.1.2.1",
                      "212.1.1.1"
                    ]
                  }
                ],
                "macaddress_expression": [],
                "path_expression": []
              },
              {
                "condition": [],
                "ipaddress_expression": [],
                "macaddress_expression": [],
                "path_expression": [
                  {
                    "member_paths": [
                      "/infra/domains/default/groups/group_all",
                      "/infra/domains/default/groups/group_tag"
                    ]
                  }
                ]
              }
            ],
            "description": "Terraform provisioned Group",
            "display_name": "tf-group-193",
            "domain": "default",
            "extended_criteria": [],
            "id": "9156e3d3-ed57-44e6-aaac-579b46d1bf24",
            "nsx_id": "9156e3d3-ed57-44e6-aaac-579b46d1bf24",
            "path": "/infra/domains/default/groups/9156e3d3-ed57-44e6-aaac-579b46d1bf24",
            "revision": 0,
            "tag": []
          },
          "sensitive_attributes": [],
          "private": "bnVsbA==",
          "dependencies": [
            "data.nsxt_policy_group.group_all",
            "data.nsxt_policy_group.group_tag"
          ]
        },
        {
          "index_key": 194,
          "schema_version": 0,
          "attributes": {
            "conjunction": [
              {
                "operator": "OR"
              }
            ],
            "criteria": [
              {
                "condition": [],
                "ipaddress_expression": [
                  {
                    "ip_addresses": [
                      "211.1.2.1",
                      "212.1.1.1"
                    ]
                  }
                ],
                "macaddress_expression": [],
                "path_expression": []
              },
              {
                "condition": [],
                "ipaddress_expression": [],
                "macaddress_expression": [],
                "path_expression": [
                  {
                    "member_paths": [
                      "/infra/domains/default/groups/group_all",
                      "/infra/domains/default/groups/group_tag"
                    ]
                  }
                ]
              }
            ],
            "description": "Terraform provisioned Group",
            "display_name": "tf-group-194",
            "domain": "default",
            "extended_criteria": [],
            "id": "0564c91f-4d68-4de0-8e88-071f3115d673",
            "nsx_id": "0564c91f-4d68-4de0-8e88-071f3115d673",
            "path": "/infra/domains/default/groups/0564c91f-4d68-4de0-8e88-071f3115d673",
            "revision": 0,
            "tag": []
          },
          "sensitive_attributes": [],
          "private": "bnVsbA==",
          "dependencies": [
            "data.nsxt_policy_group.group_all",
            "data.nsxt_policy_group.group_tag"
          ]
        },
        {
          "index_key": 195,
          "schema_version": 0,
          "attributes": {
            "conjunction": [
              {
                "operator": "OR"
              }
            ],
            "criteria": [
              {
                "condition": [],
                "ipaddress_expression": [
                  {
                    "ip_addresses": [
                      "211.1.2.1",
                      "212.1.1.1"
                    ]
                  }
                ],
                "macaddress_expression": [],
                "path_expression": []
              },
              {
                "condition": [],
                "ipaddress_expression": [],
                "macaddress_expression": [],
                "path_expression": [
                  {
                    "member_paths": [
                      "/infra/domains/default/groups/group_all",
                      "/infra/domains/default/groups/group_tag"
                    ]
                  }
                ]
              }
            ],
            "description": "Terraform provisioned Group",
            "display_name": "tf-group-195",
            "domain": "default",
            "extended_criteria": [],
            "id": "362b4149-5e2a-46cb-a546-0faa2cb817be",
            "nsx_id": "362b4149-5e2a-46cb-a546-0faa2cb817be",
            "path": "/infra/domains/default/groups/362b4149-5e2a-46cb-a546-0faa2cb817be",
            "revision": 0,
            "tag": []
          },
          "sensitive_attributes": [],
          "private": "bnVsbA==",
          "dependencies": [
            "data.nsxt_policy_group.group_all",
            "data.nsxt_policy_group.group_tag"
          ]
        },
        {
          "index_key": 196,
          "schema_version": 0,
          "attributes": {
            "conjunction": [
              {
                "operator": "OR"
              }
            ],
            "criteria": [
              {
                "condition": [],
                "ipaddress_expression": [
                  {
                    "ip_addresses": [
                      "211.1.2.1",
                      "212.1.1.1"
                    ]
                  }
                ],
                "macaddress_expression": [],
                "path_expression": []
              },
              {
                "condition": [],
                "ipaddress_expression": [],
                "macaddress_expression": [],
                "path_expression": [
                  {
                    "member_paths": [
                      "/infra/domains/default/groups/group_all",
                      "/infra/domains/default/groups/group_tag"
                    ]
                  }
                ]
              }
            ],
            "description": "Terraform provisioned Group",
            "display_name": "tf-group-196",
            "domain": "default",
            "extended_criteria": [],
            "id": "9745d1dc-2b54-484a-94cd-98a70173c6af",
            "nsx_id": "9745d1dc-2b54-484a-94cd-98a70173c6af",
            "path": "/infra/domains/default/groups/9745d1dc-2b54-484a-94cd-98a70173c6af",
            "revision": 0,
            "tag": []
          },
          "sensitive_attributes": [],
          "private": "bnVsbA==",
          "dependencies": [
            "data.nsxt_policy_group.group_all",
            "data.nsxt_policy_group.group_tag"
          ]
        },
        {
          "index_key": 197,
          "schema_version": 0,
          "attributes": {
            "conjunction": [
              {
                "operator": "OR"
              }
            ],
            "criteria": [
              {
                "condition": [],
                "ipaddress_expression": [
                  {
                    "ip_addresses": [
                      "211.1.2.1",
                      "212.1.1.1"
                    ]
                  }
                ],
                "macaddress_expression": [],
                "path_expression": []
              },
              {
                "condition": [],
                "ipaddress_expression": [],
                "macaddress_expression": [],
                "path_expression": [
                  {
                    "member_paths": [
                      "/infra/domains/default/groups/group_all",
                      "/infra/domains/default/groups/group_tag"
                    ]
                  }
                ]
              }
            ],
            "description": "Terraform provisioned Group",
            "display_name": "tf-group-197",
            "domain": "default",
            "extended_criteria": [],
            "id": "24486531-b860-4843-a58b-573f77db4d60",
            "nsx_id": "24486531-b860-4843-a58b-573f77db4d60",
            "path": "/infra/domains/default/groups/24486531-b860-4843-a58b-573f77db4d60",
            "revision": 0,
            "tag": []
          },
          "sensitive_attributes": [],
          "private": "bnVsbA==",
          "dependencies": [
            "data.nsxt_policy_group.group_all",
            "data.nsxt_policy_group.group_tag"
          ]
        },
        {
          "index_key": 198,
          "schema_version": 0,
          "attributes": {
            "conjunction": [
              {
                "operator": "OR"
              }
            ],
            "criteria": [
              {
                "condition": [],
                "ipaddress_expression": [
                  {
                    "ip_addresses": [
                      "211.1.2.1",
                      "212.1.1.1"
                    ]
                  }
                ],
                "macaddress_expression": [],
                "path_expression": []
              },
              {
                "condition": [],
                "ipaddress_expression": [],
                "macaddress_expression": [],
                "path_expression": [
                  {
                    "member_paths": [
                      "/infra/domains/default/groups/group_all",
                      "/infra/domains/default/groups/group_tag"
                    ]
                  }
                ]
              }
            ],
            "description": "Terraform provisioned Group",
            "display_name": "tf-group-198",
            "domain": "default",
            "extended_criteria": [],
            "id": "2390c9f9-1eb6-4f43-a52e-4fdeaf99e38b",
            "nsx_id": "2390c9f9-1eb6-4f43-a52e-4fdeaf99e38b",
            "path": "/infra/domains/default/groups/2390c9f9-1eb6-4f43-a52e-4fdeaf99e38b",
            "revision": 0,
            "tag": []
          },
          "sensitive_attributes": [],
          "private": "bnVsbA==",
          "dependencies": [
            "data.nsxt_policy_group.group_all",
            "data.nsxt_policy_group.group_tag"
          ]
        },
        {
          "index_key": 199,
          "schema_version": 0,
          "attributes": {
            "conjunction": [
              {
                "operator": "OR"
              }
            ],
            "criteria": [
              {
                "condition": [],
                "ipaddress_expression": [
                  {
                    "ip_addresses": [
                      "211.1.2.1",
                      "212.1.1.1"
                    ]
                  }
                ],
                "macaddress_expression": [],
                "path_expression": []
              },
              {
                "condition": [],
                "ipaddress_expression": [],
                "macaddress_expression": [],
                "path_expression": [
                  {
                    "member_paths": [
                      "/infra/domains/default/groups/group_all",
                      "/infra/domains/default/groups/group_tag"
                    ]
                  }
                ]
              }
            ],
            "description": "Terraform provisioned Group",
            "display_name": "tf-group-199",
            "domain": "default",
            "extended_criteria": [],
            "id": "30cc2e78-4c83-453c-b043-3a078132f33b",
            "nsx_id": "30cc2e78-4c83-453c-b043-3a078132f33b",
            "path": "/infra/domains/default/groups/30cc2e78-4c83-453c-b043-3a078132f33b",
            "revision": 0,
            "tag": []
          },
          "sensitive_attributes": [],
          "private": "bnVsbA==",
          "dependencies": [
            "data.nsxt_policy_group.group_all",
            "data.nsxt_policy_group.group_tag"
          ]
        },
        {
          "index_key": 200,
          "schema_version": 0,
          "attributes": {
            "conjunction": [
              {
                "operator": "OR"
              }
            ],
            "criteria": [
              {
                "condition": [],
                "ipaddress_expression": [
                  {
                    "ip_addresses": [
                      "211.1.2.1",
                      "212.1.1.1"
                    ]
                  }
                ],
                "macaddress_expression": [],
                "path_expression": []
              },
              {
                "condition": [],
                "ipaddress_expression": [],
                "macaddress_expression": [],
                "path_expression": [
                  {
                    "member_paths": [
                      "/infra/domains/default/groups/group_all",
                      "/infra/domains/default/groups/group_tag"
                    ]
                  }
                ]
              }
            ],
            "description": "Terraform provisioned Group",
            "display_name": "tf-group-200",
            "domain": "default",
            "extended_criteria": [],
            "id": "8124a045-3331-401e-8a8b-22f4e9c96e7d",
            "nsx_id": "8124a045-3331-401e-8a8b-22f4e9c96e7d",
            "path": "/infra/domains/default/groups/8124a045-3331-401e-8a8b-22f4e9c96e7d",
            "revision": 0,
            "tag": []
          },
          "sensitive_attributes": [],
          "private": "bnVsbA==",
          "dependencies": [
            "data.nsxt_policy_group.group_all",
            "data.nsxt_policy_group.group_tag"
          ]
        },
        {
          "index_key": 201,
          "schema_version": 0,
          "attributes": {
            "conjunction": [
              {
                "operator": "OR"
              }
            ],
            "criteria": [
              {
                "condition": [],
                "ipaddress_expression": [
                  {
                    "ip_addresses": [
                      "211.1.2.1",
                      "212.1.1.1"
                    ]
                  }
                ],
                "macaddress_expression": [],
                "path_expression": []
              },
              {
                "condition": [],
                "ipaddress_expression": [],
                "macaddress_expression": [],
                "path_expression": [
                  {
                    "member_paths": [
                      "/infra/domains/default/groups/group_all",
                      "/infra/domains/default/groups/group_tag"
                    ]
                  }
                ]
              }
            ],
            "description": "Terraform provisioned Group",
            "display_name": "tf-group-201",
            "domain": "default",
            "extended_criteria": [],
            "id": "88134971-37a4-410f-ba8e-a24619500ff7",
            "nsx_id": "88134971-37a4-410f-ba8e-a24619500ff7",
            "path": "/infra/domains/default/groups/88134971-37a4-410f-ba8e-a24619500ff7",
            "revision": 0,
            "tag": []
          },
          "sensitive_attributes": [],
          "private": "bnVsbA==",
          "dependencies": [
            "data.nsxt_policy_group.group_all",
            "data.nsxt_policy_group.group_tag"
          ]
        },
        {
          "index_key": 202,
          "schema_version": 0,
          "attributes": {
            "conjunction": [
              {
                "operator": "OR"
              }
            ],
            "criteria": [
              {
                "condition": [],
                "ipaddress_expression": [
                  {
                    "ip_addresses": [
                      "211.1.2.1",
                      "212.1.1.1"
                    ]
                  }
                ],
                "macaddress_expression": [],
                "path_expression": []
              },
              {
                "condition": [],
                "ipaddress_expression": [],
                "macaddress_expression": [],
                "path_expression": [
                  {
                    "member_paths": [
                      "/infra/domains/default/groups/group_all",
                      "/infra/domains/default/groups/group_tag"
                    ]
                  }
                ]
              }
            ],
            "description": "Terraform provisioned Group",
            "display_name": "tf-group-202",
            "domain": "default",
            "extended_criteria": [],
            "id": "3271f718-3e24-4135-af05-ac8d23b1bde0",
            "nsx_id": "3271f718-3e24-4135-af05-ac8d23b1bde0",
            "path": "/infra/domains/default/groups/3271f718-3e24-4135-af05-ac8d23b1bde0",
            "revision": 0,
            "tag": []
          },
          "sensitive_attributes": [],
          "private": "bnVsbA==",
          "dependencies": [
            "data.nsxt_policy_group.group_all",
            "data.nsxt_policy_group.group_tag"
          ]
        },
        {
          "index_key": 203,
          "schema_version": 0,
          "attributes": {
            "conjunction": [
              {
                "operator": "OR"
              }
            ],
            "criteria": [
              {
                "condition": [],
                "ipaddress_expression": [
                  {
                    "ip_addresses": [
                      "211.1.2.1",
                      "212.1.1.1"
                    ]
                  }
                ],
                "macaddress_expression": [],
                "path_expression": []
              },
              {
                "condition": [],
                "ipaddress_expression": [],
                "macaddress_expression": [],
                "path_expression": [
                  {
                    "member_paths": [
                      "/infra/domains/default/groups/group_all",
                      "/infra/domains/default/groups/group_tag"
                    ]
                  }
                ]
              }
            ],
            "description": "Terraform provisioned Group",
            "display_name": "tf-group-203",
            "domain": "default",
            "extended_criteria": [],
            "id": "b129b8c6-49d3-49ff-ba6e-4d62c241c12a",
            "nsx_id": "b129b8c6-49d3-49ff-ba6e-4d62c241c12a",
            "path": "/infra/domains/default/groups/b129b8c6-49d3-49ff-ba6e-4d62c241c12a",
            "revision": 0,
            "tag": []
          },
          "sensitive_attributes": [],
          "private": "bnVsbA==",
          "dependencies": [
            "data.nsxt_policy_group.group_all",
            "data.nsxt_policy_group.group_tag"
          ]
        },
        {
          "index_key": 204,
          "schema_version": 0,
          "attributes": {
            "conjunction": [
              {
                "operator": "OR"
              }
            ],
            "criteria": [
              {
                "condition": [],
                "ipaddress_expression": [
                  {
                    "ip_addresses": [
                      "211.1.2.1",
                      "212.1.1.1"
                    ]
                  }
                ],
                "macaddress_expression": [],
                "path_expression": []
              },
              {
                "condition": [],
                "ipaddress_expression": [],
                "macaddress_expression": [],
                "path_expression": [
                  {
                    "member_paths": [
                      "/infra/domains/default/groups/group_all",
                      "/infra/domains/default/groups/group_tag"
                    ]
                  }
                ]
              }
            ],
            "description": "Terraform provisioned Group",
            "display_name": "tf-group-204",
            "domain": "default",
            "extended_criteria": [],
            "id": "3991ad64-aeb5-4191-a5a1-56a97789952e",
            "nsx_id": "3991ad64-aeb5-4191-a5a1-56a97789952e",
            "path": "/infra/domains/default/groups/3991ad64-aeb5-4191-a5a1-56a97789952e",
            "revision": 0,
            "tag": []
          },
          "sensitive_attributes": [],
          "private": "bnVsbA==",
          "dependencies": [
            "data.nsxt_policy_group.group_all",
            "data.nsxt_policy_group.group_tag"
          ]
        },
        {
          "index_key": 205,
          "schema_version": 0,
          "attributes": {
            "conjunction": [
              {
                "operator": "OR"
              }
            ],
            "criteria": [
              {
                "condition": [],
                "ipaddress_expression": [
                  {
                    "ip_addresses": [
                      "211.1.2.1",
                      "212.1.1.1"
                    ]
                  }
                ],
                "macaddress_expression": [],
                "path_expression": []
              },
              {
                "condition": [],
                "ipaddress_expression": [],
                "macaddress_expression": [],
                "path_expression": [
                  {
                    "member_paths": [
                      "/infra/domains/default/groups/group_all",
                      "/infra/domains/default/groups/group_tag"
                    ]
                  }
                ]
              }
            ],
            "description": "Terraform provisioned Group",
            "display_name": "tf-group-205",
            "domain": "default",
            "extended_criteria": [],
            "id": "a23e9917-5d5b-4928-a832-0076bd97c37b",
            "nsx_id": "a23e9917-5d5b-4928-a832-0076bd97c37b",
            "path": "/infra/domains/default/groups/a23e9917-5d5b-4928-a832-0076bd97c37b",
            "revision": 0,
            "tag": []
          },
          "sensitive_attributes": [],
          "private": "bnVsbA==",
          "dependencies": [
            "data.nsxt_policy_group.group_all",
            "data.nsxt_policy_group.group_tag"
          ]
        },
        {
          "index_key": 206,
          "schema_version": 0,
          "attributes": {
            "conjunction": [
              {
                "operator": "OR"
              }
            ],
            "criteria": [
              {
                "condition": [],
                "ipaddress_expression": [
                  {
                    "ip_addresses": [
                      "211.1.2.1",
                      "212.1.1.1"
                    ]
                  }
                ],
                "macaddress_expression": [],
                "path_expression": []
              },
              {
                "condition": [],
                "ipaddress_expression": [],
                "macaddress_expression": [],
                "path_expression": [
                  {
                    "member_paths": [
                      "/infra/domains/default/groups/group_all",
                      "/infra/domains/default/groups/group_tag"
                    ]
                  }
                ]
              }
            ],
            "description": "Terraform provisioned Group",
            "display_name": "tf-group-206",
            "domain": "default",
            "extended_criteria": [],
            "id": "5b344355-43d0-4bd3-9631-6874e41bbbb5",
            "nsx_id": "5b344355-43d0-4bd3-9631-6874e41bbbb5",
            "path": "/infra/domains/default/groups/5b344355-43d0-4bd3-9631-6874e41bbbb5",
            "revision": 0,
            "tag": []
          },
          "sensitive_attributes": [],
          "private": "bnVsbA==",
          "dependencies": [
            "data.nsxt_policy_group.group_all",
            "data.nsxt_policy_group.group_tag"
          ]
        },
        {
          "index_key": 207,
          "schema_version": 0,
          "attributes": {
            "conjunction": [
              {
                "operator": "OR"
              }
            ],
            "criteria": [
              {
                "condition": [],
                "ipaddress_expression": [
                  {
                    "ip_addresses": [
                      "211.1.2.1",
                      "212.1.1.1"
                    ]
                  }
                ],
                "macaddress_expression": [],
                "path_expression": []
              },
              {
                "condition": [],
                "ipaddress_expression": [],
                "macaddress_expression": [],
                "path_expression": [
                  {
                    "member_paths": [
                      "/infra/domains/default/groups/group_all",
                      "/infra/domains/default/groups/group_tag"
                    ]
                  }
                ]
              }
            ],
            "description": "Terraform provisioned Group",
            "display_name": "tf-group-207",
            "domain": "default",
            "extended_criteria": [],
            "id": "89333db4-fe94-4ee9-ae75-f862aa80ee33",
            "nsx_id": "89333db4-fe94-4ee9-ae75-f862aa80ee33",
            "path": "/infra/domains/default/groups/89333db4-fe94-4ee9-ae75-f862aa80ee33",
            "revision": 0,
            "tag": []
          },
          "sensitive_attributes": [],
          "private": "bnVsbA==",
          "dependencies": [
            "data.nsxt_policy_group.group_all",
            "data.nsxt_policy_group.group_tag"
          ]
        },
        {
          "index_key": 208,
          "schema_version": 0,
          "attributes": {
            "conjunction": [
              {
                "operator": "OR"
              }
            ],
            "criteria": [
              {
                "condition": [],
                "ipaddress_expression": [
                  {
                    "ip_addresses": [
                      "211.1.2.1",
                      "212.1.1.1"
                    ]
                  }
                ],
                "macaddress_expression": [],
                "path_expression": []
              },
              {
                "condition": [],
                "ipaddress_expression": [],
                "macaddress_expression": [],
                "path_expression": [
                  {
                    "member_paths": [
                      "/infra/domains/default/groups/group_all",
                      "/infra/domains/default/groups/group_tag"
                    ]
                  }
                ]
              }
            ],
            "description": "Terraform provisioned Group",
            "display_name": "tf-group-208",
            "domain": "default",
            "extended_criteria": [],
            "id": "69f6c7b0-8f80-479a-8be6-80c443dc14d8",
            "nsx_id": "69f6c7b0-8f80-479a-8be6-80c443dc14d8",
            "path": "/infra/domains/default/groups/69f6c7b0-8f80-479a-8be6-80c443dc14d8",
            "revision": 0,
            "tag": []
          },
          "sensitive_attributes": [],
          "private": "bnVsbA==",
          "dependencies": [
            "data.nsxt_policy_group.group_all",
            "data.nsxt_policy_group.group_tag"
          ]
        },
        {
          "index_key": 209,
          "schema_version": 0,
          "attributes": {
            "conjunction": [
              {
                "operator": "OR"
              }
            ],
            "criteria": [
              {
                "condition": [],
                "ipaddress_expression": [
                  {
                    "ip_addresses": [
                      "211.1.2.1",
                      "212.1.1.1"
                    ]
                  }
                ],
                "macaddress_expression": [],
                "path_expression": []
              },
              {
                "condition": [],
                "ipaddress_expression": [],
                "macaddress_expression": [],
                "path_expression": [
                  {
                    "member_paths": [
                      "/infra/domains/default/groups/group_all",
                      "/infra/domains/default/groups/group_tag"
                    ]
                  }
                ]
              }
            ],
            "description": "Terraform provisioned Group",
            "display_name": "tf-group-209",
            "domain": "default",
            "extended_criteria": [],
            "id": "b9af5646-a54b-410d-b19b-edca810f792d",
            "nsx_id": "b9af5646-a54b-410d-b19b-edca810f792d",
            "path": "/infra/domains/default/groups/b9af5646-a54b-410d-b19b-edca810f792d",
            "revision": 0,
            "tag": []
          },
          "sensitive_attributes": [],
          "private": "bnVsbA==",
          "dependencies": [
            "data.nsxt_policy_group.group_all",
            "data.nsxt_policy_group.group_tag"
          ]
        },
        {
          "index_key": 210,
          "schema_version": 0,
          "attributes": {
            "conjunction": [
              {
                "operator": "OR"
              }
            ],
            "criteria": [
              {
                "condition": [],
                "ipaddress_expression": [
                  {
                    "ip_addresses": [
                      "211.1.2.1",
                      "212.1.1.1"
                    ]
                  }
                ],
                "macaddress_expression": [],
                "path_expression": []
              },
              {
                "condition": [],
                "ipaddress_expression": [],
                "macaddress_expression": [],
                "path_expression": [
                  {
                    "member_paths": [
                      "/infra/domains/default/groups/group_all",
                      "/infra/domains/default/groups/group_tag"
                    ]
                  }
                ]
              }
            ],
            "description": "Terraform provisioned Group",
            "display_name": "tf-group-210",
            "domain": "default",
            "extended_criteria": [],
            "id": "e247e7ef-3c32-4e60-aa1e-57533f7a46e0",
            "nsx_id": "e247e7ef-3c32-4e60-aa1e-57533f7a46e0",
            "path": "/infra/domains/default/groups/e247e7ef-3c32-4e60-aa1e-57533f7a46e0",
            "revision": 0,
            "tag": []
          },
          "sensitive_attributes": [],
          "private": "bnVsbA==",
          "dependencies": [
            "data.nsxt_policy_group.group_all",
            "data.nsxt_policy_group.group_tag"
          ]
        },
        {
          "index_key": 211,
          "schema_version": 0,
          "attributes": {
            "conjunction": [
              {
                "operator": "OR"
              }
            ],
            "criteria": [
              {
                "condition": [],
                "ipaddress_expression": [
                  {
                    "ip_addresses": [
                      "211.1.2.1",
                      "212.1.1.1"
                    ]
                  }
                ],
                "macaddress_expression": [],
                "path_expression": []
              },
              {
                "condition": [],
                "ipaddress_expression": [],
                "macaddress_expression": [],
                "path_expression": [
                  {
                    "member_paths": [
                      "/infra/domains/default/groups/group_all",
                      "/infra/domains/default/groups/group_tag"
                    ]
                  }
                ]
              }
            ],
            "description": "Terraform provisioned Group",
            "display_name": "tf-group-211",
            "domain": "default",
            "extended_criteria": [],
            "id": "40ffeb4b-a1ca-4022-b83a-c557456d119f",
            "nsx_id": "40ffeb4b-a1ca-4022-b83a-c557456d119f",
            "path": "/infra/domains/default/groups/40ffeb4b-a1ca-4022-b83a-c557456d119f",
            "revision": 0,
            "tag": []
          },
          "sensitive_attributes": [],
          "private": "bnVsbA==",
          "dependencies": [
            "data.nsxt_policy_group.group_all",
            "data.nsxt_policy_group.group_tag"
          ]
        },
        {
          "index_key": 212,
          "schema_version": 0,
          "attributes": {
            "conjunction": [
              {
                "operator": "OR"
              }
            ],
            "criteria": [
              {
                "condition": [],
                "ipaddress_expression": [
                  {
                    "ip_addresses": [
                      "211.1.2.1",
                      "212.1.1.1"
                    ]
                  }
                ],
                "macaddress_expression": [],
                "path_expression": []
              },
              {
                "condition": [],
                "ipaddress_expression": [],
                "macaddress_expression": [],
                "path_expression": [
                  {
                    "member_paths": [
                      "/infra/domains/default/groups/group_all",
                      "/infra/domains/default/groups/group_tag"
                    ]
                  }
                ]
              }
            ],
            "description": "Terraform provisioned Group",
            "display_name": "tf-group-212",
            "domain": "default",
            "extended_criteria": [],
            "id": "18d0b5d3-98ac-446d-a9db-1b7ad8e7e5c5",
            "nsx_id": "18d0b5d3-98ac-446d-a9db-1b7ad8e7e5c5",
            "path": "/infra/domains/default/groups/18d0b5d3-98ac-446d-a9db-1b7ad8e7e5c5",
            "revision": 0,
            "tag": []
          },
          "sensitive_attributes": [],
          "private": "bnVsbA==",
          "dependencies": [
            "data.nsxt_policy_group.group_all",
            "data.nsxt_policy_group.group_tag"
          ]
        },
        {
          "index_key": 213,
          "schema_version": 0,
          "attributes": {
            "conjunction": [
              {
                "operator": "OR"
              }
            ],
            "criteria": [
              {
                "condition": [],
                "ipaddress_expression": [
                  {
                    "ip_addresses": [
                      "211.1.2.1",
                      "212.1.1.1"
                    ]
                  }
                ],
                "macaddress_expression": [],
                "path_expression": []
              },
              {
                "condition": [],
                "ipaddress_expression": [],
                "macaddress_expression": [],
                "path_expression": [
                  {
                    "member_paths": [
                      "/infra/domains/default/groups/group_all",
                      "/infra/domains/default/groups/group_tag"
                    ]
                  }
                ]
              }
            ],
            "description": "Terraform provisioned Group",
            "display_name": "tf-group-213",
            "domain": "default",
            "extended_criteria": [],
            "id": "e4f4575e-dea3-4431-b5a1-5b494a1dba19",
            "nsx_id": "e4f4575e-dea3-4431-b5a1-5b494a1dba19",
            "path": "/infra/domains/default/groups/e4f4575e-dea3-4431-b5a1-5b494a1dba19",
            "revision": 0,
            "tag": []
          },
          "sensitive_attributes": [],
          "private": "bnVsbA==",
          "dependencies": [
            "data.nsxt_policy_group.group_all",
            "data.nsxt_policy_group.group_tag"
          ]
        },
        {
          "index_key": 214,
          "schema_version": 0,
          "attributes": {
            "conjunction": [
              {
                "operator": "OR"
              }
            ],
            "criteria": [
              {
                "condition": [],
                "ipaddress_expression": [
                  {
                    "ip_addresses": [
                      "211.1.2.1",
                      "212.1.1.1"
                    ]
                  }
                ],
                "macaddress_expression": [],
                "path_expression": []
              },
              {
                "condition": [],
                "ipaddress_expression": [],
                "macaddress_expression": [],
                "path_expression": [
                  {
                    "member_paths": [
                      "/infra/domains/default/groups/group_all",
                      "/infra/domains/default/groups/group_tag"
                    ]
                  }
                ]
              }
            ],
            "description": "Terraform provisioned Group",
            "display_name": "tf-group-214",
            "domain": "default",
            "extended_criteria": [],
            "id": "06c96458-22bd-4ea8-9de0-627c9f090809",
            "nsx_id": "06c96458-22bd-4ea8-9de0-627c9f090809",
            "path": "/infra/domains/default/groups/06c96458-22bd-4ea8-9de0-627c9f090809",
            "revision": 0,
            "tag": []
          },
          "sensitive_attributes": [],
          "private": "bnVsbA==",
          "dependencies": [
            "data.nsxt_policy_group.group_all",
            "data.nsxt_policy_group.group_tag"
          ]
        },
        {
          "index_key": 215,
          "schema_version": 0,
          "attributes": {
            "conjunction": [
              {
                "operator": "OR"
              }
            ],
            "criteria": [
              {
                "condition": [],
                "ipaddress_expression": [
                  {
                    "ip_addresses": [
                      "211.1.2.1",
                      "212.1.1.1"
                    ]
                  }
                ],
                "macaddress_expression": [],
                "path_expression": []
              },
              {
                "condition": [],
                "ipaddress_expression": [],
                "macaddress_expression": [],
                "path_expression": [
                  {
                    "member_paths": [
                      "/infra/domains/default/groups/group_all",
                      "/infra/domains/default/groups/group_tag"
                    ]
                  }
                ]
              }
            ],
            "description": "Terraform provisioned Group",
            "display_name": "tf-group-215",
            "domain": "default",
            "extended_criteria": [],
            "id": "98d24817-2d0f-44ad-9e39-99edd82fe836",
            "nsx_id": "98d24817-2d0f-44ad-9e39-99edd82fe836",
            "path": "/infra/domains/default/groups/98d24817-2d0f-44ad-9e39-99edd82fe836",
            "revision": 0,
            "tag": []
          },
          "sensitive_attributes": [],
          "private": "bnVsbA==",
          "dependencies": [
            "data.nsxt_policy_group.group_all",
            "data.nsxt_policy_group.group_tag"
          ]
        },
        {
          "index_key": 216,
          "schema_version": 0,
          "attributes": {
            "conjunction": [
              {
                "operator": "OR"
              }
            ],
            "criteria": [
              {
                "condition": [],
                "ipaddress_expression": [
                  {
                    "ip_addresses": [
                      "211.1.2.1",
                      "212.1.1.1"
                    ]
                  }
                ],
                "macaddress_expression": [],
                "path_expression": []
              },
              {
                "condition": [],
                "ipaddress_expression": [],
                "macaddress_expression": [],
                "path_expression": [
                  {
                    "member_paths": [
                      "/infra/domains/default/groups/group_all",
                      "/infra/domains/default/groups/group_tag"
                    ]
                  }
                ]
              }
            ],
            "description": "Terraform provisioned Group",
            "display_name": "tf-group-216",
            "domain": "default",
            "extended_criteria": [],
            "id": "3041b879-dae4-456e-8c32-feb2500d3a50",
            "nsx_id": "3041b879-dae4-456e-8c32-feb2500d3a50",
            "path": "/infra/domains/default/groups/3041b879-dae4-456e-8c32-feb2500d3a50",
            "revision": 0,
            "tag": []
          },
          "sensitive_attributes": [],
          "private": "bnVsbA==",
          "dependencies": [
            "data.nsxt_policy_group.group_all",
            "data.nsxt_policy_group.group_tag"
          ]
        },
        {
          "index_key": 217,
          "schema_version": 0,
          "attributes": {
            "conjunction": [
              {
                "operator": "OR"
              }
            ],
            "criteria": [
              {
                "condition": [],
                "ipaddress_expression": [
                  {
                    "ip_addresses": [
                      "211.1.2.1",
                      "212.1.1.1"
                    ]
                  }
                ],
                "macaddress_expression": [],
                "path_expression": []
              },
              {
                "condition": [],
                "ipaddress_expression": [],
                "macaddress_expression": [],
                "path_expression": [
                  {
                    "member_paths": [
                      "/infra/domains/default/groups/group_all",
                      "/infra/domains/default/groups/group_tag"
                    ]
                  }
                ]
              }
            ],
            "description": "Terraform provisioned Group",
            "display_name": "tf-group-217",
            "domain": "default",
            "extended_criteria": [],
            "id": "fea885c3-acbf-419c-a099-dfa6fb3ded76",
            "nsx_id": "fea885c3-acbf-419c-a099-dfa6fb3ded76",
            "path": "/infra/domains/default/groups/fea885c3-acbf-419c-a099-dfa6fb3ded76",
            "revision": 0,
            "tag": []
          },
          "sensitive_attributes": [],
          "private": "bnVsbA==",
          "dependencies": [
            "data.nsxt_policy_group.group_all",
            "data.nsxt_policy_group.group_tag"
          ]
        },
        {
          "index_key": 218,
          "schema_version": 0,
          "attributes": {
            "conjunction": [
              {
                "operator": "OR"
              }
            ],
            "criteria": [
              {
                "condition": [],
                "ipaddress_expression": [
                  {
                    "ip_addresses": [
                      "211.1.2.1",
                      "212.1.1.1"
                    ]
                  }
                ],
                "macaddress_expression": [],
                "path_expression": []
              },
              {
                "condition": [],
                "ipaddress_expression": [],
                "macaddress_expression": [],
                "path_expression": [
                  {
                    "member_paths": [
                      "/infra/domains/default/groups/group_all",
                      "/infra/domains/default/groups/group_tag"
                    ]
                  }
                ]
              }
            ],
            "description": "Terraform provisioned Group",
            "display_name": "tf-group-218",
            "domain": "default",
            "extended_criteria": [],
            "id": "24e60347-270d-4c58-9d5f-574728649af0",
            "nsx_id": "24e60347-270d-4c58-9d5f-574728649af0",
            "path": "/infra/domains/default/groups/24e60347-270d-4c58-9d5f-574728649af0",
            "revision": 0,
            "tag": []
          },
          "sensitive_attributes": [],
          "private": "bnVsbA==",
          "dependencies": [
            "data.nsxt_policy_group.group_all",
            "data.nsxt_policy_group.group_tag"
          ]
        },
        {
          "index_key": 219,
          "schema_version": 0,
          "attributes": {
            "conjunction": [
              {
                "operator": "OR"
              }
            ],
            "criteria": [
              {
                "condition": [],
                "ipaddress_expression": [
                  {
                    "ip_addresses": [
                      "211.1.2.1",
                      "212.1.1.1"
                    ]
                  }
                ],
                "macaddress_expression": [],
                "path_expression": []
              },
              {
                "condition": [],
                "ipaddress_expression": [],
                "macaddress_expression": [],
                "path_expression": [
                  {
                    "member_paths": [
                      "/infra/domains/default/groups/group_all",
                      "/infra/domains/default/groups/group_tag"
                    ]
                  }
                ]
              }
            ],
            "description": "Terraform provisioned Group",
            "display_name": "tf-group-219",
            "domain": "default",
            "extended_criteria": [],
            "id": "635621d3-bbb8-46d6-97ff-52ce7c772532",
            "nsx_id": "635621d3-bbb8-46d6-97ff-52ce7c772532",
            "path": "/infra/domains/default/groups/635621d3-bbb8-46d6-97ff-52ce7c772532",
            "revision": 0,
            "tag": []
          },
          "sensitive_attributes": [],
          "private": "bnVsbA==",
          "dependencies": [
            "data.nsxt_policy_group.group_all",
            "data.nsxt_policy_group.group_tag"
          ]
        },
        {
          "index_key": 220,
          "schema_version": 0,
          "attributes": {
            "conjunction": [
              {
                "operator": "OR"
              }
            ],
            "criteria": [
              {
                "condition": [],
                "ipaddress_expression": [
                  {
                    "ip_addresses": [
                      "211.1.2.1",
                      "212.1.1.1"
                    ]
                  }
                ],
                "macaddress_expression": [],
                "path_expression": []
              },
              {
                "condition": [],
                "ipaddress_expression": [],
                "macaddress_expression": [],
                "path_expression": [
                  {
                    "member_paths": [
                      "/infra/domains/default/groups/group_all",
                      "/infra/domains/default/groups/group_tag"
                    ]
                  }
                ]
              }
            ],
            "description": "Terraform provisioned Group",
            "display_name": "tf-group-220",
            "domain": "default",
            "extended_criteria": [],
            "id": "dcd01ca1-fcab-493b-8c6a-ac563c3e0fb3",
            "nsx_id": "dcd01ca1-fcab-493b-8c6a-ac563c3e0fb3",
            "path": "/infra/domains/default/groups/dcd01ca1-fcab-493b-8c6a-ac563c3e0fb3",
            "revision": 0,
            "tag": []
          },
          "sensitive_attributes": [],
          "private": "bnVsbA==",
          "dependencies": [
            "data.nsxt_policy_group.group_all",
            "data.nsxt_policy_group.group_tag"
          ]
        },
        {
          "index_key": 221,
          "schema_version": 0,
          "attributes": {
            "conjunction": [
              {
                "operator": "OR"
              }
            ],
            "criteria": [
              {
                "condition": [],
                "ipaddress_expression": [
                  {
                    "ip_addresses": [
                      "211.1.2.1",
                      "212.1.1.1"
                    ]
                  }
                ],
                "macaddress_expression": [],
                "path_expression": []
              },
              {
                "condition": [],
                "ipaddress_expression": [],
                "macaddress_expression": [],
                "path_expression": [
                  {
                    "member_paths": [
                      "/infra/domains/default/groups/group_all",
                      "/infra/domains/default/groups/group_tag"
                    ]
                  }
                ]
              }
            ],
            "description": "Terraform provisioned Group",
            "display_name": "tf-group-221",
            "domain": "default",
            "extended_criteria": [],
            "id": "b578c7c1-f3cd-4117-8941-b807c94c7d12",
            "nsx_id": "b578c7c1-f3cd-4117-8941-b807c94c7d12",
            "path": "/infra/domains/default/groups/b578c7c1-f3cd-4117-8941-b807c94c7d12",
            "revision": 0,
            "tag": []
          },
          "sensitive_attributes": [],
          "private": "bnVsbA==",
          "dependencies": [
            "data.nsxt_policy_group.group_all",
            "data.nsxt_policy_group.group_tag"
          ]
        },
        {
          "index_key": 222,
          "schema_version": 0,
          "attributes": {
            "conjunction": [
              {
                "operator": "OR"
              }
            ],
            "criteria": [
              {
                "condition": [],
                "ipaddress_expression": [
                  {
                    "ip_addresses": [
                      "211.1.2.1",
                      "212.1.1.1"
                    ]
                  }
                ],
                "macaddress_expression": [],
                "path_expression": []
              },
              {
                "condition": [],
                "ipaddress_expression": [],
                "macaddress_expression": [],
                "path_expression": [
                  {
                    "member_paths": [
                      "/infra/domains/default/groups/group_all",
                      "/infra/domains/default/groups/group_tag"
                    ]
                  }
                ]
              }
            ],
            "description": "Terraform provisioned Group",
            "display_name": "tf-group-222",
            "domain": "default",
            "extended_criteria": [],
            "id": "fda5324d-bc4e-4aa2-bd47-3d844561636f",
            "nsx_id": "fda5324d-bc4e-4aa2-bd47-3d844561636f",
            "path": "/infra/domains/default/groups/fda5324d-bc4e-4aa2-bd47-3d844561636f",
            "revision": 0,
            "tag": []
          },
          "sensitive_attributes": [],
          "private": "bnVsbA==",
          "dependencies": [
            "data.nsxt_policy_group.group_all",
            "data.nsxt_policy_group.group_tag"
          ]
        },
        {
          "index_key": 223,
          "schema_version": 0,
          "attributes": {
            "conjunction": [
              {
                "operator": "OR"
              }
            ],
            "criteria": [
              {
                "condition": [],
                "ipaddress_expression": [
                  {
                    "ip_addresses": [
                      "211.1.2.1",
                      "212.1.1.1"
                    ]
                  }
                ],
                "macaddress_expression": [],
                "path_expression": []
              },
              {
                "condition": [],
                "ipaddress_expression": [],
                "macaddress_expression": [],
                "path_expression": [
                  {
                    "member_paths": [
                      "/infra/domains/default/groups/group_all",
                      "/infra/domains/default/groups/group_tag"
                    ]
                  }
                ]
              }
            ],
            "description": "Terraform provisioned Group",
            "display_name": "tf-group-223",
            "domain": "default",
            "extended_criteria": [],
            "id": "3cb28590-71e3-4ac5-914e-6d1050161d16",
            "nsx_id": "3cb28590-71e3-4ac5-914e-6d1050161d16",
            "path": "/infra/domains/default/groups/3cb28590-71e3-4ac5-914e-6d1050161d16",
            "revision": 0,
            "tag": []
          },
          "sensitive_attributes": [],
          "private": "bnVsbA==",
          "dependencies": [
            "data.nsxt_policy_group.group_all",
            "data.nsxt_policy_group.group_tag"
          ]
        },
        {
          "index_key": 224,
          "schema_version": 0,
          "attributes": {
            "conjunction": [
              {
                "operator": "OR"
              }
            ],
            "criteria": [
              {
                "condition": [],
                "ipaddress_expression": [
                  {
                    "ip_addresses": [
                      "211.1.2.1",
                      "212.1.1.1"
                    ]
                  }
                ],
                "macaddress_expression": [],
                "path_expression": []
              },
              {
                "condition": [],
                "ipaddress_expression": [],
                "macaddress_expression": [],
                "path_expression": [
                  {
                    "member_paths": [
                      "/infra/domains/default/groups/group_all",
                      "/infra/domains/default/groups/group_tag"
                    ]
                  }
                ]
              }
            ],
            "description": "Terraform provisioned Group",
            "display_name": "tf-group-224",
            "domain": "default",
            "extended_criteria": [],
            "id": "a7d9fb2e-172e-4627-8b2b-3178bdffdbc3",
            "nsx_id": "a7d9fb2e-172e-4627-8b2b-3178bdffdbc3",
            "path": "/infra/domains/default/groups/a7d9fb2e-172e-4627-8b2b-3178bdffdbc3",
            "revision": 0,
            "tag": []
          },
          "sensitive_attributes": [],
          "private": "bnVsbA==",
          "dependencies": [
            "data.nsxt_policy_group.group_all",
            "data.nsxt_policy_group.group_tag"
          ]
        },
        {
          "index_key": 225,
          "schema_version": 0,
          "attributes": {
            "conjunction": [
              {
                "operator": "OR"
              }
            ],
            "criteria": [
              {
                "condition": [],
                "ipaddress_expression": [
                  {
                    "ip_addresses": [
                      "211.1.2.1",
                      "212.1.1.1"
                    ]
                  }
                ],
                "macaddress_expression": [],
                "path_expression": []
              },
              {
                "condition": [],
                "ipaddress_expression": [],
                "macaddress_expression": [],
                "path_expression": [
                  {
                    "member_paths": [
                      "/infra/domains/default/groups/group_all",
                      "/infra/domains/default/groups/group_tag"
                    ]
                  }
                ]
              }
            ],
            "description": "Terraform provisioned Group",
            "display_name": "tf-group-225",
            "domain": "default",
            "extended_criteria": [],
            "id": "3d388be0-2ba9-4016-8e71-81950ca7d226",
            "nsx_id": "3d388be0-2ba9-4016-8e71-81950ca7d226",
            "path": "/infra/domains/default/groups/3d388be0-2ba9-4016-8e71-81950ca7d226",
            "revision": 0,
            "tag": []
          },
          "sensitive_attributes": [],
          "private": "bnVsbA==",
          "dependencies": [
            "data.nsxt_policy_group.group_all",
            "data.nsxt_policy_group.group_tag"
          ]
        },
        {
          "index_key": 226,
          "schema_version": 0,
          "attributes": {
            "conjunction": [
              {
                "operator": "OR"
              }
            ],
            "criteria": [
              {
                "condition": [],
                "ipaddress_expression": [
                  {
                    "ip_addresses": [
                      "211.1.2.1",
                      "212.1.1.1"
                    ]
                  }
                ],
                "macaddress_expression": [],
                "path_expression": []
              },
              {
                "condition": [],
                "ipaddress_expression": [],
                "macaddress_expression": [],
                "path_expression": [
                  {
                    "member_paths": [
                      "/infra/domains/default/groups/group_all",
                      "/infra/domains/default/groups/group_tag"
                    ]
                  }
                ]
              }
            ],
            "description": "Terraform provisioned Group",
            "display_name": "tf-group-226",
            "domain": "default",
            "extended_criteria": [],
            "id": "9af173cb-1172-491e-903d-74fb3faa283f",
            "nsx_id": "9af173cb-1172-491e-903d-74fb3faa283f",
            "path": "/infra/domains/default/groups/9af173cb-1172-491e-903d-74fb3faa283f",
            "revision": 0,
            "tag": []
          },
          "sensitive_attributes": [],
          "private": "bnVsbA==",
          "dependencies": [
            "data.nsxt_policy_group.group_all",
            "data.nsxt_policy_group.group_tag"
          ]
        },
        {
          "index_key": 227,
          "schema_version": 0,
          "attributes": {
            "conjunction": [
              {
                "operator": "OR"
              }
            ],
            "criteria": [
              {
                "condition": [],
                "ipaddress_expression": [
                  {
                    "ip_addresses": [
                      "211.1.2.1",
                      "212.1.1.1"
                    ]
                  }
                ],
                "macaddress_expression": [],
                "path_expression": []
              },
              {
                "condition": [],
                "ipaddress_expression": [],
                "macaddress_expression": [],
                "path_expression": [
                  {
                    "member_paths": [
                      "/infra/domains/default/groups/group_all",
                      "/infra/domains/default/groups/group_tag"
                    ]
                  }
                ]
              }
            ],
            "description": "Terraform provisioned Group",
            "display_name": "tf-group-227",
            "domain": "default",
            "extended_criteria": [],
            "id": "c5c65aa0-78b4-4f8d-87d9-73add9d3a072",
            "nsx_id": "c5c65aa0-78b4-4f8d-87d9-73add9d3a072",
            "path": "/infra/domains/default/groups/c5c65aa0-78b4-4f8d-87d9-73add9d3a072",
            "revision": 0,
            "tag": []
          },
          "sensitive_attributes": [],
          "private": "bnVsbA==",
          "dependencies": [
            "data.nsxt_policy_group.group_all",
            "data.nsxt_policy_group.group_tag"
          ]
        },
        {
          "index_key": 228,
          "schema_version": 0,
          "attributes": {
            "conjunction": [
              {
                "operator": "OR"
              }
            ],
            "criteria": [
              {
                "condition": [],
                "ipaddress_expression": [
                  {
                    "ip_addresses": [
                      "211.1.2.1",
                      "212.1.1.1"
                    ]
                  }
                ],
                "macaddress_expression": [],
                "path_expression": []
              },
              {
                "condition": [],
                "ipaddress_expression": [],
                "macaddress_expression": [],
                "path_expression": [
                  {
                    "member_paths": [
                      "/infra/domains/default/groups/group_all",
                      "/infra/domains/default/groups/group_tag"
                    ]
                  }
                ]
              }
            ],
            "description": "Terraform provisioned Group",
            "display_name": "tf-group-228",
            "domain": "default",
            "extended_criteria": [],
            "id": "8a567dcc-9118-498c-b30b-e81f581fa2aa",
            "nsx_id": "8a567dcc-9118-498c-b30b-e81f581fa2aa",
            "path": "/infra/domains/default/groups/8a567dcc-9118-498c-b30b-e81f581fa2aa",
            "revision": 0,
            "tag": []
          },
          "sensitive_attributes": [],
          "private": "bnVsbA==",
          "dependencies": [
            "data.nsxt_policy_group.group_all",
            "data.nsxt_policy_group.group_tag"
          ]
        },
        {
          "index_key": 229,
          "schema_version": 0,
          "attributes": {
            "conjunction": [
              {
                "operator": "OR"
              }
            ],
            "criteria": [
              {
                "condition": [],
                "ipaddress_expression": [
                  {
                    "ip_addresses": [
                      "211.1.2.1",
                      "212.1.1.1"
                    ]
                  }
                ],
                "macaddress_expression": [],
                "path_expression": []
              },
              {
                "condition": [],
                "ipaddress_expression": [],
                "macaddress_expression": [],
                "path_expression": [
                  {
                    "member_paths": [
                      "/infra/domains/default/groups/group_all",
                      "/infra/domains/default/groups/group_tag"
                    ]
                  }
                ]
              }
            ],
            "description": "Terraform provisioned Group",
            "display_name": "tf-group-229",
            "domain": "default",
            "extended_criteria": [],
            "id": "bf3f42b0-de85-4b24-a800-d595b0fa941f",
            "nsx_id": "bf3f42b0-de85-4b24-a800-d595b0fa941f",
            "path": "/infra/domains/default/groups/bf3f42b0-de85-4b24-a800-d595b0fa941f",
            "revision": 0,
            "tag": []
          },
          "sensitive_attributes": [],
          "private": "bnVsbA==",
          "dependencies": [
            "data.nsxt_policy_group.group_all",
            "data.nsxt_policy_group.group_tag"
          ]
        },
        {
          "index_key": 230,
          "schema_version": 0,
          "attributes": {
            "conjunction": [
              {
                "operator": "OR"
              }
            ],
            "criteria": [
              {
                "condition": [],
                "ipaddress_expression": [
                  {
                    "ip_addresses": [
                      "211.1.2.1",
                      "212.1.1.1"
                    ]
                  }
                ],
                "macaddress_expression": [],
                "path_expression": []
              },
              {
                "condition": [],
                "ipaddress_expression": [],
                "macaddress_expression": [],
                "path_expression": [
                  {
                    "member_paths": [
                      "/infra/domains/default/groups/group_all",
                      "/infra/domains/default/groups/group_tag"
                    ]
                  }
                ]
              }
            ],
            "description": "Terraform provisioned Group",
            "display_name": "tf-group-230",
            "domain": "default",
            "extended_criteria": [],
            "id": "a83add4a-5d0e-4977-a829-44c5fea822b5",
            "nsx_id": "a83add4a-5d0e-4977-a829-44c5fea822b5",
            "path": "/infra/domains/default/groups/a83add4a-5d0e-4977-a829-44c5fea822b5",
            "revision": 0,
            "tag": []
          },
          "sensitive_attributes": [],
          "private": "bnVsbA==",
          "dependencies": [
            "data.nsxt_policy_group.group_all",
            "data.nsxt_policy_group.group_tag"
          ]
        },
        {
          "index_key": 231,
          "schema_version": 0,
          "attributes": {
            "conjunction": [
              {
                "operator": "OR"
              }
            ],
            "criteria": [
              {
                "condition": [],
                "ipaddress_expression": [
                  {
                    "ip_addresses": [
                      "211.1.2.1",
                      "212.1.1.1"
                    ]
                  }
                ],
                "macaddress_expression": [],
                "path_expression": []
              },
              {
                "condition": [],
                "ipaddress_expression": [],
                "macaddress_expression": [],
                "path_expression": [
                  {
                    "member_paths": [
                      "/infra/domains/default/groups/group_all",
                      "/infra/domains/default/groups/group_tag"
                    ]
                  }
                ]
              }
            ],
            "description": "Terraform provisioned Group",
            "display_name": "tf-group-231",
            "domain": "default",
            "extended_criteria": [],
            "id": "609ab4fc-3753-423c-8bc7-cb98d91da651",
            "nsx_id": "609ab4fc-3753-423c-8bc7-cb98d91da651",
            "path": "/infra/domains/default/groups/609ab4fc-3753-423c-8bc7-cb98d91da651",
            "revision": 0,
            "tag": []
          },
          "sensitive_attributes": [],
          "private": "bnVsbA==",
          "dependencies": [
            "data.nsxt_policy_group.group_all",
            "data.nsxt_policy_group.group_tag"
          ]
        },
        {
          "index_key": 232,
          "schema_version": 0,
          "attributes": {
            "conjunction": [
              {
                "operator": "OR"
              }
            ],
            "criteria": [
              {
                "condition": [],
                "ipaddress_expression": [
                  {
                    "ip_addresses": [
                      "211.1.2.1",
                      "212.1.1.1"
                    ]
                  }
                ],
                "macaddress_expression": [],
                "path_expression": []
              },
              {
                "condition": [],
                "ipaddress_expression": [],
                "macaddress_expression": [],
                "path_expression": [
                  {
                    "member_paths": [
                      "/infra/domains/default/groups/group_all",
                      "/infra/domains/default/groups/group_tag"
                    ]
                  }
                ]
              }
            ],
            "description": "Terraform provisioned Group",
            "display_name": "tf-group-232",
            "domain": "default",
            "extended_criteria": [],
            "id": "4db9402a-071d-4338-b093-fc23fffc7983",
            "nsx_id": "4db9402a-071d-4338-b093-fc23fffc7983",
            "path": "/infra/domains/default/groups/4db9402a-071d-4338-b093-fc23fffc7983",
            "revision": 0,
            "tag": []
          },
          "sensitive_attributes": [],
          "private": "bnVsbA==",
          "dependencies": [
            "data.nsxt_policy_group.group_all",
            "data.nsxt_policy_group.group_tag"
          ]
        },
        {
          "index_key": 233,
          "schema_version": 0,
          "attributes": {
            "conjunction": [
              {
                "operator": "OR"
              }
            ],
            "criteria": [
              {
                "condition": [],
                "ipaddress_expression": [
                  {
                    "ip_addresses": [
                      "211.1.2.1",
                      "212.1.1.1"
                    ]
                  }
                ],
                "macaddress_expression": [],
                "path_expression": []
              },
              {
                "condition": [],
                "ipaddress_expression": [],
                "macaddress_expression": [],
                "path_expression": [
                  {
                    "member_paths": [
                      "/infra/domains/default/groups/group_all",
                      "/infra/domains/default/groups/group_tag"
                    ]
                  }
                ]
              }
            ],
            "description": "Terraform provisioned Group",
            "display_name": "tf-group-233",
            "domain": "default",
            "extended_criteria": [],
            "id": "7919b632-ca24-46ac-9c76-069930c86486",
            "nsx_id": "7919b632-ca24-46ac-9c76-069930c86486",
            "path": "/infra/domains/default/groups/7919b632-ca24-46ac-9c76-069930c86486",
            "revision": 0,
            "tag": []
          },
          "sensitive_attributes": [],
          "private": "bnVsbA==",
          "dependencies": [
            "data.nsxt_policy_group.group_all",
            "data.nsxt_policy_group.group_tag"
          ]
        },
        {
          "index_key": 234,
          "schema_version": 0,
          "attributes": {
            "conjunction": [
              {
                "operator": "OR"
              }
            ],
            "criteria": [
              {
                "condition": [],
                "ipaddress_expression": [
                  {
                    "ip_addresses": [
                      "211.1.2.1",
                      "212.1.1.1"
                    ]
                  }
                ],
                "macaddress_expression": [],
                "path_expression": []
              },
              {
                "condition": [],
                "ipaddress_expression": [],
                "macaddress_expression": [],
                "path_expression": [
                  {
                    "member_paths": [
                      "/infra/domains/default/groups/group_all",
                      "/infra/domains/default/groups/group_tag"
                    ]
                  }
                ]
              }
            ],
            "description": "Terraform provisioned Group",
            "display_name": "tf-group-234",
            "domain": "default",
            "extended_criteria": [],
            "id": "11340e24-daac-4bbe-9640-cf33b1e94dd9",
            "nsx_id": "11340e24-daac-4bbe-9640-cf33b1e94dd9",
            "path": "/infra/domains/default/groups/11340e24-daac-4bbe-9640-cf33b1e94dd9",
            "revision": 0,
            "tag": []
          },
          "sensitive_attributes": [],
          "private": "bnVsbA==",
          "dependencies": [
            "data.nsxt_policy_group.group_all",
            "data.nsxt_policy_group.group_tag"
          ]
        },
        {
          "index_key": 235,
          "schema_version": 0,
          "attributes": {
            "conjunction": [
              {
                "operator": "OR"
              }
            ],
            "criteria": [
              {
                "condition": [],
                "ipaddress_expression": [
                  {
                    "ip_addresses": [
                      "211.1.2.1",
                      "212.1.1.1"
                    ]
                  }
                ],
                "macaddress_expression": [],
                "path_expression": []
              },
              {
                "condition": [],
                "ipaddress_expression": [],
                "macaddress_expression": [],
                "path_expression": [
                  {
                    "member_paths": [
                      "/infra/domains/default/groups/group_all",
                      "/infra/domains/default/groups/group_tag"
                    ]
                  }
                ]
              }
            ],
            "description": "Terraform provisioned Group",
            "display_name": "tf-group-235",
            "domain": "default",
            "extended_criteria": [],
            "id": "84f3573f-df12-4af6-a481-703ec4a3880e",
            "nsx_id": "84f3573f-df12-4af6-a481-703ec4a3880e",
            "path": "/infra/domains/default/groups/84f3573f-df12-4af6-a481-703ec4a3880e",
            "revision": 0,
            "tag": []
          },
          "sensitive_attributes": [],
          "private": "bnVsbA==",
          "dependencies": [
            "data.nsxt_policy_group.group_all",
            "data.nsxt_policy_group.group_tag"
          ]
        },
        {
          "index_key": 236,
          "schema_version": 0,
          "attributes": {
            "conjunction": [
              {
                "operator": "OR"
              }
            ],
            "criteria": [
              {
                "condition": [],
                "ipaddress_expression": [
                  {
                    "ip_addresses": [
                      "211.1.2.1",
                      "212.1.1.1"
                    ]
                  }
                ],
                "macaddress_expression": [],
                "path_expression": []
              },
              {
                "condition": [],
                "ipaddress_expression": [],
                "macaddress_expression": [],
                "path_expression": [
                  {
                    "member_paths": [
                      "/infra/domains/default/groups/group_all",
                      "/infra/domains/default/groups/group_tag"
                    ]
                  }
                ]
              }
            ],
            "description": "Terraform provisioned Group",
            "display_name": "tf-group-236",
            "domain": "default",
            "extended_criteria": [],
            "id": "1716df17-ace1-4abf-a9af-e192188ab7bf",
            "nsx_id": "1716df17-ace1-4abf-a9af-e192188ab7bf",
            "path": "/infra/domains/default/groups/1716df17-ace1-4abf-a9af-e192188ab7bf",
            "revision": 0,
            "tag": []
          },
          "sensitive_attributes": [],
          "private": "bnVsbA==",
          "dependencies": [
            "data.nsxt_policy_group.group_all",
            "data.nsxt_policy_group.group_tag"
          ]
        },
        {
          "index_key": 237,
          "schema_version": 0,
          "attributes": {
            "conjunction": [
              {
                "operator": "OR"
              }
            ],
            "criteria": [
              {
                "condition": [],
                "ipaddress_expression": [
                  {
                    "ip_addresses": [
                      "211.1.2.1",
                      "212.1.1.1"
                    ]
                  }
                ],
                "macaddress_expression": [],
                "path_expression": []
              },
              {
                "condition": [],
                "ipaddress_expression": [],
                "macaddress_expression": [],
                "path_expression": [
                  {
                    "member_paths": [
                      "/infra/domains/default/groups/group_all",
                      "/infra/domains/default/groups/group_tag"
                    ]
                  }
                ]
              }
            ],
            "description": "Terraform provisioned Group",
            "display_name": "tf-group-237",
            "domain": "default",
            "extended_criteria": [],
            "id": "e0821a40-c023-4e20-9aea-0bead708e274",
            "nsx_id": "e0821a40-c023-4e20-9aea-0bead708e274",
            "path": "/infra/domains/default/groups/e0821a40-c023-4e20-9aea-0bead708e274",
            "revision": 0,
            "tag": []
          },
          "sensitive_attributes": [],
          "private": "bnVsbA==",
          "dependencies": [
            "data.nsxt_policy_group.group_all",
            "data.nsxt_policy_group.group_tag"
          ]
        },
        {
          "index_key": 238,
          "schema_version": 0,
          "attributes": {
            "conjunction": [
              {
                "operator": "OR"
              }
            ],
            "criteria": [
              {
                "condition": [],
                "ipaddress_expression": [
                  {
                    "ip_addresses": [
                      "211.1.2.1",
                      "212.1.1.1"
                    ]
                  }
                ],
                "macaddress_expression": [],
                "path_expression": []
              },
              {
                "condition": [],
                "ipaddress_expression": [],
                "macaddress_expression": [],
                "path_expression": [
                  {
                    "member_paths": [
                      "/infra/domains/default/groups/group_all",
                      "/infra/domains/default/groups/group_tag"
                    ]
                  }
                ]
              }
            ],
            "description": "Terraform provisioned Group",
            "display_name": "tf-group-238",
            "domain": "default",
            "extended_criteria": [],
            "id": "a9d1bcf6-733f-41ee-abbd-56094ff89a7e",
            "nsx_id": "a9d1bcf6-733f-41ee-abbd-56094ff89a7e",
            "path": "/infra/domains/default/groups/a9d1bcf6-733f-41ee-abbd-56094ff89a7e",
            "revision": 0,
            "tag": []
          },
          "sensitive_attributes": [],
          "private": "bnVsbA==",
          "dependencies": [
            "data.nsxt_policy_group.group_all",
            "data.nsxt_policy_group.group_tag"
          ]
        },
        {
          "index_key": 239,
          "schema_version": 0,
          "attributes": {
            "conjunction": [
              {
                "operator": "OR"
              }
            ],
            "criteria": [
              {
                "condition": [],
                "ipaddress_expression": [
                  {
                    "ip_addresses": [
                      "211.1.2.1",
                      "212.1.1.1"
                    ]
                  }
                ],
                "macaddress_expression": [],
                "path_expression": []
              },
              {
                "condition": [],
                "ipaddress_expression": [],
                "macaddress_expression": [],
                "path_expression": [
                  {
                    "member_paths": [
                      "/infra/domains/default/groups/group_all",
                      "/infra/domains/default/groups/group_tag"
                    ]
                  }
                ]
              }
            ],
            "description": "Terraform provisioned Group",
            "display_name": "tf-group-239",
            "domain": "default",
            "extended_criteria": [],
            "id": "6b4ee36c-1b9c-4e98-aea1-ec3e52682503",
            "nsx_id": "6b4ee36c-1b9c-4e98-aea1-ec3e52682503",
            "path": "/infra/domains/default/groups/6b4ee36c-1b9c-4e98-aea1-ec3e52682503",
            "revision": 0,
            "tag": []
          },
          "sensitive_attributes": [],
          "private": "bnVsbA==",
          "dependencies": [
            "data.nsxt_policy_group.group_all",
            "data.nsxt_policy_group.group_tag"
          ]
        },
        {
          "index_key": 240,
          "schema_version": 0,
          "attributes": {
            "conjunction": [
              {
                "operator": "OR"
              }
            ],
            "criteria": [
              {
                "condition": [],
                "ipaddress_expression": [
                  {
                    "ip_addresses": [
                      "211.1.2.1",
                      "212.1.1.1"
                    ]
                  }
                ],
                "macaddress_expression": [],
                "path_expression": []
              },
              {
                "condition": [],
                "ipaddress_expression": [],
                "macaddress_expression": [],
                "path_expression": [
                  {
                    "member_paths": [
                      "/infra/domains/default/groups/group_all",
                      "/infra/domains/default/groups/group_tag"
                    ]
                  }
                ]
              }
            ],
            "description": "Terraform provisioned Group",
            "display_name": "tf-group-240",
            "domain": "default",
            "extended_criteria": [],
            "id": "21018172-945d-4ba6-8d5a-951d227fb248",
            "nsx_id": "21018172-945d-4ba6-8d5a-951d227fb248",
            "path": "/infra/domains/default/groups/21018172-945d-4ba6-8d5a-951d227fb248",
            "revision": 0,
            "tag": []
          },
          "sensitive_attributes": [],
          "private": "bnVsbA==",
          "dependencies": [
            "data.nsxt_policy_group.group_all",
            "data.nsxt_policy_group.group_tag"
          ]
        },
        {
          "index_key": 241,
          "schema_version": 0,
          "attributes": {
            "conjunction": [
              {
                "operator": "OR"
              }
            ],
            "criteria": [
              {
                "condition": [],
                "ipaddress_expression": [
                  {
                    "ip_addresses": [
                      "211.1.2.1",
                      "212.1.1.1"
                    ]
                  }
                ],
                "macaddress_expression": [],
                "path_expression": []
              },
              {
                "condition": [],
                "ipaddress_expression": [],
                "macaddress_expression": [],
                "path_expression": [
                  {
                    "member_paths": [
                      "/infra/domains/default/groups/group_all",
                      "/infra/domains/default/groups/group_tag"
                    ]
                  }
                ]
              }
            ],
            "description": "Terraform provisioned Group",
            "display_name": "tf-group-241",
            "domain": "default",
            "extended_criteria": [],
            "id": "044b6000-97da-495c-81f1-d11caf3b1f14",
            "nsx_id": "044b6000-97da-495c-81f1-d11caf3b1f14",
            "path": "/infra/domains/default/groups/044b6000-97da-495c-81f1-d11caf3b1f14",
            "revision": 0,
            "tag": []
          },
          "sensitive_attributes": [],
          "private": "bnVsbA==",
          "dependencies": [
            "data.nsxt_policy_group.group_all",
            "data.nsxt_policy_group.group_tag"
          ]
        },
        {
          "index_key": 242,
          "schema_version": 0,
          "attributes": {
            "conjunction": [
              {
                "operator": "OR"
              }
            ],
            "criteria": [
              {
                "condition": [],
                "ipaddress_expression": [
                  {
                    "ip_addresses": [
                      "211.1.2.1",
                      "212.1.1.1"
                    ]
                  }
                ],
                "macaddress_expression": [],
                "path_expression": []
              },
              {
                "condition": [],
                "ipaddress_expression": [],
                "macaddress_expression": [],
                "path_expression": [
                  {
                    "member_paths": [
                      "/infra/domains/default/groups/group_all",
                      "/infra/domains/default/groups/group_tag"
                    ]
                  }
                ]
              }
            ],
            "description": "Terraform provisioned Group",
            "display_name": "tf-group-242",
            "domain": "default",
            "extended_criteria": [],
            "id": "4dec6eb2-6380-4a43-b265-098b1aebe4ac",
            "nsx_id": "4dec6eb2-6380-4a43-b265-098b1aebe4ac",
            "path": "/infra/domains/default/groups/4dec6eb2-6380-4a43-b265-098b1aebe4ac",
            "revision": 0,
            "tag": []
          },
          "sensitive_attributes": [],
          "private": "bnVsbA==",
          "dependencies": [
            "data.nsxt_policy_group.group_all",
            "data.nsxt_policy_group.group_tag"
          ]
        },
        {
          "index_key": 243,
          "schema_version": 0,
          "attributes": {
            "conjunction": [
              {
                "operator": "OR"
              }
            ],
            "criteria": [
              {
                "condition": [],
                "ipaddress_expression": [
                  {
                    "ip_addresses": [
                      "211.1.2.1",
                      "212.1.1.1"
                    ]
                  }
                ],
                "macaddress_expression": [],
                "path_expression": []
              },
              {
                "condition": [],
                "ipaddress_expression": [],
                "macaddress_expression": [],
                "path_expression": [
                  {
                    "member_paths": [
                      "/infra/domains/default/groups/group_all",
                      "/infra/domains/default/groups/group_tag"
                    ]
                  }
                ]
              }
            ],
            "description": "Terraform provisioned Group",
            "display_name": "tf-group-243",
            "domain": "default",
            "extended_criteria": [],
            "id": "da0c496c-3806-493c-b41c-109a9334b8d4",
            "nsx_id": "da0c496c-3806-493c-b41c-109a9334b8d4",
            "path": "/infra/domains/default/groups/da0c496c-3806-493c-b41c-109a9334b8d4",
            "revision": 0,
            "tag": []
          },
          "sensitive_attributes": [],
          "private": "bnVsbA==",
          "dependencies": [
            "data.nsxt_policy_group.group_all",
            "data.nsxt_policy_group.group_tag"
          ]
        },
        {
          "index_key": 244,
          "schema_version": 0,
          "attributes": {
            "conjunction": [
              {
                "operator": "OR"
              }
            ],
            "criteria": [
              {
                "condition": [],
                "ipaddress_expression": [
                  {
                    "ip_addresses": [
                      "211.1.2.1",
                      "212.1.1.1"
                    ]
                  }
                ],
                "macaddress_expression": [],
                "path_expression": []
              },
              {
                "condition": [],
                "ipaddress_expression": [],
                "macaddress_expression": [],
                "path_expression": [
                  {
                    "member_paths": [
                      "/infra/domains/default/groups/group_all",
                      "/infra/domains/default/groups/group_tag"
                    ]
                  }
                ]
              }
            ],
            "description": "Terraform provisioned Group",
            "display_name": "tf-group-244",
            "domain": "default",
            "extended_criteria": [],
            "id": "d0093a61-0d2b-4148-9aae-fb463fe6058f",
            "nsx_id": "d0093a61-0d2b-4148-9aae-fb463fe6058f",
            "path": "/infra/domains/default/groups/d0093a61-0d2b-4148-9aae-fb463fe6058f",
            "revision": 0,
            "tag": []
          },
          "sensitive_attributes": [],
          "private": "bnVsbA==",
          "dependencies": [
            "data.nsxt_policy_group.group_all",
            "data.nsxt_policy_group.group_tag"
          ]
        },
        {
          "index_key": 245,
          "schema_version": 0,
          "attributes": {
            "conjunction": [
              {
                "operator": "OR"
              }
            ],
            "criteria": [
              {
                "condition": [],
                "ipaddress_expression": [
                  {
                    "ip_addresses": [
                      "211.1.2.1",
                      "212.1.1.1"
                    ]
                  }
                ],
                "macaddress_expression": [],
                "path_expression": []
              },
              {
                "condition": [],
                "ipaddress_expression": [],
                "macaddress_expression": [],
                "path_expression": [
                  {
                    "member_paths": [
                      "/infra/domains/default/groups/group_all",
                      "/infra/domains/default/groups/group_tag"
                    ]
                  }
                ]
              }
            ],
            "description": "Terraform provisioned Group",
            "display_name": "tf-group-245",
            "domain": "default",
            "extended_criteria": [],
            "id": "b4336598-fbd2-44e9-85e3-4cd863fc1687",
            "nsx_id": "b4336598-fbd2-44e9-85e3-4cd863fc1687",
            "path": "/infra/domains/default/groups/b4336598-fbd2-44e9-85e3-4cd863fc1687",
            "revision": 0,
            "tag": []
          },
          "sensitive_attributes": [],
          "private": "bnVsbA==",
          "dependencies": [
            "data.nsxt_policy_group.group_all",
            "data.nsxt_policy_group.group_tag"
          ]
        },
        {
          "index_key": 246,
          "schema_version": 0,
          "attributes": {
            "conjunction": [
              {
                "operator": "OR"
              }
            ],
            "criteria": [
              {
                "condition": [],
                "ipaddress_expression": [
                  {
                    "ip_addresses": [
                      "211.1.2.1",
                      "212.1.1.1"
                    ]
                  }
                ],
                "macaddress_expression": [],
                "path_expression": []
              },
              {
                "condition": [],
                "ipaddress_expression": [],
                "macaddress_expression": [],
                "path_expression": [
                  {
                    "member_paths": [
                      "/infra/domains/default/groups/group_all",
                      "/infra/domains/default/groups/group_tag"
                    ]
                  }
                ]
              }
            ],
            "description": "Terraform provisioned Group",
            "display_name": "tf-group-246",
            "domain": "default",
            "extended_criteria": [],
            "id": "3909a0eb-0837-44ce-a0b6-eb555a7bb41e",
            "nsx_id": "3909a0eb-0837-44ce-a0b6-eb555a7bb41e",
            "path": "/infra/domains/default/groups/3909a0eb-0837-44ce-a0b6-eb555a7bb41e",
            "revision": 0,
            "tag": []
          },
          "sensitive_attributes": [],
          "private": "bnVsbA==",
          "dependencies": [
            "data.nsxt_policy_group.group_all",
            "data.nsxt_policy_group.group_tag"
          ]
        },
        {
          "index_key": 247,
          "schema_version": 0,
          "attributes": {
            "conjunction": [
              {
                "operator": "OR"
              }
            ],
            "criteria": [
              {
                "condition": [],
                "ipaddress_expression": [
                  {
                    "ip_addresses": [
                      "211.1.2.1",
                      "212.1.1.1"
                    ]
                  }
                ],
                "macaddress_expression": [],
                "path_expression": []
              },
              {
                "condition": [],
                "ipaddress_expression": [],
                "macaddress_expression": [],
                "path_expression": [
                  {
                    "member_paths": [
                      "/infra/domains/default/groups/group_all",
                      "/infra/domains/default/groups/group_tag"
                    ]
                  }
                ]
              }
            ],
            "description": "Terraform provisioned Group",
            "display_name": "tf-group-247",
            "domain": "default",
            "extended_criteria": [],
            "id": "5893985c-7908-49b8-b36d-7467cf7910d1",
            "nsx_id": "5893985c-7908-49b8-b36d-7467cf7910d1",
            "path": "/infra/domains/default/groups/5893985c-7908-49b8-b36d-7467cf7910d1",
            "revision": 0,
            "tag": []
          },
          "sensitive_attributes": [],
          "private": "bnVsbA==",
          "dependencies": [
            "data.nsxt_policy_group.group_all",
            "data.nsxt_policy_group.group_tag"
          ]
        },
        {
          "index_key": 248,
          "schema_version": 0,
          "attributes": {
            "conjunction": [
              {
                "operator": "OR"
              }
            ],
            "criteria": [
              {
                "condition": [],
                "ipaddress_expression": [
                  {
                    "ip_addresses": [
                      "211.1.2.1",
                      "212.1.1.1"
                    ]
                  }
                ],
                "macaddress_expression": [],
                "path_expression": []
              },
              {
                "condition": [],
                "ipaddress_expression": [],
                "macaddress_expression": [],
                "path_expression": [
                  {
                    "member_paths": [
                      "/infra/domains/default/groups/group_all",
                      "/infra/domains/default/groups/group_tag"
                    ]
                  }
                ]
              }
            ],
            "description": "Terraform provisioned Group",
            "display_name": "tf-group-248",
            "domain": "default",
            "extended_criteria": [],
            "id": "4a722af6-647f-49ba-b12c-02b356a0d0d7",
            "nsx_id": "4a722af6-647f-49ba-b12c-02b356a0d0d7",
            "path": "/infra/domains/default/groups/4a722af6-647f-49ba-b12c-02b356a0d0d7",
            "revision": 0,
            "tag": []
          },
          "sensitive_attributes": [],
          "private": "bnVsbA==",
          "dependencies": [
            "data.nsxt_policy_group.group_all",
            "data.nsxt_policy_group.group_tag"
          ]
        },
        {
          "index_key": 249,
          "schema_version": 0,
          "attributes": {
            "conjunction": [
              {
                "operator": "OR"
              }
            ],
            "criteria": [
              {
                "condition": [],
                "ipaddress_expression": [
                  {
                    "ip_addresses": [
                      "211.1.2.1",
                      "212.1.1.1"
                    ]
                  }
                ],
                "macaddress_expression": [],
                "path_expression": []
              },
              {
                "condition": [],
                "ipaddress_expression": [],
                "macaddress_expression": [],
                "path_expression": [
                  {
                    "member_paths": [
                      "/infra/domains/default/groups/group_all",
                      "/infra/domains/default/groups/group_tag"
                    ]
                  }
                ]
              }
            ],
            "description": "Terraform provisioned Group",
            "display_name": "tf-group-249",
            "domain": "default",
            "extended_criteria": [],
            "id": "cae27293-1d60-4489-ae6c-041ba0ed818d",
            "nsx_id": "cae27293-1d60-4489-ae6c-041ba0ed818d",
            "path": "/infra/domains/default/groups/cae27293-1d60-4489-ae6c-041ba0ed818d",
            "revision": 0,
            "tag": []
          },
          "sensitive_attributes": [],
          "private": "bnVsbA==",
          "dependencies": [
            "data.nsxt_policy_group.group_all",
            "data.nsxt_policy_group.group_tag"
          ]
        },
        {
          "index_key": 250,
          "schema_version": 0,
          "attributes": {
            "conjunction": [
              {
                "operator": "OR"
              }
            ],
            "criteria": [
              {
                "condition": [],
                "ipaddress_expression": [
                  {
                    "ip_addresses": [
                      "211.1.2.1",
                      "212.1.1.1"
                    ]
                  }
                ],
                "macaddress_expression": [],
                "path_expression": []
              },
              {
                "condition": [],
                "ipaddress_expression": [],
                "macaddress_expression": [],
                "path_expression": [
                  {
                    "member_paths": [
                      "/infra/domains/default/groups/group_all",
                      "/infra/domains/default/groups/group_tag"
                    ]
                  }
                ]
              }
            ],
            "description": "Terraform provisioned Group",
            "display_name": "tf-group-250",
            "domain": "default",
            "extended_criteria": [],
            "id": "5891d7af-34ea-4bd5-902c-7803b6383e14",
            "nsx_id": "5891d7af-34ea-4bd5-902c-7803b6383e14",
            "path": "/infra/domains/default/groups/5891d7af-34ea-4bd5-902c-7803b6383e14",
            "revision": 0,
            "tag": []
          },
          "sensitive_attributes": [],
          "private": "bnVsbA==",
          "dependencies": [
            "data.nsxt_policy_group.group_all",
            "data.nsxt_policy_group.group_tag"
          ]
        },
        {
          "index_key": 251,
          "schema_version": 0,
          "attributes": {
            "conjunction": [
              {
                "operator": "OR"
              }
            ],
            "criteria": [
              {
                "condition": [],
                "ipaddress_expression": [
                  {
                    "ip_addresses": [
                      "211.1.2.1",
                      "212.1.1.1"
                    ]
                  }
                ],
                "macaddress_expression": [],
                "path_expression": []
              },
              {
                "condition": [],
                "ipaddress_expression": [],
                "macaddress_expression": [],
                "path_expression": [
                  {
                    "member_paths": [
                      "/infra/domains/default/groups/group_all",
                      "/infra/domains/default/groups/group_tag"
                    ]
                  }
                ]
              }
            ],
            "description": "Terraform provisioned Group",
            "display_name": "tf-group-251",
            "domain": "default",
            "extended_criteria": [],
            "id": "2a9a740b-2d51-483f-b4ed-511d86599e7c",
            "nsx_id": "2a9a740b-2d51-483f-b4ed-511d86599e7c",
            "path": "/infra/domains/default/groups/2a9a740b-2d51-483f-b4ed-511d86599e7c",
            "revision": 0,
            "tag": []
          },
          "sensitive_attributes": [],
          "private": "bnVsbA==",
          "dependencies": [
            "data.nsxt_policy_group.group_all",
            "data.nsxt_policy_group.group_tag"
          ]
        },
        {
          "index_key": 252,
          "schema_version": 0,
          "attributes": {
            "conjunction": [
              {
                "operator": "OR"
              }
            ],
            "criteria": [
              {
                "condition": [],
                "ipaddress_expression": [
                  {
                    "ip_addresses": [
                      "211.1.2.1",
                      "212.1.1.1"
                    ]
                  }
                ],
                "macaddress_expression": [],
                "path_expression": []
              },
              {
                "condition": [],
                "ipaddress_expression": [],
                "macaddress_expression": [],
                "path_expression": [
                  {
                    "member_paths": [
                      "/infra/domains/default/groups/group_all",
                      "/infra/domains/default/groups/group_tag"
                    ]
                  }
                ]
              }
            ],
            "description": "Terraform provisioned Group",
            "display_name": "tf-group-252",
            "domain": "default",
            "extended_criteria": [],
            "id": "120c3526-b34e-447d-be30-35130c8c061f",
            "nsx_id": "120c3526-b34e-447d-be30-35130c8c061f",
            "path": "/infra/domains/default/groups/120c3526-b34e-447d-be30-35130c8c061f",
            "revision": 0,
            "tag": []
          },
          "sensitive_attributes": [],
          "private": "bnVsbA==",
          "dependencies": [
            "data.nsxt_policy_group.group_all",
            "data.nsxt_policy_group.group_tag"
          ]
        },
        {
          "index_key": 253,
          "schema_version": 0,
          "attributes": {
            "conjunction": [
              {
                "operator": "OR"
              }
            ],
            "criteria": [
              {
                "condition": [],
                "ipaddress_expression": [
                  {
                    "ip_addresses": [
                      "211.1.2.1",
                      "212.1.1.1"
                    ]
                  }
                ],
                "macaddress_expression": [],
                "path_expression": []
              },
              {
                "condition": [],
                "ipaddress_expression": [],
                "macaddress_expression": [],
                "path_expression": [
                  {
                    "member_paths": [
                      "/infra/domains/default/groups/group_all",
                      "/infra/domains/default/groups/group_tag"
                    ]
                  }
                ]
              }
            ],
            "description": "Terraform provisioned Group",
            "display_name": "tf-group-253",
            "domain": "default",
            "extended_criteria": [],
            "id": "5b5166bd-e6b0-43d6-9e13-d465707aca16",
            "nsx_id": "5b5166bd-e6b0-43d6-9e13-d465707aca16",
            "path": "/infra/domains/default/groups/5b5166bd-e6b0-43d6-9e13-d465707aca16",
            "revision": 0,
            "tag": []
          },
          "sensitive_attributes": [],
          "private": "bnVsbA==",
          "dependencies": [
            "data.nsxt_policy_group.group_all",
            "data.nsxt_policy_group.group_tag"
          ]
        },
        {
          "index_key": 254,
          "schema_version": 0,
          "attributes": {
            "conjunction": [
              {
                "operator": "OR"
              }
            ],
            "criteria": [
              {
                "condition": [],
                "ipaddress_expression": [
                  {
                    "ip_addresses": [
                      "211.1.2.1",
                      "212.1.1.1"
                    ]
                  }
                ],
                "macaddress_expression": [],
                "path_expression": []
              },
              {
                "condition": [],
                "ipaddress_expression": [],
                "macaddress_expression": [],
                "path_expression": [
                  {
                    "member_paths": [
                      "/infra/domains/default/groups/group_all",
                      "/infra/domains/default/groups/group_tag"
                    ]
                  }
                ]
              }
            ],
            "description": "Terraform provisioned Group",
            "display_name": "tf-group-254",
            "domain": "default",
            "extended_criteria": [],
            "id": "2fcd07cd-a06b-49dc-ab90-300fda1afde4",
            "nsx_id": "2fcd07cd-a06b-49dc-ab90-300fda1afde4",
            "path": "/infra/domains/default/groups/2fcd07cd-a06b-49dc-ab90-300fda1afde4",
            "revision": 0,
            "tag": []
          },
          "sensitive_attributes": [],
          "private": "bnVsbA==",
          "dependencies": [
            "data.nsxt_policy_group.group_all",
            "data.nsxt_policy_group.group_tag"
          ]
        },
        {
          "index_key": 255,
          "schema_version": 0,
          "attributes": {
            "conjunction": [
              {
                "operator": "OR"
              }
            ],
            "criteria": [
              {
                "condition": [],
                "ipaddress_expression": [
                  {
                    "ip_addresses": [
                      "211.1.2.1",
                      "212.1.1.1"
                    ]
                  }
                ],
                "macaddress_expression": [],
                "path_expression": []
              },
              {
                "condition": [],
                "ipaddress_expression": [],
                "macaddress_expression": [],
                "path_expression": [
                  {
                    "member_paths": [
                      "/infra/domains/default/groups/group_all",
                      "/infra/domains/default/groups/group_tag"
                    ]
                  }
                ]
              }
            ],
            "description": "Terraform provisioned Group",
            "display_name": "tf-group-255",
            "domain": "default",
            "extended_criteria": [],
            "id": "d49fae9a-6478-427e-ab8a-78ba0c46e101",
            "nsx_id": "d49fae9a-6478-427e-ab8a-78ba0c46e101",
            "path": "/infra/domains/default/groups/d49fae9a-6478-427e-ab8a-78ba0c46e101",
            "revision": 0,
            "tag": []
          },
          "sensitive_attributes": [],
          "private": "bnVsbA==",
          "dependencies": [
            "data.nsxt_policy_group.group_all",
            "data.nsxt_policy_group.group_tag"
          ]
        },
        {
          "index_key": 256,
          "schema_version": 0,
          "attributes": {
            "conjunction": [
              {
                "operator": "OR"
              }
            ],
            "criteria": [
              {
                "condition": [],
                "ipaddress_expression": [
                  {
                    "ip_addresses": [
                      "211.1.2.1",
                      "212.1.1.1"
                    ]
                  }
                ],
                "macaddress_expression": [],
                "path_expression": []
              },
              {
                "condition": [],
                "ipaddress_expression": [],
                "macaddress_expression": [],
                "path_expression": [
                  {
                    "member_paths": [
                      "/infra/domains/default/groups/group_all",
                      "/infra/domains/default/groups/group_tag"
                    ]
                  }
                ]
              }
            ],
            "description": "Terraform provisioned Group",
            "display_name": "tf-group-256",
            "domain": "default",
            "extended_criteria": [],
            "id": "698b9dde-9550-4c59-98fc-14f3bd238208",
            "nsx_id": "698b9dde-9550-4c59-98fc-14f3bd238208",
            "path": "/infra/domains/default/groups/698b9dde-9550-4c59-98fc-14f3bd238208",
            "revision": 0,
            "tag": []
          },
          "sensitive_attributes": [],
          "private": "bnVsbA==",
          "dependencies": [
            "data.nsxt_policy_group.group_all",
            "data.nsxt_policy_group.group_tag"
          ]
        },
        {
          "index_key": 257,
          "schema_version": 0,
          "attributes": {
            "conjunction": [
              {
                "operator": "OR"
              }
            ],
            "criteria": [
              {
                "condition": [],
                "ipaddress_expression": [
                  {
                    "ip_addresses": [
                      "211.1.2.1",
                      "212.1.1.1"
                    ]
                  }
                ],
                "macaddress_expression": [],
                "path_expression": []
              },
              {
                "condition": [],
                "ipaddress_expression": [],
                "macaddress_expression": [],
                "path_expression": [
                  {
                    "member_paths": [
                      "/infra/domains/default/groups/group_all",
                      "/infra/domains/default/groups/group_tag"
                    ]
                  }
                ]
              }
            ],
            "description": "Terraform provisioned Group",
            "display_name": "tf-group-257",
            "domain": "default",
            "extended_criteria": [],
            "id": "ed511972-e3fa-4ee7-94df-fde295263b5e",
            "nsx_id": "ed511972-e3fa-4ee7-94df-fde295263b5e",
            "path": "/infra/domains/default/groups/ed511972-e3fa-4ee7-94df-fde295263b5e",
            "revision": 0,
            "tag": []
          },
          "sensitive_attributes": [],
          "private": "bnVsbA==",
          "dependencies": [
            "data.nsxt_policy_group.group_all",
            "data.nsxt_policy_group.group_tag"
          ]
        },
        {
          "index_key": 258,
          "schema_version": 0,
          "attributes": {
            "conjunction": [
              {
                "operator": "OR"
              }
            ],
            "criteria": [
              {
                "condition": [],
                "ipaddress_expression": [
                  {
                    "ip_addresses": [
                      "211.1.2.1",
                      "212.1.1.1"
                    ]
                  }
                ],
                "macaddress_expression": [],
                "path_expression": []
              },
              {
                "condition": [],
                "ipaddress_expression": [],
                "macaddress_expression": [],
                "path_expression": [
                  {
                    "member_paths": [
                      "/infra/domains/default/groups/group_all",
                      "/infra/domains/default/groups/group_tag"
                    ]
                  }
                ]
              }
            ],
            "description": "Terraform provisioned Group",
            "display_name": "tf-group-258",
            "domain": "default",
            "extended_criteria": [],
            "id": "ebd690b1-92e0-4b25-a985-28ae55a36ed3",
            "nsx_id": "ebd690b1-92e0-4b25-a985-28ae55a36ed3",
            "path": "/infra/domains/default/groups/ebd690b1-92e0-4b25-a985-28ae55a36ed3",
            "revision": 0,
            "tag": []
          },
          "sensitive_attributes": [],
          "private": "bnVsbA==",
          "dependencies": [
            "data.nsxt_policy_group.group_all",
            "data.nsxt_policy_group.group_tag"
          ]
        },
        {
          "index_key": 259,
          "schema_version": 0,
          "attributes": {
            "conjunction": [
              {
                "operator": "OR"
              }
            ],
            "criteria": [
              {
                "condition": [],
                "ipaddress_expression": [
                  {
                    "ip_addresses": [
                      "211.1.2.1",
                      "212.1.1.1"
                    ]
                  }
                ],
                "macaddress_expression": [],
                "path_expression": []
              },
              {
                "condition": [],
                "ipaddress_expression": [],
                "macaddress_expression": [],
                "path_expression": [
                  {
                    "member_paths": [
                      "/infra/domains/default/groups/group_all",
                      "/infra/domains/default/groups/group_tag"
                    ]
                  }
                ]
              }
            ],
            "description": "Terraform provisioned Group",
            "display_name": "tf-group-259",
            "domain": "default",
            "extended_criteria": [],
            "id": "cfaa88c4-a3f8-4888-b956-70ed21392cab",
            "nsx_id": "cfaa88c4-a3f8-4888-b956-70ed21392cab",
            "path": "/infra/domains/default/groups/cfaa88c4-a3f8-4888-b956-70ed21392cab",
            "revision": 0,
            "tag": []
          },
          "sensitive_attributes": [],
          "private": "bnVsbA==",
          "dependencies": [
            "data.nsxt_policy_group.group_all",
            "data.nsxt_policy_group.group_tag"
          ]
        },
        {
          "index_key": 260,
          "schema_version": 0,
          "attributes": {
            "conjunction": [
              {
                "operator": "OR"
              }
            ],
            "criteria": [
              {
                "condition": [],
                "ipaddress_expression": [
                  {
                    "ip_addresses": [
                      "211.1.2.1",
                      "212.1.1.1"
                    ]
                  }
                ],
                "macaddress_expression": [],
                "path_expression": []
              },
              {
                "condition": [],
                "ipaddress_expression": [],
                "macaddress_expression": [],
                "path_expression": [
                  {
                    "member_paths": [
                      "/infra/domains/default/groups/group_all",
                      "/infra/domains/default/groups/group_tag"
                    ]
                  }
                ]
              }
            ],
            "description": "Terraform provisioned Group",
            "display_name": "tf-group-260",
            "domain": "default",
            "extended_criteria": [],
            "id": "c00ff43c-25b7-49d5-b3f4-e1ae6d6d5eaf",
            "nsx_id": "c00ff43c-25b7-49d5-b3f4-e1ae6d6d5eaf",
            "path": "/infra/domains/default/groups/c00ff43c-25b7-49d5-b3f4-e1ae6d6d5eaf",
            "revision": 0,
            "tag": []
          },
          "sensitive_attributes": [],
          "private": "bnVsbA==",
          "dependencies": [
            "data.nsxt_policy_group.group_all",
            "data.nsxt_policy_group.group_tag"
          ]
        },
        {
          "index_key": 261,
          "schema_version": 0,
          "attributes": {
            "conjunction": [
              {
                "operator": "OR"
              }
            ],
            "criteria": [
              {
                "condition": [],
                "ipaddress_expression": [
                  {
                    "ip_addresses": [
                      "211.1.2.1",
                      "212.1.1.1"
                    ]
                  }
                ],
                "macaddress_expression": [],
                "path_expression": []
              },
              {
                "condition": [],
                "ipaddress_expression": [],
                "macaddress_expression": [],
                "path_expression": [
                  {
                    "member_paths": [
                      "/infra/domains/default/groups/group_all",
                      "/infra/domains/default/groups/group_tag"
                    ]
                  }
                ]
              }
            ],
            "description": "Terraform provisioned Group",
            "display_name": "tf-group-261",
            "domain": "default",
            "extended_criteria": [],
            "id": "81a19259-3f4c-42aa-999b-00e5efda4c6c",
            "nsx_id": "81a19259-3f4c-42aa-999b-00e5efda4c6c",
            "path": "/infra/domains/default/groups/81a19259-3f4c-42aa-999b-00e5efda4c6c",
            "revision": 0,
            "tag": []
          },
          "sensitive_attributes": [],
          "private": "bnVsbA==",
          "dependencies": [
            "data.nsxt_policy_group.group_all",
            "data.nsxt_policy_group.group_tag"
          ]
        },
        {
          "index_key": 262,
          "schema_version": 0,
          "attributes": {
            "conjunction": [
              {
                "operator": "OR"
              }
            ],
            "criteria": [
              {
                "condition": [],
                "ipaddress_expression": [
                  {
                    "ip_addresses": [
                      "211.1.2.1",
                      "212.1.1.1"
                    ]
                  }
                ],
                "macaddress_expression": [],
                "path_expression": []
              },
              {
                "condition": [],
                "ipaddress_expression": [],
                "macaddress_expression": [],
                "path_expression": [
                  {
                    "member_paths": [
                      "/infra/domains/default/groups/group_all",
                      "/infra/domains/default/groups/group_tag"
                    ]
                  }
                ]
              }
            ],
            "description": "Terraform provisioned Group",
            "display_name": "tf-group-262",
            "domain": "default",
            "extended_criteria": [],
            "id": "7d4a51c4-104a-4305-8377-bb14d06187dc",
            "nsx_id": "7d4a51c4-104a-4305-8377-bb14d06187dc",
            "path": "/infra/domains/default/groups/7d4a51c4-104a-4305-8377-bb14d06187dc",
            "revision": 0,
            "tag": []
          },
          "sensitive_attributes": [],
          "private": "bnVsbA==",
          "dependencies": [
            "data.nsxt_policy_group.group_all",
            "data.nsxt_policy_group.group_tag"
          ]
        },
        {
          "index_key": 263,
          "schema_version": 0,
          "attributes": {
            "conjunction": [
              {
                "operator": "OR"
              }
            ],
            "criteria": [
              {
                "condition": [],
                "ipaddress_expression": [
                  {
                    "ip_addresses": [
                      "211.1.2.1",
                      "212.1.1.1"
                    ]
                  }
                ],
                "macaddress_expression": [],
                "path_expression": []
              },
              {
                "condition": [],
                "ipaddress_expression": [],
                "macaddress_expression": [],
                "path_expression": [
                  {
                    "member_paths": [
                      "/infra/domains/default/groups/group_all",
                      "/infra/domains/default/groups/group_tag"
                    ]
                  }
                ]
              }
            ],
            "description": "Terraform provisioned Group",
            "display_name": "tf-group-263",
            "domain": "default",
            "extended_criteria": [],
            "id": "9e6f4421-00df-4553-ae59-6459d579fb67",
            "nsx_id": "9e6f4421-00df-4553-ae59-6459d579fb67",
            "path": "/infra/domains/default/groups/9e6f4421-00df-4553-ae59-6459d579fb67",
            "revision": 0,
            "tag": []
          },
          "sensitive_attributes": [],
          "private": "bnVsbA==",
          "dependencies": [
            "data.nsxt_policy_group.group_all",
            "data.nsxt_policy_group.group_tag"
          ]
        },
        {
          "index_key": 264,
          "schema_version": 0,
          "attributes": {
            "conjunction": [
              {
                "operator": "OR"
              }
            ],
            "criteria": [
              {
                "condition": [],
                "ipaddress_expression": [
                  {
                    "ip_addresses": [
                      "211.1.2.1",
                      "212.1.1.1"
                    ]
                  }
                ],
                "macaddress_expression": [],
                "path_expression": []
              },
              {
                "condition": [],
                "ipaddress_expression": [],
                "macaddress_expression": [],
                "path_expression": [
                  {
                    "member_paths": [
                      "/infra/domains/default/groups/group_all",
                      "/infra/domains/default/groups/group_tag"
                    ]
                  }
                ]
              }
            ],
            "description": "Terraform provisioned Group",
            "display_name": "tf-group-264",
            "domain": "default",
            "extended_criteria": [],
            "id": "80c23244-0940-465a-8d0a-a5d448b61c93",
            "nsx_id": "80c23244-0940-465a-8d0a-a5d448b61c93",
            "path": "/infra/domains/default/groups/80c23244-0940-465a-8d0a-a5d448b61c93",
            "revision": 0,
            "tag": []
          },
          "sensitive_attributes": [],
          "private": "bnVsbA==",
          "dependencies": [
            "data.nsxt_policy_group.group_all",
            "data.nsxt_policy_group.group_tag"
          ]
        },
        {
          "index_key": 265,
          "schema_version": 0,
          "attributes": {
            "conjunction": [
              {
                "operator": "OR"
              }
            ],
            "criteria": [
              {
                "condition": [],
                "ipaddress_expression": [
                  {
                    "ip_addresses": [
                      "211.1.2.1",
                      "212.1.1.1"
                    ]
                  }
                ],
                "macaddress_expression": [],
                "path_expression": []
              },
              {
                "condition": [],
                "ipaddress_expression": [],
                "macaddress_expression": [],
                "path_expression": [
                  {
                    "member_paths": [
                      "/infra/domains/default/groups/group_all",
                      "/infra/domains/default/groups/group_tag"
                    ]
                  }
                ]
              }
            ],
            "description": "Terraform provisioned Group",
            "display_name": "tf-group-265",
            "domain": "default",
            "extended_criteria": [],
            "id": "f11209af-5fbe-44cc-9e7a-c1a86edb3dd9",
            "nsx_id": "f11209af-5fbe-44cc-9e7a-c1a86edb3dd9",
            "path": "/infra/domains/default/groups/f11209af-5fbe-44cc-9e7a-c1a86edb3dd9",
            "revision": 0,
            "tag": []
          },
          "sensitive_attributes": [],
          "private": "bnVsbA==",
          "dependencies": [
            "data.nsxt_policy_group.group_all",
            "data.nsxt_policy_group.group_tag"
          ]
        },
        {
          "index_key": 266,
          "schema_version": 0,
          "attributes": {
            "conjunction": [
              {
                "operator": "OR"
              }
            ],
            "criteria": [
              {
                "condition": [],
                "ipaddress_expression": [
                  {
                    "ip_addresses": [
                      "211.1.2.1",
                      "212.1.1.1"
                    ]
                  }
                ],
                "macaddress_expression": [],
                "path_expression": []
              },
              {
                "condition": [],
                "ipaddress_expression": [],
                "macaddress_expression": [],
                "path_expression": [
                  {
                    "member_paths": [
                      "/infra/domains/default/groups/group_all",
                      "/infra/domains/default/groups/group_tag"
                    ]
                  }
                ]
              }
            ],
            "description": "Terraform provisioned Group",
            "display_name": "tf-group-266",
            "domain": "default",
            "extended_criteria": [],
            "id": "3ccdc929-dc8c-4cbd-8cca-cd7c461e3189",
            "nsx_id": "3ccdc929-dc8c-4cbd-8cca-cd7c461e3189",
            "path": "/infra/domains/default/groups/3ccdc929-dc8c-4cbd-8cca-cd7c461e3189",
            "revision": 0,
            "tag": []
          },
          "sensitive_attributes": [],
          "private": "bnVsbA==",
          "dependencies": [
            "data.nsxt_policy_group.group_all",
            "data.nsxt_policy_group.group_tag"
          ]
        },
        {
          "index_key": 267,
          "schema_version": 0,
          "attributes": {
            "conjunction": [
              {
                "operator": "OR"
              }
            ],
            "criteria": [
              {
                "condition": [],
                "ipaddress_expression": [
                  {
                    "ip_addresses": [
                      "211.1.2.1",
                      "212.1.1.1"
                    ]
                  }
                ],
                "macaddress_expression": [],
                "path_expression": []
              },
              {
                "condition": [],
                "ipaddress_expression": [],
                "macaddress_expression": [],
                "path_expression": [
                  {
                    "member_paths": [
                      "/infra/domains/default/groups/group_all",
                      "/infra/domains/default/groups/group_tag"
                    ]
                  }
                ]
              }
            ],
            "description": "Terraform provisioned Group",
            "display_name": "tf-group-267",
            "domain": "default",
            "extended_criteria": [],
            "id": "16e855c8-12ef-42d1-988d-ea3cc0024e55",
            "nsx_id": "16e855c8-12ef-42d1-988d-ea3cc0024e55",
            "path": "/infra/domains/default/groups/16e855c8-12ef-42d1-988d-ea3cc0024e55",
            "revision": 0,
            "tag": []
          },
          "sensitive_attributes": [],
          "private": "bnVsbA==",
          "dependencies": [
            "data.nsxt_policy_group.group_all",
            "data.nsxt_policy_group.group_tag"
          ]
        },
        {
          "index_key": 268,
          "schema_version": 0,
          "attributes": {
            "conjunction": [
              {
                "operator": "OR"
              }
            ],
            "criteria": [
              {
                "condition": [],
                "ipaddress_expression": [
                  {
                    "ip_addresses": [
                      "211.1.2.1",
                      "212.1.1.1"
                    ]
                  }
                ],
                "macaddress_expression": [],
                "path_expression": []
              },
              {
                "condition": [],
                "ipaddress_expression": [],
                "macaddress_expression": [],
                "path_expression": [
                  {
                    "member_paths": [
                      "/infra/domains/default/groups/group_all",
                      "/infra/domains/default/groups/group_tag"
                    ]
                  }
                ]
              }
            ],
            "description": "Terraform provisioned Group",
            "display_name": "tf-group-268",
            "domain": "default",
            "extended_criteria": [],
            "id": "588eee53-9c7c-44ec-ad52-49847320c0c0",
            "nsx_id": "588eee53-9c7c-44ec-ad52-49847320c0c0",
            "path": "/infra/domains/default/groups/588eee53-9c7c-44ec-ad52-49847320c0c0",
            "revision": 0,
            "tag": []
          },
          "sensitive_attributes": [],
          "private": "bnVsbA==",
          "dependencies": [
            "data.nsxt_policy_group.group_all",
            "data.nsxt_policy_group.group_tag"
          ]
        },
        {
          "index_key": 269,
          "schema_version": 0,
          "attributes": {
            "conjunction": [
              {
                "operator": "OR"
              }
            ],
            "criteria": [
              {
                "condition": [],
                "ipaddress_expression": [
                  {
                    "ip_addresses": [
                      "211.1.2.1",
                      "212.1.1.1"
                    ]
                  }
                ],
                "macaddress_expression": [],
                "path_expression": []
              },
              {
                "condition": [],
                "ipaddress_expression": [],
                "macaddress_expression": [],
                "path_expression": [
                  {
                    "member_paths": [
                      "/infra/domains/default/groups/group_all",
                      "/infra/domains/default/groups/group_tag"
                    ]
                  }
                ]
              }
            ],
            "description": "Terraform provisioned Group",
            "display_name": "tf-group-269",
            "domain": "default",
            "extended_criteria": [],
            "id": "61c98cf5-a131-489b-9cfd-4ae4bc2a9be1",
            "nsx_id": "61c98cf5-a131-489b-9cfd-4ae4bc2a9be1",
            "path": "/infra/domains/default/groups/61c98cf5-a131-489b-9cfd-4ae4bc2a9be1",
            "revision": 0,
            "tag": []
          },
          "sensitive_attributes": [],
          "private": "bnVsbA==",
          "dependencies": [
            "data.nsxt_policy_group.group_all",
            "data.nsxt_policy_group.group_tag"
          ]
        },
        {
          "index_key": 270,
          "schema_version": 0,
          "attributes": {
            "conjunction": [
              {
                "operator": "OR"
              }
            ],
            "criteria": [
              {
                "condition": [],
                "ipaddress_expression": [
                  {
                    "ip_addresses": [
                      "211.1.2.1",
                      "212.1.1.1"
                    ]
                  }
                ],
                "macaddress_expression": [],
                "path_expression": []
              },
              {
                "condition": [],
                "ipaddress_expression": [],
                "macaddress_expression": [],
                "path_expression": [
                  {
                    "member_paths": [
                      "/infra/domains/default/groups/group_all",
                      "/infra/domains/default/groups/group_tag"
                    ]
                  }
                ]
              }
            ],
            "description": "Terraform provisioned Group",
            "display_name": "tf-group-270",
            "domain": "default",
            "extended_criteria": [],
            "id": "a9d2cda5-af86-489f-8557-cdd37345c8f4",
            "nsx_id": "a9d2cda5-af86-489f-8557-cdd37345c8f4",
            "path": "/infra/domains/default/groups/a9d2cda5-af86-489f-8557-cdd37345c8f4",
            "revision": 0,
            "tag": []
          },
          "sensitive_attributes": [],
          "private": "bnVsbA==",
          "dependencies": [
            "data.nsxt_policy_group.group_all",
            "data.nsxt_policy_group.group_tag"
          ]
        },
        {
          "index_key": 271,
          "schema_version": 0,
          "attributes": {
            "conjunction": [
              {
                "operator": "OR"
              }
            ],
            "criteria": [
              {
                "condition": [],
                "ipaddress_expression": [
                  {
                    "ip_addresses": [
                      "211.1.2.1",
                      "212.1.1.1"
                    ]
                  }
                ],
                "macaddress_expression": [],
                "path_expression": []
              },
              {
                "condition": [],
                "ipaddress_expression": [],
                "macaddress_expression": [],
                "path_expression": [
                  {
                    "member_paths": [
                      "/infra/domains/default/groups/group_all",
                      "/infra/domains/default/groups/group_tag"
                    ]
                  }
                ]
              }
            ],
            "description": "Terraform provisioned Group",
            "display_name": "tf-group-271",
            "domain": "default",
            "extended_criteria": [],
            "id": "b7d17da4-ba15-4175-bbd0-ebe175c3200f",
            "nsx_id": "b7d17da4-ba15-4175-bbd0-ebe175c3200f",
            "path": "/infra/domains/default/groups/b7d17da4-ba15-4175-bbd0-ebe175c3200f",
            "revision": 0,
            "tag": []
          },
          "sensitive_attributes": [],
          "private": "bnVsbA==",
          "dependencies": [
            "data.nsxt_policy_group.group_all",
            "data.nsxt_policy_group.group_tag"
          ]
        },
        {
          "index_key": 272,
          "schema_version": 0,
          "attributes": {
            "conjunction": [
              {
                "operator": "OR"
              }
            ],
            "criteria": [
              {
                "condition": [],
                "ipaddress_expression": [
                  {
                    "ip_addresses": [
                      "211.1.2.1",
                      "212.1.1.1"
                    ]
                  }
                ],
                "macaddress_expression": [],
                "path_expression": []
              },
              {
                "condition": [],
                "ipaddress_expression": [],
                "macaddress_expression": [],
                "path_expression": [
                  {
                    "member_paths": [
                      "/infra/domains/default/groups/group_all",
                      "/infra/domains/default/groups/group_tag"
                    ]
                  }
                ]
              }
            ],
            "description": "Terraform provisioned Group",
            "display_name": "tf-group-272",
            "domain": "default",
            "extended_criteria": [],
            "id": "5764eecd-155a-4a4a-ae03-69bab1f2874d",
            "nsx_id": "5764eecd-155a-4a4a-ae03-69bab1f2874d",
            "path": "/infra/domains/default/groups/5764eecd-155a-4a4a-ae03-69bab1f2874d",
            "revision": 0,
            "tag": []
          },
          "sensitive_attributes": [],
          "private": "bnVsbA==",
          "dependencies": [
            "data.nsxt_policy_group.group_all",
            "data.nsxt_policy_group.group_tag"
          ]
        },
        {
          "index_key": 273,
          "schema_version": 0,
          "attributes": {
            "conjunction": [
              {
                "operator": "OR"
              }
            ],
            "criteria": [
              {
                "condition": [],
                "ipaddress_expression": [
                  {
                    "ip_addresses": [
                      "211.1.2.1",
                      "212.1.1.1"
                    ]
                  }
                ],
                "macaddress_expression": [],
                "path_expression": []
              },
              {
                "condition": [],
                "ipaddress_expression": [],
                "macaddress_expression": [],
                "path_expression": [
                  {
                    "member_paths": [
                      "/infra/domains/default/groups/group_all",
                      "/infra/domains/default/groups/group_tag"
                    ]
                  }
                ]
              }
            ],
            "description": "Terraform provisioned Group",
            "display_name": "tf-group-273",
            "domain": "default",
            "extended_criteria": [],
            "id": "be4799c8-993b-4217-b3b4-8e41b4f26d5b",
            "nsx_id": "be4799c8-993b-4217-b3b4-8e41b4f26d5b",
            "path": "/infra/domains/default/groups/be4799c8-993b-4217-b3b4-8e41b4f26d5b",
            "revision": 0,
            "tag": []
          },
          "sensitive_attributes": [],
          "private": "bnVsbA==",
          "dependencies": [
            "data.nsxt_policy_group.group_all",
            "data.nsxt_policy_group.group_tag"
          ]
        },
        {
          "index_key": 274,
          "schema_version": 0,
          "attributes": {
            "conjunction": [
              {
                "operator": "OR"
              }
            ],
            "criteria": [
              {
                "condition": [],
                "ipaddress_expression": [
                  {
                    "ip_addresses": [
                      "211.1.2.1",
                      "212.1.1.1"
                    ]
                  }
                ],
                "macaddress_expression": [],
                "path_expression": []
              },
              {
                "condition": [],
                "ipaddress_expression": [],
                "macaddress_expression": [],
                "path_expression": [
                  {
                    "member_paths": [
                      "/infra/domains/default/groups/group_all",
                      "/infra/domains/default/groups/group_tag"
                    ]
                  }
                ]
              }
            ],
            "description": "Terraform provisioned Group",
            "display_name": "tf-group-274",
            "domain": "default",
            "extended_criteria": [],
            "id": "37bf5ee3-6645-435c-b8fd-0cf573239841",
            "nsx_id": "37bf5ee3-6645-435c-b8fd-0cf573239841",
            "path": "/infra/domains/default/groups/37bf5ee3-6645-435c-b8fd-0cf573239841",
            "revision": 0,
            "tag": []
          },
          "sensitive_attributes": [],
          "private": "bnVsbA==",
          "dependencies": [
            "data.nsxt_policy_group.group_all",
            "data.nsxt_policy_group.group_tag"
          ]
        },
        {
          "index_key": 275,
          "schema_version": 0,
          "attributes": {
            "conjunction": [
              {
                "operator": "OR"
              }
            ],
            "criteria": [
              {
                "condition": [],
                "ipaddress_expression": [
                  {
                    "ip_addresses": [
                      "211.1.2.1",
                      "212.1.1.1"
                    ]
                  }
                ],
                "macaddress_expression": [],
                "path_expression": []
              },
              {
                "condition": [],
                "ipaddress_expression": [],
                "macaddress_expression": [],
                "path_expression": [
                  {
                    "member_paths": [
                      "/infra/domains/default/groups/group_all",
                      "/infra/domains/default/groups/group_tag"
                    ]
                  }
                ]
              }
            ],
            "description": "Terraform provisioned Group",
            "display_name": "tf-group-275",
            "domain": "default",
            "extended_criteria": [],
            "id": "e2e2e406-57bb-4648-a483-e269c89e5f0a",
            "nsx_id": "e2e2e406-57bb-4648-a483-e269c89e5f0a",
            "path": "/infra/domains/default/groups/e2e2e406-57bb-4648-a483-e269c89e5f0a",
            "revision": 0,
            "tag": []
          },
          "sensitive_attributes": [],
          "private": "bnVsbA==",
          "dependencies": [
            "data.nsxt_policy_group.group_all",
            "data.nsxt_policy_group.group_tag"
          ]
        },
        {
          "index_key": 276,
          "schema_version": 0,
          "attributes": {
            "conjunction": [
              {
                "operator": "OR"
              }
            ],
            "criteria": [
              {
                "condition": [],
                "ipaddress_expression": [
                  {
                    "ip_addresses": [
                      "211.1.2.1",
                      "212.1.1.1"
                    ]
                  }
                ],
                "macaddress_expression": [],
                "path_expression": []
              },
              {
                "condition": [],
                "ipaddress_expression": [],
                "macaddress_expression": [],
                "path_expression": [
                  {
                    "member_paths": [
                      "/infra/domains/default/groups/group_all",
                      "/infra/domains/default/groups/group_tag"
                    ]
                  }
                ]
              }
            ],
            "description": "Terraform provisioned Group",
            "display_name": "tf-group-276",
            "domain": "default",
            "extended_criteria": [],
            "id": "371d89d9-5682-42aa-9daa-23377710a093",
            "nsx_id": "371d89d9-5682-42aa-9daa-23377710a093",
            "path": "/infra/domains/default/groups/371d89d9-5682-42aa-9daa-23377710a093",
            "revision": 0,
            "tag": []
          },
          "sensitive_attributes": [],
          "private": "bnVsbA==",
          "dependencies": [
            "data.nsxt_policy_group.group_all",
            "data.nsxt_policy_group.group_tag"
          ]
        },
        {
          "index_key": 277,
          "schema_version": 0,
          "attributes": {
            "conjunction": [
              {
                "operator": "OR"
              }
            ],
            "criteria": [
              {
                "condition": [],
                "ipaddress_expression": [
                  {
                    "ip_addresses": [
                      "211.1.2.1",
                      "212.1.1.1"
                    ]
                  }
                ],
                "macaddress_expression": [],
                "path_expression": []
              },
              {
                "condition": [],
                "ipaddress_expression": [],
                "macaddress_expression": [],
                "path_expression": [
                  {
                    "member_paths": [
                      "/infra/domains/default/groups/group_all",
                      "/infra/domains/default/groups/group_tag"
                    ]
                  }
                ]
              }
            ],
            "description": "Terraform provisioned Group",
            "display_name": "tf-group-277",
            "domain": "default",
            "extended_criteria": [],
            "id": "a97cefec-a054-4f56-9ffa-75c0aeed316b",
            "nsx_id": "a97cefec-a054-4f56-9ffa-75c0aeed316b",
            "path": "/infra/domains/default/groups/a97cefec-a054-4f56-9ffa-75c0aeed316b",
            "revision": 0,
            "tag": []
          },
          "sensitive_attributes": [],
          "private": "bnVsbA==",
          "dependencies": [
            "data.nsxt_policy_group.group_all",
            "data.nsxt_policy_group.group_tag"
          ]
        },
        {
          "index_key": 278,
          "schema_version": 0,
          "attributes": {
            "conjunction": [
              {
                "operator": "OR"
              }
            ],
            "criteria": [
              {
                "condition": [],
                "ipaddress_expression": [
                  {
                    "ip_addresses": [
                      "211.1.2.1",
                      "212.1.1.1"
                    ]
                  }
                ],
                "macaddress_expression": [],
                "path_expression": []
              },
              {
                "condition": [],
                "ipaddress_expression": [],
                "macaddress_expression": [],
                "path_expression": [
                  {
                    "member_paths": [
                      "/infra/domains/default/groups/group_all",
                      "/infra/domains/default/groups/group_tag"
                    ]
                  }
                ]
              }
            ],
            "description": "Terraform provisioned Group",
            "display_name": "tf-group-278",
            "domain": "default",
            "extended_criteria": [],
            "id": "e99aa707-129c-4f3c-8866-3c52d99f1966",
            "nsx_id": "e99aa707-129c-4f3c-8866-3c52d99f1966",
            "path": "/infra/domains/default/groups/e99aa707-129c-4f3c-8866-3c52d99f1966",
            "revision": 0,
            "tag": []
          },
          "sensitive_attributes": [],
          "private": "bnVsbA==",
          "dependencies": [
            "data.nsxt_policy_group.group_all",
            "data.nsxt_policy_group.group_tag"
          ]
        },
        {
          "index_key": 279,
          "schema_version": 0,
          "attributes": {
            "conjunction": [
              {
                "operator": "OR"
              }
            ],
            "criteria": [
              {
                "condition": [],
                "ipaddress_expression": [
                  {
                    "ip_addresses": [
                      "211.1.2.1",
                      "212.1.1.1"
                    ]
                  }
                ],
                "macaddress_expression": [],
                "path_expression": []
              },
              {
                "condition": [],
                "ipaddress_expression": [],
                "macaddress_expression": [],
                "path_expression": [
                  {
                    "member_paths": [
                      "/infra/domains/default/groups/group_all",
                      "/infra/domains/default/groups/group_tag"
                    ]
                  }
                ]
              }
            ],
            "description": "Terraform provisioned Group",
            "display_name": "tf-group-279",
            "domain": "default",
            "extended_criteria": [],
            "id": "1d6a74d7-3f59-4838-9fa7-9603c7a74ce3",
            "nsx_id": "1d6a74d7-3f59-4838-9fa7-9603c7a74ce3",
            "path": "/infra/domains/default/groups/1d6a74d7-3f59-4838-9fa7-9603c7a74ce3",
            "revision": 0,
            "tag": []
          },
          "sensitive_attributes": [],
          "private": "bnVsbA==",
          "dependencies": [
            "data.nsxt_policy_group.group_all",
            "data.nsxt_policy_group.group_tag"
          ]
        },
        {
          "index_key": 280,
          "schema_version": 0,
          "attributes": {
            "conjunction": [
              {
                "operator": "OR"
              }
            ],
            "criteria": [
              {
                "condition": [],
                "ipaddress_expression": [
                  {
                    "ip_addresses": [
                      "211.1.2.1",
                      "212.1.1.1"
                    ]
                  }
                ],
                "macaddress_expression": [],
                "path_expression": []
              },
              {
                "condition": [],
                "ipaddress_expression": [],
                "macaddress_expression": [],
                "path_expression": [
                  {
                    "member_paths": [
                      "/infra/domains/default/groups/group_all",
                      "/infra/domains/default/groups/group_tag"
                    ]
                  }
                ]
              }
            ],
            "description": "Terraform provisioned Group",
            "display_name": "tf-group-280",
            "domain": "default",
            "extended_criteria": [],
            "id": "4c0d06a8-29ca-420b-a224-94f723e71197",
            "nsx_id": "4c0d06a8-29ca-420b-a224-94f723e71197",
            "path": "/infra/domains/default/groups/4c0d06a8-29ca-420b-a224-94f723e71197",
            "revision": 0,
            "tag": []
          },
          "sensitive_attributes": [],
          "private": "bnVsbA==",
          "dependencies": [
            "data.nsxt_policy_group.group_all",
            "data.nsxt_policy_group.group_tag"
          ]
        },
        {
          "index_key": 281,
          "schema_version": 0,
          "attributes": {
            "conjunction": [
              {
                "operator": "OR"
              }
            ],
            "criteria": [
              {
                "condition": [],
                "ipaddress_expression": [
                  {
                    "ip_addresses": [
                      "211.1.2.1",
                      "212.1.1.1"
                    ]
                  }
                ],
                "macaddress_expression": [],
                "path_expression": []
              },
              {
                "condition": [],
                "ipaddress_expression": [],
                "macaddress_expression": [],
                "path_expression": [
                  {
                    "member_paths": [
                      "/infra/domains/default/groups/group_all",
                      "/infra/domains/default/groups/group_tag"
                    ]
                  }
                ]
              }
            ],
            "description": "Terraform provisioned Group",
            "display_name": "tf-group-281",
            "domain": "default",
            "extended_criteria": [],
            "id": "76ec6e09-abae-4e79-a3d3-f2e1ab9ce5b5",
            "nsx_id": "76ec6e09-abae-4e79-a3d3-f2e1ab9ce5b5",
            "path": "/infra/domains/default/groups/76ec6e09-abae-4e79-a3d3-f2e1ab9ce5b5",
            "revision": 0,
            "tag": []
          },
          "sensitive_attributes": [],
          "private": "bnVsbA==",
          "dependencies": [
            "data.nsxt_policy_group.group_all",
            "data.nsxt_policy_group.group_tag"
          ]
        },
        {
          "index_key": 282,
          "schema_version": 0,
          "attributes": {
            "conjunction": [
              {
                "operator": "OR"
              }
            ],
            "criteria": [
              {
                "condition": [],
                "ipaddress_expression": [
                  {
                    "ip_addresses": [
                      "211.1.2.1",
                      "212.1.1.1"
                    ]
                  }
                ],
                "macaddress_expression": [],
                "path_expression": []
              },
              {
                "condition": [],
                "ipaddress_expression": [],
                "macaddress_expression": [],
                "path_expression": [
                  {
                    "member_paths": [
                      "/infra/domains/default/groups/group_all",
                      "/infra/domains/default/groups/group_tag"
                    ]
                  }
                ]
              }
            ],
            "description": "Terraform provisioned Group",
            "display_name": "tf-group-282",
            "domain": "default",
            "extended_criteria": [],
            "id": "a22aeb88-090a-43e3-9216-8e9df8b6b6ba",
            "nsx_id": "a22aeb88-090a-43e3-9216-8e9df8b6b6ba",
            "path": "/infra/domains/default/groups/a22aeb88-090a-43e3-9216-8e9df8b6b6ba",
            "revision": 0,
            "tag": []
          },
          "sensitive_attributes": [],
          "private": "bnVsbA==",
          "dependencies": [
            "data.nsxt_policy_group.group_all",
            "data.nsxt_policy_group.group_tag"
          ]
        },
        {
          "index_key": 283,
          "schema_version": 0,
          "attributes": {
            "conjunction": [
              {
                "operator": "OR"
              }
            ],
            "criteria": [
              {
                "condition": [],
                "ipaddress_expression": [
                  {
                    "ip_addresses": [
                      "211.1.2.1",
                      "212.1.1.1"
                    ]
                  }
                ],
                "macaddress_expression": [],
                "path_expression": []
              },
              {
                "condition": [],
                "ipaddress_expression": [],
                "macaddress_expression": [],
                "path_expression": [
                  {
                    "member_paths": [
                      "/infra/domains/default/groups/group_all",
                      "/infra/domains/default/groups/group_tag"
                    ]
                  }
                ]
              }
            ],
            "description": "Terraform provisioned Group",
            "display_name": "tf-group-283",
            "domain": "default",
            "extended_criteria": [],
            "id": "5bda280e-a212-4f6b-91b5-2a7313bb18c7",
            "nsx_id": "5bda280e-a212-4f6b-91b5-2a7313bb18c7",
            "path": "/infra/domains/default/groups/5bda280e-a212-4f6b-91b5-2a7313bb18c7",
            "revision": 0,
            "tag": []
          },
          "sensitive_attributes": [],
          "private": "bnVsbA==",
          "dependencies": [
            "data.nsxt_policy_group.group_all",
            "data.nsxt_policy_group.group_tag"
          ]
        },
        {
          "index_key": 284,
          "schema_version": 0,
          "attributes": {
            "conjunction": [
              {
                "operator": "OR"
              }
            ],
            "criteria": [
              {
                "condition": [],
                "ipaddress_expression": [
                  {
                    "ip_addresses": [
                      "211.1.2.1",
                      "212.1.1.1"
                    ]
                  }
                ],
                "macaddress_expression": [],
                "path_expression": []
              },
              {
                "condition": [],
                "ipaddress_expression": [],
                "macaddress_expression": [],
                "path_expression": [
                  {
                    "member_paths": [
                      "/infra/domains/default/groups/group_all",
                      "/infra/domains/default/groups/group_tag"
                    ]
                  }
                ]
              }
            ],
            "description": "Terraform provisioned Group",
            "display_name": "tf-group-284",
            "domain": "default",
            "extended_criteria": [],
            "id": "e6452bd1-e7e6-41aa-b947-22cbf485eacb",
            "nsx_id": "e6452bd1-e7e6-41aa-b947-22cbf485eacb",
            "path": "/infra/domains/default/groups/e6452bd1-e7e6-41aa-b947-22cbf485eacb",
            "revision": 0,
            "tag": []
          },
          "sensitive_attributes": [],
          "private": "bnVsbA==",
          "dependencies": [
            "data.nsxt_policy_group.group_all",
            "data.nsxt_policy_group.group_tag"
          ]
        },
        {
          "index_key": 285,
          "schema_version": 0,
          "attributes": {
            "conjunction": [
              {
                "operator": "OR"
              }
            ],
            "criteria": [
              {
                "condition": [],
                "ipaddress_expression": [
                  {
                    "ip_addresses": [
                      "211.1.2.1",
                      "212.1.1.1"
                    ]
                  }
                ],
                "macaddress_expression": [],
                "path_expression": []
              },
              {
                "condition": [],
                "ipaddress_expression": [],
                "macaddress_expression": [],
                "path_expression": [
                  {
                    "member_paths": [
                      "/infra/domains/default/groups/group_all",
                      "/infra/domains/default/groups/group_tag"
                    ]
                  }
                ]
              }
            ],
            "description": "Terraform provisioned Group",
            "display_name": "tf-group-285",
            "domain": "default",
            "extended_criteria": [],
            "id": "955589cb-1391-48ed-92ab-db7e6ce155ad",
            "nsx_id": "955589cb-1391-48ed-92ab-db7e6ce155ad",
            "path": "/infra/domains/default/groups/955589cb-1391-48ed-92ab-db7e6ce155ad",
            "revision": 0,
            "tag": []
          },
          "sensitive_attributes": [],
          "private": "bnVsbA==",
          "dependencies": [
            "data.nsxt_policy_group.group_all",
            "data.nsxt_policy_group.group_tag"
          ]
        },
        {
          "index_key": 286,
          "schema_version": 0,
          "attributes": {
            "conjunction": [
              {
                "operator": "OR"
              }
            ],
            "criteria": [
              {
                "condition": [],
                "ipaddress_expression": [
                  {
                    "ip_addresses": [
                      "211.1.2.1",
                      "212.1.1.1"
                    ]
                  }
                ],
                "macaddress_expression": [],
                "path_expression": []
              },
              {
                "condition": [],
                "ipaddress_expression": [],
                "macaddress_expression": [],
                "path_expression": [
                  {
                    "member_paths": [
                      "/infra/domains/default/groups/group_all",
                      "/infra/domains/default/groups/group_tag"
                    ]
                  }
                ]
              }
            ],
            "description": "Terraform provisioned Group",
            "display_name": "tf-group-286",
            "domain": "default",
            "extended_criteria": [],
            "id": "7246aa6f-d65c-4365-be55-86b09d73cecb",
            "nsx_id": "7246aa6f-d65c-4365-be55-86b09d73cecb",
            "path": "/infra/domains/default/groups/7246aa6f-d65c-4365-be55-86b09d73cecb",
            "revision": 0,
            "tag": []
          },
          "sensitive_attributes": [],
          "private": "bnVsbA==",
          "dependencies": [
            "data.nsxt_policy_group.group_all",
            "data.nsxt_policy_group.group_tag"
          ]
        },
        {
          "index_key": 287,
          "schema_version": 0,
          "attributes": {
            "conjunction": [
              {
                "operator": "OR"
              }
            ],
            "criteria": [
              {
                "condition": [],
                "ipaddress_expression": [
                  {
                    "ip_addresses": [
                      "211.1.2.1",
                      "212.1.1.1"
                    ]
                  }
                ],
                "macaddress_expression": [],
                "path_expression": []
              },
              {
                "condition": [],
                "ipaddress_expression": [],
                "macaddress_expression": [],
                "path_expression": [
                  {
                    "member_paths": [
                      "/infra/domains/default/groups/group_all",
                      "/infra/domains/default/groups/group_tag"
                    ]
                  }
                ]
              }
            ],
            "description": "Terraform provisioned Group",
            "display_name": "tf-group-287",
            "domain": "default",
            "extended_criteria": [],
            "id": "8d4e6bf2-51f1-4228-ba01-6f8e427d8e71",
            "nsx_id": "8d4e6bf2-51f1-4228-ba01-6f8e427d8e71",
            "path": "/infra/domains/default/groups/8d4e6bf2-51f1-4228-ba01-6f8e427d8e71",
            "revision": 0,
            "tag": []
          },
          "sensitive_attributes": [],
          "private": "bnVsbA==",
          "dependencies": [
            "data.nsxt_policy_group.group_all",
            "data.nsxt_policy_group.group_tag"
          ]
        },
        {
          "index_key": 288,
          "schema_version": 0,
          "attributes": {
            "conjunction": [
              {
                "operator": "OR"
              }
            ],
            "criteria": [
              {
                "condition": [],
                "ipaddress_expression": [
                  {
                    "ip_addresses": [
                      "211.1.2.1",
                      "212.1.1.1"
                    ]
                  }
                ],
                "macaddress_expression": [],
                "path_expression": []
              },
              {
                "condition": [],
                "ipaddress_expression": [],
                "macaddress_expression": [],
                "path_expression": [
                  {
                    "member_paths": [
                      "/infra/domains/default/groups/group_all",
                      "/infra/domains/default/groups/group_tag"
                    ]
                  }
                ]
              }
            ],
            "description": "Terraform provisioned Group",
            "display_name": "tf-group-288",
            "domain": "default",
            "extended_criteria": [],
            "id": "aa34fd2c-ba36-46dc-9b0f-eab10c09649b",
            "nsx_id": "aa34fd2c-ba36-46dc-9b0f-eab10c09649b",
            "path": "/infra/domains/default/groups/aa34fd2c-ba36-46dc-9b0f-eab10c09649b",
            "revision": 0,
            "tag": []
          },
          "sensitive_attributes": [],
          "private": "bnVsbA==",
          "dependencies": [
            "data.nsxt_policy_group.group_all",
            "data.nsxt_policy_group.group_tag"
          ]
        },
        {
          "index_key": 289,
          "schema_version": 0,
          "attributes": {
            "conjunction": [
              {
                "operator": "OR"
              }
            ],
            "criteria": [
              {
                "condition": [],
                "ipaddress_expression": [
                  {
                    "ip_addresses": [
                      "211.1.2.1",
                      "212.1.1.1"
                    ]
                  }
                ],
                "macaddress_expression": [],
                "path_expression": []
              },
              {
                "condition": [],
                "ipaddress_expression": [],
                "macaddress_expression": [],
                "path_expression": [
                  {
                    "member_paths": [
                      "/infra/domains/default/groups/group_all",
                      "/infra/domains/default/groups/group_tag"
                    ]
                  }
                ]
              }
            ],
            "description": "Terraform provisioned Group",
            "display_name": "tf-group-289",
            "domain": "default",
            "extended_criteria": [],
            "id": "37f70429-1aa4-44d0-9ccf-d98ab9d87172",
            "nsx_id": "37f70429-1aa4-44d0-9ccf-d98ab9d87172",
            "path": "/infra/domains/default/groups/37f70429-1aa4-44d0-9ccf-d98ab9d87172",
            "revision": 0,
            "tag": []
          },
          "sensitive_attributes": [],
          "private": "bnVsbA==",
          "dependencies": [
            "data.nsxt_policy_group.group_all",
            "data.nsxt_policy_group.group_tag"
          ]
        },
        {
          "index_key": 290,
          "schema_version": 0,
          "attributes": {
            "conjunction": [
              {
                "operator": "OR"
              }
            ],
            "criteria": [
              {
                "condition": [],
                "ipaddress_expression": [
                  {
                    "ip_addresses": [
                      "211.1.2.1",
                      "212.1.1.1"
                    ]
                  }
                ],
                "macaddress_expression": [],
                "path_expression": []
              },
              {
                "condition": [],
                "ipaddress_expression": [],
                "macaddress_expression": [],
                "path_expression": [
                  {
                    "member_paths": [
                      "/infra/domains/default/groups/group_all",
                      "/infra/domains/default/groups/group_tag"
                    ]
                  }
                ]
              }
            ],
            "description": "Terraform provisioned Group",
            "display_name": "tf-group-290",
            "domain": "default",
            "extended_criteria": [],
            "id": "c2267a0d-ae54-4f50-bc0b-8670183d39fe",
            "nsx_id": "c2267a0d-ae54-4f50-bc0b-8670183d39fe",
            "path": "/infra/domains/default/groups/c2267a0d-ae54-4f50-bc0b-8670183d39fe",
            "revision": 0,
            "tag": []
          },
          "sensitive_attributes": [],
          "private": "bnVsbA==",
          "dependencies": [
            "data.nsxt_policy_group.group_all",
            "data.nsxt_policy_group.group_tag"
          ]
        },
        {
          "index_key": 291,
          "schema_version": 0,
          "attributes": {
            "conjunction": [
              {
                "operator": "OR"
              }
            ],
            "criteria": [
              {
                "condition": [],
                "ipaddress_expression": [
                  {
                    "ip_addresses": [
                      "211.1.2.1",
                      "212.1.1.1"
                    ]
                  }
                ],
                "macaddress_expression": [],
                "path_expression": []
              },
              {
                "condition": [],
                "ipaddress_expression": [],
                "macaddress_expression": [],
                "path_expression": [
                  {
                    "member_paths": [
                      "/infra/domains/default/groups/group_all",
                      "/infra/domains/default/groups/group_tag"
                    ]
                  }
                ]
              }
            ],
            "description": "Terraform provisioned Group",
            "display_name": "tf-group-291",
            "domain": "default",
            "extended_criteria": [],
            "id": "d110d04b-5392-420d-98a2-457af9efd73c",
            "nsx_id": "d110d04b-5392-420d-98a2-457af9efd73c",
            "path": "/infra/domains/default/groups/d110d04b-5392-420d-98a2-457af9efd73c",
            "revision": 0,
            "tag": []
          },
          "sensitive_attributes": [],
          "private": "bnVsbA==",
          "dependencies": [
            "data.nsxt_policy_group.group_all",
            "data.nsxt_policy_group.group_tag"
          ]
        },
        {
          "index_key": 292,
          "schema_version": 0,
          "attributes": {
            "conjunction": [
              {
                "operator": "OR"
              }
            ],
            "criteria": [
              {
                "condition": [],
                "ipaddress_expression": [
                  {
                    "ip_addresses": [
                      "211.1.2.1",
                      "212.1.1.1"
                    ]
                  }
                ],
                "macaddress_expression": [],
                "path_expression": []
              },
              {
                "condition": [],
                "ipaddress_expression": [],
                "macaddress_expression": [],
                "path_expression": [
                  {
                    "member_paths": [
                      "/infra/domains/default/groups/group_all",
                      "/infra/domains/default/groups/group_tag"
                    ]
                  }
                ]
              }
            ],
            "description": "Terraform provisioned Group",
            "display_name": "tf-group-292",
            "domain": "default",
            "extended_criteria": [],
            "id": "b6475e00-a581-49ad-96a9-d4bf39af4a56",
            "nsx_id": "b6475e00-a581-49ad-96a9-d4bf39af4a56",
            "path": "/infra/domains/default/groups/b6475e00-a581-49ad-96a9-d4bf39af4a56",
            "revision": 0,
            "tag": []
          },
          "sensitive_attributes": [],
          "private": "bnVsbA==",
          "dependencies": [
            "data.nsxt_policy_group.group_all",
            "data.nsxt_policy_group.group_tag"
          ]
        },
        {
          "index_key": 293,
          "schema_version": 0,
          "attributes": {
            "conjunction": [
              {
                "operator": "OR"
              }
            ],
            "criteria": [
              {
                "condition": [],
                "ipaddress_expression": [
                  {
                    "ip_addresses": [
                      "211.1.2.1",
                      "212.1.1.1"
                    ]
                  }
                ],
                "macaddress_expression": [],
                "path_expression": []
              },
              {
                "condition": [],
                "ipaddress_expression": [],
                "macaddress_expression": [],
                "path_expression": [
                  {
                    "member_paths": [
                      "/infra/domains/default/groups/group_all",
                      "/infra/domains/default/groups/group_tag"
                    ]
                  }
                ]
              }
            ],
            "description": "Terraform provisioned Group",
            "display_name": "tf-group-293",
            "domain": "default",
            "extended_criteria": [],
            "id": "adc4572d-0d5e-487a-bb10-7f728f262687",
            "nsx_id": "adc4572d-0d5e-487a-bb10-7f728f262687",
            "path": "/infra/domains/default/groups/adc4572d-0d5e-487a-bb10-7f728f262687",
            "revision": 0,
            "tag": []
          },
          "sensitive_attributes": [],
          "private": "bnVsbA==",
          "dependencies": [
            "data.nsxt_policy_group.group_all",
            "data.nsxt_policy_group.group_tag"
          ]
        },
        {
          "index_key": 294,
          "schema_version": 0,
          "attributes": {
            "conjunction": [
              {
                "operator": "OR"
              }
            ],
            "criteria": [
              {
                "condition": [],
                "ipaddress_expression": [
                  {
                    "ip_addresses": [
                      "211.1.2.1",
                      "212.1.1.1"
                    ]
                  }
                ],
                "macaddress_expression": [],
                "path_expression": []
              },
              {
                "condition": [],
                "ipaddress_expression": [],
                "macaddress_expression": [],
                "path_expression": [
                  {
                    "member_paths": [
                      "/infra/domains/default/groups/group_all",
                      "/infra/domains/default/groups/group_tag"
                    ]
                  }
                ]
              }
            ],
            "description": "Terraform provisioned Group",
            "display_name": "tf-group-294",
            "domain": "default",
            "extended_criteria": [],
            "id": "70c5f546-c593-4d29-a74f-33511e0b75f9",
            "nsx_id": "70c5f546-c593-4d29-a74f-33511e0b75f9",
            "path": "/infra/domains/default/groups/70c5f546-c593-4d29-a74f-33511e0b75f9",
            "revision": 0,
            "tag": []
          },
          "sensitive_attributes": [],
          "private": "bnVsbA==",
          "dependencies": [
            "data.nsxt_policy_group.group_all",
            "data.nsxt_policy_group.group_tag"
          ]
        },
        {
          "index_key": 295,
          "schema_version": 0,
          "attributes": {
            "conjunction": [
              {
                "operator": "OR"
              }
            ],
            "criteria": [
              {
                "condition": [],
                "ipaddress_expression": [
                  {
                    "ip_addresses": [
                      "211.1.2.1",
                      "212.1.1.1"
                    ]
                  }
                ],
                "macaddress_expression": [],
                "path_expression": []
              },
              {
                "condition": [],
                "ipaddress_expression": [],
                "macaddress_expression": [],
                "path_expression": [
                  {
                    "member_paths": [
                      "/infra/domains/default/groups/group_all",
                      "/infra/domains/default/groups/group_tag"
                    ]
                  }
                ]
              }
            ],
            "description": "Terraform provisioned Group",
            "display_name": "tf-group-295",
            "domain": "default",
            "extended_criteria": [],
            "id": "b5f62b9f-8a4e-4288-a92e-6d5c9b0384cb",
            "nsx_id": "b5f62b9f-8a4e-4288-a92e-6d5c9b0384cb",
            "path": "/infra/domains/default/groups/b5f62b9f-8a4e-4288-a92e-6d5c9b0384cb",
            "revision": 0,
            "tag": []
          },
          "sensitive_attributes": [],
          "private": "bnVsbA==",
          "dependencies": [
            "data.nsxt_policy_group.group_all",
            "data.nsxt_policy_group.group_tag"
          ]
        },
        {
          "index_key": 296,
          "schema_version": 0,
          "attributes": {
            "conjunction": [
              {
                "operator": "OR"
              }
            ],
            "criteria": [
              {
                "condition": [],
                "ipaddress_expression": [
                  {
                    "ip_addresses": [
                      "211.1.2.1",
                      "212.1.1.1"
                    ]
                  }
                ],
                "macaddress_expression": [],
                "path_expression": []
              },
              {
                "condition": [],
                "ipaddress_expression": [],
                "macaddress_expression": [],
                "path_expression": [
                  {
                    "member_paths": [
                      "/infra/domains/default/groups/group_all",
                      "/infra/domains/default/groups/group_tag"
                    ]
                  }
                ]
              }
            ],
            "description": "Terraform provisioned Group",
            "display_name": "tf-group-296",
            "domain": "default",
            "extended_criteria": [],
            "id": "82e6847f-0200-4d20-a4d6-206caa236235",
            "nsx_id": "82e6847f-0200-4d20-a4d6-206caa236235",
            "path": "/infra/domains/default/groups/82e6847f-0200-4d20-a4d6-206caa236235",
            "revision": 0,
            "tag": []
          },
          "sensitive_attributes": [],
          "private": "bnVsbA==",
          "dependencies": [
            "data.nsxt_policy_group.group_all",
            "data.nsxt_policy_group.group_tag"
          ]
        },
        {
          "index_key": 297,
          "schema_version": 0,
          "attributes": {
            "conjunction": [
              {
                "operator": "OR"
              }
            ],
            "criteria": [
              {
                "condition": [],
                "ipaddress_expression": [
                  {
                    "ip_addresses": [
                      "211.1.2.1",
                      "212.1.1.1"
                    ]
                  }
                ],
                "macaddress_expression": [],
                "path_expression": []
              },
              {
                "condition": [],
                "ipaddress_expression": [],
                "macaddress_expression": [],
                "path_expression": [
                  {
                    "member_paths": [
                      "/infra/domains/default/groups/group_all",
                      "/infra/domains/default/groups/group_tag"
                    ]
                  }
                ]
              }
            ],
            "description": "Terraform provisioned Group",
            "display_name": "tf-group-297",
            "domain": "default",
            "extended_criteria": [],
            "id": "ec215ad6-fc93-4f0b-b35c-3a07823ea981",
            "nsx_id": "ec215ad6-fc93-4f0b-b35c-3a07823ea981",
            "path": "/infra/domains/default/groups/ec215ad6-fc93-4f0b-b35c-3a07823ea981",
            "revision": 0,
            "tag": []
          },
          "sensitive_attributes": [],
          "private": "bnVsbA==",
          "dependencies": [
            "data.nsxt_policy_group.group_all",
            "data.nsxt_policy_group.group_tag"
          ]
        },
        {
          "index_key": 298,
          "schema_version": 0,
          "attributes": {
            "conjunction": [
              {
                "operator": "OR"
              }
            ],
            "criteria": [
              {
                "condition": [],
                "ipaddress_expression": [
                  {
                    "ip_addresses": [
                      "211.1.2.1",
                      "212.1.1.1"
                    ]
                  }
                ],
                "macaddress_expression": [],
                "path_expression": []
              },
              {
                "condition": [],
                "ipaddress_expression": [],
                "macaddress_expression": [],
                "path_expression": [
                  {
                    "member_paths": [
                      "/infra/domains/default/groups/group_all",
                      "/infra/domains/default/groups/group_tag"
                    ]
                  }
                ]
              }
            ],
            "description": "Terraform provisioned Group",
            "display_name": "tf-group-298",
            "domain": "default",
            "extended_criteria": [],
            "id": "cd3b8f37-e689-4699-bf36-709d4819bdf8",
            "nsx_id": "cd3b8f37-e689-4699-bf36-709d4819bdf8",
            "path": "/infra/domains/default/groups/cd3b8f37-e689-4699-bf36-709d4819bdf8",
            "revision": 0,
            "tag": []
          },
          "sensitive_attributes": [],
          "private": "bnVsbA==",
          "dependencies": [
            "data.nsxt_policy_group.group_all",
            "data.nsxt_policy_group.group_tag"
          ]
        },
        {
          "index_key": 299,
          "schema_version": 0,
          "attributes": {
            "conjunction": [
              {
                "operator": "OR"
              }
            ],
            "criteria": [
              {
                "condition": [],
                "ipaddress_expression": [
                  {
                    "ip_addresses": [
                      "211.1.2.1",
                      "212.1.1.1"
                    ]
                  }
                ],
                "macaddress_expression": [],
                "path_expression": []
              },
              {
                "condition": [],
                "ipaddress_expression": [],
                "macaddress_expression": [],
                "path_expression": [
                  {
                    "member_paths": [
                      "/infra/domains/default/groups/group_all",
                      "/infra/domains/default/groups/group_tag"
                    ]
                  }
                ]
              }
            ],
            "description": "Terraform provisioned Group",
            "display_name": "tf-group-299",
            "domain": "default",
            "extended_criteria": [],
            "id": "70e970c7-e4e3-42b3-a6e8-8e6a13c5cd0e",
            "nsx_id": "70e970c7-e4e3-42b3-a6e8-8e6a13c5cd0e",
            "path": "/infra/domains/default/groups/70e970c7-e4e3-42b3-a6e8-8e6a13c5cd0e",
            "revision": 0,
            "tag": []
          },
          "sensitive_attributes": [],
          "private": "bnVsbA==",
          "dependencies": [
            "data.nsxt_policy_group.group_all",
            "data.nsxt_policy_group.group_tag"
          ]
        }
      ]
    }
  ]
}
